{
  "version": 4,
  "terraform_version": "1.3.8",
  "serial": 13,
  "lineage": "f097e6cf-dad5-c35e-813c-e6373f1bc8b3",
  "outputs": {},
  "resources": [
    {
      "mode": "managed",
      "type": "aws_iam_user",
      "name": "my_iam_user",
      "provider": "provider[\"registry.terraform.io/hashicorp/aws\"]",
      "instances": [
        {
          "index_key": "mzk",
          "schema_version": 0,
          "attributes": {
            "arn": "arn:aws:iam::810644612787:user/mzk",
            "force_destroy": false,
            "id": "mzk",
            "name": "mzk",
            "path": "/",
            "permissions_boundary": null,
            "tags": null,
            "tags_all": {},
            "unique_id": "AIDA3ZPRPE2ZTR6P3DGMY"
          },
          "sensitive_attributes": [],
          "private": "bnVsbA=="
        },
        {
          "index_key": "ranga",
          "schema_version": 0,
          "attributes": {
            "arn": "arn:aws:iam::810644612787:user/ranga",
            "force_destroy": false,
            "id": "ranga",
            "name": "ranga",
            "path": "/",
            "permissions_boundary": null,
            "tags": null,
            "tags_all": {},
            "unique_id": "AIDA3ZPRPE2Z3VEVHRZAG"
          },
          "sensitive_attributes": [],
          "private": "bnVsbA=="
        },
        {
          "index_key": "udemy",
          "schema_version": 0,
          "attributes": {
            "arn": "arn:aws:iam::810644612787:user/udemy",
            "force_destroy": false,
            "id": "udemy",
            "name": "udemy",
            "path": "/",
            "permissions_boundary": null,
            "tags": null,
            "tags_all": {},
            "unique_id": "AIDA3ZPRPE2Z2GNDCSVGU"
          },
          "sensitive_attributes": [],
          "private": "bnVsbA=="
        },
        {
          "index_key": "zak",
          "schema_version": 0,
          "attributes": {
            "arn": "arn:aws:iam::810644612787:user/zak",
            "force_destroy": false,
            "id": "zak",
            "name": "zak",
            "path": "/",
            "permissions_boundary": null,
            "tags": null,
            "tags_all": {},
            "unique_id": "AIDA3ZPRPE2ZS7UW4UARE"
          },
          "sensitive_attributes": [],
          "private": "bnVsbA=="
        }
      ]
    }
  ],
  "check_results": null
}
