{
  "version": 4,
  "terraform_version": "1.3.8",
  "serial": 10,
  "lineage": "79c8f63f-1463-9a8c-14e5-8d7547ff4938",
  "outputs": {},
  "resources": [
    {
      "mode": "managed",
      "type": "aws_iam_user",
      "name": "my_iam_user",
      "provider": "provider[\"registry.terraform.io/hashicorp/aws\"]",
      "instances": [
        {
          "index_key": "mzk",
          "schema_version": 0,
          "attributes": {
            "arn": "arn:aws:iam::810644612787:user/mzk",
            "force_destroy": false,
            "id": "mzk",
            "name": "mzk",
            "path": "/",
            "permissions_boundary": null,
            "tags": {
              "Department": "mzk"
            },
            "tags_all": {
              "Department": "mzk"
            },
            "unique_id": "AIDA3ZPRPE2ZU3XE6D2GM"
          },
          "sensitive_attributes": [],
          "private": "bnVsbA=="
        },
        {
          "index_key": "ranga",
          "schema_version": 0,
          "attributes": {
            "arn": "arn:aws:iam::810644612787:user/ranga",
            "force_destroy": false,
            "id": "ranga",
            "name": "ranga",
            "path": "/",
            "permissions_boundary": null,
            "tags": {
              "Department": "izk"
            },
            "tags_all": {
              "Department": "izk"
            },
            "unique_id": "AIDA3ZPRPE2ZY4OX5GS36"
          },
          "sensitive_attributes": [],
          "private": "bnVsbA=="
        },
        {
          "index_key": "zak",
          "schema_version": 0,
          "attributes": {
            "arn": "arn:aws:iam::810644612787:user/zak",
            "force_destroy": false,
            "id": "zak",
            "name": "zak",
            "path": "/",
            "permissions_boundary": null,
            "tags": {
              "Department": "abc"
            },
            "tags_all": {
              "Department": "abc"
            },
            "unique_id": "AIDA3ZPRPE2ZVQMF77WIR"
          },
          "sensitive_attributes": [],
          "private": "bnVsbA=="
        }
      ]
    }
  ],
  "check_results": null
}
