{
  "version": 4,
  "terraform_version": "1.3.8",
  "serial": 28,
  "lineage": "1846d0a1-6d4c-7f3a-ca41-924e80c24080",
  "outputs": {
    "aws_security_group_http_server_details": {
      "value": {
        "arn": "arn:aws:ec2:us-east-1:810644612787:security-group/sg-06e284f38e76fda7c",
        "description": "Managed by Terraform",
        "egress": [
          {
            "cidr_blocks": [
              "0.0.0.0/0"
            ],
            "description": "",
            "from_port": 0,
            "ipv6_cidr_blocks": [],
            "prefix_list_ids": [],
            "protocol": "-1",
            "security_groups": [],
            "self": false,
            "to_port": 0
          }
        ],
        "id": "sg-06e284f38e76fda7c",
        "ingress": [
          {
            "cidr_blocks": [
              "0.0.0.0/0"
            ],
            "description": "",
            "from_port": 22,
            "ipv6_cidr_blocks": [],
            "prefix_list_ids": [],
            "protocol": "tcp",
            "security_groups": [],
            "self": false,
            "to_port": 22
          },
          {
            "cidr_blocks": [
              "0.0.0.0/0"
            ],
            "description": "",
            "from_port": 80,
            "ipv6_cidr_blocks": [],
            "prefix_list_ids": [],
            "protocol": "tcp",
            "security_groups": [],
            "self": false,
            "to_port": 80
          }
        ],
        "name": "http_server_sg",
        "name_prefix": "",
        "owner_id": "810644612787",
        "revoke_rules_on_delete": false,
        "tags": {
          "name": "http_server_sg"
        },
        "tags_all": {
          "name": "http_server_sg"
        },
        "timeouts": null,
        "vpc_id": "vpc-063d7f60c3d1c515a"
      },
      "type": [
        "object",
        {
          "arn": "string",
          "description": "string",
          "egress": [
            "set",
            [
              "object",
              {
                "cidr_blocks": [
                  "list",
                  "string"
                ],
                "description": "string",
                "from_port": "number",
                "ipv6_cidr_blocks": [
                  "list",
                  "string"
                ],
                "prefix_list_ids": [
                  "list",
                  "string"
                ],
                "protocol": "string",
                "security_groups": [
                  "set",
                  "string"
                ],
                "self": "bool",
                "to_port": "number"
              }
            ]
          ],
          "id": "string",
          "ingress": [
            "set",
            [
              "object",
              {
                "cidr_blocks": [
                  "list",
                  "string"
                ],
                "description": "string",
                "from_port": "number",
                "ipv6_cidr_blocks": [
                  "list",
                  "string"
                ],
                "prefix_list_ids": [
                  "list",
                  "string"
                ],
                "protocol": "string",
                "security_groups": [
                  "set",
                  "string"
                ],
                "self": "bool",
                "to_port": "number"
              }
            ]
          ],
          "name": "string",
          "name_prefix": "string",
          "owner_id": "string",
          "revoke_rules_on_delete": "bool",
          "tags": [
            "map",
            "string"
          ],
          "tags_all": [
            "map",
            "string"
          ],
          "timeouts": [
            "object",
            {
              "create": "string",
              "delete": "string"
            }
          ],
          "vpc_id": "string"
        }
      ]
    },
    "http_server_public_dns": {
      "value": "ec2-44-202-195-151.compute-1.amazonaws.com",
      "type": "string"
    }
  },
  "resources": [
    {
      "mode": "data",
      "type": "aws_ami",
      "name": "aws_linux-2-latest",
      "provider": "provider[\"registry.terraform.io/hashicorp/aws\"]",
      "instances": [
        {
          "schema_version": 0,
          "attributes": {
            "architecture": "x86_64",
            "arn": "arn:aws:ec2:us-east-1::image/ami-007868005aea67c54",
            "block_device_mappings": [
              {
                "device_name": "/dev/xvda",
                "ebs": {
                  "delete_on_termination": "true",
                  "encrypted": "false",
                  "iops": "0",
                  "snapshot_id": "snap-023cfd0d04c4543c4",
                  "throughput": "0",
                  "volume_size": "8",
                  "volume_type": "gp2"
                },
                "no_device": "",
                "virtual_name": ""
              }
            ],
            "creation_date": "2023-01-25T17:10:05.000Z",
            "description": "Amazon Linux 2 AMI 2.0.20230119.1 x86_64 HVM gp2",
            "ena_support": true,
            "executable_users": null,
            "filter": [
              {
                "name": "name",
                "values": [
                  "amzn2-ami-hvm-*"
                ]
              }
            ],
            "hypervisor": "xen",
            "id": "ami-007868005aea67c54",
            "image_id": "ami-007868005aea67c54",
            "image_location": "amazon/amzn2-ami-hvm-2.0.20230119.1-x86_64-gp2",
            "image_owner_alias": "amazon",
            "image_type": "machine",
            "kernel_id": null,
            "most_recent": true,
            "name": "amzn2-ami-hvm-2.0.20230119.1-x86_64-gp2",
            "name_regex": null,
            "owner_id": "137112412989",
            "owners": [
              "amazon"
            ],
            "platform": null,
            "platform_details": "Linux/UNIX",
            "product_codes": [],
            "public": true,
            "ramdisk_id": null,
            "root_device_name": "/dev/xvda",
            "root_device_type": "ebs",
            "root_snapshot_id": "snap-023cfd0d04c4543c4",
            "sriov_net_support": "simple",
            "state": "available",
            "state_reason": {
              "code": "UNSET",
              "message": "UNSET"
            },
            "tags": {},
            "usage_operation": "RunInstances",
            "virtualization_type": "hvm"
          },
          "sensitive_attributes": []
        }
      ]
    },
    {
      "mode": "data",
      "type": "aws_ami_ids",
      "name": "aws_linux_2_latest_ids",
      "provider": "provider[\"registry.terraform.io/hashicorp/aws\"]",
      "instances": [
        {
          "schema_version": 0,
          "attributes": {
            "executable_users": null,
            "filter": null,
            "id": "899363101",
            "ids": [
              "ami-018dee2f5a1258e26",
              "ami-06a83abd77ecd2272",
              "ami-073216265d88e4a57",
              "ami-08be3a5f0e3081255",
              "ami-08f06ce717d29e681",
              "ami-0f9b8755dcb66a8dc",
              "ami-0b906ffed57f34fa2",
              "ami-0851d5fae37d7e881",
              "ami-0a5e60dda3665ce3c",
              "ami-0a3291f2479570897",
              "ami-0d127df6b7f5a0955",
              "ami-070c1ab20f3e8c801",
              "ami-0c622b7441ee03cc5",
              "ami-064b0b3b32b499948",
              "ami-09e21d08f1bd8b146",
              "ami-05e22e4477aa50a5b",
              "ami-0813ff430921d1ae9",
              "ami-0f4796595e4865b06",
              "ami-080427f33bdfaeaca",
              "ami-0d525fb287a9c31a4",
              "ami-02a2207bdecf0c194",
              "ami-015de8f0cd23d6c71",
              "ami-00546621928df1e01",
              "ami-07dc2dd8e0efbc46a",
              "ami-0f873d8075cc65417",
              "ami-08ff414257e50e3e9",
              "ami-0064526454c3d9088",
              "ami-02865511a31c2d319",
              "ami-0ac7415dd546fb485",
              "ami-09a49faa1862a32ca",
              "ami-07a94a1d935e7ead2",
              "ami-01ca50b701a74ed92",
              "ami-0c278e66011b51e8d",
              "ami-08ef9676f797c73db",
              "ami-063b7c20b6dca30ae",
              "ami-0d9e7998dd5369b9a",
              "ami-00251b4f372adfb92",
              "ami-0f959028124f2a639",
              "ami-0e94d9bf162f68744",
              "ami-03107ea19003419ce",
              "ami-04bf6e8c02c3547ad",
              "ami-08aed99eb547736c7",
              "ami-082a2e39cf00ffe60",
              "ami-003c93abcfd2d3614",
              "ami-0a856b053e192e1b4",
              "ami-0c93bc3de0c34689b",
              "ami-0af869c1a8ab75193",
              "ami-012917fa99a957e28",
              "ami-0e91aa083be0e6546",
              "ami-08ce05abd8d2790a4",
              "ami-044084210e903b416",
              "ami-03999daf975622fae",
              "ami-0f079db07e1484c06",
              "ami-0fecd91478f2ca298",
              "ami-0aa2284b3d77152c1",
              "ami-07303e0c3f090f7bf",
              "ami-097c7d13aa2acc3a5",
              "ami-0f5922b76d6115d4f",
              "ami-070013f126e3ca712",
              "ami-05c28bafba8371d73",
              "ami-04c4cfbf4969a2837",
              "ami-0b79d1caad8ad3d68",
              "ami-0ff31213b33dca107",
              "ami-0e5599794d252b611",
              "ami-0e024aa03c87eaebb",
              "ami-0615155806c547511",
              "ami-0019796778f2dd16b",
              "ami-00824b64344fc61e9",
              "ami-0e344b0a9fa98016b",
              "ami-0b8052f12a4a50c1a",
              "ami-01ce30ff9b7aa235b",
              "ami-0eac71b1e189befad",
              "ami-07203bf42592a05c9",
              "ami-0c859ccf18ae4cee5",
              "ami-0b05e3b2bc8ce17af",
              "ami-036c261a57543fa70",
              "ami-019ff9da8529113d9",
              "ami-04e23808596cce759",
              "ami-076e07f1a2da46fb5",
              "ami-0f9af65ac7f2d7b62",
              "ami-026a08f1a3f282380",
              "ami-019c38cff1ad68f01",
              "ami-07403e7442f1ec3e3",
              "ami-0434abb28cf6cc2b1",
              "ami-03a818a84495b67a7",
              "ami-0efffe14968ee138b",
              "ami-0f7e4428c637f3ad2",
              "ami-017862548b586dfaa",
              "ami-03844fa206cb2dff0",
              "ami-07ff7a41910c021e9",
              "ami-0e96b7205fee6b455",
              "ami-071efbfaaf8d6922d",
              "ami-0a028aa3f1fe533c0",
              "ami-03a39247a8eb66ab7",
              "ami-0801d913831c8e52a",
              "ami-0e68a8474ebf2711d",
              "ami-0b717894b8f6fabe0",
              "ami-0304240d45f6eb058",
              "ami-0d79e1d732897bea0",
              "ami-06fa7b1b325d33c77",
              "ami-0a139c2d516ba1cc3",
              "ami-0262dccbc0daf605d",
              "ami-0861331a2b3d393cb",
              "ami-0c5bc0ba644c175a6",
              "ami-041c209db5829dfb9",
              "ami-01c1044f03defdd2e",
              "ami-0c1062d67d276c699",
              "ami-0fec7726f0d0221e0",
              "ami-098edbbc6ab1e154e",
              "ami-09d3d5ce51d6a23cb",
              "ami-0de6e40fe86c8522c",
              "ami-0c8d4fa5ad77b49a6",
              "ami-012122a5a81eeb5f0",
              "ami-0eb45eb9b540e3a9f",
              "ami-0591250d3dee018d7",
              "ami-0791e44339630c960",
              "ami-06f010711b5515d30",
              "ami-0557a15b87f6559cf",
              "ami-008463bdf53f5e58f",
              "ami-0f9bd9098aca2d42b",
              "ami-010154a994e72470e",
              "ami-03674f95e0804e02b",
              "ami-0adddf84432cf8981",
              "ami-0f7070e79ffba8b49",
              "ami-00b5c7b27e363999a",
              "ami-09cd747c78a9add63",
              "ami-054cb116359624aa3",
              "ami-0713eb25d3ae575af",
              "ami-08881915feb303f6c",
              "ami-0e03645572fcfcfbd",
              "ami-0b15167f4af92cbf2",
              "ami-05af9bbb5f85e0a48",
              "ami-00c72ff1d146321d7",
              "ami-04e58c6509a170e76",
              "ami-0dd6782c399ea2b56",
              "ami-02fd826404339d1f3",
              "ami-027a94f814badac43",
              "ami-01074295c5e728885",
              "ami-0dacd9d37849a9f38",
              "ami-03a7180c3d93543c1",
              "ami-0d0b2a9efce0e1040",
              "ami-0049ff4ec3956fae6",
              "ami-09d2c3e615e912e95",
              "ami-0fbd1ad346c780f69",
              "ami-0e7e399743913d4b4",
              "ami-0a94c8925b9d0b721",
              "ami-07ea0a2464dfe49c4",
              "ami-01421886a7fc1eede",
              "ami-05d463e4b82d7436b",
              "ami-042c36c1b86ccffe4",
              "ami-0ab8195e770dd3fc1",
              "ami-0aa12726af816b25f",
              "ami-0e2e8db79fba4ef7a",
              "ami-0772592bffcf65c6d",
              "ami-04e513352cb083587",
              "ami-0b95c6268d99e6788",
              "ami-03bab169b07c30084",
              "ami-0a89073791417d035",
              "ami-075fea41121a69f42",
              "ami-027eb88ec98816442",
              "ami-0276cce2172da7225",
              "ami-0e33ed87ebddc9772",
              "ami-08f3e0c29242f4ddd",
              "ami-01c482566fcf3c27c",
              "ami-0704815a71c335b4e",
              "ami-0b29e406c52b1d9d2",
              "ami-06d33a7464b222de3",
              "ami-0ef3d16aec73d968a",
              "ami-099435c28ebc71f84",
              "ami-0ce9be0959d29528a",
              "ami-0915ce1d604b1da6e",
              "ami-0f0a17a479f3bc204",
              "ami-0bb7bb46b827c2f28",
              "ami-07c457538d60a20f2",
              "ami-07c8d590aa29229c2",
              "ami-0a5b572e7d97cf26e",
              "ami-0bbfde52f87a419d9",
              "ami-0553b10628d5da670",
              "ami-0ee39d3f0294eb8d3",
              "ami-06bf8e441ff8de6c6",
              "ami-0fbca2ff2af24dc61",
              "ami-0af392eb091005328",
              "ami-05dcc414ecd0a0cc2",
              "ami-0ebf01230aca0c60f",
              "ami-0d4bdb1cf2f07d811",
              "ami-0c37c8c45fd4bedfb",
              "ami-079363bca92a41c98",
              "ami-0954cda835cf72446",
              "ami-0e94acd6cd0ef72e7",
              "ami-089100a89edd2e8de",
              "ami-04f3d268a149333d3",
              "ami-0f8404ab33e5dea7b",
              "ami-0c6b82b382f5acc2e",
              "ami-0b5b66d4520a4df94",
              "ami-0ef6eab2939ea95e6",
              "ami-00cb998ca919f6d6f",
              "ami-0c814f4d9e56c256a",
              "ami-0a4dcafe5b5bcb964",
              "ami-001a3a8087a809920",
              "ami-007c6ea65fffd12a3",
              "ami-04d26c2fc7c812e78",
              "ami-0b4ad3f9f2989b11b",
              "ami-0e5b1585050eb4189",
              "ami-0f1d24d00ecae8cdf",
              "ami-063011bed00a21796",
              "ami-0917b201b8105aaad",
              "ami-0da53b6b9aaba40d4",
              "ami-05c7b1ca23ae12ee9",
              "ami-0ad02e54e84daa23a",
              "ami-054b20fa795a1492f",
              "ami-0f0a2c113106d4b7f",
              "ami-01738cedb58acedfc",
              "ami-0ebfb47bf1c65eddc",
              "ami-04c848b1110c0605b",
              "ami-006dbad42e1798cfb",
              "ami-03b582e3211e9421f",
              "ami-0aa3623b0c40a3ee0",
              "ami-0562ab285aea539ce",
              "ami-0b852c66ac3bed63c",
              "ami-0e9907b9df157a43d",
              "ami-02da661a99e8a5feb",
              "ami-01e05dbe5e272a8b6",
              "ami-08465f26d2da769b7",
              "ami-0e9802a2b04a3c012",
              "ami-05b0606bb9f6987c0",
              "ami-097ce86797ad05e89",
              "ami-031cba27963d0fc7c",
              "ami-0f59f171e50d2fbda",
              "ami-07f7a86180217124d",
              "ami-0461d54a630636a41",
              "ami-01cef7ee36722431c",
              "ami-0a2b8f6cd263a90f9",
              "ami-08794756cd16cd445",
              "ami-0717ef2a70ee82e60",
              "ami-07ccbeeebaddbeec9",
              "ami-0cf6c6b220e282e24",
              "ami-028dc6deeb5da612d",
              "ami-00c876151c8d1cb24",
              "ami-0b38eb236274dfc18",
              "ami-0cb02e3e58fddd237",
              "ami-0d44b96ca0f8486f3",
              "ami-0409be44ee49987a8",
              "ami-03e76efc8033d3a7f",
              "ami-05c61b51c624fbcec",
              "ami-060f2e1c35cc987ea",
              "ami-054aeb191ebdf7d51",
              "ami-0c86e4eaf4fdd2e76",
              "ami-047e9ebcfad6bf805",
              "ami-0501b28df3b1d6868",
              "ami-0b2217a61d19e1f18",
              "ami-068fcd30e96fb2170",
              "ami-0320abc8192ea72a6",
              "ami-0e967ac233291bc2e",
              "ami-0727e73fa86cde686",
              "ami-0dc2e3e2f9cca7c15",
              "ami-07e972d0a678e1db4",
              "ami-0ee91adfda8a440d4",
              "ami-0d5547836ab99da4e",
              "ami-01896f44a2d78b9a3",
              "ami-09b9e1d6e0a9dd643",
              "ami-0a5c921a74d2b2bce",
              "ami-0e6b690b85e4bdcc8",
              "ami-09b1681b6674cf093",
              "ami-0f3bb366db179b627",
              "ami-0a0ab9b70132b039d",
              "ami-07d0c26a5f2f8b45f",
              "ami-0cdef6a341f1b5e32",
              "ami-04a4240e13f9907dc",
              "ami-0263e4deb427da90e",
              "ami-02aacb87c10e84d5e",
              "ami-0fb8e17ddc176fac7",
              "ami-05103f1224f4817ab",
              "ami-0c963cb2912d13ed2",
              "ami-01d27b7d8cd097442",
              "ami-03c712870e2d16cf0",
              "ami-006c76880a42694f3",
              "ami-0e405b0a23e9f4bd1",
              "ami-060c01d67ee71ad9f",
              "ami-05399c87d9af03393",
              "ami-02f9fe43b6941564b",
              "ami-01341a0f9373b5cb0",
              "ami-00898231a9ed08b01",
              "ami-070f735bae8e85a11",
              "ami-0a0d67dfe5d9e2e33",
              "ami-0ffbf5890c10d2ebc",
              "ami-01c0f8a24609baaa6",
              "ami-0844f99d5dfd512ae",
              "ami-0b3e210cc92d2917d",
              "ami-0fcc2fb2559002516",
              "ami-0d6d08e142ff4e6d6",
              "ami-01db0a27092489f78",
              "ami-0010c087f011df058",
              "ami-0972cac869595b2cb",
              "ami-031a1eb309c6c755d",
              "ami-0e9fbb55ccc39a78a",
              "ami-03c37af13a49849a6",
              "ami-02dc05779ac016ba0",
              "ami-09c617690f0b89a23",
              "ami-0672b111289f30021",
              "ami-0373218dcae329f21",
              "ami-06006927c2a9f1bf4",
              "ami-0385327ca8b421d92",
              "ami-0c9978668f8d55984",
              "ami-049b368682d5bdb2a",
              "ami-0bddd4073d6eba21d",
              "ami-005272df19705562a",
              "ami-0406ba0b9315d00d3",
              "ami-022ac952ee3d72aab",
              "ami-0862dc74889405a86",
              "ami-068f2473c017d4b2a",
              "ami-017232b3d5c67798d",
              "ami-0f3eab8f809d77ae4",
              "ami-01b2c57cf610469f2",
              "ami-056781c88c2e550c5",
              "ami-08af1f54734d5cbe1",
              "ami-0d09b5f524e338649",
              "ami-033cfb3e88287e319",
              "ami-02c32e7a1fb4136d5",
              "ami-0c83a50c6c631b76b",
              "ami-09655ec946c4d60df",
              "ami-09d5ab5fd737a73f6",
              "ami-04c4c93d431141358",
              "ami-037b966b2421937eb",
              "ami-08a6fe2ffc8bbd270",
              "ami-0ac95767c230e2c13",
              "ami-0dbd520c5cb6ad97a",
              "ami-0a47e7f9c94fc5d15",
              "ami-03e825e61874663d7",
              "ami-0429b78121e493c67",
              "ami-097cf1ae8c7b85c19",
              "ami-040e9de34c36690e8",
              "ami-08f92e2855b6c94bb",
              "ami-0e96fcfbb1ca2519c",
              "ami-0a659e791a2f576ea",
              "ami-0917af17d9ee3d7d4",
              "ami-0af7f6681687a0b52",
              "ami-06f143b6f2ad0ddd8",
              "ami-0077536aa91513183",
              "ami-0b203646410e95b0e",
              "ami-0149c140f69bfacdc",
              "ami-0079e5179702c7b56",
              "ami-0b98c6d69ba9a718e",
              "ami-001315ddd2c2df31d",
              "ami-0246a3edab14684f6",
              "ami-0fb807dbb0ed896d7",
              "ami-0f945394e0ed8e970",
              "ami-0ed68ba840d47b781",
              "ami-02e10fbf1d713fc5a",
              "ami-09b659801c07f881c",
              "ami-0f0362ec6b9a1037b",
              "ami-0714a70129d8f9c31",
              "ami-05028b5c30cadf1ae",
              "ami-0e9e69bc3115f3cc5",
              "ami-0bcc61140613808f1",
              "ami-0d0f2b9762ce5e6ab",
              "ami-09a72e9076a9d511a",
              "ami-00f4612907bb91c5e",
              "ami-01c0f069fccf7e2dd",
              "ami-0550eba81546bbf71",
              "ami-0475cadfa839e6f1e",
              "ami-0824dde990309b7de",
              "ami-06df107891519f30a",
              "ami-0c611da926c272a74",
              "ami-0b8563050fa90ecb2",
              "ami-0449f19b2ae12171a",
              "ami-068a2842668a68c17",
              "ami-00ce09e909cc1c74d",
              "ami-0e11f8935b562cdad",
              "ami-0aaecfb7fb0168ea5",
              "ami-0a5a73a425d443c45",
              "ami-0faf7ebefca185cb3",
              "ami-0c29eaf9c9e057f8f",
              "ami-0a061d3b022211e8b",
              "ami-05bb99e9d8d71d0be",
              "ami-03af57d4bcb9c6517",
              "ami-01bc3e796db22b66b",
              "ami-0ef6c9ca98e080004",
              "ami-0b3ffc1020c3fdb24",
              "ami-0a95cb99a8630d565",
              "ami-0a51af12723bfc2e5",
              "ami-01fd540f4454e166c",
              "ami-07c00f0166108c116",
              "ami-02aa92827ea586e70",
              "ami-06a7fcb7c667106fe",
              "ami-0c02d83b85f985a0a",
              "ami-0022a6d6fc599d002",
              "ami-0b7a2cf84165e451f",
              "ami-0e25b8196faab0b2d",
              "ami-044abe8aa4aaf4d05",
              "ami-080d614fd247f33a0",
              "ami-0396bb8ccd5ac9497",
              "ami-034a9b113f6c19788",
              "ami-072f3c7e1375a9b0a",
              "ami-0bb32420ca251b259",
              "ami-0ecd2589845ebe23b",
              "ami-0cb1ea83e963e973d",
              "ami-04a2d20aa576dc3e7",
              "ami-09675bcd57d5b1a52",
              "ami-007440abed553f050",
              "ami-0a9122a2441517f83",
              "ami-01c931175354abd29",
              "ami-0b864a8be87dbc659",
              "ami-0189c8f18959dd47d",
              "ami-0aa7d40eeae50c9a9",
              "ami-0c2a06dcf26f52fc5",
              "ami-0ebb03818c9ed9cfa",
              "ami-007868005aea67c54",
              "ami-09ccbeb553d620077",
              "ami-0dfba033377bf6335",
              "ami-03e4c1c24ef500a2f",
              "ami-084237e82d7842286",
              "ami-0f6634f1b2312d1b3",
              "ami-0bf0565838358789b",
              "ami-03e351257e32aa15c",
              "ami-0da2d5ca7dfd8daf9",
              "ami-0f47f5800bed758bd",
              "ami-055dbf1721cbf7507",
              "ami-0d199ea50fe0d9251",
              "ami-0b3df66fe037f0547",
              "ami-092943bfb1e03866f",
              "ami-0eab7e75d08508bb2",
              "ami-00220b6bc8fa039c7",
              "ami-07425b2870851dd52",
              "ami-0dc0482b55b231117",
              "ami-09a756e27c5f330d1",
              "ami-0b6295e43e891f774",
              "ami-01e733b065c5e3f5f",
              "ami-0c813da46c1d2e827",
              "ami-0bb1e0933ac641dd2",
              "ami-0044e3e3be421e182",
              "ami-0054fe75e9c2000d5",
              "ami-01ee31418997443fe",
              "ami-0e1ec5da2b978723b",
              "ami-0b114e8077b2fa324",
              "ami-0f1a908c3e0b400cf",
              "ami-021c048dde9b81e74",
              "ami-0ffea8f44c44c617f",
              "ami-0876c047d0b186fcb",
              "ami-03a517445769d0c1c",
              "ami-07a4b354199986ebf",
              "ami-0ca02aee4213a12a0",
              "ami-0e6a4661ae662a4a6",
              "ami-0eec9fab6ddb13571",
              "ami-05d0dd9c6dda9e247",
              "ami-0e6edf654457a1020",
              "ami-00e4a208eac213e31",
              "ami-08afb71f3896ff4a3",
              "ami-08c8d2ac9c3b449e1",
              "ami-0d5eb58eddf1e77ba",
              "ami-03b46981f3a038f90",
              "ami-0a1ad8a88bfa30049",
              "ami-0aff182b3b402ab14",
              "ami-07f7a62f423774bc0",
              "ami-035179de9cd5260b3",
              "ami-021fd9c74da3629d9",
              "ami-08d103ca0dd3fd969",
              "ami-00662cad9fd555b15",
              "ami-09872085f30c9666f",
              "ami-0f6c542e0dd53a7d2",
              "ami-080027520046caf23",
              "ami-03fd9189f906969e6",
              "ami-0043cdf81643eb915",
              "ami-0dda255832fd0d9f3",
              "ami-0736324569a55b332",
              "ami-0eb2ba396930a791c",
              "ami-0e6694e5116a0086f",
              "ami-0fec2c2e2017f4e7b",
              "ami-01f43dba8259d7b49",
              "ami-0d061f807e067baa9",
              "ami-01f986d0dd9a3f355",
              "ami-03ac482d5e79a0836",
              "ami-0db24860706a24fe8",
              "ami-0ce295c3b9762feb8",
              "ami-0c2fc4a39bbb5bf55",
              "ami-0ba037b0187a3870b",
              "ami-0c6d988a35374e570",
              "ami-0638ace2bb2df5cdd",
              "ami-00af4730182a2fc6b",
              "ami-0a9412c06a72b0637",
              "ami-054b87bdedcb9b36d",
              "ami-02da619389e033951",
              "ami-04b021749e1b5084a",
              "ami-0b1a17a90040f3fe7",
              "ami-0ff52f725563b3074",
              "ami-034ff6e9126d098ce",
              "ami-0b91064cc7be4f541",
              "ami-02492bcf2ed9a3396",
              "ami-034223b815fdb51fe",
              "ami-08eb99e0e3675dba9",
              "ami-08e1ee8ad2671efbb",
              "ami-0b2834d188aad14c3",
              "ami-035782eed0f5ba992",
              "ami-09629c87e8ab951cf",
              "ami-066d6e27240ab6032",
              "ami-08a0184f5c8cd3aae",
              "ami-0436027e38c057bd8",
              "ami-06e8edeb7404e8588",
              "ami-09ec97fc321dce16f",
              "ami-05fc72ebee8a79494",
              "ami-0ce755dcc56834644",
              "ami-04e4aba58828bfb2b",
              "ami-068dade919097d46e",
              "ami-0bd9c23f4adb398a2",
              "ami-0aeb6e5725a09a0f1",
              "ami-09b378de86ff9de4b",
              "ami-0a6fa1079a35f6ec3",
              "ami-0c65b9658a5a69199",
              "ami-093a41d9eed1fee60",
              "ami-036c702e58e008911",
              "ami-0c02710e1185a68c0",
              "ami-02029fd981542ef07",
              "ami-09e9a18c574158b8c",
              "ami-099d6c0a2a71c6a02",
              "ami-059aac27f5d4a4bf8",
              "ami-06b768abb075a42ed",
              "ami-0ad90aa799684c3d3",
              "ami-07ac602ee149f2f04",
              "ami-05b77352bd7edc8b3",
              "ami-0bba6dde98d2847d7",
              "ami-0a257717041bd3a79",
              "ami-015a6933e31210487",
              "ami-052b4af5b93e18d0d",
              "ami-0ccb8a64fc16a095b",
              "ami-0c606a64f85d8eb40",
              "ami-049dee2db264ea2b6",
              "ami-0d228cb9f83eba249",
              "ami-0d6dff260877cf482",
              "ami-05c699685ec4a9540",
              "ami-036e9c4e7473dadf8",
              "ami-074a3a929d4f211da",
              "ami-0919c1c442ac34631",
              "ami-0a2ba66ca971f990c",
              "ami-0d5c2905e9e17bccc",
              "ami-0262aac4f774cd43e",
              "ami-0fc20cd83d7e4fe68",
              "ami-068e16a2ace359951",
              "ami-0f79eefc6d372953d",
              "ami-0c5cb784ec6bdc29c",
              "ami-01ce1f5b4feae4f44",
              "ami-046b34abd5255df7a",
              "ami-029b0142a2b139de4",
              "ami-01f67d51c2b37ef86",
              "ami-0fd3fed42bff7bdc2",
              "ami-0638bb8a15b4f589b",
              "ami-0896700ba2927e52b",
              "ami-0e960c988f0e5db54",
              "ami-0256b231af4e91090",
              "ami-0306f0189f3124f21",
              "ami-016e9a3c25ad34e5b",
              "ami-03aa168cc91c24dda",
              "ami-0523507e7ed2da3e4",
              "ami-00330a6000e1b973e",
              "ami-07a7b1665ab9114fa",
              "ami-0ef11852f0a9f05d6",
              "ami-0287ddda43a417eb0",
              "ami-05fa7fb316162f020",
              "ami-0b0168f863c7c28b1",
              "ami-09062a3f6ffae60df",
              "ami-0e6149ee1e04b07a7",
              "ami-05e01dfb89602d9ff",
              "ami-0e96ff3e312d0a73c",
              "ami-0505d2b61246e7924",
              "ami-09e1798dcae9922bd",
              "ami-0377c71fa5b0b74a2",
              "ami-0c633ddd4dfc51d81",
              "ami-05d933c965924f18a",
              "ami-065f6dc1081c4a01f",
              "ami-08d7ec0dbd300aeb9",
              "ami-0dc8e24eca9142ed1",
              "ami-0d8ef28d22e71e36a",
              "ami-00ee6e3f9fcab0f34",
              "ami-098bdc8f277fd4458",
              "ami-07a089d8e437de184",
              "ami-0efa7e933ea07e903",
              "ami-0a5a1c5146d8daace",
              "ami-098919d7a4b54b7b9",
              "ami-0674738e843a5558b",
              "ami-0bb6beab794e0bef4",
              "ami-0fa161c1144a1976e",
              "ami-07f85efb0d1923ece",
              "ami-05ed3bf2e45aa36e3",
              "ami-0818a9282a5cebe4a",
              "ami-03137eb36e48231d2",
              "ami-00cfe2877ad374451",
              "ami-02472fdcbc46aff61",
              "ami-0720a4488a7765ee7",
              "ami-0a2ef3e23138c5fcb",
              "ami-093c5abfcc4757a6b",
              "ami-071ee5800d6d4f466",
              "ami-02973250a86d19e19",
              "ami-00526999a0aa6be7c",
              "ami-0f45a307d5fbbb2f0",
              "ami-0a4ea58ee226f8ab1",
              "ami-0e9a8185cf3d4774e",
              "ami-0e76cdc806cc638d4",
              "ami-0c577f7f888b597ca",
              "ami-0be8438ce51133f7e",
              "ami-08b9ca62fba909ce5",
              "ami-01827c064c74f34dc",
              "ami-0f1d8d8d7bc2868ff",
              "ami-0aa84f77a8a951432",
              "ami-092ffd06167743b5a",
              "ami-0bc06e732f1f5734e",
              "ami-0f6f5480568201d5b",
              "ami-0ab3856a2a8e1520f",
              "ami-097e6a8f98718b149",
              "ami-0533718bde147fa80",
              "ami-0d6f788085f665b35",
              "ami-06e705b7c6139f94b",
              "ami-07b610edb2164fe56",
              "ami-01bf07c9b6fc402db",
              "ami-048bda5649665e6f2",
              "ami-078a0f25a8b740aa9",
              "ami-017ff94cd947db5e5",
              "ami-0cbebc7ce5accf99f",
              "ami-0dba1cffd9eb2e2f7",
              "ami-08087a4ef3da9fcfd",
              "ami-09994b2682d51ffd2",
              "ami-077c3f5bc2386eee3",
              "ami-0c48d457208cb9633",
              "ami-00da5f850def194b9",
              "ami-053f90ad2a9d48905",
              "ami-02f8c87809c8a0950",
              "ami-078221f3cd28f8914",
              "ami-01f55fc1671f63e14",
              "ami-07f701ef03ef2064e",
              "ami-01f17ede02fa0d2a9",
              "ami-0d34f77c7a82ca76e",
              "ami-0db6594007fd612b6",
              "ami-06ee3214d8b168739",
              "ami-0854c14fd0f97e0f0",
              "ami-0a5150f0555bf77c9",
              "ami-0367d7e930beb2f75",
              "ami-0c7e504c70250b163",
              "ami-00229fd2696ad8755",
              "ami-0f459c0a6e8287e33",
              "ami-0141c0b520421ad03",
              "ami-0622105fbb8725d43",
              "ami-0f3b69cca84b30780",
              "ami-022a36d1d6b351f6d",
              "ami-095d00eaf5bc84496",
              "ami-0964413dd88b3c459",
              "ami-08bbfc6d71eb16073",
              "ami-054da7b114958d056",
              "ami-0e154f47417fe5407",
              "ami-0c4c62f8389791871",
              "ami-00e2ceb3ebab35dc7",
              "ami-066cdb36ad4d77cf2",
              "ami-0067aaafb4dad9480",
              "ami-02efefdf2ce3efc41",
              "ami-04b9455eec5c352da",
              "ami-0e81d365d625d6e7c",
              "ami-04d573ed72da38a8b",
              "ami-0bd4ab2df33f27270",
              "ami-0edba91a4e3da46f4",
              "ami-0f1e6d2470cf7d3b7",
              "ami-05549bb58a48c04b9",
              "ami-0134632cf6e4c2210",
              "ami-07f69be0aa71c5868",
              "ami-0dec6ea1f7d73bf8e",
              "ami-0a40dddd481a02e19",
              "ami-0d66a774c9e2f2d28",
              "ami-0a237b69a8e8a9669",
              "ami-078bba8180134c517",
              "ami-0843a3db10ddbfe7a",
              "ami-09520848b5f0582fd",
              "ami-0b4f2fcf7d7ce6cf0",
              "ami-0a8e11b12f956e3d3",
              "ami-026fc785082e13f89",
              "ami-0dd61a68e3c23c8cf",
              "ami-0ead72f4b343319f7",
              "ami-071bc8b813e0110ea",
              "ami-0264229357cc00f90",
              "ami-0a65e70b36781b53b",
              "ami-0f71c0e16df8fe176",
              "ami-09a44181f8d79b22a",
              "ami-0ae3f6e00b97180d9",
              "ami-0a43a665aaef3c157",
              "ami-042cdac280b87e2f6",
              "ami-02c1c7f657ed2f5c3",
              "ami-01bae36bd8bb7594d",
              "ami-051d3a5e95c000ea1",
              "ami-03becc5c09d07dffb",
              "ami-03c738fa853b1dcd9",
              "ami-0b2cf4ced041edd9e",
              "ami-0c9775297ecc05390",
              "ami-064d3627d27514fdd",
              "ami-0ce7ed1723d60b2d2",
              "ami-075baa8c8780ef2cd",
              "ami-0d41100ae37f7bf0a",
              "ami-0b63b1f29846cf839",
              "ami-02e9edb2cad1c3758",
              "ami-0630db597087440c2",
              "ami-02e103e56a99d6f1f",
              "ami-07869a6002fb3c015",
              "ami-081c7976aedcdc714",
              "ami-01f5a3d409d308a61",
              "ami-0ee0748173d48c02c",
              "ami-0ec4829bda6922f3c",
              "ami-02917e39d66093ce3",
              "ami-0aba4ce9401aaa99a",
              "ami-0852b85c23b512f53",
              "ami-063937d4bdcab9fb0",
              "ami-0ad2b79ee2e23da2f",
              "ami-07114347718db710e",
              "ami-0d13730ba37892d0d",
              "ami-0180867946baef2a2",
              "ami-065d3f03668d9777b",
              "ami-0c3fbdaefef16dd35",
              "ami-0c36bd56bbcf3ebaa",
              "ami-0aa89a99aba1abdc0",
              "ami-0055abbd5e5d4dbdf",
              "ami-0718589ac47809349",
              "ami-0ef7e89d794c56464",
              "ami-056459f9b79515ec2",
              "ami-0c644f818f60ae4f3",
              "ami-091b97a7b7e75f481",
              "ami-05d97c3f2510b0545",
              "ami-056cce909fe6a012b",
              "ami-08113e96c26acb94d",
              "ami-0bd804bdefe08890b",
              "ami-0c603ec22650a28af",
              "ami-0d4c428142c949488",
              "ami-069ce22495cc2bf23",
              "ami-04ad41615071e8431",
              "ami-0e8ea9535ffb8e33e",
              "ami-0251469d19c4e6f1b",
              "ami-01cc656499debb56a",
              "ami-09332e1770f109d84",
              "ami-0e66ad09e43f202cf",
              "ami-06cb50c7362e9cbf6",
              "ami-0a6d75065122cd6fc",
              "ami-0486e3c2fecdf9d6f",
              "ami-0877ff4970336913d",
              "ami-0435bcd57adfa20ce",
              "ami-0a8a3f7d4f452ded1",
              "ami-0176b2659d40f0696",
              "ami-0592dd51b9bff8b21",
              "ami-0beb6469c631489d1",
              "ami-03c2aca5460e4847a",
              "ami-0af78ede1f8509650",
              "ami-0a8c9faaf4358a55e",
              "ami-06d05f7407a762249",
              "ami-0530133b61e7c11c1",
              "ami-059153e7d4286c2db",
              "ami-03cf1a25c0360a382",
              "ami-0d49af9e6cab27af2",
              "ami-00d1b04cc2134ed26",
              "ami-0d5f54d851d6bd8ef",
              "ami-0fc4f8e1c20b02190",
              "ami-0f83502a83b78934a",
              "ami-07636cfcfa55f265b",
              "ami-01f6afa7cca237bac",
              "ami-056a776d89d1e499b",
              "ami-0b1cb5837e806d99b",
              "ami-07958198a164e6f69",
              "ami-04fee13c12be8bb4c",
              "ami-005efc21ad9dd856f",
              "ami-0d8500d0848382782",
              "ami-0c6acae200d05659e",
              "ami-097b703ffe598ba8d",
              "ami-06acaf7508128ec7a",
              "ami-0bd12c633e73201a0",
              "ami-08a2f2f4a1acd52d0",
              "ami-00259561cd0a03d14",
              "ami-0e16f769ba61c3172",
              "ami-07ed4de9e22a85494",
              "ami-0c1eda1770212a63b",
              "ami-0e71f35d928a95672",
              "ami-079a392babde102fd",
              "ami-076fd02fd9e5b6ae7",
              "ami-03547fbb0e324b562",
              "ami-0eaedd41a9496b838",
              "ami-07625e624e2d1df11",
              "ami-01271bd69d175b34c",
              "ami-074f5b0bdbdc43210",
              "ami-0d235450bb4c7a587",
              "ami-04086e3332c059980",
              "ami-00168952a04176ea8",
              "ami-01ac9395bb463f62a",
              "ami-04bd5bacc42b018fb",
              "ami-0a2e975b8709caef3",
              "ami-0a02d29e411c8c2f4",
              "ami-0eb8f4f38ea41ff14",
              "ami-0da46d8630b303dd1",
              "ami-05ad7bd8def1dd567",
              "ami-077e6dac95a476947",
              "ami-01e9ad4041968fa20",
              "ami-0cf6c14c4e2b42d02",
              "ami-01625be155ee390e9",
              "ami-00874d747dde814fa",
              "ami-0d44fda60ccedcd4d",
              "ami-0d68f6da2fe497445",
              "ami-04840860470bbc658",
              "ami-0ccbbf764ad9d11e5",
              "ami-00784d70cf20335b5",
              "ami-03869c3198c5850d0",
              "ami-0e1636ce062100f9d",
              "ami-0a2c3cbca91f8b433",
              "ami-03cf7a10d5d5da916",
              "ami-0accbef59578bbcc0",
              "ami-0778521d914d23bc1",
              "ami-0620aa8714211d0af",
              "ami-02cab65370343b33a",
              "ami-073f94d2b4cbc475f",
              "ami-0bde7402b154d10d4",
              "ami-0a64fd0b0946c4fb7",
              "ami-077a17b7272a1a2d8",
              "ami-05b2cac4e1f1d5628",
              "ami-05541a180eaeaf108",
              "ami-0256445875f5d7766",
              "ami-012c3f181e777ecb2",
              "ami-09eb35b224cef688b",
              "ami-035c7232ac93a5dd6",
              "ami-0cb6ade794a404c21",
              "ami-057446ce2011a6795",
              "ami-0b16abaa3ac4e2aaa",
              "ami-014d8ae13f0f5023b",
              "ami-0e5f05628abd653e3",
              "ami-0f2be2936644559a0",
              "ami-0f2e52342ece84a3e",
              "ami-0f714362c0266acee",
              "ami-055045b3b7fdd35f6",
              "ami-0e9e697e399633dc6",
              "ami-0b3df267a53b08795",
              "ami-09a4c37837ccc47ff",
              "ami-05000486d2d2e77a6",
              "ami-0f59feb6a4331b45d",
              "ami-035304642b0c76314",
              "ami-0c96a2f29d78f9d2f",
              "ami-0a5ec5786500eaf19",
              "ami-0de35987f351940a9",
              "ami-0b3a94df3190cf08a",
              "ami-017e98c385459485b",
              "ami-09d81235917712865",
              "ami-0f5f9afd175436983",
              "ami-0564c499c8f6c89f7",
              "ami-0f012396f2ef21eb9",
              "ami-07a5fecbfdabf0580",
              "ami-058c0c4d5a4e4712d",
              "ami-0d9e282f598141878",
              "ami-07d2a1a17ff7ed3e3",
              "ami-0f6401a811f5f5868",
              "ami-0ecd9b31a11c96878",
              "ami-02f6e3cd6f1b8d2cc",
              "ami-040fb05ba09fdb8f8",
              "ami-05e7fa5a3b6085a75",
              "ami-0d3459a070ad5edcb",
              "ami-0f2cb4ff322a0ae42",
              "ami-0bbf53ee8f03b9eb8",
              "ami-0abb9516e466be2ce",
              "ami-0d73a8a38bad9b7e7",
              "ami-0f09ed56128e994fe",
              "ami-0b07d83c2a84aed9d",
              "ami-0f3647f59a77a105d",
              "ami-0ae6f5d37f2911c2a",
              "ami-0aeb0af74ce928195",
              "ami-047aebd8bfa72d94e",
              "ami-069bb72a4d00f1936",
              "ami-0b4c4bf1304917a83",
              "ami-056c272f54b81b106",
              "ami-02003519ca0e447bb",
              "ami-0118de162eb5430be",
              "ami-01aa32a4f0ccf9ee4",
              "ami-0430624343774a438",
              "ami-098f750a908d24f3a",
              "ami-042ce4a52882a9e59",
              "ami-0dfd62aa161e90d62",
              "ami-077d78660702150b8",
              "ami-05900b0935944376e",
              "ami-0fc51c6ec1a740b7e",
              "ami-0d00f91d631c19ee1",
              "ami-0ca9765ed613b373f",
              "ami-07aa32e8a4d159270",
              "ami-06cf220b46cca230e",
              "ami-03b61f388c7cfae50",
              "ami-0a6e81ff20bf687b8",
              "ami-0d3d3ac24d352b1c5",
              "ami-065afb04ea796f972",
              "ami-0b232647094d78ebb",
              "ami-0ee0203fb41de5cb0",
              "ami-08d32e99914c73d73",
              "ami-0089cad80e6c9c38a",
              "ami-06ba8f09b61b3421f",
              "ami-01ca368d3b4282a6a",
              "ami-03cf0e114fa8bc677",
              "ami-0e824aa14b894971b",
              "ami-0ae1152ce29d9d761",
              "ami-0b6f9cb2b6974bcc1",
              "ami-02afb066d18f9495a",
              "ami-0dcbc9938d12a8fd5",
              "ami-0e89333d728594cf4",
              "ami-05713ce3728687cd7",
              "ami-025f33c8c74e1e3a6",
              "ami-06867287c7909dcb4",
              "ami-00634d7ae9b22b693",
              "ami-02404b2399058e485",
              "ami-0099daaf90d5542bc",
              "ami-0514dd4896753e1a4",
              "ami-0f262a7045196aabe",
              "ami-04c10c07b7cd3c7b4",
              "ami-0b123a16608d0f8ed",
              "ami-08a1ffe08e6e51976",
              "ami-0fb18d00427bb0291",
              "ami-0eb987ecdac9e21ad",
              "ami-0f3cc774594d9d18c",
              "ami-00211439c2083dc6a",
              "ami-03cdc63e20f3400f7",
              "ami-0366a7f3fad4abbfc",
              "ami-06adbf671797fdde4",
              "ami-036e60d8f45efbff1",
              "ami-02034c0933262ce24",
              "ami-08c6fd5adab200274",
              "ami-0811afd2d452eb482",
              "ami-0e5aee30aa79ddd20",
              "ami-0b544050e260725b3",
              "ami-0f0ab54aec8f60f61",
              "ami-0ebdce3d47c2b583c",
              "ami-0fcdd6c45f782ae29",
              "ami-0cf6aeb8e61dfae27",
              "ami-0299d8c08866979a3",
              "ami-0f60c8d8e05cda2d7",
              "ami-0203ad5db1e1d1a1c",
              "ami-0dea4e3e1bc99df32",
              "ami-07b26bbc7871097a2",
              "ami-0c9983e63c535aafd",
              "ami-0b1292a11aa96a393",
              "ami-0ec81cfd36bb40b01",
              "ami-01d13fa00c7e0232b",
              "ami-06b2e8d29cca99f16",
              "ami-081720c6a98b3b6cd",
              "ami-0e7eacc53cc7baee4",
              "ami-017495a669f40b40b",
              "ami-0ff4d1b50b003285b",
              "ami-0cbd58eb92231f0e3",
              "ami-0546070e2d822250a",
              "ami-046b58354c5c17702",
              "ami-0361b1f92be5fca8c",
              "ami-05cb996eeae9aa847",
              "ami-06c6096ac819d87a2",
              "ami-071099f3762f410b8",
              "ami-0bba3d84927147d00",
              "ami-07804926ce0b34741",
              "ami-06ec9444416022e99",
              "ami-0b80939dc864e008a",
              "ami-032d7235f8fdb4f4b",
              "ami-006ec5502fa812b61",
              "ami-01e0e5eba1a045da9",
              "ami-056327789bd720eaf",
              "ami-0fe627f989be8c7fc",
              "ami-02a1b41fd51a92445",
              "ami-0e61b3504a3da7780",
              "ami-080f224686390a67b",
              "ami-01700acaa9a146b5d",
              "ami-057c9d0573d5366da",
              "ami-0b1c7839d6c31c0b7",
              "ami-0f1523c536f6228ae",
              "ami-04d3da761c7c91ad1",
              "ami-0501f8fba4e61804b",
              "ami-06e880ff1e6760561",
              "ami-06dc9b8458e913e56",
              "ami-0cfe3818df0abeebd",
              "ami-0abd33ec784c19b45",
              "ami-0949739770950c70c",
              "ami-0c98da90cc97b2e5e",
              "ami-0677dab4bab0c7416",
              "ami-0aeb7ed5ce04cae0d",
              "ami-00d8f41bf1572af4f",
              "ami-02bf362bb5e9d3a91",
              "ami-0452f3936570992be",
              "ami-0ec2e24aa7c0b8a45",
              "ami-0f5fc075ae038a72c",
              "ami-03b5b4f92a29f06c2",
              "ami-0210e84932b472278",
              "ami-0ec07862a63beff0e",
              "ami-0e85241f15549f176",
              "ami-0ceacfdc38ce52755",
              "ami-0613d98cab519520d",
              "ami-08552ac6a599f02f5",
              "ami-0ebcd8d003ba72ca8",
              "ami-05c7566284b803c64",
              "ami-03fa9284481702094",
              "ami-0e7fa10136f14e221",
              "ami-0c89773e7f73ff8e5",
              "ami-015299c238eb6aebd",
              "ami-027870aee6fc5897a",
              "ami-0fe15b0a0cb1b6114",
              "ami-0b1612d361d739340",
              "ami-09953a05e1e4a6bda",
              "ami-0d59d3e8b45013ecc",
              "ami-08cc560dc73bed247",
              "ami-052b95dd77b4be752",
              "ami-01065b141130547d4",
              "ami-09de6078a266c4b5d",
              "ami-08833bc371f72dcdf",
              "ami-083ff2c43e5f547d1",
              "ami-00345ae4b0502b47e",
              "ami-0d05c73130d8e9f92",
              "ami-03d6caf7764bdd222",
              "ami-05de42b2cd67404b6",
              "ami-0e198b9852c61efa1",
              "ami-0b80822168ed36782",
              "ami-05c632c9d2b67af23",
              "ami-022b6b8e634e1f375",
              "ami-0fe927a4c3ca0c2fd",
              "ami-0c3cc90e0b5893280",
              "ami-09f9c5775d836f717",
              "ami-020a0b1455124e719",
              "ami-0e881ecf75e42b238",
              "ami-0f4343162475d3dcb",
              "ami-0d3e948f394cb7623",
              "ami-0dd6670e3511099c6",
              "ami-08155ec501e77e736",
              "ami-02df878f513570e30",
              "ami-080c229522a974184",
              "ami-0f4fcb1a6207121d0",
              "ami-08f977975e0ea4f20",
              "ami-0b79a59990a45352e",
              "ami-00892523a9424afd7",
              "ami-0695da50a62208176",
              "ami-0598eb83ca43e19d3",
              "ami-03d3ac1165be7a980",
              "ami-0a3058ac4745f9229",
              "ami-0f7fd1229ec660361",
              "ami-07812a72f0dd2059e",
              "ami-025e291909f1158ff",
              "ami-007fc3d804a6a57d9",
              "ami-0c2ac9e035e296e03",
              "ami-053b063356c2751ed",
              "ami-0e04b119d4926d249",
              "ami-0bf212d3c2e904bc7",
              "ami-05a982bf850a46550",
              "ami-05364760e4c30f976",
              "ami-0b7e952453dce9065",
              "ami-002e5707e5b09dd7e",
              "ami-00f3b5f9ea9a7a3e6",
              "ami-09cbc05fc6ab4bc31",
              "ami-0e894b8c9f299f4bb",
              "ami-0109d5f03bd851d22",
              "ami-082ee1c494a4a5279",
              "ami-0193ea454c19a99c9",
              "ami-0ba03bca7bd617f18",
              "ami-0e19e0eb5593af1fd",
              "ami-0e12108e927d46b86",
              "ami-039509b355a5055f8",
              "ami-046f52ab408faf7e7",
              "ami-083131465a55ca6aa",
              "ami-0376c9483aa45bfe3",
              "ami-042fc55301f0f68f8",
              "ami-0b2cf682de87c3df0",
              "ami-05672d5dd0533bded",
              "ami-0baba2696e3e6fcc1",
              "ami-01d45e86188f13e5a",
              "ami-0963a6dc03a4e59fd",
              "ami-0e10bffcf2ec5045d",
              "ami-0c4cc0a40dd47b942",
              "ami-005f146783d09755f",
              "ami-0ffdcd375c1ca6ac6",
              "ami-02b0d13d50716ab54",
              "ami-07f2745b06cfb0937",
              "ami-034535d6e96ed8c97",
              "ami-0b1d854748be854e2",
              "ami-067cdd5b8f2f477d6",
              "ami-02f9f7b980eda3893",
              "ami-04bc08155b021ed1a",
              "ami-046ad6e0d2db1347c",
              "ami-09a1a3d72e0e769a8",
              "ami-0527bda9824031ad9",
              "ami-0b598edb9bd7bf763",
              "ami-071fc5ed4545a26c6",
              "ami-037d317d7abd12631",
              "ami-0d040f372487be24f",
              "ami-0577949319c6b4ec3",
              "ami-0090e9ef1b877fefa",
              "ami-0e9bebd61111da36e",
              "ami-08d19f8b2535ba259",
              "ami-01c368416dedda670",
              "ami-02c6a679caa101343",
              "ami-05a28b27acd5f9ffb",
              "ami-0752ce455a6346a5d",
              "ami-0c77e57d3af97f089",
              "ami-0cf0805c725df4305",
              "ami-00c2d1eb751adecbc",
              "ami-0e5dbf12c407c7a93",
              "ami-09f5d839fe2dc44a5",
              "ami-079b1235bdcdbb243",
              "ami-0701214a207836d77",
              "ami-085d15593174f2582",
              "ami-0189196135ac41d29",
              "ami-0dc0635022c43cebc",
              "ami-0f6ad2be60b2bf8f1",
              "ami-054b4625a020c30a1",
              "ami-025d09c7d7042b141",
              "ami-0dfae20b6d337857d",
              "ami-0596d807260f25fc1",
              "ami-09f7c431cf561a525",
              "ami-02af416a3b46a4b89",
              "ami-0dbe47034a581e8a1",
              "ami-0ff6e1691ada947e7",
              "ami-0e6210df45c5740f4",
              "ami-0fec593206ba23725",
              "ami-0b27da6495d8ad9fb",
              "ami-07e4a88b02e1d3494",
              "ami-038ce0bcc2fd5928c",
              "ami-0ca6074a77403483a",
              "ami-0537ba3539ba35f9e",
              "ami-0098ff8ad701420e6",
              "ami-09757f140f90d4989",
              "ami-0404cc10f5fb9ce60",
              "ami-0054838b69b730460",
              "ami-0ea1c7db66fee3098",
              "ami-0b14717efe248da01",
              "ami-01190bd6ebe4a6f2a",
              "ami-0a6fd672b404831ff",
              "ami-062f1ebb46b295c7c",
              "ami-00a3e0296e1731f44",
              "ami-007323642e8bae4f9",
              "ami-0fbddcc9f78b1b20e",
              "ami-03a30cc1dda93f173",
              "ami-02d5a5508f2c23400",
              "ami-021b765d61a4b649f",
              "ami-0bac3498e37fe3ed6",
              "ami-0ab1687f626a22bf5",
              "ami-0eb3216fe26784e21",
              "ami-088af3f02047229d4",
              "ami-026df8d1e57d2ffa6",
              "ami-06c9b6a12f5bd0a96",
              "ami-0ff2d5125481fd685",
              "ami-02a6b35f82a1e6bee",
              "ami-064bbc3580034e511",
              "ami-0edac636fca014b61",
              "ami-0cda00a0bacb8ac9d",
              "ami-08e7d4a515156d0b1",
              "ami-0228d2cc2850106ef",
              "ami-0f5e7ce8d0f106c51",
              "ami-0bab05b3a0a749728",
              "ami-0909aa7ee6b0c13fa",
              "ami-0e7c84a57e46c420e",
              "ami-03ebdf48ec1a57a39",
              "ami-033af8584d6c13c36",
              "ami-0cdeceab7a6f9573a",
              "ami-0348445d4e31c0361",
              "ami-0b7e0d9b36f4e8f14",
              "ami-0fbeaf6dddd4055a3",
              "ami-0bbdfcce9e6fe9634",
              "ami-0bd9408c6d484eb34",
              "ami-07b1d37d14a592306",
              "ami-05299c31d6a71f70b",
              "ami-0ce682b3105ed819b",
              "ami-0ee02414419b3e082",
              "ami-09b21b8d289e09cd5",
              "ami-08935c978046a03f6",
              "ami-08d78919d3fb1fa36",
              "ami-0162accccd9b1e5eb",
              "ami-01aa38c893761c369",
              "ami-0602837c4e91baf26",
              "ami-09cf5e650dad6f58b",
              "ami-0e39698a6173ec383",
              "ami-0b26d0b9886342480",
              "ami-0b0ba6c42f9b89b72",
              "ami-0ec0d9ac9f2d540c2",
              "ami-0a924b548327b8b61",
              "ami-0b6fa747aee89b610",
              "ami-03d0d75de9d82f509",
              "ami-0cee44fcfc5ee4760",
              "ami-094aa2ca0809ac48a",
              "ami-0dedce513c4e91330",
              "ami-00eb0dc604a8124fd",
              "ami-0fe0ca6adbf8411c8",
              "ami-0a58b4e1d21144502",
              "ami-02b78469824dc86b5",
              "ami-05b6d71ded48c5039",
              "ami-0ce2d138c99364040",
              "ami-001295da50e2af656",
              "ami-058e8127e717f752b",
              "ami-0b1d643a523181019",
              "ami-00be3b34426a5de03",
              "ami-0fe792ccf2cff504b",
              "ami-0e04fdacb0d061801",
              "ami-00684b276a9d81a25",
              "ami-0c7a92640df7aa6fb",
              "ami-06ea5716c996d635a",
              "ami-03fce349214ac583f",
              "ami-0e494f4923ddc8b97",
              "ami-04cccd8e53d1f1f4f",
              "ami-0f126574adbe1b544",
              "ami-0d4578d3d017571d7",
              "ami-0c2b762bc9ab3766a",
              "ami-04377aeb46258a9ab",
              "ami-08ccb3c1c554def17",
              "ami-04356e1a868ad2fef",
              "ami-0599941d267e17cd9",
              "ami-09ff4035ebefc8abf",
              "ami-0254c3ba145038d8e",
              "ami-057debff3b5106cb4",
              "ami-070cd3989cec487b0",
              "ami-071d69fa2f2c09e2b",
              "ami-0dc9841a34bed6dfb",
              "ami-002926c42e8e87f0e",
              "ami-0de2d8a15c3b2b25c",
              "ami-0d0d6f625baad0fbd",
              "ami-0d4c8fb27b95b2366",
              "ami-07120eb2543de404b",
              "ami-0d1dec69c84713b5f",
              "ami-058ba3689c57c62d2",
              "ami-0273032f303942da5",
              "ami-056a59f9e05c7c7ea",
              "ami-0f60687ff830e0db0",
              "ami-0abf70a4aa6c6b7f4",
              "ami-0e010e28be8520dcc",
              "ami-0d96da4b6990c822c",
              "ami-02da45de36a2d2b69",
              "ami-0c852226ca3f47867",
              "ami-05de5157f3d32334e",
              "ami-07aba51bf8594c270",
              "ami-0d317dda3f80417d1",
              "ami-0213529acfb347a6b",
              "ami-0a3d44e99475ebab1",
              "ami-012edae504d5234b9",
              "ami-0853087fc8a8db1c8",
              "ami-01fbd3ffa7a551093",
              "ami-0e0b5560135cc6c70",
              "ami-030400acc1e54e9e1",
              "ami-0c8d1ed5690985527",
              "ami-0512c0b51d3ef5bc0",
              "ami-0f8b7a13ed5fe4ef9",
              "ami-06dfa0e9c4b42c24e",
              "ami-01c360ca0b6fdd551",
              "ami-0c695e41814f15808",
              "ami-0468fa80f84f1694c",
              "ami-024cc6700af99a067",
              "ami-0fc7fba756218b796",
              "ami-0ee0adc181ac0fec3",
              "ami-05ff0c8ab10880441",
              "ami-09c1155d9d1508eb5",
              "ami-0a351d6209620ee41",
              "ami-07d07b881bcb03b63",
              "ami-060b38d31cd629be8",
              "ami-097f82ad2d4efc466",
              "ami-03a33a808d45f3797",
              "ami-008b5ae33c7ef7727",
              "ami-038127a128fd3f50d",
              "ami-01ab476b9eb6ca642",
              "ami-0845f0a9c5dbdf4a7",
              "ami-0b7ce71bd79ce3db4",
              "ami-0aeca752f765c8388",
              "ami-01edea2691a5cbd5b",
              "ami-02fd1dd7892b0fb06",
              "ami-01b2d194ec6b4c96c",
              "ami-09f707506e1619ef9",
              "ami-047f29bac47d574d3",
              "ami-00bc39282fae4a0ef",
              "ami-044f716e16e040a7d",
              "ami-0e815719eb118320e",
              "ami-0da82d17b8c98369b",
              "ami-09c6989a20c781109",
              "ami-071f55f6cc5792e6e",
              "ami-07e42fc11ba7f9de7",
              "ami-0d752d97e7e23b4d6",
              "ami-098947684db865baf",
              "ami-090730083c612b273",
              "ami-08603421e3287b9cd",
              "ami-0b2da83a46018048f",
              "ami-08c4b6727f68b5cf4",
              "ami-083d11e51fbecabbe",
              "ami-05674bad7e02e0f02",
              "ami-0bc6675439c0e55d3",
              "ami-0216555919553b18d",
              "ami-07a8549e3f9f3e999",
              "ami-0ec317eee5f7e45f0",
              "ami-0617fb2f687cfd589",
              "ami-0386cea3a746fdc81",
              "ami-071bf85ab0610661c",
              "ami-0b6a4783c73da378a",
              "ami-08c8ac66c71da81b1",
              "ami-07a2e82bc11c2c74e",
              "ami-07d75d0672e285fe4",
              "ami-087e2748bae0ea092",
              "ami-0c4af4610ab22c4f4",
              "ami-0f2184c2dac1025b9",
              "ami-06880a345265f8aa8",
              "ami-05aeb134950b923f1",
              "ami-06355a4a76ded7a1b",
              "ami-031852d53f4e9389d",
              "ami-09f69723ce9612eba",
              "ami-0305ad524524dd1c7",
              "ami-086d5aa05ca5823e6",
              "ami-010928f0cffc9e040",
              "ami-098f90f96c495ee20",
              "ami-0b962f3283a58ef74",
              "ami-018f47dcddb6b73db",
              "ami-0db0a93f937948bf7",
              "ami-01bdddfdabfa9116f",
              "ami-0ea56d8c05ee6c962",
              "ami-0eb1e7f41f6b31e0a",
              "ami-0e00f6df0bbfcb9f3",
              "ami-0abc50fcd12afd9a2",
              "ami-0fb4c40501dcec7a0",
              "ami-03ba0ff6286039878",
              "ami-07f76b2a036cc4bca",
              "ami-0b999f522ed30e092",
              "ami-0cc209e6e4ab36895",
              "ami-0f4c5202c83ccc48d",
              "ami-0df705a65eac6b321",
              "ami-09d6f6d4e00fa0192",
              "ami-01fa7c347cd19c998",
              "ami-0bdb8eb309d9041fd",
              "ami-0937f73950246e219",
              "ami-0e8250e965b5e6467",
              "ami-068933f8512412e6a",
              "ami-0e405f15a3acf89ec",
              "ami-0f41a08ef34fea825",
              "ami-034f064e5eceb11e0",
              "ami-03d6e2aceefaa35b0",
              "ami-0d07e9e42d85ec6b6",
              "ami-0939e127dcd311128",
              "ami-0afc7a850e32923cc",
              "ami-08a7871dfe4f2c552",
              "ami-0214a63009e3014d6",
              "ami-06a27a40576259002",
              "ami-0b0ef9fa2f3ed5fc6",
              "ami-02ea8aa745b4919ce",
              "ami-05a94dd157f0aedc9",
              "ami-0728c9c60ec534305",
              "ami-04efe750e6e56caeb",
              "ami-05df35e88f78f4b36",
              "ami-036e845e51d443597",
              "ami-0798ea12363d7c767",
              "ami-08aa86a03c40324f8",
              "ami-0d216fa07fba11477",
              "ami-0fa6c3226a9458429",
              "ami-0e4b9fe67ab21f3a7",
              "ami-0bd2678b647d05ee3",
              "ami-074963e096747169d",
              "ami-03bd5e941d628529b",
              "ami-099483cbbf1fd0f9c",
              "ami-09624da71c52f90a6",
              "ami-0b45835a2b4f9757a",
              "ami-06c096a3427f7c5fd",
              "ami-0af5c035775887c41",
              "ami-0074ead382a2c10d0",
              "ami-0a7c969fb2d7af38d",
              "ami-0e07ecc385470d4f4",
              "ami-0a47b431adc1d84b0",
              "ami-0b6ac3465b7101bf6",
              "ami-00d97b69dfb357f07",
              "ami-03a94fd39495feed4",
              "ami-06d41ee51fdeb7ed3",
              "ami-0497887a82380f7fe",
              "ami-096bf54d96a00cce7",
              "ami-029f29da5b2d2baaf",
              "ami-02d6dedb54ba89113",
              "ami-08707e197ebea9905",
              "ami-027434148bca32fdd",
              "ami-0367c0d85d22bebc3",
              "ami-0e62ff63e0f607032",
              "ami-05918330f30c6d038",
              "ami-0e1a315eccae9c51b",
              "ami-00109a45ba3d56141",
              "ami-09343473cfb8fa055",
              "ami-0d2af5b3d5cb02c25",
              "ami-0fda424d4df41ed6f",
              "ami-061b04da6c312ac7c",
              "ami-0e085f10aeda84dbe",
              "ami-0094e5fd607e306b3",
              "ami-094f999ecbc5b3d00",
              "ami-0f3327b5d1053adf6",
              "ami-0638a6e4e485924be",
              "ami-0bc55876ffbfc0b16",
              "ami-070de51548a8cc37b",
              "ami-03c9aa0f24586a60c",
              "ami-0e82d02cb985dd8f9",
              "ami-09d23a22632be2350",
              "ami-0d22ea5bf6729c517",
              "ami-0763e883c75d0d7af",
              "ami-0a7199e99d2faf1a4",
              "ami-0c27bb7a16de1fa4d",
              "ami-0d88e90e285420de2",
              "ami-04eadf1171df0c93e",
              "ami-0d8efcfcb6d60f573",
              "ami-056f235a5fc6c6843",
              "ami-0cdbd57e40d4eec18",
              "ami-078635a06d256b49e",
              "ami-00085345e010d076c",
              "ami-0b95068bf9d5fd46a",
              "ami-0bf3f2c7b7554ed7c",
              "ami-096ffed3bbe5f5d1a",
              "ami-0a7c54087100c7df1",
              "ami-0ea3cb6c915d8e8e6",
              "ami-0a01ef9efe375985f",
              "ami-01a4167eb13e3fe9b",
              "ami-02650a41adaf406a8",
              "ami-0e4bde5e53d78b289",
              "ami-0f8955d5934c8df60",
              "ami-0e6c8b6a88b2c163c",
              "ami-0e810ec937207d4cd",
              "ami-01c5f75ef51a63136",
              "ami-05c616847ed630b98",
              "ami-0ee3052360fda14e3",
              "ami-030068fda63ab9c16",
              "ami-0621081c5fcf34a87",
              "ami-09c550ee1cb5b0ca7",
              "ami-07dda96ce3c6d4f1f",
              "ami-07dfb3fb06931f2d7",
              "ami-0b253f5645979c1d0",
              "ami-010ff9e377c6b84f9",
              "ami-0498c64144da130ac",
              "ami-016d094f3a30c332d",
              "ami-09497419b7f6a8b73",
              "ami-076e990ef9ae9e6e8",
              "ami-0c3433e787e0f664f",
              "ami-0c80ea3b7dbbc06aa",
              "ami-0453031791b42230e",
              "ami-0660ee24aa2dc1867",
              "ami-0b7ff1a8d69f1bb35",
              "ami-08b477397057a0246",
              "ami-061f4c9ebca6872b4",
              "ami-0813f0c69efb0d4cc",
              "ami-06b58c9eda5f837bd",
              "ami-0f77f1571be8e7041",
              "ami-02c55339ea8facef5",
              "ami-03fe37118e11cd2a8",
              "ami-0de0bfa9662bbb47a",
              "ami-0aca396620d59038c",
              "ami-083f9aba08f5bf1a1",
              "ami-028482b9b768da498",
              "ami-017fced14b45ddfb9",
              "ami-06f8e8a05b0816390",
              "ami-053b15dd000ea776d",
              "ami-0036277c136635ad6",
              "ami-062265bb9c8e736a2",
              "ami-0a7e3787896f471ad",
              "ami-05167506d7a70f9f1",
              "ami-052465340e6b59fc0",
              "ami-033201120c9a1af3c",
              "ami-01f7183c498da740b",
              "ami-052e778dd4370826f",
              "ami-0ecc99161639df3da",
              "ami-0e32423c7709a269e",
              "ami-08ee40d4e354946c6",
              "ami-0c85134546b257658",
              "ami-0c544bda9765444c2",
              "ami-06bb1c166d1b21150",
              "ami-0695612735f4915a8",
              "ami-03ff45f1a809e92df",
              "ami-0b5eea76982371e91",
              "ami-0224f67c36d0fd82e",
              "ami-0fe472d8a85bc7b0e",
              "ami-033f230e26210618e",
              "ami-01979170769bde34b",
              "ami-04787f5fc1c5ef333",
              "ami-0e97bf2b6dfc899ed",
              "ami-03a45a5ac837f33b7",
              "ami-0cb91ae8d3e6bb2a3",
              "ami-0ae95ad1bde01a6a8",
              "ami-0b2a364787ae04d9c",
              "ami-0e4c0645c13263198",
              "ami-09fe851c8e75cbbf8",
              "ami-0ae6de6b64f41e832",
              "ami-0116e4312e81a3015",
              "ami-087cdab7a0cf1920a",
              "ami-0668880aaf99bf44e",
              "ami-067091fd2eddfeb7a",
              "ami-012ed89d02b2e459b",
              "ami-04cb90aac3f433fe2",
              "ami-0d47623faa24bf132",
              "ami-0c1c175e3c7d5c756",
              "ami-06219c9b547b37ed2",
              "ami-0bf05b25c7e09f0fa",
              "ami-0f829ce5659fcce12",
              "ami-0e1e49426a48f06f5",
              "ami-03d3f57d14bd8b2f5",
              "ami-02cd5e49880beeada",
              "ami-07628c402df378625",
              "ami-03b8c4c9d51a08999",
              "ami-02486a8d7057ebcfd",
              "ami-0f969707926ea9aed",
              "ami-0c599e94a69605f98",
              "ami-0fbe51010d00fac3e",
              "ami-08943d7ec7113cfda",
              "ami-08ee8eb43febfd80a",
              "ami-0dab8c1f64ba78cb9",
              "ami-080908ee920f26eb3",
              "ami-0a67cbc7bc1ec7580",
              "ami-0b5a0d689ba02ff5e",
              "ami-092c2543a03f9494a",
              "ami-0304cabacc6f3badb",
              "ami-05d749b30f3b358b4",
              "ami-0abb63c9b23aa588f",
              "ami-005b703d58845ea14",
              "ami-099f8d5e57c20aa1d",
              "ami-08efa23027c0194af",
              "ami-0ede0d57f0f02c245",
              "ami-020fda97b222b0bb8",
              "ami-059bf8ecff92b3eaa",
              "ami-0df569c65ea8c4e13",
              "ami-0d36ad4c8ff38be36",
              "ami-0246c7e68cdeb0861",
              "ami-03f5b2e86a2a937e7",
              "ami-0242181c8a70eee02",
              "ami-0a35ee840bb364d1b",
              "ami-02c8ddcd758e1e611",
              "ami-078d7a79e6a7c9af2",
              "ami-0ed7f8c97dd0ff997",
              "ami-0c9042396b5d89cf6",
              "ami-0cc307ab2502616c2",
              "ami-0fbd99b609778ff90",
              "ami-078ba3521adb2e3ba",
              "ami-05a581897306a6b1b",
              "ami-07ecf6f78f4934eca",
              "ami-0b7aaa4f605766293",
              "ami-0d6d000eaa4abe729",
              "ami-0e9473bbf1277df4d",
              "ami-0941bbfe1575e01cb",
              "ami-095e08beb5f437261",
              "ami-0e894f47ff6d42a22",
              "ami-0a5afd02c7645eecb",
              "ami-01e33ad5d207693cd",
              "ami-0073e14e4baef28b5",
              "ami-0047d92a5e18daf27",
              "ami-0e424defdb3069ce0",
              "ami-07c7bcd375aabdf8a",
              "ami-037ea96b8fdaa7edf",
              "ami-0762736e2f1e9f246",
              "ami-0c114dbff02d19c5f",
              "ami-086d8f004c6df3732",
              "ami-0965697691ff8b426",
              "ami-0771105f75b67b2fe",
              "ami-07ee25e10be98f6c0",
              "ami-05fa130268baeb18a",
              "ami-09df5222e7e8a31aa",
              "ami-05afc7d3bae6e379d",
              "ami-028a649c1bce50640",
              "ami-08f1cd8cd52346f14",
              "ami-051e9780822942da8",
              "ami-0ac89eed81a8fe327",
              "ami-0b0b1a8d6d4ef2962",
              "ami-0e6e30ee725697ed0",
              "ami-0f3527e954e1b6157",
              "ami-0c00e95719d74ea0a",
              "ami-068482900963f93aa",
              "ami-0ab39e047cff74edf",
              "ami-080ed343c0424c186",
              "ami-016238566b5a59729",
              "ami-0f2d153e64d33ec96",
              "ami-090b052cda8615ee6",
              "ami-09375b0a93865b0ba",
              "ami-05ca521b0a8e76855",
              "ami-069486267cbcb470d",
              "ami-08b4a9b3ba64467e3",
              "ami-04cee7ec37f9f5c58",
              "ami-0280401af62000625",
              "ami-02a67e72115fdd04c",
              "ami-0a2d2d2e8454e2993",
              "ami-0bb4954f8090dbef2",
              "ami-012f861ecd676b4b3",
              "ami-0a33f8a6d3be46347",
              "ami-07d3171c0756f50d6",
              "ami-0b1456189a86e70a9",
              "ami-0c3cd67d5557bf4c4",
              "ami-0d83474cde928fb4e",
              "ami-01ea47c26ea7eb9ff",
              "ami-092403597e94c3cbb",
              "ami-02fcb81e82b9046d0",
              "ami-0e5dd123d3ec4a3ea",
              "ami-01354e9e74dd4a9ed",
              "ami-03107dc270a0ad200",
              "ami-0e2aa5b14d0cdcbda",
              "ami-00ff3e34264a50274",
              "ami-0c4b26a59cc6d4959",
              "ami-0d4a181bcdbf7e5b9",
              "ami-08f0ee234a02438e1",
              "ami-0370b62e3c3b4cacd",
              "ami-05f7a54026649f241",
              "ami-0afc6a280daef6f7b",
              "ami-0f6a3a660c706e7c4",
              "ami-06894af31eedc233a",
              "ami-056a46e68543a67e9",
              "ami-0df5bd6e5e38dde8b",
              "ami-058b0da0f7e327909",
              "ami-083c520d3f51772a7",
              "ami-0648b6ff3db1c8cac",
              "ami-00c48fb1800e78e9a",
              "ami-04f0db45fd39477c0",
              "ami-09d1c4c4b79486367",
              "ami-0dc8ad3cdf2681dba",
              "ami-06bbc22cafe3d4a47",
              "ami-05d7b045d8b5772c1",
              "ami-07dfddc2dc7a203bb",
              "ami-0c11b7367b596e1ac",
              "ami-08ac380e37d833cc4",
              "ami-081c34e25ae174784",
              "ami-06c760e04d1c15ed3",
              "ami-0b9dce14ee0f2d3a3",
              "ami-04d22024db03fdb29",
              "ami-00f60e050ffa57c10",
              "ami-0f60baae11d2ef93b",
              "ami-04dec962532965e8b",
              "ami-00c4f9cc2e8ed47d9",
              "ami-0e84857e4d4f8742c",
              "ami-0f428ed409e936a39",
              "ami-021bafded1a120e10",
              "ami-0f9d19bc43ec5dc5e",
              "ami-0c875299019431152",
              "ami-0c18895e1c7966265",
              "ami-005022a809584a944",
              "ami-0e96f482cac9e2046",
              "ami-05f61e1a93bad424c",
              "ami-036f8b3795ad51bbc",
              "ami-0f61a81f108b78360",
              "ami-073515fdc9ae73959",
              "ami-02280e9db4eaef7b8",
              "ami-0697d84ec0442fed1",
              "ami-0c8f4ece2aee98b10",
              "ami-0089f929d5a57f4e9",
              "ami-059034a82e9c4199e",
              "ami-0e0faf365156c19a1",
              "ami-05bfb603c7868e14e",
              "ami-013e77b4822038afb",
              "ami-06ba1e18137a7a494",
              "ami-0980be489781630e6",
              "ami-03d5c759f6dfc750e",
              "ami-08bff12adbcfcdac2",
              "ami-0f7d7cea54498e18e",
              "ami-041ebb519110d98c8",
              "ami-03d43d3d52c3955a4",
              "ami-096f256c4630119fd",
              "ami-05e35bd67a628390f",
              "ami-03d80e246c8c1042e",
              "ami-0b35136dff1eede8a",
              "ami-0f86c68ff4ab9d6a8",
              "ami-092428461364bc96d",
              "ami-05667ac7c0216a77c",
              "ami-0c93a3b43393dfa93",
              "ami-0277ad216cb7a0df7",
              "ami-0bf870ffe6854940f",
              "ami-0f1233d2d3f831439",
              "ami-0d3fcd44fe55ba126",
              "ami-0d9c0152da0f4a42a",
              "ami-081240fe74ef6fd4d",
              "ami-0a1d002644b101383",
              "ami-01dc482f7c86046dd",
              "ami-0b7dd1f898fe0845f",
              "ami-021c5dfd1ceb56ff3",
              "ami-00bca3d4d1a2e052c",
              "ami-0a4e4bfba021d3c45",
              "ami-06260c56a4fcd14cc",
              "ami-03f9a9dc3ccd8d35d",
              "ami-0acc3c90f65296601",
              "ami-0b91754b46c4f15a8",
              "ami-01ea119523cdeb77a",
              "ami-0e2306ebbb87565e5",
              "ami-0d0a476658ea3a98b",
              "ami-065e5fd50e436cbb0",
              "ami-04c09a9dd9b399eef",
              "ami-03e90daa6f9f8c2dc",
              "ami-099e2651d36aaacd0",
              "ami-0c06293c0c13b7743",
              "ami-072acff84e4b09ce7",
              "ami-049949681d890b389",
              "ami-0b38854f3306ab8c2",
              "ami-02d55684c16ece2a5",
              "ami-0bd98ae86ac2e5d6b",
              "ami-0326a19b27190f5e8",
              "ami-061b49ee9f3b92626",
              "ami-06b373fa0f3e5aa9e",
              "ami-00797e681c69f734d",
              "ami-0b390fed5dea114de",
              "ami-08bed5d423976f703",
              "ami-098b38c957c38a54a",
              "ami-0ecd3b5b0ba8712e4",
              "ami-09520b31ac121e07f",
              "ami-0115201e786bdf227",
              "ami-00a5c71bbac50dc40",
              "ami-03cc55c45187770c9",
              "ami-072b7ef6675ba9386",
              "ami-0a8e4a7ed79fa6309",
              "ami-0a204850e1b77d666",
              "ami-00cc4265c3d94c612",
              "ami-012ec06c2eb9f233d",
              "ami-058b96bf626e33d3e",
              "ami-0cb945694d37dd96c",
              "ami-03bee25bb430166e4",
              "ami-0e74306282fc0f512",
              "ami-0d8883d93e33e90f9",
              "ami-0fe9df14b8357a448",
              "ami-0c533d5a0fa224270",
              "ami-0fb54ecf46b2242ae",
              "ami-002e71ff351b7397a",
              "ami-0cffd7b75d1331f6d",
              "ami-04027ecc3f40c1801",
              "ami-079b683722f114876",
              "ami-01eb6df1c8eaa06df",
              "ami-0a06afa697a83ec61",
              "ami-0ec03f28fd7d51270",
              "ami-0e610ab3baf9d7c96",
              "ami-09573dd037d994baf",
              "ami-047638109fa01fdb3",
              "ami-0202b4f90d755b534",
              "ami-0cd7385b23036e55f",
              "ami-023bb303af82cf56b",
              "ami-0887e4237f82aa8ea",
              "ami-003368c8b2c378e87",
              "ami-04b8a139b6454cc65",
              "ami-04ad46434b0a2c67c",
              "ami-00003356b88fb648e",
              "ami-0be82a7b29b45dd52",
              "ami-0a7732d66244fa923",
              "ami-00751fd8947d5b7e7",
              "ami-0f80b46fb11d9e963",
              "ami-0fdfffe7337742955",
              "ami-0ee3c9826081db07f",
              "ami-0b91087895641cafa",
              "ami-0b39c4261c6562fea",
              "ami-015a37aaa4840ef21",
              "ami-0de1b21aaef39447d",
              "ami-01f2f3ab33ed31757",
              "ami-08cbaf9af214eea02",
              "ami-0229d5227afd95b11",
              "ami-0bffb1b835d13ef7d",
              "ami-0539fbe2aac7c9955",
              "ami-0b7e041f035dcea59",
              "ami-084ea7a19f65dd7cf",
              "ami-051f802ab82288aa2",
              "ami-06997767d53f47674",
              "ami-0c3f4ce8b07d87f51",
              "ami-0284ef8717e14523b",
              "ami-0bdf458ae76593f42",
              "ami-05b156659b3aa7142",
              "ami-06e15102bbd47c650",
              "ami-06a8f10b55ba442d7",
              "ami-019b34d3a760e3810",
              "ami-00e1c944f28962b47",
              "ami-076bdf15627c0a756",
              "ami-0bb007672764c01c0",
              "ami-0be29bafdaad782db",
              "ami-04614182e0da1161d",
              "ami-0895eef6c4df1eddd",
              "ami-0d8e5530977422922",
              "ami-0ddcdbea53a9daa65",
              "ami-0d74e3b27c5632a28",
              "ami-0c62b42b7d36e2b2b",
              "ami-0a784d47247e6981c",
              "ami-00441d61af8f133fd",
              "ami-0e406e8d5183b545e",
              "ami-0f89411984ff168ca",
              "ami-03cafe4dc774f8816",
              "ami-0eca1b299fdb31f00",
              "ami-09f1a239fef139843",
              "ami-059f09228b2eed616",
              "ami-0a157c5b1e92cb717",
              "ami-01f0a9ba64a130e8d",
              "ami-09b6888f9ccd9b2d4",
              "ami-0f30dc2d54e7b88b6",
              "ami-0f190c86291c2f4ff",
              "ami-065df9ec51c5617f6",
              "ami-0101e02508ab27a13",
              "ami-0b92ba0a48f07d914",
              "ami-0e72545e0a1a5c759",
              "ami-0a27713a579913fdf",
              "ami-0d87d554a0ec78834",
              "ami-07b81b341ed18b401",
              "ami-0516fefc5ea00e55c",
              "ami-0da07256af8d10ccc",
              "ami-06986b0a767bbb5a5",
              "ami-07b29a9c8bdde5503",
              "ami-0c3b5a8c6fd868b4e",
              "ami-0c9a914e15ec75732",
              "ami-089d2ed1e769ed2fa",
              "ami-0e8963fe5ea10e698",
              "ami-0a520354da312fc77",
              "ami-0083dfdf883113e9a",
              "ami-076822a64c3f1cb03",
              "ami-002fb79c57960a99d",
              "ami-0f972b3903f44791c",
              "ami-0b93ce03dcbcb10f6",
              "ami-09214bd8810ba485d",
              "ami-041cde56237d2bf52",
              "ami-0af2cea9c15b74322",
              "ami-0f17a37dd97e5c959",
              "ami-0872c038707dd0f2a",
              "ami-03d22095b8d9c930e",
              "ami-00aa2b5d6521b065e",
              "ami-09323473f796c073b",
              "ami-04aa1635c7f94541c",
              "ami-0d9c62b7ac267c754",
              "ami-005aaf2120013ae68",
              "ami-08d090f841c8435e9",
              "ami-0a7f76080f6cdf1e5",
              "ami-015d56c1b00bc8103",
              "ami-010b27894948eaf42",
              "ami-09598c5b640f81672",
              "ami-0cde8eb4b61e21dce",
              "ami-0a44cbb964aef7f01",
              "ami-0abaa54c192c184a0",
              "ami-06bbd2be2b657fdcd",
              "ami-045f803e20740b330",
              "ami-028cbf4835af1ad6f",
              "ami-0a84b3eefa2ca93b9",
              "ami-0e20a5990f94885f3",
              "ami-08aa84e22d74284cf",
              "ami-086d6a7c6d1d1a427",
              "ami-03e8df75d0415cf38",
              "ami-0281adf324e82baae",
              "ami-026828cf2013e63af",
              "ami-02cd3f34c92acd994",
              "ami-090c5f63c4eed2e3e",
              "ami-0fc5cc171157acd1f",
              "ami-0b502f750ec59a4c1",
              "ami-08fdec01f5df9998f",
              "ami-0a7eae50da6b985bb",
              "ami-030cd3ef643dbc492",
              "ami-05e8c5fd2481ce074",
              "ami-0add9670b0f4857d7",
              "ami-0579c8a142960044e",
              "ami-056bf3e542dfca3d7",
              "ami-0807d6720f4f3a2ed",
              "ami-06fc4c381011f4b78",
              "ami-0cde473a6c1b294af",
              "ami-03bb04f09d9502e50",
              "ami-085d8c713e084162e",
              "ami-0b79a38d43379753b",
              "ami-00c40fc97678f7f69",
              "ami-0097e4945b2d15c30",
              "ami-0d862a1fd5611ae3b",
              "ami-0d533c03e1cf8fadc",
              "ami-085eaf1ef6875aab3",
              "ami-00d37e45097a12464",
              "ami-0eef1f9a8d4c46988",
              "ami-03760c7521ac17dcc",
              "ami-056c56e8a36191583",
              "ami-0b2c5ccb45af636f4",
              "ami-03895e7bb5a54b70d",
              "ami-0f5ad6c28eb4cf6eb",
              "ami-0bc1e1f01af16cb00",
              "ami-0078319d7f8e85d25",
              "ami-0b8ed4b9de80b5d3e",
              "ami-0035c96ac63d470ad",
              "ami-007e637e0f08aadd9",
              "ami-008d71ae5f8b09355",
              "ami-00411e29f0c793966",
              "ami-09e173910a682018f",
              "ami-0069622af84cc6761",
              "ami-006b535ee1239ff4b",
              "ami-07a0b4251b544cfc5",
              "ami-006eeb69b781d1f86",
              "ami-015c1743ef35a74f6",
              "ami-05df6da5c02245414",
              "ami-05d6940d7511a5067",
              "ami-0136d84f1062f1396",
              "ami-0ec594b3e524724f0",
              "ami-033db2e8e9618e878",
              "ami-0edeb4c6a0d332f1d",
              "ami-0ac15bdab6c2bb422",
              "ami-00b6d2f049340ed69",
              "ami-03786debeb1dff792",
              "ami-002586bb1a27863f2",
              "ami-0b13950be17f7d1b5",
              "ami-0b4de6292a17cd240",
              "ami-0b0923e9c6d7d8ad8",
              "ami-098c912fa068e3bae",
              "ami-0a321854fd70d7db1",
              "ami-083906b634c2db5d9",
              "ami-02f92fa72e02ac5f2",
              "ami-05d2f367f14bc7d55",
              "ami-051f93d620c15cd2e",
              "ami-06b5b3c21d6479513",
              "ami-0762023b38233eb7a",
              "ami-0a6138213ff946220",
              "ami-05415553fa58e54f6",
              "ami-07593ac322ce4222b",
              "ami-074a8eb961c0b98ff",
              "ami-090f0f3c4a117e08f",
              "ami-0e3db7a234f414a6d",
              "ami-0abb3044a036c2460",
              "ami-06878d265978313ca",
              "ami-0ffe6a92e2553e8a8",
              "ami-01fd40853ed6eca0f",
              "ami-08a49ff6524bac08d",
              "ami-06e9b30b57b32ec3a",
              "ami-050406429a71aaa64",
              "ami-0e8b0a08e00b21cfb",
              "ami-060917fb5beb7a9ea",
              "ami-09588e1add1a2f23a",
              "ami-0a4b5f6a3a15b196b",
              "ami-0cb87b328eb033ab6",
              "ami-01943be91b4407f5b",
              "ami-0f72a5a06285d7d51",
              "ami-06c75ded35de4102e",
              "ami-0eea855a3409a6c32",
              "ami-0ac2afb5536663ab9",
              "ami-0c059a1aa0144b23e",
              "ami-0dcc8a13b6f04b678",
              "ami-033947438a97ede61",
              "ami-094196a63b08938ed",
              "ami-0aa0fa58368bf8817",
              "ami-064b632b779ed3689",
              "ami-06bd82dc3930489a4",
              "ami-05ccd1bdee15c0724",
              "ami-0d5484395f92d9ebd",
              "ami-0500366a2a9ab7791",
              "ami-0331bc7bad49d1ad0",
              "ami-003c393ff617d173f",
              "ami-061dbd1209944525c",
              "ami-0ee6b792d3cdcd9a6",
              "ami-034dfe37d196ea2b6",
              "ami-0f83368021eda76d8",
              "ami-0ab53b137bb29569b",
              "ami-0eeab06671e48bb3c",
              "ami-09ec508375114062a",
              "ami-0a483ae1f4401d65c",
              "ami-0741d156d44d4db91",
              "ami-00524892644de0958",
              "ami-07c9fc78a05ac1996",
              "ami-09f1eb8c7f97fb822",
              "ami-023eb859c61ba0b72",
              "ami-0a6b2839d44d781b2",
              "ami-0fa82a2a7954e6143",
              "ami-062b7ce4bd866c886",
              "ami-090e05d2edaf7de39",
              "ami-0e2b332e63c56bcb5",
              "ami-06bbc798ea8cf3f5c",
              "ami-0574da719dca65348",
              "ami-05ff12c4cddccd19a",
              "ami-03a8df9ab831d7c53",
              "ami-0bb972ebed8ce1dc7",
              "ami-0dcdf38b69b57740e",
              "ami-09d49c1471e088e74",
              "ami-099c06a51a668b833",
              "ami-09f17183fd3b1ab32",
              "ami-01864c8d6cfc3768a",
              "ami-006ca098fc6e8b622",
              "ami-0b1d6e23528f80a59",
              "ami-083fe8ab4cf0c84b5",
              "ami-0fdd8d5d5b2efe990",
              "ami-06d6fca3b0c5b496a",
              "ami-0dd0bfaf2826aeea7",
              "ami-04d39e25bc759c784",
              "ami-024e17eb436c715cd",
              "ami-093216adf389119a8",
              "ami-03bbb696385e65212",
              "ami-0a39e82b11082b9f9",
              "ami-0791662f778461e24",
              "ami-0f8e55d25847968a6",
              "ami-01230f819accc3c3d",
              "ami-025756cf43e05a206",
              "ami-0eb2fc9afd1cac5df",
              "ami-0793e1274f453aed3",
              "ami-092ea848b79a44600",
              "ami-09d5010fe2cec8e2b",
              "ami-02b84b2e69de5ea6b",
              "ami-0af377ac5ffdbb50f",
              "ami-0748879fde53f3b84",
              "ami-014767e0660b81e43",
              "ami-056bd9b38260791f8",
              "ami-045e127b3b00e4c74",
              "ami-09d3f5a45a2c3bb0b",
              "ami-007c0031b3cca84fa",
              "ami-07b9873f52c28e8b3",
              "ami-04de0a254e3275376",
              "ami-0125db1836006cb64",
              "ami-034600f72d4faaed2",
              "ami-0ed3114e2c8e91c80",
              "ami-07ae51cfef546f48c",
              "ami-02f0b6550da98db18",
              "ami-06ca8a862253e3b2b",
              "ami-0a79d0ac5639ca0e4",
              "ami-0361d2e2fbd570ac9",
              "ami-05568c855ba5cb33d",
              "ami-0427a81af3d963641",
              "ami-046f5e629293fcaf4",
              "ami-03becb64e8f6b8bbd",
              "ami-072fc0c8a7139f880",
              "ami-02a58d7b6c4585adf",
              "ami-02171522e09a2aa81",
              "ami-0ceb1d435db16e0f0",
              "ami-0317616a92f8f3835",
              "ami-0d95ad5a73ef75b7a",
              "ami-0ee12f67be56b7467",
              "ami-0c0dbbaae2f868406",
              "ami-090155c1755764790",
              "ami-07801838224fbaf2c",
              "ami-039d28f82d3df089d",
              "ami-0d6da5edf81626d76",
              "ami-05f7975f9601687f6",
              "ami-0d6d407401a973107",
              "ami-07bf08d33c3e1638e",
              "ami-041ec278c7b74c06f",
              "ami-053065f00d67221fd",
              "ami-0d1a52ea15ea871bb",
              "ami-061c6b2f76ffbac9d",
              "ami-00ed794f5a8b92ece",
              "ami-0e34d787e356819cc",
              "ami-0ca997f5a1ca9a625",
              "ami-0607aea1f8780fc6c",
              "ami-0f08c46bce734c673",
              "ami-09f1a9e5390617ed0",
              "ami-0e95ce9f3e5bff913",
              "ami-0c74ec3e033018de6",
              "ami-080bbf435b164003c",
              "ami-057b86748faa46d4a",
              "ami-035e832bf09014d33",
              "ami-05db7c72160120375",
              "ami-0899ba7cf2dc1b1f8",
              "ami-0788d7e6b881be91c",
              "ami-0195d068cdede7812",
              "ami-0e8553ad95a9c3f78",
              "ami-05a698a90b8f70232",
              "ami-0776799044a14839c",
              "ami-05ca2de4df1a56c91",
              "ami-0076501e23cf0caa8",
              "ami-045b51d1dbe98aab6",
              "ami-0bd18eef6d73dafd9",
              "ami-0dc63f248b0e0d103",
              "ami-01d2d85d8f00d567b",
              "ami-08c6f2c857d5a00e0",
              "ami-04da3cccfe2f94a59",
              "ami-00177d0f27ad7b13d",
              "ami-02bfa0c1fc058f019",
              "ami-0f1bf3cdbdb3ebaf1",
              "ami-07464c0b658c8df29",
              "ami-0ac93f9428ce4d056",
              "ami-0eadd8039ea098c0f",
              "ami-048e7d760b12b605c",
              "ami-0588d3c6a1de3bc8b",
              "ami-02be3e5ce2b7702e6",
              "ami-00cee0109b9286232",
              "ami-0de6bcfa22fce0997",
              "ami-01617610064bddfab",
              "ami-06c42c9c15f5bad0e",
              "ami-09750a2ea2e49ffc0",
              "ami-05d69c496f266b418",
              "ami-0eb5a6ff2ce0baac1",
              "ami-0af79a931579a57d7",
              "ami-02200784ce108f38f",
              "ami-0adcb432d52de9646",
              "ami-0048501db85dac427",
              "ami-0e07280b5203dad70",
              "ami-0c242c353c5fefc4a",
              "ami-01b420cc4fe3151f3",
              "ami-0467f0abc13032873",
              "ami-03f0ea5f4169eb3ef",
              "ami-07cbd689a57fc42b6",
              "ami-0e0c05da36e02ed90",
              "ami-011ca67f4e75f1961",
              "ami-0cad2e5292704e3ae",
              "ami-0c4915358e40d9745",
              "ami-0839bbc53caab2617",
              "ami-0bbf53f23df31f406",
              "ami-0e5d990a1954c1eae",
              "ami-0e58f89e91723af4c",
              "ami-01657b49b981982db",
              "ami-0127ca27065742e4f",
              "ami-08018e9bc7c1d09e1",
              "ami-02720ea524712639b",
              "ami-0fc522222ab74a244",
              "ami-03f58b4b3126dca00",
              "ami-0888cce50dca47647",
              "ami-0ead89695c1ef3c43",
              "ami-01413eb87ad37e06e",
              "ami-029b31c00de5d70dc",
              "ami-0f5776d631f32ca5f",
              "ami-05b82562c4bb63e0f",
              "ami-010c9265be21b49a8",
              "ami-0b057e8d8e9348d5a",
              "ami-02c6c948fbeeec0b5",
              "ami-0096528c9fcc1a6a9",
              "ami-07bc9656188ad303b",
              "ami-0e704f66fc900ef5d",
              "ami-02440979cf59d194a",
              "ami-031aee1087f2408f3",
              "ami-046fa4983da515fe4",
              "ami-0f1fdef6203dce998",
              "ami-04d4f79658f86f68c",
              "ami-0fe5f366c083f59ca",
              "ami-0e944c4e3cf09ae59",
              "ami-07a2c1a616572d8d3",
              "ami-0d8952dcc79d12ae3",
              "ami-0b4a116810bce703c",
              "ami-000f212f48d0c8462",
              "ami-0402aae5c79673627",
              "ami-049f8e78a306e9b98",
              "ami-09bc7b0d28de9d9fa",
              "ami-089236b395f72adaf",
              "ami-078052c925a6db116",
              "ami-0d7d7d862c4686b80",
              "ami-04a5616676f2b5dec",
              "ami-0b30de0b912f8f7cc",
              "ami-0fee7466b96875544",
              "ami-0f66fd68535e7512f",
              "ami-0dfa5fbcd750ec0a5",
              "ami-01c78e8603fd2df17",
              "ami-0cbe25dbdf63ebd58",
              "ami-0e3fbada7e8a6f5f5",
              "ami-0dfb528877745af92",
              "ami-05f0081529a99cd07",
              "ami-00fe52c4dceb0e74a",
              "ami-09a66868c4cea8c79",
              "ami-06777de4e6e438369",
              "ami-023ecdd9a7283c50e",
              "ami-04d9cc757189c643d",
              "ami-0e635f9d1cb1a103d",
              "ami-0b398bde3138ec256",
              "ami-0b6dff5550a44c823",
              "ami-06711f5c7f2cb3b33",
              "ami-0d0c9feacb8951730",
              "ami-08be44d71d186334e",
              "ami-09e5b637c185107bf",
              "ami-000c1d618b8cbbb46",
              "ami-05aeec6cb6b7135e5",
              "ami-042690d5ee07239e1",
              "ami-06788b816b850517a",
              "ami-0d961ffca0bf600a5",
              "ami-0f946bbe0feb3522b",
              "ami-045e6269ea1c1bcfb",
              "ami-0ecdaaa5dd00e2ca5",
              "ami-0cf2cd57420eec90a",
              "ami-052afa6a8e22b57fb",
              "ami-08cc01008f7109931",
              "ami-0a4c41714706ce57c",
              "ami-0e73de363e2271a6a",
              "ami-097202e512b65a87b",
              "ami-0962a95e7ff32cc8e",
              "ami-00d739e133e63124d",
              "ami-01e9f9670fce9c6aa",
              "ami-04623a614333c7650",
              "ami-08b15af91c235a4a8",
              "ami-0c9b13958635da330",
              "ami-0f4a2ee1904c872f1",
              "ami-06240168a0c018e1f",
              "ami-09fcb2178ad4b5577",
              "ami-0835c6f2cd54130ff",
              "ami-0b5ab9dc56c700d03",
              "ami-01de2560492816c0e",
              "ami-0987f65f35fca8a8f",
              "ami-02ef51d6d86deaefc",
              "ami-0872326ac73ec4b84",
              "ami-0a0e34dc5d572bf9d",
              "ami-002d851fa01c7753e",
              "ami-00a0e0b890ae17d65",
              "ami-05dcb37622f176dc4",
              "ami-0adf56925029c85f9",
              "ami-0746c9728d958b46d",
              "ami-06d4f8c3e0fc8a92c",
              "ami-01f7ded010f276f1e",
              "ami-049985f5afc376b77",
              "ami-0af9c951722b61160",
              "ami-0cce456f897380978",
              "ami-0e71ffc4a013ee266",
              "ami-09bc631b263098fc3",
              "ami-01c2b840243e4504e",
              "ami-0f90d47028b24fd14",
              "ami-0dd57c28bc548233d",
              "ami-00e10370e18c89a31",
              "ami-02fb816a0b60149ac",
              "ami-0801e4201cc53f62b",
              "ami-0cedbe01441a2ec62",
              "ami-0b83ff7ad00bed0c9",
              "ami-05d774e63e937b193",
              "ami-06ce42699ea22852e",
              "ami-0d521de00d75ff4e0",
              "ami-0e920383ad799e669",
              "ami-0c1a45f10d48c8bea",
              "ami-05a276cee7c3d3495",
              "ami-0d33f5d5f3e8c824f",
              "ami-0cde8df62ff8e1734",
              "ami-073d6ace4df5d3116",
              "ami-02f182f2b9ecc8485",
              "ami-03f41cea7a6e517fc",
              "ami-04ff3f580cabd5c9c",
              "ami-012da4813e5a91ea1",
              "ami-0ac8ec06ffedcd1b5",
              "ami-00a0f8846eb79668c",
              "ami-0093a6022697a73aa",
              "ami-011d092e8fe68e65e",
              "ami-0eb2b9dc9be28a608",
              "ami-018238115c0c1063c",
              "ami-067e46abc8d000514",
              "ami-02b509fb28354de85",
              "ami-0b3365709b457b41c",
              "ami-01fce297f68912e45",
              "ami-0302f691454b2ca5c",
              "ami-0d8c624d9d0f9af69",
              "ami-0a89841f9220e8af2",
              "ami-014eae4c3b39ad1a8",
              "ami-05c3186e674191792",
              "ami-08d45e411b3149b3c",
              "ami-00d0a30a7bd26d54f",
              "ami-04fbedd276d9fb2f1",
              "ami-0167568c59a1f1415",
              "ami-01cae7bf2508fc5d8",
              "ami-0e350b11658dbd921",
              "ami-09123e54d9d6a03d2",
              "ami-05e0d32a659ca0817",
              "ami-050a31d333a4462b8",
              "ami-00fdbcd3bd2177e58",
              "ami-02f5d2ca1f13c8f41",
              "ami-0d791062950f7a908",
              "ami-0d2e166e563c062f7",
              "ami-01df3ad9b66ce42da",
              "ami-03b60dae06e5d55c2",
              "ami-0b5452ebe5d3aeb5f",
              "ami-0216a24ff9cd472ae",
              "ami-0e8f2e2825a65d634",
              "ami-0c550ce31ecbca4f0",
              "ami-0a13fb29c2bd12550",
              "ami-03c521b6e189dc73f",
              "ami-077f16cd68207594d",
              "ami-06334a6e92bb3f864",
              "ami-072d6c9fae3253f26",
              "ami-073ab9cb45ae1ef48",
              "ami-0dd4d0675dad8b4dc",
              "ami-00666d5f5d94d6473",
              "ami-0618a6798c9c40813",
              "ami-02861932a7d48032d",
              "ami-01dbcdeb7b48350c1",
              "ami-0bc716ac92dac2fc5",
              "ami-048beb6e7bbd16f6b",
              "ami-0ba816677ff34f04b",
              "ami-0988953751b552218",
              "ami-0b0dcb5067f052a63",
              "ami-06facf562c3fc763a",
              "ami-0537767c93ae015f7",
              "ami-02b972fec07f1e659",
              "ami-0c67b76d97c444cd1",
              "ami-05d8c14465cdd8785",
              "ami-02a0007901856c302",
              "ami-01b5ec3ed8678d8b7",
              "ami-09f1f9580deeec186",
              "ami-0a91fc319ab1ec808",
              "ami-0a0eb2c39d67494a5",
              "ami-0dee947669aa0bfaa",
              "ami-06fca9052756a8d4f",
              "ami-01d9a3a5e233388c5",
              "ami-0d8972e7ca8787f56",
              "ami-0b6d3c7603a807bbe",
              "ami-04fdccb8febb61334",
              "ami-0d050320dfd5d1be2",
              "ami-0e0594c0fa68ad81a",
              "ami-0ec7db14333294144",
              "ami-0aa7fc304982a8e17",
              "ami-0a6876a592b3b14ef",
              "ami-065e0db5b710c2eae",
              "ami-07e6147adfae7f7b3",
              "ami-00e0a485932542546",
              "ami-048a2f5298b45a31b",
              "ami-0744e5b1d1902a610",
              "ami-0ec45ac341d2e44b9",
              "ami-0c9424a408e18bcc9",
              "ami-0033719b7cbee477f",
              "ami-0c84934009677b6d5",
              "ami-0ec05bbcd751ab0e6",
              "ami-0b1ab1756aa5831de",
              "ami-08ce3f056a6e6f366",
              "ami-0ba35bb2a0d8cbe86",
              "ami-0805b49745c84c18c",
              "ami-02ba3182a5b4c83af",
              "ami-0f528a933e19b2339",
              "ami-0e5f130677eb6c238",
              "ami-031ea45de1d424682",
              "ami-0d071c0cf64dfbd13",
              "ami-02c870f56e3617314",
              "ami-07935008aa8c1e446",
              "ami-02dbf8e75c6c8655c",
              "ami-0257f371de4c1e1f7",
              "ami-0691b1eb17c61e327",
              "ami-07b30bfff6d094c0a",
              "ami-07e228111cef17f87",
              "ami-061aedc76d083d9dc",
              "ami-040779e8fb3d67eba",
              "ami-0df702822dead81a0",
              "ami-0a73688db7998e2ab",
              "ami-0179f00350bed8cba",
              "ami-0c89e6c49b2e90313",
              "ami-0b877ff902505ab79",
              "ami-01bfa9b1a55c433a3",
              "ami-0184ea76c4678cc7b",
              "ami-0abfd57cfd6aa69eb",
              "ami-0d5cef93e10969a0d",
              "ami-0ff597f79d2314a2e",
              "ami-0e015c802ff446b5b",
              "ami-055afecfd36d0980a",
              "ami-0c38083e32ff6dda3",
              "ami-0f125e3567487b30a",
              "ami-061c10bba0ca997dc",
              "ami-09eab847bf872cd1a",
              "ami-06b869054e94cfd38",
              "ami-08603253c7c4263ed",
              "ami-0f6f2f6d30c09a1e1",
              "ami-06ec50d2f8c3e72ff",
              "ami-03b18b5469e4366b0",
              "ami-05a7ad17d221862b5",
              "ami-0aa18a8f1202e47fe",
              "ami-0e7169fbac40b5937",
              "ami-0c49190e33d9dce74",
              "ami-0f47929d4fff3a243",
              "ami-0adee17ac9d95ae92",
              "ami-0c2e98ccae9c1a5ee",
              "ami-0e3942ee12b0653ae",
              "ami-0537256f880ad31d7",
              "ami-061a664eb3ee255de",
              "ami-0571ef55f78cc5672",
              "ami-0346b82de4b9d8ca8",
              "ami-041c1a7a377be0421",
              "ami-0abe03fae03da91cd",
              "ami-0841e1264ac4c4794",
              "ami-0115cead0e4b45800",
              "ami-0fadde37b4d5c35a3",
              "ami-05b40c85fc732b097",
              "ami-08009a5a5930be3cd",
              "ami-0ddf26fe32bd30ae4",
              "ami-04f1b0d3465d472d9",
              "ami-0b820cce2e893a3ca",
              "ami-0770c44f32be13d54",
              "ami-0ca5ffb5b2c0bc1fa",
              "ami-00345a34dd3417c13",
              "ami-07987793fd42b8dd9",
              "ami-0d71d6dfcc7a08598",
              "ami-05b39b6e0cf019c7d",
              "ami-0afed2a1523758359",
              "ami-0e6853c0a1e49b49e",
              "ami-05a20e129d4764116",
              "ami-022b28392d0db1fb7",
              "ami-034f19c6af205408c",
              "ami-0e41d0153444779ec",
              "ami-006b85a9cdac53bf1",
              "ami-06b7fcdfd24b49e8a",
              "ami-071193a80dca2f977",
              "ami-0cfbb8bd8d59bbc38",
              "ami-09640dc4690f5f339",
              "ami-030d8e695aec7b42c",
              "ami-0471889f33fb8672b",
              "ami-034bbc3236e20b8c9",
              "ami-0ace3cdfb8834f6fa",
              "ami-05b414aaec85fa09f",
              "ami-0cd88ec8044617cf6",
              "ami-0920fff66e2d7c115",
              "ami-006f695cedd2b0910",
              "ami-03f7657182d25de11",
              "ami-0db9ec27c23ab0c45",
              "ami-07e5a1b32c5597451",
              "ami-0c9c81493a064b015",
              "ami-064f06f5cbfffd656",
              "ami-0878e50d541333b26",
              "ami-0724e2d4c0e1a8ee2",
              "ami-0c46f9b9e1760377c",
              "ami-0cf1f2bc32d93f70a",
              "ami-03ba9ab03166a399c",
              "ami-0679c3c213e063c08",
              "ami-02dde8a6922a44e29",
              "ami-0ac37f99a0dcbd52b",
              "ami-05eba94bd68f900a2",
              "ami-0f0af98b3d44e8a38",
              "ami-05298cd6cc265aa4d",
              "ami-0fe017630f725a966",
              "ami-064a176f38626ce4a",
              "ami-067ae3fe220592ec3",
              "ami-0fbcb0c5fa3af2b37",
              "ami-0238fc7127efcf703",
              "ami-0192538969a68f91e",
              "ami-07ea8c2a6f92ef8a1",
              "ami-07dc650b420aa9a2a",
              "ami-089e5019660e024ce",
              "ami-06cf802c93765a2fb",
              "ami-06055b8280cf57aaa",
              "ami-06e08672a165561b9",
              "ami-066fe202a080f59a0",
              "ami-0ff0fbae503169615",
              "ami-01a345bba9e342bf6",
              "ami-014ab0e210a1a085c",
              "ami-0fa43340255313847",
              "ami-0516a43506a677761",
              "ami-0d6732595bf55d525",
              "ami-043412c1e2b722199",
              "ami-00638f831820e746f",
              "ami-07a05c0aab4980763",
              "ami-09c9f5a6dea3b8c28",
              "ami-0f892e25d1400cd1a",
              "ami-0a66b9837a813a352",
              "ami-0747dd61f74a14ce4",
              "ami-0628edea1382d4913",
              "ami-0880812d5c2c5ef36",
              "ami-0606eb3225cc47d93",
              "ami-08edde53cecfe4f91",
              "ami-085187f100a79916a",
              "ami-0c8e4ce5cca04e1d7",
              "ami-0a4244bba76ff2511",
              "ami-0cc859ccc34ed7cfa",
              "ami-09a4ba0a5a600d043",
              "ami-0db919986529f8465",
              "ami-0fa61e65cdc2dfcf9",
              "ami-0b8e676d91a15b086",
              "ami-0d15a4d92e3050c5b",
              "ami-063ea0720b2d5c1d5",
              "ami-00f4917c57eaa87f2",
              "ami-0d6c8c3c24aa206c0",
              "ami-05b80385a4a930cba",
              "ami-06257450938a93827",
              "ami-0b9dcce01115234f2",
              "ami-0809d688fb6e42545",
              "ami-046c172273506dde5",
              "ami-062b330f36dc7856a",
              "ami-095cb3d4b39f95a2b",
              "ami-08a3d27d73a6abeae",
              "ami-0f5111440a49cc30b",
              "ami-01c9683170d1d7b20",
              "ami-0267f0b6d258e21ff",
              "ami-090afed4ec931ae2b",
              "ami-0c65d9116e4d6b8ec",
              "ami-0af8e130ab75022dc",
              "ami-01009d1b8c0dcfbc9",
              "ami-077dcfb6d1feb6c7f",
              "ami-0afdd5bdec3bb276a",
              "ami-0dfe93b050ad8e6f0",
              "ami-0d2033bf56e2421f0",
              "ami-0b188708a3621f72f",
              "ami-04fa3577bba1ddec4",
              "ami-02a11993a2216ac68",
              "ami-0ff774dc7373bdc15",
              "ami-0bb83621c2ab877ba",
              "ami-0229559727edce6ca",
              "ami-0b599cf0ab27e6a32",
              "ami-07349be8a2f741dca",
              "ami-029bf1f640b75afe0",
              "ami-037b55d401d14159d",
              "ami-0c6d09cc67687c613",
              "ami-0d29c4a96a494ce1f",
              "ami-0398dc0c99659515e",
              "ami-08c19b87a1b60dfb0",
              "ami-04e0b6ab0aa5a4bb1",
              "ami-0e13a4628d2471645",
              "ami-06ea91fd8e047ab65",
              "ami-022673fee451b8319",
              "ami-0767014819f238ede",
              "ami-05cbbeab26347acf6",
              "ami-0b2d9eb8252bfceb1",
              "ami-0c8b9cc3efe7e73dc",
              "ami-0a637b8c4fee54823",
              "ami-05af6e55601cef3e3",
              "ami-04e572abdf4d5cdb7",
              "ami-0a9338a3e3ad96cd6",
              "ami-03c76b66ca40df5b9",
              "ami-027c61a2520b406ba",
              "ami-0359a87833c0b35ea",
              "ami-071a1950566a4806b",
              "ami-06371c9f2ad704460",
              "ami-0fd7d24d0f3efbc4e",
              "ami-0a76c05a885c5a92c",
              "ami-06e689c2deedce63c",
              "ami-08c4e945fa9c4fe8d",
              "ami-0982200a2dfcb4ac3",
              "ami-056d9bc65cc824826",
              "ami-0b6e387ec1763d689",
              "ami-0d4678ab14a5aed31",
              "ami-088dff2040e5d26e8",
              "ami-07a45e08839d98bf4",
              "ami-00b8ffbb39b9b8181",
              "ami-0a2bd08252d0942bd",
              "ami-0d877883bc8dd9e21",
              "ami-070e20073e0c502a8",
              "ami-061f52850c80b569d",
              "ami-07da81138fd7be675",
              "ami-0ca988768819662a7",
              "ami-0604b79b3648d1888",
              "ami-03bca45832bdfb291",
              "ami-01f3676a43b2153cc",
              "ami-0b1a2e29f59d0b513",
              "ami-0892eafe93dca7d36",
              "ami-05ece32ff547bc607",
              "ami-06bfcd4db9ba8ead3",
              "ami-0660c8e7ab4753da8",
              "ami-0c30cd01323d4077f",
              "ami-0367d86661a72c2e1",
              "ami-076170db30894dcb8",
              "ami-029a262e0d530a30e",
              "ami-0c69cfaeaa7ae6ee2",
              "ami-049198921ae39f2c5",
              "ami-05acac842e296f62c",
              "ami-05c13dadbaa008275",
              "ami-02f74d4f04de093c1",
              "ami-0ed962e60b4f2da95",
              "ami-05b295975396f3c8c",
              "ami-08ac75a3c022dec59",
              "ami-0bf26bdd3fd8ff192",
              "ami-05d8037975e91d6ee",
              "ami-0a8f1041fa6e9f255",
              "ami-06ad5501b794cd661",
              "ami-029b30c572d670b37",
              "ami-064d05b4fe8515623",
              "ami-082f60615f248b6e7",
              "ami-0298e403c550e7544",
              "ami-08a0ea8246150f386",
              "ami-07289762ca038d277",
              "ami-0b36337300a8395ac",
              "ami-0726a38f7fb099d9c",
              "ami-070bc31e46ff33987",
              "ami-0655406385fd487ec",
              "ami-06ea33e37cc3592c1",
              "ami-02784d106c163f056",
              "ami-03ac6757df7bb22a7",
              "ami-09d64fd92c4788998",
              "ami-043ac739565eb8e78",
              "ami-073b00a3f70bb583b",
              "ami-00e4797e52f137771",
              "ami-09f85944838b438c5",
              "ami-028980890b1cd0f1b",
              "ami-04869024f1c986686",
              "ami-0cb8d86a770850678",
              "ami-088d18efe3adc1932",
              "ami-05bca704882ffbb81",
              "ami-08f9b6905714ff568",
              "ami-0409e516d85792ae9",
              "ami-0f4e217918dce9ab6",
              "ami-0be49b0e69a32b6bb",
              "ami-0640cf492e3911a9d",
              "ami-0bde0a8f16ce80011",
              "ami-0be0eecd900748874",
              "ami-0b4558e39d3a521b1",
              "ami-0e02ea7b44b5b743e",
              "ami-0d1c1dba6246a6e7d",
              "ami-012ce05082e0364fa",
              "ami-09970014e07b73b34",
              "ami-046828bbb71a1c777",
              "ami-0ddcdeddd2c312d88",
              "ami-039aae27adf81dd08",
              "ami-0c74789ed41b65964",
              "ami-0cab49a61ffec8c53",
              "ami-029eff8d2e99199f1",
              "ami-003c7b6cf3e5259e5",
              "ami-0d7a6a4ec44ce63aa",
              "ami-05e43a8e3790005ca",
              "ami-0c55307abb2352465",
              "ami-014607d5a91dd8a64",
              "ami-042f18e495e9cd9eb",
              "ami-0692e7f470db96692",
              "ami-09e1a85f7c1e697e4",
              "ami-0440040e8fced864e",
              "ami-0e5a0e0667599c29c",
              "ami-0f64daba7edf6625c",
              "ami-03fe062aa5fc382f6",
              "ami-0c29dba2dbc78fa8d",
              "ami-0df78a65dc6998596",
              "ami-0c9d33f313cddf768",
              "ami-0a4f85450228bf9ed",
              "ami-08fee0d15210373bb",
              "ami-0979e6ff2b7f6d62e",
              "ami-0642b332d9572bf56",
              "ami-0016e8962eb9c7c1e",
              "ami-0f5899ca726e68009",
              "ami-04f268ba8a3fd11e1",
              "ami-0f4bc2dfbbe7e7de6",
              "ami-02a8a0b9ccf8ba14a",
              "ami-0829bda21a62c0f00",
              "ami-0b4729a11b52af43c",
              "ami-0e827675282be50d6",
              "ami-0f084b2bd49c2a3c7",
              "ami-0ecc4ca7e519b8b11",
              "ami-07be2b35b4f585779",
              "ami-04943cd694920c983",
              "ami-00a17f068d344d524",
              "ami-064e3254fb3f2d8ce",
              "ami-0666f8969f6789063",
              "ami-061756ee97019dcb4",
              "ami-08328135e70a83734",
              "ami-00eb9eb4339250d1a",
              "ami-00eef52783f2f22c5",
              "ami-09252aa4ac9d4ee50",
              "ami-0bcbe8dd5676a0878",
              "ami-0cbea9b040a97273d",
              "ami-0fe12b543f1354e5c",
              "ami-01db6fc4b49aed178",
              "ami-09d4fe79226cb763e",
              "ami-08a758458fead77fb",
              "ami-020d97745acd71638",
              "ami-07a748a50fdfea9f8",
              "ami-0bff1ec98e42d3cb2",
              "ami-03a5d8621e2ca6ecb",
              "ami-024065ad860906481",
              "ami-09cb3c16f158cbf7d",
              "ami-02937800e6569827f",
              "ami-0595cbb9fda4ac83b",
              "ami-0302d6cb8f79a5485",
              "ami-01ff6169e2c767739",
              "ami-07a944316d67b6981",
              "ami-0ad62a8bd7d91ff7e",
              "ami-09d6efd23ba1b5cc5",
              "ami-07847388b33c6757e",
              "ami-0270f4dba8c4f2157",
              "ami-04a178a7e1ef8fda2",
              "ami-053a2c50bbd863e25",
              "ami-04458375d2220b12f",
              "ami-09e1600fc54c91a46",
              "ami-0a413944b67172c36",
              "ami-096b8e5e482076b71",
              "ami-0d2f7f5882a789745",
              "ami-0aab5ee3442f73422",
              "ami-0dbde8e9cc045460c",
              "ami-053e8240f4c102fc8",
              "ami-00cf7ecd39a3fd225",
              "ami-0f2477da29162f4b1",
              "ami-0ef3183bada76f48f",
              "ami-02cbcb9e5c8d8f10a",
              "ami-0b817eb691f9df763",
              "ami-0e8b9b04f519e82a3",
              "ami-01885aee98e2e5448",
              "ami-062056e0c3f7cae9b",
              "ami-0a291b28b6d4b87fc",
              "ami-0c08fd85d8f775888",
              "ami-05c5c474dfb6af922",
              "ami-08e637cea2f053dfa",
              "ami-0bd7418456aaf76fb",
              "ami-0176fddd9698c4c3a",
              "ami-0942f48adbaff7b16",
              "ami-0fd81f068501dce1b",
              "ami-03b02cc9f94120d46",
              "ami-06d7932916fcc1fe8",
              "ami-06913b59f898cd0f2",
              "ami-05dbf0086e068207b",
              "ami-0b851c6e419f53bf5",
              "ami-0002b0788ab71c008",
              "ami-0d1cc545ef49442e8",
              "ami-039ec77e19858b26d",
              "ami-0adc3811f5d49bc51",
              "ami-0ab9837b213a7549a",
              "ami-0833276610f9e0dbb",
              "ami-03eb8fbaf80ffb473",
              "ami-0534cc2b3ce463ec1",
              "ami-0c4d0d933f3b481c5",
              "ami-057d56624c5abac20",
              "ami-07afb478028676a1c",
              "ami-0615b7b0d21f5f2e5",
              "ami-071a34c969c72aa63",
              "ami-0a91b0b0fd28f28a7",
              "ami-0eadfbbf006f76688",
              "ami-066a2f96cc0399eb3",
              "ami-02d5f1b25e256f935",
              "ami-0c2fd0aa3df53ea2c",
              "ami-0edc45fcc7b26f1a1",
              "ami-0bdd8f26e8ea0855a",
              "ami-0ca47b1f05db8e9c6",
              "ami-0aa1d58c2de6b0447",
              "ami-05183526bce570b80",
              "ami-0769cca279cc4c998",
              "ami-087ed6f4562eb347a",
              "ami-04ee0cfb7005d5503",
              "ami-06704cb3d44bbf2cb",
              "ami-011a64a5a6a8c2161",
              "ami-02423360aaa349d1c",
              "ami-0e9a63c4d2be9c7ec",
              "ami-059b469094e859e4f",
              "ami-0ef179d596b40a964",
              "ami-0e50cb582ce505dbd",
              "ami-065f88320f48578fd",
              "ami-0b6d378cda7821b26",
              "ami-067025ebe4db1d7a9",
              "ami-04384a0b1995b8724",
              "ami-05723c3b9cf4bf4ff",
              "ami-0f1223d3cb074915c",
              "ami-04babbbb830ba3213",
              "ami-06e7efffb6a570c34",
              "ami-0cf659dec64e9501e",
              "ami-0f0f1faa2a5571ce4",
              "ami-09814d6fea34c8111",
              "ami-0cf9c1d3d24311f27",
              "ami-0f7597d92bdccbdc2",
              "ami-08e166256705ee1eb",
              "ami-0a4519c7f260254da",
              "ami-08f63d9569e4b9ea7",
              "ami-0299e025d557feb11",
              "ami-031fc05a179698d1c",
              "ami-043517230532440ec",
              "ami-054c71212678b39db",
              "ami-04a338a858cf4334f",
              "ami-03c3fe63ff93c789e",
              "ami-0fbb93b2aa2316ad2",
              "ami-02cb9e45369131dcc",
              "ami-0c4a2b4ad440f3c3d",
              "ami-08ad748ca6d229b62",
              "ami-0109b647c99851117",
              "ami-0fe77b349d804e9e6",
              "ami-050c88925ffb2bb50",
              "ami-0d37ecbd75ec5a8c0",
              "ami-0cc6fa590dc4d36eb",
              "ami-0eb813133d1375c2a",
              "ami-0f33af18c6a32567e",
              "ami-058a660c3dfc99f4b",
              "ami-0d6e87a8dcd0ba59a",
              "ami-08cf98c7ebd106879",
              "ami-0df17c76c2f2c426d",
              "ami-032bf71d4cc8a1d5f",
              "ami-0c234732c055b53a7",
              "ami-01a73f51321ab6899",
              "ami-0a49622bb692519fa",
              "ami-0fec9a6d5b114fb0b",
              "ami-03b9267f22cd702f4",
              "ami-02f86dfe0fdf63d37",
              "ami-0b9a603c10937a61b",
              "ami-02806bcdef0e9358e",
              "ami-0e61dddbadc56a7cc",
              "ami-03944953bac07aec4",
              "ami-0f03919f90fda078a",
              "ami-0201a36702d501613",
              "ami-0ec11ed6ee80cac03",
              "ami-0918eba15d6d5bafa",
              "ami-0e69dfe7125d5314b",
              "ami-0ce8c55b9021a4450",
              "ami-077d9f17eccec7665",
              "ami-030df78ba61a140da",
              "ami-0645c71121e88bfaf",
              "ami-0406ca18aa2c1d2bb",
              "ami-0621cd3f095aea7e0",
              "ami-0d1b64d60913b0b4c",
              "ami-00bacc76d57603867",
              "ami-0f117738e3edc0fd1",
              "ami-01430b4da9282fb4f",
              "ami-0719d9993aff99704",
              "ami-082fc70053d4ff182",
              "ami-0bf2f9cd51287e2d3",
              "ami-07064d5dda389fb2f",
              "ami-033aae7e23d5c1110",
              "ami-0d5e2c42ed65ef821",
              "ami-0d2fe10737d0d45c3",
              "ami-076f3ca6cda21c29a",
              "ami-0e777bc9a56187bcc",
              "ami-0609d18895b3c95de",
              "ami-05f2b2d1eb954cf1f",
              "ami-03d1ee59d4d1a188f",
              "ami-07998c195d9c3ff4d",
              "ami-03b4788c3979f8b0e",
              "ami-0a420fb9a50b45d69",
              "ami-07ba856a81222dbc1",
              "ami-08a81916e30da70f1",
              "ami-07eae4d0e7503a9ea",
              "ami-04c2aed39aac35120",
              "ami-08d3ab23139ff0857",
              "ami-065579f89df2720bf",
              "ami-0dec8bf858c7d117b",
              "ami-05243fff29a8ae2e1",
              "ami-03df30b7a7b6f3782",
              "ami-096f692f59241b97a",
              "ami-00e5f036fc5b847bb",
              "ami-011efadbe61a00cfc",
              "ami-05aab4370bdb5c9e5",
              "ami-01795f69f33eb8f90",
              "ami-045393c081cabeb1f",
              "ami-038df2ec824c24e80",
              "ami-002b17f45e3b71fb7",
              "ami-0ef228eae56421116",
              "ami-01b19d5f5793c1d86",
              "ami-078f1ba65e0a02e9e",
              "ami-0783ec77a3d6219d8",
              "ami-0008589931ea95696",
              "ami-02cd7264a68878075",
              "ami-05a10e9098ab8ace9",
              "ami-0be927a8079cb0629",
              "ami-011090bcea73b19b1",
              "ami-0f48b3520f4f192f6",
              "ami-07ea00c2a68dfb44e",
              "ami-0663facc10f5e6229",
              "ami-0176c8685e37682df",
              "ami-09f69ed13f27b947c",
              "ami-03dbf0c122cb6cf1d",
              "ami-06be3ae5bc3d52cd3",
              "ami-0af73c4b677c59c65",
              "ami-061f775d51199d27f",
              "ami-0aac23e8bebc1d9d4",
              "ami-00403753d2f6afe65",
              "ami-01ba934f6435d6646",
              "ami-0eb1f91977a3fcc1b",
              "ami-0da9438bce7f9c84b",
              "ami-0ae3cf6e3ff60bc1a",
              "ami-033a34fc09d81cd50",
              "ami-0c36d90cce2306c61",
              "ami-0e4c5cf13ac94f6e1",
              "ami-01fce4da21e85ec68",
              "ami-0c18f96ea19337606",
              "ami-0680852565e072aec",
              "ami-06a26d53c9f52eaff",
              "ami-0768a27440b8a043d",
              "ami-005d340ef0bae27d5",
              "ami-04723971e9cb481e7",
              "ami-0422d45f6fa1968f2",
              "ami-0225d556e1345d308",
              "ami-092c72320ac790663",
              "ami-0b481db926ca342f6",
              "ami-0e61e8c63ced7a0d7",
              "ami-00a7a48765ae0348e",
              "ami-00501acb44a78745d",
              "ami-02a5b6e20695592d1",
              "ami-0db8cbfcf5c6e920c",
              "ami-0b8b8c4fee52b9625",
              "ami-0e5e6847bff0b586c",
              "ami-0039ddf70c5478ae7",
              "ami-0290da7df2591fe5b",
              "ami-08f6d5ecb459ee189",
              "ami-0dd19222f85995edf",
              "ami-0bab8d7232645286c",
              "ami-011f132290f848798",
              "ami-0fc2ee4e15eaf3d80",
              "ami-0835e52ffc2cd246f",
              "ami-0b24e62ef88dfe756",
              "ami-0e842d01bb12b675e",
              "ami-0b30a973cfbba56af",
              "ami-0bcd2d64a33cd8311",
              "ami-0d789ccb4cb9a944b",
              "ami-085b674e4b2201e2e",
              "ami-011fa6edb34bcaf52",
              "ami-002e1b561668018d1",
              "ami-02d5302871276f64d",
              "ami-0326c3fa94bfbae06",
              "ami-099d1fc88b8dff51b",
              "ami-064ae622c65e99dea",
              "ami-01ff262c57124cd97",
              "ami-08b6bb2aa041456c8",
              "ami-00300875546a45bf5",
              "ami-07027958b1ac08d76",
              "ami-099a1fffd066b1e19",
              "ami-0038631aa64a8f875",
              "ami-03bc4aa6700871fe9",
              "ami-091e8afe007d64581",
              "ami-0172802085bb6a70e",
              "ami-0395988afe1ba1532",
              "ami-0d7c6ed37bb22e11d",
              "ami-0b36f95c244905e5d",
              "ami-0b1b280a53d2e4617",
              "ami-0d6252bd25a6b410b",
              "ami-0c9f85b20c8b12d1f",
              "ami-0defa696d374088ea",
              "ami-0a44ca3e068310ecd",
              "ami-0ef530e8e1c190fd3",
              "ami-0fb2f5209b78d678d",
              "ami-0957b1964db03e737",
              "ami-0fdcc099a161a929b",
              "ami-0b6d5093222ee3fcb",
              "ami-09088e1658a63185f",
              "ami-0c70eae4426ee71d3",
              "ami-061582142d73ff8ae",
              "ami-0a6308c3fc9dcd7f0",
              "ami-0c5e00cbf1931ef32",
              "ami-0849845812038b0cc",
              "ami-0afeecdbe9204789f",
              "ami-0f29737ce0ef86987",
              "ami-0377306a8f776c503",
              "ami-062ffc6d812186da6",
              "ami-009ecfb9521f11357",
              "ami-0e7aa683340745d48",
              "ami-0ba31dd19dc420918",
              "ami-046b028e6b00a3938",
              "ami-0c9183e13636da0f0",
              "ami-0767c02906a41e0bf",
              "ami-0dcf87f96898a63b7",
              "ami-09691a163ad1bd11d",
              "ami-0352026b2a2f6be67",
              "ami-02f3ffacbb7c7746f",
              "ami-05646fd1ed262bd95",
              "ami-0e0c3aaa8ddfa0e06",
              "ami-0f3f22c20d40aeb53",
              "ami-0a142a54354138bb1",
              "ami-06e145a94d149fc52",
              "ami-07a9c14f06cb1c2aa",
              "ami-09286f9ca23f7b8e8",
              "ami-070bc33e241ecaa1e",
              "ami-0b3969177a24400d7",
              "ami-09c004deb2d4cc50a",
              "ami-02324bed0f4292013",
              "ami-0e5361a013ee04dd3",
              "ami-0dbe715111459a4ea",
              "ami-0043450f938be1d0b",
              "ami-024b7aed2c5fe72a2",
              "ami-0376cd09b57ad17e6",
              "ami-0086fb64fd113b9a5",
              "ami-02ad7ac0c1308140d",
              "ami-0e6accfb77621919d",
              "ami-093e10b196d7cc7f0",
              "ami-0d914760ebfeed064",
              "ami-01c907a9b51818bd9",
              "ami-05181c017af4947ae",
              "ami-019979565f855b293",
              "ami-00d4741aa3385b8ad",
              "ami-04bd2922f79cd5264",
              "ami-0a151cd8e9ad347db",
              "ami-0ffc89de60aedd786",
              "ami-0f4cfad73822c0cbb",
              "ami-0c04187570dfc5ccf",
              "ami-0de596158ad5bd9a2",
              "ami-0834cc74b50bd8b0d",
              "ami-094f380725f62923a",
              "ami-024b8a7b6c33e84eb",
              "ami-01d08089481510ba2",
              "ami-06a5b9a010e54ab8d",
              "ami-0d7a59bc717a91d73",
              "ami-096c933c984d914d1",
              "ami-0781d714c6d86c753",
              "ami-0c1422a0ffc40009e",
              "ami-05095f9e77d652271",
              "ami-03e812b1bbebbaa79",
              "ami-059fdfc695647bc81",
              "ami-06729cc128a0d4ff4",
              "ami-0068e1e8ee5049d14",
              "ami-0b5e6361f348837b3",
              "ami-0b4e89b1e76b5b451",
              "ami-0a1ed0594e42de2f2",
              "ami-0f3d3ce8b5ef2287f",
              "ami-03fe8853d5b9c0e97",
              "ami-07473b8267c3c12b0",
              "ami-0517a452a26be695a",
              "ami-0dc1ee859704cb907",
              "ami-0f0d0b197edc6116e",
              "ami-02b60f46e1079e7e5",
              "ami-0f136f37138f59e54",
              "ami-0dce0824f4656494e",
              "ami-0df82b5b435c93703",
              "ami-0cc2aa7a5f7e73099",
              "ami-0067ef3c2a3a2032c",
              "ami-0e4fd1e7825118fde",
              "ami-00d32a8b10df0ee1b",
              "ami-03be398b335753dce",
              "ami-0d1f23d912bcb03b8",
              "ami-05adf6be4e9e43909",
              "ami-0feb3b65377af5eb5",
              "ami-082d6fd17c93a9c15",
              "ami-0ec16479de88bd142",
              "ami-05f0d6bf7cb6e9c4e",
              "ami-008958b14231d5baa",
              "ami-097bd286b3ada9910",
              "ami-071b58e0850220c03",
              "ami-076ed9cab59df2932",
              "ami-09d3b3274b6c5d4aa",
              "ami-0dda8368cc6e1b1cd",
              "ami-0c4e4b4eb2e11d1d4",
              "ami-042bc95a249455bd9",
              "ami-0a11fbfd2746b7a31",
              "ami-08e55c631f86c9d8f",
              "ami-05d4edffcfb32cfcf",
              "ami-081dc0707789c2daf",
              "ami-09661c714ad628ed8",
              "ami-0c33b469b791b88ed",
              "ami-095fbf718595872f0",
              "ami-0aacef6e448f30873",
              "ami-0b16c42523ae48148",
              "ami-09c71a36bc6ebe0b4",
              "ami-00eb90638788e810f",
              "ami-07764e1145083b3b6",
              "ami-06c00feaf720b687a",
              "ami-01cba74c43a292c76",
              "ami-0058b5a14527956c5",
              "ami-0c33dfd558dfe1fb6",
              "ami-0647149df9c0f77b0",
              "ami-017b1fb4f684bad52",
              "ami-0ba4911b3857cd881",
              "ami-00c059d979ef734fa",
              "ami-0254dddbef219b0a3",
              "ami-00e93213821bcacf8",
              "ami-06fccf9b380428162",
              "ami-0db9ae6f7448b0fbb",
              "ami-0cfa04ced41e1c560",
              "ami-05ee6c2fb7f55a348",
              "ami-0b6aa5efa4b0f98fc",
              "ami-015e73216dae9acc8",
              "ami-0c7178e5d70c9639a",
              "ami-0429992530a8b7a3f",
              "ami-0fe65aee072fa84c9",
              "ami-0241d9acb4c402d44",
              "ami-01e9f4f9f17953646",
              "ami-0c7292c303c0991a9",
              "ami-022ea3575281fc08b",
              "ami-04ae2a970d01fb418",
              "ami-06c232fbd2c10876e",
              "ami-0fd174f32067128e6",
              "ami-0f72d3c899140e51a",
              "ami-0f57398c09c46c310",
              "ami-02718378a0cde0ce1",
              "ami-0e3b85964d35d9ddc",
              "ami-08d08b258d6012440",
              "ami-060228fed2383a2a7",
              "ami-07e95ed5fe441c58a",
              "ami-06370cd563c158723",
              "ami-052a3c108106f687d",
              "ami-03bcd2dcc3251268e",
              "ami-02da64f895e00d9f4",
              "ami-0d611462b62c663dc",
              "ami-0e2ae9e503dd580b9",
              "ami-08f420172f4d54406",
              "ami-0b8128f19cca4676a",
              "ami-02978da33f321476a",
              "ami-01aac42e2528fa59e",
              "ami-003110a7464954f23",
              "ami-0967f9c9ea12c13b6",
              "ami-0fb23be3b3a8f9dc1",
              "ami-06771c6c70554b1a0",
              "ami-03d791df6fcb50370",
              "ami-0d525ff3ee6308b86",
              "ami-05bbc889a227dce4b",
              "ami-0100e2d2d23cac105",
              "ami-053cb3ea1daade7d6",
              "ami-02b03fa469469e70d",
              "ami-026d7038b911722f7",
              "ami-096e0c14792ec93ac",
              "ami-04cef6c5fe91a6fcc",
              "ami-0101f692e19268402",
              "ami-05cf62c5375f68022",
              "ami-02cf4659108e98fe2",
              "ami-0bdc0f14f74ecaab9",
              "ami-087ce2e507ded92cb",
              "ami-0e8f9bb800a080518",
              "ami-07cc798a42babef2d",
              "ami-0e48ddc612838f3a2",
              "ami-0f8a75180fb018534",
              "ami-07d6d21ce8fa9aba3",
              "ami-0664618a459ed40ad",
              "ami-029e711614b9fd102",
              "ami-06ee25178e4ba2671",
              "ami-007c75687c959c547",
              "ami-03b429fb28faa8365",
              "ami-0d39a64e8c21039ee",
              "ami-0d05de5bd598e42a8",
              "ami-01ab87b3247709523",
              "ami-0b280a9bfa1297334",
              "ami-0aff0dba8aa771c95",
              "ami-0d92e1f1151a6c8a8",
              "ami-09ac54d72ad01c810",
              "ami-0011cd4e00ee07478",
              "ami-01d713d03b991c4f7",
              "ami-024792af430442b96",
              "ami-02763e891d8808f67",
              "ami-00c3885033e1d1507",
              "ami-0abdba442c6323bf9",
              "ami-09c29c43389c81887",
              "ami-0455cb731d6b3964b",
              "ami-09adf6245ca636e7b",
              "ami-0f4c04c3aa50f4e91",
              "ami-08c5ee56553d601a4",
              "ami-0c67e95ce96b31a9f",
              "ami-0a226f635f2316463",
              "ami-0d64523d3ca163844",
              "ami-02b69d22ff0dda58d",
              "ami-07e5e6ac81843ffb6",
              "ami-027887490f0646bfd",
              "ami-07ee67ed990bd40d5",
              "ami-00770c903c56a4432",
              "ami-052fb13859f349f64",
              "ami-04879b929bfc330c6",
              "ami-0671aa4aca16d71fb",
              "ami-01e87d873ad42b9fa",
              "ami-01bdd439a6b8ce6b4",
              "ami-03e1377237e70cc94",
              "ami-096cf57e2e70279bd",
              "ami-06ce8be1e8390d108",
              "ami-0c06debfee880df9a",
              "ami-047770d50d5cf3c73",
              "ami-035626e66a3de5652",
              "ami-0dbc1af54d62b8813",
              "ami-02e75a4fb39dca9fd",
              "ami-0dd9f66ecab28a03d",
              "ami-0113022fd957fbb72",
              "ami-096a1e66a2e1103d7",
              "ami-037905b3620960f8a",
              "ami-0981090e1b56ffa1c",
              "ami-0a518c8e6e976fd79",
              "ami-08c0b08a0cc17ddbc",
              "ami-0adcb1126c5ab6e25",
              "ami-0a905e20152b63dc4",
              "ami-04eb0b9d12f2674e6",
              "ami-020934bc9dd6273cb",
              "ami-05f376246a1fa28c3",
              "ami-0cf144047a2abae41",
              "ami-0ca0574a9343b3f53",
              "ami-0eb0ccab0d40d39ef",
              "ami-0a7a507fbaae94812",
              "ami-0518e2a254a547e8e",
              "ami-05aa5d30da4189223",
              "ami-0506b17415fa0f13a",
              "ami-00be5315be86b04f5",
              "ami-087abc81c535579b1",
              "ami-0c0c19de87c0fc3bb",
              "ami-052c5c2c201b6fc5e",
              "ami-07c97be5a62e1af4d",
              "ami-0aacb04b8552a8828",
              "ami-092d381a3d17b27c5",
              "ami-047686f8431096f8a",
              "ami-07ea53fc8b91e4806",
              "ami-0e103c4958c21cce0",
              "ami-01859b3000b8190d2",
              "ami-0c968d7ef8a4b0c34",
              "ami-01c79904a2c102298",
              "ami-0b83cfd35b8b8b29f",
              "ami-0d1ee47cdec0d9b49",
              "ami-0484c42d9e00ceca3",
              "ami-062bb6a738e594228",
              "ami-0281475a02bb7d499",
              "ami-0a755a1c1194355c6",
              "ami-0b0bcf7886b899c3a",
              "ami-05e071b740e66f41a",
              "ami-02ef389922fa9b674",
              "ami-01b48c7c62646c9d2",
              "ami-03364a8f8692e4999",
              "ami-00b2d3cea0caddeaf",
              "ami-09b7838e0c4bf3bea",
              "ami-05ee98c4ddbdc2635",
              "ami-05813719320d23174",
              "ami-04f5ae6f57e2a188b",
              "ami-04a64f5e4cd8eda9d",
              "ami-03d106d846c9fa18e",
              "ami-094e4e21df83f5260",
              "ami-0d54b886103fa8402",
              "ami-01317c3355ff93f5a",
              "ami-00a8ef5d292a89528",
              "ami-07150e3ac4a8d3dcd",
              "ami-0010ebe837ab08dcf",
              "ami-0a8c2d4ab8ccea199",
              "ami-03d0541de98a8173f",
              "ami-0430ad76f322fd080",
              "ami-06118fce0b9bea3ad",
              "ami-0325639197f79c78d",
              "ami-0dda2f841877847aa",
              "ami-01f86edf046148f0f",
              "ami-0b769e1cfa0208d7c",
              "ami-07ae8546f4f4d35dc",
              "ami-02b6e44259bd5183f",
              "ami-0b212e70064de6cf3",
              "ami-07d0bc615c0093667",
              "ami-0159d9927f512b994",
              "ami-09bb2f9e6b83c8d77",
              "ami-028a294ba90691613",
              "ami-0d4f474416610f4a2",
              "ami-092a507a283cba2e9",
              "ami-02cec4aae29bead45",
              "ami-0f36f6feea89000c3",
              "ami-08c45660a01639663",
              "ami-046274b103558e900",
              "ami-06bc4eae7ee39b758",
              "ami-000909c366f5030b2",
              "ami-0551131b6fb8a5dea",
              "ami-0bfea681543f5bcd1",
              "ami-0ded27cb7932c49c7",
              "ami-00d16a7a8f5939faf",
              "ami-0cb95dcaa39533e6d",
              "ami-0aadde7e6e6bbfc36",
              "ami-0e3c04b77932bc1b5",
              "ami-034d59055fd4caced",
              "ami-059cb11957874cf5b",
              "ami-0013ac3d0b721e710",
              "ami-087010bebd4695af6",
              "ami-0667df2551bf9b6b4",
              "ami-057739c67f9eafd33",
              "ami-007561224efb25ad8",
              "ami-0ff8ef0f5ea887af6",
              "ami-0d33b45052a529df0",
              "ami-0428ac4d5d3cb3b22",
              "ami-0d3ac7604df2f5059",
              "ami-0fc740c9a60d5fdb9",
              "ami-0690a8ac521a76ee2",
              "ami-0ac4c67a06019d97c",
              "ami-0006eb3adb43cd100",
              "ami-0121721382d080a23",
              "ami-01c6821af03ae0baa",
              "ami-0a88f6b0e3e3ffe2a",
              "ami-0bc441522038d8878",
              "ami-0c70526a1900b5221",
              "ami-0e5e9a0b425f1c421",
              "ami-097fb4e93ab3f3257",
              "ami-0089f6c8abd16d032",
              "ami-06735faf02f9d4dd1",
              "ami-0bfcd22702bd20490",
              "ami-07add3a19d036530f",
              "ami-073535a3b30cec6a6",
              "ami-003ce1d9bacc6f8e5",
              "ami-0cff0560564b64521",
              "ami-051a93f59b808d965",
              "ami-091f0c2d2cd88b7e1",
              "ami-051c7e070040c1167",
              "ami-07dde4dcd363c883e",
              "ami-0c51693691406109d",
              "ami-006d00fb43b2681f3",
              "ami-0f62f05f1f0add723",
              "ami-0c3cbe8ab8f44ba50",
              "ami-0b9c8360cbae3a3d3",
              "ami-08fea441e2461086d",
              "ami-090ebd8ca45b82872",
              "ami-038e110d7443147b0",
              "ami-0a53bb14cc99d745d",
              "ami-03f4a1c802e1aab30",
              "ami-097c675def9ab9928",
              "ami-0df8cc3dca53bba03",
              "ami-0f85a1b2718595d89",
              "ami-05bd86a47b3b8e24b",
              "ami-0cb6688e7147d5822",
              "ami-0663993d99b95861f",
              "ami-032de59a18b774818",
              "ami-0c60ee0e9cd69db9e",
              "ami-0bee85fd99d192232",
              "ami-07944e963aa37c63a",
              "ami-062140f3735608159",
              "ami-0a0889c7e5037cc66",
              "ami-03f58b2fe5d34aafa",
              "ami-0307bb92f69c38bd3",
              "ami-019d586d893bf682f",
              "ami-0be8e1d6b549d5ca1",
              "ami-01797e0883031789f",
              "ami-0d57a9bb20b728d26",
              "ami-09b890ed5e18cfdc1",
              "ami-0637e9119d9c680a8",
              "ami-0de713a639fc1fa84",
              "ami-087fe946e35fcab3b",
              "ami-0f2b682f4c3e4bc34",
              "ami-0ab9311795b14b3ab",
              "ami-027e91e048495e5ee",
              "ami-0cf1d70b0fed33898",
              "ami-010ff7d25d2acca40",
              "ami-0fab40b7bb3688996",
              "ami-05c4fca9f40950176",
              "ami-0ea5cdac247c42e9e",
              "ami-07f2e27c416df8a26",
              "ami-01179af28ec82e898",
              "ami-0bd3c2e379f7f09c9",
              "ami-028ed948af5debd1f",
              "ami-0cc563e3dcae50ad6",
              "ami-05cb3dcd8b1e76feb",
              "ami-06473257d36930481",
              "ami-0878b75b482934e1f",
              "ami-04dc8a2dc76f52b0a",
              "ami-0df25b667dc8fb64d",
              "ami-0f4eeecd072b194fc",
              "ami-01ab20ea65c374af5",
              "ami-08e253faa1320da2c",
              "ami-06dffdffeed1ce3c9",
              "ami-0c1fedf6be76d53d6",
              "ami-0356e49af01204f2c",
              "ami-06e586b65c76804ed",
              "ami-024c0e053963414eb",
              "ami-07024bf15a5ac31ca",
              "ami-0bca8bcbd1aeb1fc3",
              "ami-09aad5114ce52da3a",
              "ami-04fc00d791d804b24",
              "ami-08e8725a42775740f",
              "ami-0bb8ae1f49276daea",
              "ami-03fd521ce61be8262",
              "ami-042f677a9120f1d94",
              "ami-0056ea1995726f914",
              "ami-03444a1a8b47f105d",
              "ami-08c32362954a13b3a",
              "ami-00e46e3fd6795cc0f",
              "ami-0836b1c45d61ab38e",
              "ami-015771593759c9113",
              "ami-02fdd3f465c32887a",
              "ami-07ce714f3a76340d5",
              "ami-0bfa1783225ce047b",
              "ami-0c1704bac156af62c",
              "ami-02127cca177d2a9d5",
              "ami-0ff0ab81ddb871a58",
              "ami-02c01c84bcb77e0c6",
              "ami-0bc8746b1d1fb9a09",
              "ami-09ab484eae11dafa0",
              "ami-0c875dacdc8625507",
              "ami-075f977aeda54fbd6",
              "ami-031e73cab583e19c6",
              "ami-0b7fcdb05ca1d1e2a",
              "ami-01e8be21b15b706b3",
              "ami-017a6c2c925c1a266",
              "ami-096eb968765f72954",
              "ami-01789a680f2ee0a76",
              "ami-04130907ade1b23e4",
              "ami-09a635e5f5fe002f6",
              "ami-01295608ec322f004",
              "ami-0179dbab9bb7db8f6",
              "ami-054d0ddb1f222d021",
              "ami-0e55575c79ee5da7b",
              "ami-05a70574b3362d632",
              "ami-0ab00977d8385518e",
              "ami-0c12b208a07ab699a",
              "ami-028e42247ba90658f",
              "ami-07180fe2c137b852f",
              "ami-0788d33b525dda6f6",
              "ami-0c93d81722a8d6508",
              "ami-0ab811906f0407207",
              "ami-0f93259638610e094",
              "ami-03b5f37a0d1d575f6",
              "ami-027886a2cb0517d46",
              "ami-0f3e855ce124398ab",
              "ami-09529ad7795a28721",
              "ami-0b4cfc92f6f906dad",
              "ami-0df878b45cf41a8c2",
              "ami-07da26e39622a03dc",
              "ami-050789581593f2209",
              "ami-062ae4206f54748b9",
              "ami-07fcf316b74ff8dad",
              "ami-0f01974d5fd3b4530",
              "ami-015633ed1298a9ba9",
              "ami-04231e0f5229f26c7",
              "ami-0fefda3a5e2b0ccab",
              "ami-0ba751d302219cd57",
              "ami-056195b1f100f1c7c",
              "ami-09818359fcd692d8a",
              "ami-0c22f1c0ee4af3ebc",
              "ami-083360772b1efad0a",
              "ami-0ae2df4b0a52e8f02",
              "ami-033e8f7c6498e5a5c",
              "ami-00dae17ccdb514e86",
              "ami-0e355f25ff55753d0",
              "ami-08dc0e220890a54fc",
              "ami-066b89ed53484871c",
              "ami-0b4b992d4d7583225",
              "ami-044661416af487dec",
              "ami-0cf69025444c09792",
              "ami-0f45e0f9d7b3d1ca8",
              "ami-0dddeb885e56a9cd3",
              "ami-0b027b8a3c8d4d361",
              "ami-022c2d908820f7ff8",
              "ami-00922a37c876e2e0e",
              "ami-03a6fbdb258206491",
              "ami-08b1ecb34abc52688",
              "ami-0ddc11a891c5cf638",
              "ami-091115ee970b15286",
              "ami-0228302bab05078b4",
              "ami-0c82c5663e622b298",
              "ami-0fd17a96d23046a87",
              "ami-0db040247527b6281",
              "ami-0a7f97147e81af914",
              "ami-07d131ac12352754d",
              "ami-0273bde8267edb9e0",
              "ami-0e25f63dc060f69c0",
              "ami-02ef99b71ec2673eb",
              "ami-04b24cbebd4193ce9",
              "ami-0658fd0f2a379058d",
              "ami-0f851ceee70aa7af4",
              "ami-078acca36ebbc571b",
              "ami-07593001243a00d0a",
              "ami-021642e827b8efb7b",
              "ami-04a641bd18c613b04",
              "ami-009d6e7ff33cd448c",
              "ami-047edcf49b7a0d0b6",
              "ami-0674bc3c64221c185",
              "ami-05257a1f7eff27687",
              "ami-08a6403c2ca9c4dc3",
              "ami-0acd35a658483acc2",
              "ami-0c43029d031479b1b",
              "ami-0e892d097b35bb3f9",
              "ami-09227c4b4a9ace3e9",
              "ami-0de3029b8f3aa7556",
              "ami-0f60d112f10e93490",
              "ami-085884b6878b35938",
              "ami-052aefb9eebee11c5",
              "ami-00d480d0b71258af9",
              "ami-0838e881fdadbd281",
              "ami-0811a00e5c0589904",
              "ami-0cdca1426b475f215",
              "ami-0c239a08cf69b20bd",
              "ami-02f469efd39503d1b",
              "ami-036e505e8e8970f1a",
              "ami-03c9685492d8115ba",
              "ami-0ae0b6a4f79dbdb71",
              "ami-039dc187187f78395",
              "ami-04b51b91b3dfe9af0",
              "ami-0bd89223138f737c6",
              "ami-06c13d6cdbbeea948",
              "ami-07351ca9581da4fc7",
              "ami-065a3f0acbb472a45",
              "ami-0b170595b0de7b8bf",
              "ami-0799b219987cc77b2",
              "ami-00f1a8ee2d5ababd7",
              "ami-0557641eaccb25f5a",
              "ami-0ab8dd06d21141d66",
              "ami-060b2bbf83881601b",
              "ami-0b85bdb1628a4385a",
              "ami-01284cc19a977c6aa",
              "ami-0143adfad0dc6a049",
              "ami-0a72f00a1e2810d2e",
              "ami-02b5500ee396514c6",
              "ami-0ef77135f8d95d0d6",
              "ami-0d549e1c562054d63",
              "ami-0d07a91312adfaa45",
              "ami-0e2d8f7f72f246235",
              "ami-0067b91d65294514f",
              "ami-02e5f45d3e8fb4a53",
              "ami-0e62554052f2e3ca7",
              "ami-07b3831ff4d1f397e",
              "ami-0dc4539a2bfb46ba4",
              "ami-0b5bacd02b461815a",
              "ami-0b86400c924fc3425",
              "ami-09929a3f4fd1c2ba7",
              "ami-0b5375d1a386bdf09",
              "ami-0e4a57137064a85b8",
              "ami-054c717a6887a7174",
              "ami-00e8f7ac07f6921a8",
              "ami-05dbc19aca86fdae4",
              "ami-02077853b69c4c623",
              "ami-0a92eb7a6bc934d2a",
              "ami-022f357f5eeea5812",
              "ami-0a3398ec1a8f3c107",
              "ami-0e64c774c6a206b90",
              "ami-083af0ce5c05c1684",
              "ami-051e34b04923f54c3",
              "ami-09cbf006c05dd3308",
              "ami-0c41a941c28d6145f",
              "ami-026312bd1b496e5ad",
              "ami-06fcebb810da7c546",
              "ami-0a859a6e7d9c7d032",
              "ami-0bf0617cf692e03a0",
              "ami-0b6ec97ae3d4de581",
              "ami-0f9dce465de5578c5",
              "ami-0b266415b9074c1ac",
              "ami-0636915987d7db503",
              "ami-081193a9211362cf2",
              "ami-0ebf0a378109b0880",
              "ami-0d87578fd7ce34e8d",
              "ami-026b57f3c383c2eec",
              "ami-0a752b9e21f725354",
              "ami-0bce06abd13d2d51f",
              "ami-0464d49b8794eba32",
              "ami-00b8caf62fc9c2341",
              "ami-048fded3e8a6a7e09",
              "ami-0a63d100f0f8b5478",
              "ami-0636eac5d73e0e5d7",
              "ami-07fe3d87c88be28e2",
              "ami-04a6f3599c6eb1807",
              "ami-0c3a7436942e8e4bd",
              "ami-0ac8a4ce6a420f008",
              "ami-04df165ad57ecabdb",
              "ami-0c8bf656f8ca6dd06",
              "ami-0f42ec58788b10eb7",
              "ami-0149b2da6ceec4bb0",
              "ami-00266f51b6b22db58",
              "ami-0970dd010c7f5586f",
              "ami-069b278d9396b5af7",
              "ami-06fd29a8f0491f942",
              "ami-006611c96ef20a359",
              "ami-02bb8a10a26e57b47",
              "ami-0e5b81a65c0fc4ee9",
              "ami-0ce2dac4d238a2944",
              "ami-03edb4fc0880a0471",
              "ami-0d05679c955570145",
              "ami-0b028ae76ed59c384",
              "ami-0876a4ad392690ff0",
              "ami-08d31a7c0cff66de2",
              "ami-0929e7ce8ebe5e81c",
              "ami-09666ca3119b9f69c",
              "ami-0854227a410968de4",
              "ami-00b388c26b4e06bf0",
              "ami-0e63f7a5632e9bd4a",
              "ami-0f7f7d3122e6af66a",
              "ami-02a4cb7024f5da8a3",
              "ami-05152395dbe0b9000",
              "ami-0d2068760f23c1ac1",
              "ami-081afa9776a1e2cdc",
              "ami-0c6503ac55cf6a93e",
              "ami-0cc5bb83e635ff1b3",
              "ami-0da82f15a9e6722e9",
              "ami-003ef58447131b6df",
              "ami-077c7ef5a24e55072",
              "ami-0843481f7da70b761",
              "ami-012c1535b55a0ac6c",
              "ami-092fa17163d9b7656",
              "ami-0de7b9809af393ff1",
              "ami-007c152ba273161af",
              "ami-06159e4cf7abd24f6",
              "ami-0817217b37e48d64f",
              "ami-0cc5bbdbe5d960c10",
              "ami-05598faf9ae2468c6",
              "ami-0ec0d1c5079127b78",
              "ami-022a5a590faa4e994",
              "ami-047e300b1c7a449f6",
              "ami-0b7865b170a5c7709",
              "ami-06ddd39fdb3509e8b",
              "ami-0ccfbb692793865c5",
              "ami-08e38e77dd0024e61",
              "ami-0644132309e211232",
              "ami-02bd5c7a1e7c850f1",
              "ami-0e3fee3f22c05ce7c",
              "ami-0dd96e821ba4df090",
              "ami-096729a5b0f599aa4",
              "ami-04f23f192d7cfed6c",
              "ami-015421a86478d08e4",
              "ami-02decdaeb1db58758",
              "ami-0e40b3a99d1ee7260",
              "ami-0ee77ae30795490bc",
              "ami-0e2cdda5cdee7f215",
              "ami-0edb0f5b7ccb7f226",
              "ami-0bc54f6f066d8cbf3",
              "ami-0d6bb26e88e1a82bf",
              "ami-0b21a493f7f7495d9",
              "ami-02e72b9ffe57116a7",
              "ami-0a885165c0919cafb",
              "ami-04d0b86be494aae5e",
              "ami-00aac0e43955cfe7e",
              "ami-073844b0b1642b4e9",
              "ami-0cc7edc3ee038d4b0",
              "ami-049d67caca4aa9cb6",
              "ami-0c0657f733792715f",
              "ami-033f8b342644931a0",
              "ami-0e96f5275111d933b",
              "ami-022f182c9f86b40a4",
              "ami-040ac74e0c8abd887",
              "ami-01a05a79ed20d12a0",
              "ami-08b9b0ed689c31a9b",
              "ami-041c74bbde4b063f5",
              "ami-02d53f40317d97fed",
              "ami-08c323b093a787b22",
              "ami-063d4ee9538da0939",
              "ami-058c567c406355965",
              "ami-0de94ff0d563df7b8",
              "ami-05afd4db0d03482ca",
              "ami-0c679894155e84f8f",
              "ami-0c36c2d90f136a68b",
              "ami-0426faa8b0b3ee97d",
              "ami-0131832fd27bdd804",
              "ami-046a0f68cf7fbd2f7",
              "ami-042d3a5381487d46c",
              "ami-0323c06b208e1d86d",
              "ami-04cdac25ec0cdf93a",
              "ami-0616ceda4831a4cac",
              "ami-0c12838df664da545",
              "ami-05fd0d2c960fd095b",
              "ami-0dc712682c4d521f2",
              "ami-09dbd84315f380b03",
              "ami-02effe8e896727280",
              "ami-02f204aed93ed1d50",
              "ami-08baec16497bfbe97",
              "ami-0ca45969ee7992a06",
              "ami-046e2c7fb5f541d56",
              "ami-0491cd966fd0e1436",
              "ami-05534db71362b06ea",
              "ami-05698afb25c324360",
              "ami-0743d6b8d1c210bbd",
              "ami-0dcdf1201f9b8221a",
              "ami-0200893c1556e6f96",
              "ami-0b72d9ad2370a8748",
              "ami-05a9617fa115e7c80",
              "ami-083291df8d44c7d30",
              "ami-08bb25739e21fbfb2",
              "ami-0a3dba9df110d5d0e",
              "ami-0b0fc74d726245a8b",
              "ami-0bd887b3824592696",
              "ami-00cc7446b763f6466",
              "ami-0cb44030c29377e37",
              "ami-0eb9bd067e5d1e192",
              "ami-0f2b7c6874eb8414f",
              "ami-0395a48b135515a9f",
              "ami-0f0e178bf819fa878",
              "ami-025a2bec0a4be313a",
              "ami-0f53344cb5c505927",
              "ami-04f305441392f72d1",
              "ami-0b875f966fb17a734",
              "ami-032bbf342c9b8ffd6",
              "ami-05c9c6e938d7442a8",
              "ami-0d3bc0c14075131ff",
              "ami-0fdbda45a64e6f427",
              "ami-0cca8e4b64736b39b",
              "ami-050f8ab93fbfed68a",
              "ami-02e996271c7890bea",
              "ami-0cae985467c32b4fa",
              "ami-0f7ab6129db68fb17",
              "ami-07261f742f3c0e81a",
              "ami-0cf1b012ff29d9b63",
              "ami-0b02aa265ca4cd202",
              "ami-06152ac850f3851f8",
              "ami-01967f851224958a1",
              "ami-0b3e423be2b1ed909",
              "ami-05d24c985114aa680",
              "ami-013f732db61c0ee95",
              "ami-0c2d2e20822e02151",
              "ami-0572dd11183479d73",
              "ami-0918510779e9041af",
              "ami-07650bf9fa71bf3fd",
              "ami-02be8e281428c0997",
              "ami-00f21787b2db81092",
              "ami-0d7ef7a3526bc52f0",
              "ami-0a1926aa0695ffc7f",
              "ami-06a79bb44cc5bb09d",
              "ami-07fce1e26b70e7076",
              "ami-0c12ed151d540b7dd",
              "ami-0e2e46c6710af45fe",
              "ami-0a85ab349efd809d7",
              "ami-06f242b63a9a1465d",
              "ami-0cebb3d25d50629ca",
              "ami-03ea26e077348a15c",
              "ami-0ec59186bca525f88",
              "ami-0a164b57fdb97de35",
              "ami-05330991da4667fd5",
              "ami-035ea8554542577d0",
              "ami-05caf797f1f9e9d66",
              "ami-05d6bc85cf7186736",
              "ami-0216c506c46e9214c",
              "ami-09893189de3a034b4",
              "ami-0b14e156cb5d07203",
              "ami-0784476aaf0b58bc3",
              "ami-03dd55bc72b5035d4",
              "ami-0978171b7d80244e7",
              "ami-09b6c3921dd557fc1",
              "ami-094430abb79e00931",
              "ami-04867f1effd1ce0d0",
              "ami-009edc77af57c621b",
              "ami-0d94e75f7fccb191b",
              "ami-04ca8d8b0cc582474",
              "ami-07f16fe9228a78516",
              "ami-04e921a2fe3a737e9",
              "ami-01c342d6d0628551f",
              "ami-0d7ba5c60b8a9b5e3",
              "ami-0d5b9d8536769be06",
              "ami-056d4031816aeb999",
              "ami-0d84a3597ed34be40",
              "ami-002db27c0f909f935",
              "ami-0379e37bfc3839ac4",
              "ami-04809f2ea535faaf5",
              "ami-0fa29142baa81108b",
              "ami-0e174671c8d4fc996",
              "ami-05bcfc8413c69a2a1",
              "ami-0910b65723f27f156",
              "ami-02b2c9e4b0128a17c",
              "ami-08404eac184b3226c",
              "ami-024e2d63faf89d7ca",
              "ami-0d6f39689369eaa94",
              "ami-0a7108f105e8612a9",
              "ami-0ac9578bc7cfd389d",
              "ami-0fdbab4b183233f17",
              "ami-0cf6d74c2e06294ce",
              "ami-07feff0bad412a1d5",
              "ami-075f397246c606e84",
              "ami-0019d4fd6f6e115a4",
              "ami-034cd53fc709dfca0",
              "ami-0ffd20d7b1b189caa",
              "ami-0b7468ef4d8ceaed8",
              "ami-0f0f20767f0c8a746",
              "ami-0c169e0502f28abd8",
              "ami-0abe84443be9cf102",
              "ami-05c9bafc391533f31",
              "ami-0b247707dd366c650",
              "ami-036d193c650245fa9",
              "ami-0abd8912d83f73b1d",
              "ami-0bd99bb70b601b2a0",
              "ami-01f793ba1ff812a5c",
              "ami-0a31c6744fd298f4c",
              "ami-023a3c00c672cb7d0",
              "ami-03d6197a0f120edad",
              "ami-0b91cc14fbfdce753",
              "ami-067ba90c55f03fd8d",
              "ami-053da8b7c97123951",
              "ami-088d0e4aba946ae39",
              "ami-0f82678d063bbc10c",
              "ami-0a73dc60f78528fd0",
              "ami-0f1ee03d06c4c659c",
              "ami-0824a0501a9391819",
              "ami-01308dc512c37e4f0",
              "ami-050a098579572511b",
              "ami-0eaa2c29060524918",
              "ami-0d43a67c3fe97770e",
              "ami-07bb741b5479fe52a",
              "ami-077e3180e63f47943",
              "ami-059074e17db843ce1",
              "ami-017893a13a0f3b728",
              "ami-0a87ebd3f73e7d2d1",
              "ami-0e60ed1e8b46be9d4",
              "ami-0974eeef7e210392b",
              "ami-06b1dab86c67069ec",
              "ami-07697a1bdafbfc7e8",
              "ami-0a46181d462b97afc",
              "ami-027295d759e06ca74",
              "ami-0f0a7bbc652fef0a0",
              "ami-0b63301b72a6b6025",
              "ami-0963b160910efa11d",
              "ami-075bc0847eae8c4ae",
              "ami-06d36fcef1a7b30b2",
              "ami-08c2ddf8a4239414b",
              "ami-0981d34241c05962f",
              "ami-0248f10a2fb6ed406",
              "ami-0b354666f9c72645d",
              "ami-0001ceed85462322d",
              "ami-0fdabad8320137360",
              "ami-0824801542b526743",
              "ami-07b2da157a11df974",
              "ami-07b9a5b2d027fad20",
              "ami-0eff63f3248d8d5a2",
              "ami-0db98586b8a40fe76",
              "ami-048ae9aa0022f506a",
              "ami-0f69dd1d0d03ad669",
              "ami-08c40ec9ead489470",
              "ami-0c56357cb414f9599",
              "ami-075c1e3558b15afbb",
              "ami-018ce69d4b9c9e3ec",
              "ami-0c7ed0ec32865e4db",
              "ami-08115ee1fab5043be",
              "ami-0e932077619d6efc4",
              "ami-0225fd8357d421e13",
              "ami-065c05c2f642fe250",
              "ami-0a53718c4bb3f9f22",
              "ami-0165b18f7f6161494",
              "ami-02dd6b5fbb4c4160c",
              "ami-0f629170609bfc0b6",
              "ami-0c9aa45e5c43b41bf",
              "ami-0daaba6f6dffe0e2f",
              "ami-064a638a95903670e",
              "ami-09d2a896797f67e32",
              "ami-0b3696e476ece281c",
              "ami-0b503ced4840fa1e5",
              "ami-037bdeb43d2055974",
              "ami-0b210ecb0afdba9ae",
              "ami-0332fd59957714b4c",
              "ami-03f14616397a3f725",
              "ami-09fa721f72ebab326",
              "ami-0caa53e97fa3faf14",
              "ami-08e28d3f2a0efe904",
              "ami-010d9989646616c70",
              "ami-04d2e0f7bdf9fe550",
              "ami-0f88e088dfefd0061",
              "ami-08fbd7f7d56f1869d",
              "ami-02bb5bfebf9d6c350",
              "ami-0ef4744ddb0e15d4f",
              "ami-0e72c4a0b0dd60a60",
              "ami-0041136e7bfec8486",
              "ami-06311527200713be0",
              "ami-0e10b7f070fce7e7d",
              "ami-0d79b0109d2c522ea",
              "ami-08dc755ef1a289f6d",
              "ami-06cc9ea389270405c",
              "ami-0c93b29195d67a0ca",
              "ami-073ac270902e578eb",
              "ami-06ec81301cef6387d",
              "ami-00552fa156785836b",
              "ami-01c1d246292fcd1d1",
              "ami-0edfdbcc76d7d3ef8",
              "ami-0c0fef718caa09499",
              "ami-03280d602e2f0a5ba",
              "ami-000ba8f5dad285ec2",
              "ami-00daf2125202ee50a",
              "ami-0dff3c7a53585a061",
              "ami-070c3efacc8b64f4f",
              "ami-0a00e363a2c5ce2ba",
              "ami-04ca506a7c77457bd",
              "ami-079ca844e323047c2",
              "ami-082babd6b8e20852c",
              "ami-0e701ca74cc34a069",
              "ami-04fba13aa6da74c92",
              "ami-0644d618aa12b28e4",
              "ami-03bf2ab6cd84e7bd1",
              "ami-0ee23bfc74a881de5",
              "ami-0351643488963af72",
              "ami-0a831bd31f9f14864",
              "ami-0ed123b8929d9963f",
              "ami-041e0f4b01e72e00a",
              "ami-09d4861eafd60639a",
              "ami-0576a941ce3d218a7",
              "ami-0dbe7e3a5a3baac83",
              "ami-0e14491966b97e8bc",
              "ami-08b09c3eadcba8d77",
              "ami-0a12328fa201dab88",
              "ami-0b9513fb915915a37",
              "ami-0b523e5f0149b02f4",
              "ami-0afae1adfe2719626",
              "ami-0212a392392f07354",
              "ami-036b6ef0ea363fec1",
              "ami-0d96ab6057c6844b1",
              "ami-044fdc1363fb7cc39",
              "ami-083ab406f5016e9fb",
              "ami-005b11f8b84489615",
              "ami-01147599e39cb5802",
              "ami-0a844bbab267e03a3",
              "ami-0cbfdd0077a521a1d",
              "ami-0928bef3f91ec4ad9",
              "ami-03f8a7b55051ae0d4",
              "ami-06e07b42f153830d8",
              "ami-0e81ab099afa8571e",
              "ami-05653e2846452fc23",
              "ami-0ea13ee029970f0a0",
              "ami-0a0c9e2d44b45d3ba",
              "ami-0c34b75189b7ad68e",
              "ami-07fe92a6f06f9ed39",
              "ami-00cc0ec5b58c59049",
              "ami-0be87e5595a139a39",
              "ami-09fe9702375c986c3",
              "ami-0f165ed83e0ea16d0",
              "ami-0acf3398e7a861bd1",
              "ami-0902b4e4b29f2805c",
              "ami-027a3e605411e8889",
              "ami-08459a37a10b6ce17",
              "ami-02b8ddf8ca32dfade",
              "ami-0594f792aa631c053",
              "ami-0e707430c24085171",
              "ami-0b88bdffeeda6c612",
              "ami-0bac2f0d1a474c9d2",
              "ami-04958b57e72e69fb0",
              "ami-07d5c13b0aab6494c",
              "ami-05953c2de15304a0b",
              "ami-09563e4ff068c2af2",
              "ami-01803ce5525a437fb",
              "ami-009c90de295697b8f",
              "ami-0379644c289f41781",
              "ami-024b91c91b67858c4",
              "ami-072a23be4dfd650c4",
              "ami-07021890298ae8f5e",
              "ami-0a1ea8d8b864b661b",
              "ami-074c4774700a18a5d",
              "ami-01fb7cb08e1c39072",
              "ami-0e5dbf4c027f72f3e",
              "ami-0c599f445ad92fefc",
              "ami-027b7e73c6b26e150",
              "ami-0388d7f179c9861d0",
              "ami-0b45a5b26d1df8ed7",
              "ami-0a8495f6303122235",
              "ami-0309aede310b9cc1f",
              "ami-0daf2714612879d5f",
              "ami-01fe77030c8dc7128",
              "ami-03a5854fe4bfa089a",
              "ami-04df656f259ab9685",
              "ami-06d5bf09fb76eee5e",
              "ami-0ae813ad033ddff1e",
              "ami-03449201b37e40a7c",
              "ami-0635f655e42b29184",
              "ami-0d4f2333acd6159fe",
              "ami-06c88b5d6ea23fb3b",
              "ami-0e265140efc937deb",
              "ami-02b5e162f6bd17e64",
              "ami-0765ec811e5e622ae",
              "ami-0c31b8207bcb78e6b",
              "ami-0a8fc8d851c851926",
              "ami-01408108cbac6217a",
              "ami-06b5fce47ec795db1",
              "ami-045c796c90d4a214c",
              "ami-0f176c6919770c442",
              "ami-0542743bdabb98395",
              "ami-004d00c2906a0e98c",
              "ami-0dd52791b64eaf77c",
              "ami-021e5ab7e31e9ba32",
              "ami-02c5190201b4a3327",
              "ami-0f3b599be311ac2f2",
              "ami-00df0cfbe0d80ed06",
              "ami-058f03839a219f767",
              "ami-01e72acf830455300",
              "ami-09cb773d98ff636c8",
              "ami-066d93687221acde8",
              "ami-01e3353397947ca5a",
              "ami-0e27b0d44ed30049a",
              "ami-0e82d1209482441eb",
              "ami-0d556a89149de7929",
              "ami-08e3a831caf04d061",
              "ami-06b86db3a9bc7c511",
              "ami-03a9df76996e7a186",
              "ami-0958ff3cd543b70aa",
              "ami-0857f33d9dfd1baca",
              "ami-098ec9b559280650e",
              "ami-03ff0c2b5c09e8753",
              "ami-0d865877e4673c3e4",
              "ami-0a21d7ed442138071",
              "ami-0a603dcb611e693f6",
              "ami-02fbe6803e3f23e3e",
              "ami-0b7e6d79ecb58974b",
              "ami-09014c5e55a2432ea",
              "ami-06466b84ecce62c45",
              "ami-08c097970eec0a224",
              "ami-0b97ac339c641f046",
              "ami-0012f8cb0a0745967",
              "ami-0f8a42e3dd7d74988",
              "ami-032acacd69b4f58a1",
              "ami-04c60c1612851dd46",
              "ami-02f4ffc547e1d2c5e",
              "ami-080d2eca35a3d44c3",
              "ami-0c39284a9c0f8a97c",
              "ami-0cfe09a14aad217be",
              "ami-02dcfce151c862ed3",
              "ami-065ed8822efbaae35",
              "ami-0dea36c40fb5828a9",
              "ami-09bec96ae797509d4",
              "ami-0bb4a324a6779da90",
              "ami-0ca69d4370ecccd3b",
              "ami-0181af54999570060",
              "ami-0173f9ad146ace657",
              "ami-0fbb90316d1cb99ed",
              "ami-0d68ebb4820d765a2",
              "ami-0b754d000414a5602",
              "ami-0b6f5d7c27a33145e",
              "ami-0d7a9825e7c6febf6",
              "ami-0f0095d8ca2cf87b0",
              "ami-0288b7d1111f7f878",
              "ami-0553718f9def20c19",
              "ami-0aa3bb8cdd5674280",
              "ami-03b5c96a74ffd51c0",
              "ami-0fdc13a60ca4f981d",
              "ami-0932d5903821bbb22",
              "ami-08b8419c22adb49ac",
              "ami-0c154b401dea4d1c8",
              "ami-0d6da991a5049dea8",
              "ami-0950d70cc7cd60f98",
              "ami-0ce2788479a7838e0",
              "ami-0e960bfa90cdd7bf9",
              "ami-09d6dff71c75d903e",
              "ami-05577ed0e20b23acc",
              "ami-088950360590281a8",
              "ami-0e44a8e2cc374bfcd",
              "ami-02250d5166a3b0bd2",
              "ami-06b5bdacd85c9f85c",
              "ami-0160d5a037f27335d",
              "ami-02d8eab56425fe567",
              "ami-0229efdaa49e2bdb1",
              "ami-09417ebf29f71ab95",
              "ami-0bb366bd92e828cb3",
              "ami-000a8c5c018fd8d7a",
              "ami-0917bb30c5a077e4e",
              "ami-0c807e94e1703249d",
              "ami-08cb7e65c4e13f22d",
              "ami-0bac4c6da6962ccd8",
              "ami-0afa68e5a06c965f6",
              "ami-0902cedcf1245f42b",
              "ami-06df01688afdafa41",
              "ami-0c77c7adbe472d8dd",
              "ami-09d3acae21d4f7ae1",
              "ami-03f124a78398950ed",
              "ami-0f22c0d54959163da",
              "ami-0d1bddd32ff7ea0e0",
              "ami-00d81d4e43332a91f",
              "ami-073a1f6d1b284f90d",
              "ami-01cac58bfcff5dbd0",
              "ami-08c4c3cb0190d9f69",
              "ami-0a6ad0f8f84a97849",
              "ami-0b6f2d5a0acac6605",
              "ami-021dc643589383e41",
              "ami-01ae543d6313ccedd",
              "ami-041dbfe0d82d55fc6",
              "ami-011679b7ec239bb67",
              "ami-0f0748156ad718c67",
              "ami-087b755b20f3ec965",
              "ami-02389d0f4c69b1460",
              "ami-0e7054d967c732419",
              "ami-085fafdcf739f689b",
              "ami-0ce0eb4ea460ab7bf",
              "ami-0fa90acb9eda341e4",
              "ami-06ce408c7d97c5f2d",
              "ami-02f8de6210c997747",
              "ami-0478a7958754abfcc",
              "ami-04f25eecce0db93be",
              "ami-0f9112de1cc4579fb",
              "ami-02b5a05ff6d4df5cc",
              "ami-0d78302dd24db83c7",
              "ami-09acd300cc6d6d17b",
              "ami-0a2df91cd6751c4de",
              "ami-0002eba4f029226a3",
              "ami-0048a9e3323d91589",
              "ami-0527c5b868889b695",
              "ami-008a77bad7b109354",
              "ami-08896a2f331afc8ad",
              "ami-0cade9e12e8bbc5ad",
              "ami-07f71a2ee3f33e85b",
              "ami-0e47b10226293a611",
              "ami-0057627ca07bb8d8e",
              "ami-0d121e696cd94416b",
              "ami-0f599e52a8f4cf663",
              "ami-0d5571b525f1cfaed",
              "ami-08c095ca164f7fdca",
              "ami-035c88ac39bed3293",
              "ami-0b512094af638cefc",
              "ami-0a2ce8bbed4270fef",
              "ami-0730d83e80042d03c",
              "ami-0cfd150bdba599429",
              "ami-05dc6a7d1b7113360",
              "ami-05c79a73f83a8ee78",
              "ami-06713e7a5ae2a2f76",
              "ami-0d6e1f0f8b31b64df",
              "ami-08158b9b18a50aaaa",
              "ami-0abc96def2a2f5183",
              "ami-02415ba5f9fb5d59b",
              "ami-0362eb591a22d464d",
              "ami-017a5397792c0c0ff",
              "ami-0cb3431a7a5cbd84c",
              "ami-0162f2bab35de646d",
              "ami-0544b03f1d4fc12cc",
              "ami-05681167e91591e80",
              "ami-0a63c40c405a59db1",
              "ami-07530321830387ac7",
              "ami-0d6555f80d95b0064",
              "ami-008e1fa4580dadc43",
              "ami-03a745a426cb56003",
              "ami-085c2b2becacecb56",
              "ami-002cdfe62b39b96f4",
              "ami-03fb9ac03139e1d4e",
              "ami-0f5ca37698c996a20",
              "ami-01ba63bd98c72619e",
              "ami-04bd6ea973861b67a",
              "ami-00727f4b935a8c150",
              "ami-08ead012bea8d78da",
              "ami-096550d10abf737f9",
              "ami-059d2dec5c24164b7",
              "ami-0d4b55290b6077822",
              "ami-0bc92b9cf2151f9fb",
              "ami-03c317888e15992d2",
              "ami-0ac4821206ad4a8aa",
              "ami-02c942594b753edec",
              "ami-0f17e13691bb93acd",
              "ami-088a5c6f4a8c91f7d",
              "ami-0421cd38fab537166",
              "ami-0abe33e7116ab0f5b",
              "ami-0380585ada5321e25",
              "ami-0c436af941d86660e",
              "ami-011bb3a61d10e14f7",
              "ami-027f147e7b3d23498",
              "ami-08b25dd4d83d47a15",
              "ami-09bfbc27527a2fca0",
              "ami-0e3a64aa216648914",
              "ami-0f37722b0ba03a1b7",
              "ami-0a31dffafeda3138a",
              "ami-01eac6863490dba0f",
              "ami-02d99a379d977bac1",
              "ami-0e66fffd56f89941d",
              "ami-0874839cc5b6244a3",
              "ami-098c25b9390b65caa",
              "ami-00db2ce27a8a39502",
              "ami-0f294c25b5bc4aee5",
              "ami-05fa00d4c63e32376",
              "ami-0242b87a4c950e92d",
              "ami-0fad0102ea8594e95",
              "ami-02538f8925e3aa27a",
              "ami-0bb85ecb87fe01c2f",
              "ami-035f2e069578f71e4",
              "ami-05f3141013eebdc12",
              "ami-0540ec7189ff11db7",
              "ami-0cbcd07a078a0f00f",
              "ami-0ff3578f8df132330",
              "ami-02f594877aedb6f6a",
              "ami-06b88f6b9798a74a0",
              "ami-0046648ba1ea0d97e",
              "ami-03289d7ac1b8cae4b",
              "ami-00c183a83a8a86d14",
              "ami-06a8be0777a39ec12",
              "ami-0bebb0aec0cce1e8f",
              "ami-0efbc95c3f1c319e6",
              "ami-076157742633f9d88",
              "ami-0dd8fce7614cf3d3d",
              "ami-05c671411be6fe989",
              "ami-0f3f888b493fe837e",
              "ami-0176c2a753b40e7f3",
              "ami-0c643ff5c3c38c5d7",
              "ami-0d1719b177dae92b9",
              "ami-07f0a48bd0ac3e65c",
              "ami-050aaa255a9f17f8d",
              "ami-05f271938ea4f9121",
              "ami-026be608eacfd0b00",
              "ami-01259e253872253cf",
              "ami-086be4e4919cdafdc",
              "ami-03e88bbfc59a92572",
              "ami-0ad18b85fecfaf252",
              "ami-074337d62ad749d41",
              "ami-06eb1d54c2c1dc492",
              "ami-0f5b2957914692f92",
              "ami-0d53a3ba77632d713",
              "ami-02c27944e9187fdb0",
              "ami-0ede5744c7549d512",
              "ami-018476ea015c774e2",
              "ami-070ecd85d6674c2e8",
              "ami-07af0d0459f7d10ee",
              "ami-08ed20f4b8eece0ff",
              "ami-0d7c066b021abe1e5",
              "ami-05df79205a8bf140e",
              "ami-0b4f47296d463d3b3",
              "ami-03d8fbe819b4bf064",
              "ami-032a306cff723461e",
              "ami-07e85638bbe2f8d5f",
              "ami-076385738c699249a",
              "ami-0ef39cc27f5a336d0",
              "ami-0deb31f43799a755d",
              "ami-0e6c6c744e57a8b1f",
              "ami-064bd066f3a0199c1",
              "ami-0e908c293cfba662d",
              "ami-0f3a803d23625a96e",
              "ami-06416a2a0aef0a00d",
              "ami-0227b3297aa2958d3",
              "ami-0fb6c42449454248e",
              "ami-06c8e743c4cc49349",
              "ami-0a09bf838b586ccda",
              "ami-0d7a1cfd7e63f5e35",
              "ami-0ae158c019680c147",
              "ami-056606d7e19eb497b",
              "ami-07e4e1242f8ef7e46",
              "ami-0e3ac52861b707125",
              "ami-071d4c230c9ffd4c7",
              "ami-083be5f3d791a6e2c",
              "ami-04430b708aee0d911",
              "ami-0bafa8a7f139898b4",
              "ami-06879c0ace931603e",
              "ami-0e1ce97e46e7a027f",
              "ami-028df9f7b798ba67e",
              "ami-0da16979da16dc6dd",
              "ami-0b9602b6b3859d6e7",
              "ami-001ae1aedf36858e2",
              "ami-0faf1bf5541c35791",
              "ami-002d7fc3119a9ee52",
              "ami-0ff8d483010b138ac",
              "ami-0342f19a86783c50a",
              "ami-0cca3d8b6715c9f74",
              "ami-06802ec97e993de1b",
              "ami-04ed79e2602553b42",
              "ami-02c3ec3a581b5c9d0",
              "ami-0babee45de9606b3f",
              "ami-06007d594030b5045",
              "ami-0998c3671b5c471fe",
              "ami-0303909f8b9cf2dda",
              "ami-0a24ce26f4e187f9a",
              "ami-0428da8733e15f9b8",
              "ami-017e8c13a52dd0433",
              "ami-0ff32087a913f7eaa",
              "ami-008fe5ae01e6369f4",
              "ami-0e4fd8442fce7496e",
              "ami-0b09dcc2f6640abe3",
              "ami-0f5b00d3e8981eed1",
              "ami-0e515f534acdabbd7",
              "ami-0cf6c10214cc015c9",
              "ami-050965d4c9c05d3f7",
              "ami-0161ae97fd5b31fef",
              "ami-035083072a32d8c9b",
              "ami-0fa997ed4e30a2a0d",
              "ami-05eeafbc1fd393e9b",
              "ami-0e38929d06f16c559",
              "ami-0a881dfa9fcd8739e",
              "ami-085ba62e1397fe82a",
              "ami-0776303ebb324e4a6",
              "ami-034bea7b7347cc534",
              "ami-003566b22128092cd",
              "ami-0f18895ab5a90993c",
              "ami-0ceff8868c3b52ca9",
              "ami-0ee913a9b0940ced8",
              "ami-06b34ce5aac610703",
              "ami-0cc95896dc79c2856",
              "ami-08b8c5dcdafbac713",
              "ami-0c9a45c69ddcd6324",
              "ami-0bf5f76753579f954",
              "ami-0ba83286d6e7fab64",
              "ami-07ca2576ebe093b3e",
              "ami-08b14b1448477e2de",
              "ami-0cdbbfc3459982734",
              "ami-0cd9048c8a39625fd",
              "ami-05ed49079214c998a",
              "ami-0f267e616a2e05937",
              "ami-074486b1d20c07979",
              "ami-04f96a8e15a425f95",
              "ami-07386c6c3224d1795",
              "ami-0541797f2a902de6b",
              "ami-0d7f0c109d5c67a92",
              "ami-0b9d78a673552de50",
              "ami-0cf60c565987ef66a",
              "ami-0e355715ed988f2c9",
              "ami-0cec455b1f7e5eb1f",
              "ami-098a6bae9fe0f2e78",
              "ami-04a9c21987b1e9c35",
              "ami-022df80675b49c5f3",
              "ami-0813667a02e82bf63",
              "ami-0b2d7fe65a636c2aa",
              "ami-09499f802f26db67e",
              "ami-008f4ce94a64a9fa0",
              "ami-0ea3f43d67444ffdf",
              "ami-0f3e2a558985ada0f",
              "ami-097315ea5251c8702",
              "ami-0b9081233c763ce7b",
              "ami-014934818837e8946",
              "ami-0c1616c98827c10b0",
              "ami-085c7a99e51e1f6a5",
              "ami-0c40919677111514c",
              "ami-0efdf76dd9f899c11",
              "ami-0f4a87b1bd2f6c595",
              "ami-0a0c9ff5a39fda61f",
              "ami-0759d9ecf1fcb7be9",
              "ami-057cc20175643a0fe",
              "ami-0002ef2c6523629df",
              "ami-07381451e675b876f",
              "ami-01759808daea06cc2",
              "ami-0c8bf6889677ec43b",
              "ami-0eed5d74d28780e15",
              "ami-0c8fad8d4223605fc",
              "ami-08c63a602b364a0f4",
              "ami-08979199cc4bccc6f",
              "ami-024c9e0a47957649e",
              "ami-0a7cd6dc7609d5222",
              "ami-0c84194ad1ee179f6",
              "ami-01cfccb6b3b3c401b",
              "ami-0a38fea668773b2bb",
              "ami-0eb083a1a27d22626",
              "ami-0e345a22d69a85f40",
              "ami-0c624b1a972daf801",
              "ami-0f0f8a1a75fb2048e",
              "ami-0e4d4b295be461eb4",
              "ami-0c540d0a8d605fadb",
              "ami-0025a94e60a544f5b",
              "ami-0c73c0c0e7d71c465",
              "ami-0c8e9098923dae458",
              "ami-0003fc56e60b2a7f9",
              "ami-0547b7f08f0c475ec",
              "ami-0886640e7532e528d",
              "ami-08a815cdf810b51ae",
              "ami-002d9a63f9febaec3",
              "ami-0d5ba011291f2c2d9",
              "ami-0b060bb4df855d16c",
              "ami-08d99df71aa5d5bf8",
              "ami-0891c23054a1b0e1b",
              "ami-0ea24a5b4502eb3db",
              "ami-03fd3eb24eddbfed3",
              "ami-0afa3decd0029b956",
              "ami-082e03dc7ac296a17",
              "ami-08497b4478a4549ad",
              "ami-041a9ffe0d544ee25",
              "ami-090d99dd7558ca5ed",
              "ami-04020c121873132f6",
              "ami-02dc7915e2453cc4a",
              "ami-00ec7fadf6f150401",
              "ami-0ea2a4777af15695f",
              "ami-07998d0e0694ae524",
              "ami-0e173ee7bbfac3c86",
              "ami-066d220fc7b27642c",
              "ami-0991063d2f618a637",
              "ami-0c6b595ef65c01fec",
              "ami-08f535068c741ea31",
              "ami-07f54764c41429797",
              "ami-0379301f8be5a356e",
              "ami-02df8c3bb6d6804ad",
              "ami-02742ed0a4abca1db",
              "ami-0771d8b814ac5b3b4",
              "ami-06c18a06f019953c3",
              "ami-01064b6a6f0cd8946",
              "ami-050c518b698d5b6ed",
              "ami-0cf375906718c605f",
              "ami-056ea277c7d2f0cd6",
              "ami-016fd50b7ccadc069",
              "ami-0d6dd2f1c58521d26",
              "ami-0ed9e291d9590b71a",
              "ami-03e2218cd2e4f92a5",
              "ami-0b7845ba2e9ee32af",
              "ami-070c61f921e5e08d9",
              "ami-09b3129ee5feb0a8d",
              "ami-02258d2d2afe50192",
              "ami-00548234b5167cd2c",
              "ami-062b7c1fc903b7ce4",
              "ami-09014d657b2b59765",
              "ami-06a62e404eb972806",
              "ami-08eed2bd3886cc6c7",
              "ami-0d63d73df521193da",
              "ami-016575359ec678e96",
              "ami-03475f99709d71856",
              "ami-0949520edd0e434db",
              "ami-0a19fb3a1ee5e32a7",
              "ami-05e42e4d65da55ac8",
              "ami-00c133cbf04651643",
              "ami-0ed0d7444b57a30e8",
              "ami-0c3626c6312f6b39d",
              "ami-0256afbe8b0a3ff52",
              "ami-0b139cbf4d83bf59f",
              "ami-016c6e3fc6a91dc24",
              "ami-0c23c1ba5509fc0ff",
              "ami-05ddc095e9442efe7",
              "ami-0cef711a9da1e97db",
              "ami-08a10f2fbb2506c39",
              "ami-0ab19991a87ccf184",
              "ami-059464107228f7601",
              "ami-03b0d3d97bdecf690",
              "ami-02d310dcabd649d4f",
              "ami-07954d43e6ff3bafb",
              "ami-06e8d783e8d6a402a",
              "ami-0699a0c42af11613c",
              "ami-0dfdd73c4849951e3",
              "ami-08e736cdb4c5af15e",
              "ami-077e86a9e24978ecd",
              "ami-0830e1f12caef519b",
              "ami-0a11cd58c9601bdfe",
              "ami-0e097568314a3c944",
              "ami-049a0a86f74918858",
              "ami-0d5739fa873baf9d2",
              "ami-081ae5dedf10c4bca",
              "ami-01688f318df642549",
              "ami-06a981df5ca352bbf",
              "ami-0f23ae036529f051c",
              "ami-0cc23e6411d03543c",
              "ami-0499effc4281409fc",
              "ami-0f594dde9d288a46b",
              "ami-02a904b9635f2c5ef",
              "ami-0841f08321df2b66a",
              "ami-0c771c70d2a3afa00",
              "ami-03267af9a9cb608bd",
              "ami-0ede6bd5269a7614e",
              "ami-090c5758b47d7f55c",
              "ami-00f10c8eb3ad6285d",
              "ami-0cf42050b00d7c411",
              "ami-05db6c4d4e8c89a81",
              "ami-0b4349077a8d2f967",
              "ami-0425af692a96ff938",
              "ami-01061db2702148aae",
              "ami-0aa43ba362e02f2a9",
              "ami-07abcf056fdd90e70",
              "ami-0cbf85469fe81b363",
              "ami-0fbaa1c850254eb2e",
              "ami-07bbdc9568318199b",
              "ami-0104e7118643346f3",
              "ami-0ec68c6158e8bb19d",
              "ami-0eb8ac981e774a511",
              "ami-09f975224e4710d86",
              "ami-0591d925decd8d10b",
              "ami-00d6f3ac30ae7e594",
              "ami-09762dd173bb32458",
              "ami-0d11c9f15fdea3da9",
              "ami-031375a524c261931",
              "ami-0eca58aed9c3a2dd8",
              "ami-0b034d456e623a8f6",
              "ami-0cccb936cf1dc464e",
              "ami-0e1099d2b7a77aacc",
              "ami-0f2f6986b127f10b2",
              "ami-04d926441042d9cdb",
              "ami-02b7c0391c395d471",
              "ami-09e4fc909c5584318",
              "ami-06a3a677955d38ab5",
              "ami-02ac433009ba92b1d",
              "ami-00bca6c8c9d0e6f92",
              "ami-0a0cf2b8bc4634fe1",
              "ami-0ab87f74ae47624d8",
              "ami-0c8006d15bec45174",
              "ami-0a495526482938fa3",
              "ami-08658182bddccdd0a",
              "ami-0271cb6e70705f9b1",
              "ami-005319d5acd633e3d",
              "ami-020cf1ae6637ef97d",
              "ami-0eae23e674423156b",
              "ami-0ae2316aef4c4c42b",
              "ami-070cce378b82ad7da",
              "ami-0d80c3d4508ad9b15",
              "ami-036684945c1425ae5",
              "ami-05fce4cbabcecccbf",
              "ami-005c226e64b8a8d13",
              "ami-0b89bb148d9630d69",
              "ami-091017c7508ac95f6",
              "ami-0fdcfa0d287c0a590",
              "ami-0252b81344d05f5a2",
              "ami-012fb2e1c5d400f97",
              "ami-0a2391c05d7153cd2",
              "ami-0ca614dcaddfdd29f",
              "ami-0b78ea9ed11a31e57",
              "ami-0489e625ea383b696",
              "ami-0885a4c36256e2a85",
              "ami-02646e9f85ee0e7d5",
              "ami-0878e249548b95755",
              "ami-0a7a071a04d6ad025",
              "ami-03980d65ac0acee89",
              "ami-0e31be15cd6b359a2",
              "ami-077623a28c4fa9c95",
              "ami-02775d7db08999900",
              "ami-0c566d142eef824fa",
              "ami-064ccc871e437b7b3",
              "ami-0f86b66f3b31aaed1",
              "ami-077d99d498e057f61",
              "ami-0ca245fb27739fcb5",
              "ami-0e6861e5fcc3fddd3",
              "ami-00c55e31b11d1389c",
              "ami-0b94f1e90334366fe",
              "ami-00d0a61a0238cae2e",
              "ami-02a8a5b7bd5f650d7",
              "ami-03c8f42c8cefb637a",
              "ami-0d9f5791bc2a9396e",
              "ami-020e0477d957457d2",
              "ami-0ea0af7c90c375b4d",
              "ami-09c75e90285d8d4c7",
              "ami-06d30a34a1e5528b4",
              "ami-080717faf88ddfdb4",
              "ami-01232c842a245bb9c",
              "ami-0e1b7828698b5bec6",
              "ami-01a53a520de16fa8b",
              "ami-06bca4be8877d32e7",
              "ami-0af0cfdce870042de",
              "ami-0fd6c5b6ee35d2dbe",
              "ami-01b1201bedb51ce5f",
              "ami-09539c99c7a4b19f4",
              "ami-02fc4b1a44d9ecae7",
              "ami-0ec7ae823d9e7fc28",
              "ami-0872ffb065c9a1000",
              "ami-0c53df317da164f33",
              "ami-05143c6147beae632",
              "ami-07e815da9fb34d02a",
              "ami-0e95e2f2fce335f1a",
              "ami-0cbdb22211ab7e081",
              "ami-0b81b12e567ed7378",
              "ami-09e3504dcd505d13c",
              "ami-0f47f524af29ae92c",
              "ami-0ab9b892b4d9776c9",
              "ami-00f09879b6cee60e3",
              "ami-0f205e4dbd0f06768",
              "ami-0a8956c3913ef8900",
              "ami-01e44fc59364c8f1a",
              "ami-0ea152561e090c9a6",
              "ami-0c97a95fe2544f4de",
              "ami-014df3e8f9bc79751",
              "ami-036c3fe499dbb4212",
              "ami-0a51311aa3896b91e",
              "ami-05f310e001618c2e0",
              "ami-0ffdef6087880d5a2",
              "ami-0ea04f563dd1b848a",
              "ami-08e167817c87ed7fd",
              "ami-0b17e30ccb54f5744",
              "ami-0c6f7a6653f54194b",
              "ami-090fa75af13c156b4",
              "ami-0458125f3842503bb",
              "ami-0cabc39acf991f4f1",
              "ami-0e9706a47a865f870",
              "ami-07d2d2f1d3f26f1dc",
              "ami-03814e4a2d92b373e",
              "ami-07dc372a9890b5d70",
              "ami-020ef1e2f6c2cc6d6",
              "ami-05c859f7e2efb72cc",
              "ami-0201c8df31f1b7ead",
              "ami-096af443feb5de732",
              "ami-0eb55fdbfd5488a7c",
              "ami-0a99c2425ba799237",
              "ami-08046992078a7a3ca",
              "ami-062e4c5a413164a69",
              "ami-0ebe94f6b9155ad64",
              "ami-0b8ab249907384382",
              "ami-0ed3c71c7509abe85",
              "ami-07f392cd557720672",
              "ami-08421d85cd0246935",
              "ami-0e669fe6ccef58827",
              "ami-0d03b86e5e75d5b0a",
              "ami-0b066871cb51a3247",
              "ami-0683387eb460e6772",
              "ami-07e249d5d6580e5ea",
              "ami-0c940e28ec042fe3b",
              "ami-0169c727ad460dec9",
              "ami-09603f8095078c863",
              "ami-0fe51a214038fe339",
              "ami-011471abdee47fa7a",
              "ami-0ee04e523c04fa841",
              "ami-03c57c089d94b1fb6",
              "ami-08b055d199a7e2a0f",
              "ami-0b2cdffcf93c3186b",
              "ami-0b5a5accb57d1904e",
              "ami-09517ba0cfb2bfef8",
              "ami-09557979d7612f34d",
              "ami-023fd2d5796677218",
              "ami-0638414a8582d8795",
              "ami-051ce89743c6e204a",
              "ami-0065b6c13ec1fe1a5",
              "ami-08c67907d4ac8a14c",
              "ami-027dc16ba1cd84237",
              "ami-02227078de9816862",
              "ami-067e1cac7d49c1e2e",
              "ami-02c9c8b2b5dedb0f8",
              "ami-012530b9a990dc0c7",
              "ami-0b55f1950af19b58c",
              "ami-0eb6517813fc538b7",
              "ami-03d1696fadfc3985d",
              "ami-08841b3495d14efb1",
              "ami-0ff1cdb47a89ab3d8",
              "ami-0a6490e32fd6f2303",
              "ami-07c35130cac48e895",
              "ami-01f663a0839c55a2b",
              "ami-079357acac5ab8750",
              "ami-0a8c67526eb679b35",
              "ami-0b3d266a3e179b654",
              "ami-098d35289ae5c0089",
              "ami-07e26bf535864b57b",
              "ami-06199d74228588486",
              "ami-046281a317b1db98d",
              "ami-0ac394c347e5e3f87",
              "ami-0b24b070295ab471d",
              "ami-03c4ea5709cd7fbfe",
              "ami-05922e214e4d39ccc",
              "ami-054eb0598dd755080",
              "ami-00af51f50061a3317",
              "ami-014f5eeaa34e38df3",
              "ami-031843d9eaa76ad7a",
              "ami-008d00801dbdefc79",
              "ami-087ea2e767b6943c6",
              "ami-0b2bb56ccd29f0ece",
              "ami-0d85cba37faf2e0bb",
              "ami-02840291be070e031",
              "ami-0f4ac10ea6901713e",
              "ami-0e340474c3d3d4614",
              "ami-0bf5d372f176debe7",
              "ami-0d7daf7f7405ab9c8",
              "ami-01f602e2492dd85cd",
              "ami-057fdbf95e63f2886",
              "ami-08a7b1db76d7efcc5",
              "ami-0e3f6050a25054232",
              "ami-07bb0cb78c7bb6d2d",
              "ami-025bff01fc118167d",
              "ami-09e0ea3608d267ea7",
              "ami-04ca571a725447be4",
              "ami-0aa7523a59d41c526",
              "ami-03a6a44e1fa9abe30",
              "ami-0fbbf669e31b8527c",
              "ami-07002325986a1b507",
              "ami-0230e60042877f8c4",
              "ami-002a5b9c2b7f5ac4a",
              "ami-0d41610119f3f324f",
              "ami-09cfb57fd6ee8098a",
              "ami-02d5ff51bf2c06105",
              "ami-01251901af4169e1c",
              "ami-00c7b8e960d08b174",
              "ami-0775a77a39284c5de",
              "ami-0b9fc9d22c2cadef1",
              "ami-05cb742f0aa1364fb",
              "ami-00e8cb846ce7b4061",
              "ami-0f826ec474c3f50e2",
              "ami-0b47ddb343e2f219c",
              "ami-0e6e0f1339559b8dd",
              "ami-0e29ba0f237869a91",
              "ami-0afcd41d4f2856f02",
              "ami-0b5d37d00adafb296",
              "ami-0e6a2839796f17ce3",
              "ami-017e423f609c504ea",
              "ami-0245d7b53a4ce87de",
              "ami-03424c4849f5e2fde",
              "ami-08a6ec78e8e8b5a78",
              "ami-0d9d74cb6191038cd",
              "ami-01ffbb7267e6fc6fc",
              "ami-0ee623c33d16bfaa7",
              "ami-0fed30cbe0d311f6b",
              "ami-094d0acfea248fa75",
              "ami-0672c0dd0bf7cfe0f",
              "ami-016f50731a7e9fcff",
              "ami-077cc744f7477a571",
              "ami-057cf73d9452fd424",
              "ami-0d7734f53f491186b",
              "ami-0276ce8f4c8da14d4",
              "ami-05d8ec6ec9894393f",
              "ami-0daf08d10b13a4a36",
              "ami-0a142364ed747639d",
              "ami-03ac678f5bb62c442",
              "ami-001f1390e0f42a877",
              "ami-03c704c28ce3d92e4",
              "ami-018ec7d0f8d1d23bf",
              "ami-0d313d2ad7aff8c45",
              "ami-063f794d55ff1fec9",
              "ami-0b550b473579b00f9",
              "ami-0541601335d321f33",
              "ami-0af5f26eb250f1ee0",
              "ami-097fe81c37d9e09f1",
              "ami-09cc0bdd29588c2aa",
              "ami-0492c16745cf0d597",
              "ami-0500e6cffe668eb27",
              "ami-0ca13f7230c956106",
              "ami-0b97110ce9fc52361",
              "ami-06d20e48ee8d06029",
              "ami-0d33f662b1ecbb072",
              "ami-0671377f65430ab51",
              "ami-0301f103d5611c7ea",
              "ami-0c7b3ce7b3fee12b1",
              "ami-0b0950360cb811cfc",
              "ami-07cd77a9937044721",
              "ami-0c6e3ad60ecf71b03",
              "ami-00206ac0f38114835",
              "ami-00f63de7e4eea4966",
              "ami-0cfe2e3a797993854",
              "ami-0bad2ac489cd3de4b",
              "ami-0900a6700ef361bdc",
              "ami-017afe0c1a098725d",
              "ami-03b7466d8ddf4c13e",
              "ami-06e0f27e7e84bf603",
              "ami-0523118519a783bb8",
              "ami-0180d2bec48338dd1",
              "ami-027497e0cc8e6130a",
              "ami-0d76eaf118d8e7b0e",
              "ami-093bc3b427a03dc2b",
              "ami-06c3dcffb978b967e",
              "ami-0d80243b27fa24e25",
              "ami-03a4f25e9e22c522f",
              "ami-0a19599e26b8cd254",
              "ami-0e2d5ea9f057e6c0a",
              "ami-0d663d34c081c3cf4",
              "ami-0acccd24a81948588",
              "ami-04c157ad5b275e2a5",
              "ami-01993fd945f749c13",
              "ami-0f30b2895bb2b9052",
              "ami-054ac3ef3210b992c",
              "ami-0c86942a474dcfc9f",
              "ami-0a33ea7d8fe875bc6",
              "ami-0a13f8fd62ee8249d",
              "ami-0fe636e5c2bf3d3c1",
              "ami-007220319838dad41",
              "ami-0f10b30f01a6e421a",
              "ami-0d88a5da6d120affd",
              "ami-08a35b8c2ae512dee",
              "ami-051dcca84f1edfff1",
              "ami-046b70feae9244316",
              "ami-075200ea22e303605",
              "ami-0523072733f3c2259",
              "ami-0b597a943e66127bf",
              "ami-01035917956fbc363",
              "ami-08693636e838970aa",
              "ami-04323bfdc33aee656",
              "ami-0a50f304e0625e0b6",
              "ami-0491345e44132da45",
              "ami-043dc596b73ba3f98",
              "ami-079bcc860da7f670e",
              "ami-004a005d977e1fae3",
              "ami-0c9cec6b11e2d0129",
              "ami-0143dba640a4bb01f",
              "ami-0c94c0c254dbfc5d5",
              "ami-04623a119dc84e2f6",
              "ami-03228751bff8524dc",
              "ami-04f6a84149b3313b6",
              "ami-09aaaf573e9903a1d",
              "ami-0047cea95924a152d",
              "ami-07e442b708329748f",
              "ami-0a31fa27c7af45963",
              "ami-0f0c7a62c397b67dd",
              "ami-07638e60c0d01f44f",
              "ami-07c8fe9211f0c0df1",
              "ami-0f75ab60eaf6a2f34",
              "ami-06e62f41d7901c9ef",
              "ami-0d4398c94a21dd9b9",
              "ami-09e2bb8fbd93dba0e",
              "ami-08a29fc894bba820f",
              "ami-0c74ce0ee6b25a3a3",
              "ami-0f890f72982819815",
              "ami-03c7dffbbd3792dd5",
              "ami-0cd03d0fa3a098dd4",
              "ami-062b4c52e5a608a96",
              "ami-0e216061342a89a3a",
              "ami-0cf9e2adf872b8183",
              "ami-0a84a722790d914a9",
              "ami-0ba8e031ca32ab37f",
              "ami-0edf2905af40d75bd",
              "ami-0a393da72f57ce341",
              "ami-097f35cd35f81de64",
              "ami-0a6d0dc79c1f99831",
              "ami-09a9cbbae02034c3a",
              "ami-059e193a7dbfc8ef7",
              "ami-0b646abe0cb53001f",
              "ami-0bb9f1ebb3ff3e97c",
              "ami-0070c5311b7677678",
              "ami-0070b480a5bde2a51",
              "ami-07b093f9e20e1c045",
              "ami-0831500fdb5c5429d",
              "ami-05af421c15cb75688",
              "ami-018413cf3e14b5c96",
              "ami-0a2e6959d6f555c4b",
              "ami-0dc97e3d091e45558",
              "ami-0ed5d6442ce7d05ac",
              "ami-066d15e368f3ceecb",
              "ami-04a60c759329ddc90",
              "ami-09c2645b71b6290fa",
              "ami-0b43333800df3b35d",
              "ami-08242bd697fce798d",
              "ami-0150c60715230e4bc",
              "ami-0b94c7f56f677a342",
              "ami-0f1737013b2e333e1",
              "ami-09a890c741bff9bd3",
              "ami-046cb68d5d2b8d2d0",
              "ami-061f371408980d6b6",
              "ami-001c5479bc88a7bf6",
              "ami-09f790f16f08c0892",
              "ami-0258bcbd8cce15d86",
              "ami-0967682acad4d9311",
              "ami-01a9da8de3d589094",
              "ami-003e18eed609f3e46",
              "ami-0f7029d97cc88bf9e",
              "ami-06aaf05173b11bc86",
              "ami-0be539584d588f54e",
              "ami-0852c8882d3901b28",
              "ami-0cbdef9f58ec60d37",
              "ami-08f2c4fa8a2c75092",
              "ami-062e02fb8be3d1e76",
              "ami-0cdf8525bf23d41fb",
              "ami-0986c8d000c9f0128",
              "ami-0345c79d37bf16b00",
              "ami-03139167f6667fc9e",
              "ami-0b81f90b885a81172",
              "ami-0b2d8a7f0002bd29d",
              "ami-022d3929ca357ecad",
              "ami-0f44d8430e4a2ddea",
              "ami-0d5560cadfa36c8fb",
              "ami-0097011d846962e89",
              "ami-043149d34bab80b4b",
              "ami-0698d1de214dad0ee",
              "ami-0aaaf55fb1bc62607",
              "ami-072b8704bba9d370b",
              "ami-057d3bb6117141ca2",
              "ami-0d8cb1f3d51d19543",
              "ami-06b4337cb7743119f",
              "ami-03def4e4ce4dcd222",
              "ami-0f90ed60c17d2b58a",
              "ami-0a6543b7e487895ac",
              "ami-0344bf894602c6e4c",
              "ami-0c87f155f568bed61",
              "ami-0daf76d12e66984bf",
              "ami-0853ce42afe1e2e02",
              "ami-0176cf100a9d21672",
              "ami-02e5dfda0b439a22f",
              "ami-0a94322e484fb46dc",
              "ami-08f3b991a0c1dedc9",
              "ami-0944ac19025be23be",
              "ami-0784155c829bd83d3",
              "ami-0e2db9c6f778edb2b",
              "ami-0f1aec6bc79ad857c",
              "ami-015719cb77ab9e588",
              "ami-0ed20aadc7642ad19",
              "ami-070460d161c63b0b1",
              "ami-02632c1ae1489a5cd",
              "ami-007bc5588b6521750",
              "ami-0ff92e33e171c8971",
              "ami-0fa6daadb54fd8296",
              "ami-040d909ea4e56f8f3",
              "ami-0656f8e7f3f221345",
              "ami-04ce1a67f0b7a0200",
              "ami-05ae943394d2ed741",
              "ami-07ad8299b430941aa",
              "ami-0e3735520861cdd49",
              "ami-016ba60c99bd49a35",
              "ami-09e488fc69554bc07",
              "ami-09facfee24b66c77c",
              "ami-0699460128ca467aa",
              "ami-079fb3d6f446f9532",
              "ami-08abfdb0c68ffc0f9",
              "ami-03ba258c174cb0656",
              "ami-0fb388180982195e3",
              "ami-0a8e9450ac8daf5a5",
              "ami-0c1c5e5235c24c7a7",
              "ami-04f3264fa812fbc32",
              "ami-024ff73b252a1a2af",
              "ami-0c6d5b9bc3af73c3a",
              "ami-074fc4b892316e8b4",
              "ami-0040f0db1560086d0",
              "ami-053318cc70810fb94",
              "ami-0d260023e61152305",
              "ami-08de872deb646553a",
              "ami-0a94c09dc334c6088",
              "ami-06e0d3e26e9ec0e84",
              "ami-0957c27036f886277",
              "ami-070a4551376bd65e4",
              "ami-08c8820f3b3412a1a",
              "ami-058a71d901c7c4026",
              "ami-0fa46e64402ffdf14",
              "ami-0f2bbe4c1546812ae",
              "ami-051d1d65db2d8414a",
              "ami-04cd006f5631f364c",
              "ami-08fba3ab48c9924b8",
              "ami-0398c2fb8774525c9",
              "ami-0a6effb9a528db245",
              "ami-01947a5df62a09796",
              "ami-04fed81bb0e83f770",
              "ami-0be583bdd85ad8b00",
              "ami-024a760ada218cfa8",
              "ami-04b7c94aab556b38a",
              "ami-011f630bf99c9077e",
              "ami-0d4f490f4e62171b4",
              "ami-04f63659702502a1d",
              "ami-0aadf9141f14c1093",
              "ami-028a5fbaded9bd0c1",
              "ami-0a6c0fd167146b393",
              "ami-0299eccfa5644af3d",
              "ami-0806aba74265e4de8",
              "ami-0c9882eb74bd7202b",
              "ami-0ce06c034a7649d8d",
              "ami-0d1d56f8c9c1460ce",
              "ami-00f5894e701989c0e",
              "ami-09cd98737d46715f7",
              "ami-0272739ecfe12edb7",
              "ami-0a303bbb48604eb49",
              "ami-0ade16e533f548ea7",
              "ami-0eb27f7e66e14785b",
              "ami-04bdef2ef8b94ec88",
              "ami-09d8be69b8cd827db",
              "ami-0e9ac130a66d4cefe",
              "ami-09b8a77a27cebd913",
              "ami-05ca33ead096bcd7c",
              "ami-0ae79716ca4307e4f",
              "ami-0bfa88ac7b5639a44",
              "ami-03b6d3012ad0824a1",
              "ami-025b1a6e7fe6abb6f",
              "ami-0587ae7ca986463f4",
              "ami-0f80e6144aa24f34d",
              "ami-0e72579593b799840",
              "ami-03cda5ec8e5da6650",
              "ami-0dc2c378ffe1f1095",
              "ami-0c4df47e287b50f8f",
              "ami-06208add0d7bdf99b",
              "ami-0ef7d1d7caf4d7bea",
              "ami-099a670b067c438a8",
              "ami-09fc88530691171fc",
              "ami-03f04e259b41e414b",
              "ami-0f90e6b52a68cde88",
              "ami-0a4958296496b40f1",
              "ami-0537ce0f5f5b0c399",
              "ami-01145533a12d89a7d",
              "ami-0baf05c666b31ed01",
              "ami-0b8e116ff98424b11",
              "ami-02254cdd5585de1a0",
              "ami-0439517b5e436bdab",
              "ami-0696714e945b0aa2f",
              "ami-06eedecbaf756c6e5",
              "ami-01685b81de7e30321",
              "ami-0dbb3b4ca1bc58863",
              "ami-09d97c7b861d94212",
              "ami-0f46c879283bf4add",
              "ami-05970a2f8886b4194",
              "ami-0aa9ec3d80cb241a8",
              "ami-0d977f69c188bebac",
              "ami-096eea9fd48705758",
              "ami-0a59797d272fc7188",
              "ami-046996ab6a63d11e2",
              "ami-0623807383ed55c79",
              "ami-0f062c44544a2eaa4",
              "ami-0a95f495cbf04a9da",
              "ami-085692512f39fdbe5",
              "ami-0b31d0912aa316cd3",
              "ami-0a369a0334f6a7ac5",
              "ami-030d4de9b09137087",
              "ami-023092bc37815efdc",
              "ami-03e346897e77d2ff4",
              "ami-0399e10abc264453e",
              "ami-0e861595170d45fa7",
              "ami-03aacb7f0279d3187",
              "ami-06e06ed383660007e",
              "ami-05b4f94a7e7fff5bb",
              "ami-0d60b89c50423d2fe",
              "ami-082892c78a6b9b2a3",
              "ami-0cc2e6ef60a87e567",
              "ami-072a6d2271756a82d",
              "ami-057fea4b35c7a4b46",
              "ami-03a6f22038fbd8f98",
              "ami-0ec26ee2796684c1e",
              "ami-053a7392face99bef",
              "ami-07e87ea590011dcbd",
              "ami-04c4f2c4799614025",
              "ami-09dbb68e95787bf10",
              "ami-077c1c9973dbd29e9",
              "ami-09d5441593f903fc9",
              "ami-08885fced07ccf09d",
              "ami-0d4bfde27437cb6a4",
              "ami-06634c1b99d35f2c7",
              "ami-061c737b1691cb15f",
              "ami-023418a20a22ee398",
              "ami-0558be88cc096fd47",
              "ami-0898f1c6d358db325",
              "ami-0c393547d3afc498c",
              "ami-0dc8cedbf250a741e",
              "ami-07c6ff5cb76caabf2",
              "ami-0f7e5ce1c81308395",
              "ami-059aa439d4b975687",
              "ami-0886ae53a15564e16",
              "ami-068dee34225b75ca2",
              "ami-09883f97b7764397c",
              "ami-09e5cafd0c96cca6c",
              "ami-040966ae09ae3458f",
              "ami-04dc2c95e70e55574",
              "ami-07c568f0e5f615a95",
              "ami-0f80ea94d6e5a6494",
              "ami-0fa7066cf6f3f2100",
              "ami-02a563f3017857364",
              "ami-0fae381f284b1bd06",
              "ami-02e9dd6c4a68e36b4",
              "ami-0f3cbd977fb9017c2",
              "ami-0639ccf5bc2b1af1c",
              "ami-077fb40eebcc23898",
              "ami-09a9b2d81d81e8509",
              "ami-03721c7c015a0c063",
              "ami-080aaeb966973043f",
              "ami-08a537b9b4c45aebd",
              "ami-0754826920c58715b",
              "ami-01a20dcff3275d128",
              "ami-055a74659eca4de68",
              "ami-02e8976fea9b1f568",
              "ami-06e1e32d01621ab2a",
              "ami-03c048e3813a58799",
              "ami-02e93dd0c723d3947",
              "ami-0c4a652fa801a7602",
              "ami-0c384003f45ee29bb",
              "ami-07bc5b8f0515131e0",
              "ami-08f5d7f179b900b74",
              "ami-0cd8c9dd9215abd9a",
              "ami-0672b4b7f15764421",
              "ami-012d7c94fd5d4a7ab",
              "ami-09c38bf41d26fbd14",
              "ami-008343056f53cda67",
              "ami-00ccf789a26280153",
              "ami-0f39673c89030cf71",
              "ami-08d6960323bd9465c",
              "ami-002f0a47e3ba21d8b",
              "ami-09a972326c4391bda",
              "ami-0f3a8e49e2e1b1020",
              "ami-02ecc7757b3f9a91c",
              "ami-05f3f6b2a0f764c86",
              "ami-087f59ab3dbab95bd",
              "ami-05ccccaba85f0ca1e",
              "ami-02dc28b9409e48f89",
              "ami-0a44d8b81f540ca5d",
              "ami-085e383cbf808b73f",
              "ami-0d01a0796d30ae88f",
              "ami-0922b3a039d2065dd",
              "ami-0dfc947d075298936",
              "ami-025f3f2e83ea8c667",
              "ami-09c18f3b88b051443",
              "ami-0d2fbe92624fb3ec2",
              "ami-061b29a8c65291f71",
              "ami-0660720973cbb8105",
              "ami-08eaf8f7302aa2cd9",
              "ami-08f16419d514fa74d",
              "ami-0b2f4f64b95f1e989",
              "ami-0a73966c2c6dcabdd",
              "ami-0badc443c653a5bdc",
              "ami-00c76655b61b20b37",
              "ami-0bb5578142925552d",
              "ami-0aa80953ae2046c36",
              "ami-00bf493b93f94d282",
              "ami-04d79dae23b6a2730",
              "ami-0f1d588e901d95e65",
              "ami-027c1d9630fd70798",
              "ami-06ec70256ac0e0880",
              "ami-0cdbe125155af5c08",
              "ami-03c9d1f2834c1a156",
              "ami-040f9e4d57a533079",
              "ami-05ae512f2ebb5a332",
              "ami-0c0a0fc0187aef5c1",
              "ami-085d0cca57227b1d9",
              "ami-041646746b8d49ad1",
              "ami-07ecc51b45b62c891",
              "ami-0e594db1e7c656dbf",
              "ami-082f6319006c501e4",
              "ami-049924d678af7a43b",
              "ami-01cd68b6dbf71d26d",
              "ami-0d5cbb67678bc879c",
              "ami-05ed50f0d1f4bcf18",
              "ami-0c38ad3eeaf7acf40",
              "ami-013845c4dfca498f6",
              "ami-01959f579a896a9bf",
              "ami-06d8f481b59703992",
              "ami-00cdcc31c3a7e3792",
              "ami-080cd62bc9200a068",
              "ami-0f579156fb08fe932",
              "ami-06c6a97859dcab259",
              "ami-06ae41045b372bbce",
              "ami-0bb02a090c7d3be18",
              "ami-0e4699bd3c87b5f01",
              "ami-03335092f18b926bf",
              "ami-0ea7253f9d188946b",
              "ami-0c88e059826985af3",
              "ami-0e547143a21b7ebbd",
              "ami-021be2658e45b1c9a",
              "ami-0244d54af2ec5fd16",
              "ami-09e066dfec0c53639",
              "ami-08ae7a2277a6e3db4",
              "ami-0ca30797c643488fa",
              "ami-00144302ffd1932a9",
              "ami-073a14c65ccd5dcf7",
              "ami-0a6fbcf31b57c2fa3",
              "ami-0e14a219828cec4d4",
              "ami-026ac6d3898d040f7",
              "ami-01e67b82bff0c23b3",
              "ami-005fb45d00ea25e86",
              "ami-045e6bfb60639eab0",
              "ami-0921706961afd15c0",
              "ami-00f74a3dd14f2b5a8",
              "ami-0015efbc8543cb2d5",
              "ami-0f2681cfccf1b8a6c",
              "ami-0fc3ac526bcc34c85",
              "ami-0c7c72e026d880524",
              "ami-0f39e04e525023c24",
              "ami-080976be8a6e005bd",
              "ami-006476f244b8d5486",
              "ami-0d3065ba486a25a05",
              "ami-021b33681252cec15",
              "ami-04563f900e7135139",
              "ami-0ba5b38ddf5ff68eb",
              "ami-0f6c36cf7e171aec5",
              "ami-0732a3694df142828",
              "ami-00ab5fa5868570ad2",
              "ami-0521da216cdf1e716",
              "ami-04d38d32182a28010",
              "ami-0dc78b06d8fad0966",
              "ami-0d60e194a87d7ef51",
              "ami-04da2f4cd3b196f25",
              "ami-00ba13d5f4f0515f6",
              "ami-0ec4a02438b68a115",
              "ami-093a9cd4965f7af39",
              "ami-0bc19f4944e32ea90",
              "ami-06b5ad7777319e8fc",
              "ami-052ee5385e85bff11",
              "ami-0589d2b801101f1a2",
              "ami-0b7801d100c564c69",
              "ami-05bbe6843ff6d3639",
              "ami-0f0112b6dd74c51f1",
              "ami-0adf07bfdd7974c2d",
              "ami-02f0874d65bcd502e",
              "ami-0287e175b0ea5b7b8",
              "ami-0f8e97fa3aa1e9310",
              "ami-0e8fe753f649d43c7",
              "ami-0bf416864cd5deb80",
              "ami-076050fe18eff9d46",
              "ami-0ae7993591a93eba4",
              "ami-0730b0b428cc3314f",
              "ami-0c797cf603d30b7c6",
              "ami-03884fc9bd5b80dff",
              "ami-033c62bb44bb03bc9",
              "ami-01d8e5457671c2b1b",
              "ami-0caed484418f9d153",
              "ami-012a9bcd34ec19a1a",
              "ami-098c816820f7d369a",
              "ami-08b30a1e82e6426f3",
              "ami-0859d18172d0f982b",
              "ami-0b663ea39ca79952c",
              "ami-0c5b24b3e664f76b9",
              "ami-0887ac5dfc0d66493",
              "ami-0e2eb45017a545330",
              "ami-0e081ed4ce61c1fb2",
              "ami-01c7c5bf31cabfb04",
              "ami-01a0ec53e079fa5c0",
              "ami-01405a1b8995d1c60",
              "ami-0e6919bb7e13495e1",
              "ami-096114c1089141bdb",
              "ami-0c659ffbfe7de40a7",
              "ami-04ac0c2afd97748e1",
              "ami-0316d030b7f632f68",
              "ami-0a8b6e940f5a29775",
              "ami-0a3559feab167fd91",
              "ami-03bc9e3eb8c172e28",
              "ami-0cf2a935e8b19b29b",
              "ami-0f65ab0fd913bc7be",
              "ami-031cf125b681ca3e0",
              "ami-04c34a9914344b41e",
              "ami-05241f639f287fb6c",
              "ami-0bb886cc9d1e92468",
              "ami-0e851e0c119a41e00",
              "ami-0f3d9b73e05ab4f63",
              "ami-045ec2d305baa26ef",
              "ami-09c7f99eb2d36ee53",
              "ami-0eced8a4616a63879",
              "ami-01e43538baa182c9b",
              "ami-07c7030d7a59ba897",
              "ami-0de9e89b0be6e31d4",
              "ami-06f7a17059d62886e",
              "ami-093316e0ba5efbc5a",
              "ami-0cc5e4e2b811c848f",
              "ami-0bfa603c6e0056bb8",
              "ami-03440c166c85453a3",
              "ami-05dbb5daf398263a4",
              "ami-0f85101cadfcfb785",
              "ami-0ac2427b8c6d557dd",
              "ami-075e21e9745b43882",
              "ami-01f62c18c8edffb6e",
              "ami-01aec2ab6c0a6868b",
              "ami-063837d93cc97ef02",
              "ami-03c638cc04d15236b",
              "ami-0ba07db8e0d85a005",
              "ami-0c13cbcc05b065bab",
              "ami-033443a62e2e9b862",
              "ami-02cfea2e2b1ccddbc",
              "ami-0df32f8302dfe67df",
              "ami-0f34fc3a0aad7da55",
              "ami-0d3e26c18c4e9f290",
              "ami-03001bd65167b26b6",
              "ami-03ee61a1c56905854",
              "ami-0cff7528ff583bf9a",
              "ami-0bb785d467fa2fb77",
              "ami-065efef2c739d613b",
              "ami-01cbd25305eb4e6c4",
              "ami-06eedde62c331e7e1",
              "ami-0aff79b6e8f6dc9f2",
              "ami-0d1bc825c14cd6b9c",
              "ami-00bf5f1c358708486",
              "ami-0c6c8e9c60eee78d4",
              "ami-09f0bb50202ca06b0",
              "ami-031cdacfa6a16ee9a",
              "ami-02f89f854f9eef752",
              "ami-0029c208c77549091",
              "ami-01152cc4db9635866",
              "ami-03a33ee12b3fc6def",
              "ami-04f8f1dc7d73fae04",
              "ami-00d8ff770ef3fc4dd",
              "ami-0868ed291944bf5a1",
              "ami-007950a9f42a750b1",
              "ami-042b193f591068825",
              "ami-0baac9aefd1936d55",
              "ami-0cd89ea522700f841",
              "ami-09e2eb0f16d5fa826",
              "ami-052241c916fe5198e",
              "ami-06b8888ae15e6bebc",
              "ami-076cb60b7262e7d38",
              "ami-079d52df5387cf13c",
              "ami-0ebfb3ca24d9842f1",
              "ami-052546689b5531b7e",
              "ami-05222570ea25e3ed4",
              "ami-00f80aac7e37f6c88",
              "ami-052c0ff94e18f7f05",
              "ami-0a4ee58c7c4260be7",
              "ami-067f01fc84ea60714",
              "ami-04e9fe897899c7a41",
              "ami-08d95e6361e8504b6",
              "ami-0b52355f402f774ee",
              "ami-0b09b238e79062808",
              "ami-098a44400878a878e",
              "ami-0ffd2fd6f1a81e491",
              "ami-0aa6e9e11c6482f0a",
              "ami-09c5bf811f71ad13d",
              "ami-0149dda63b163061b",
              "ami-0d463c4dfb574b3fb",
              "ami-025179c2193d6bc13",
              "ami-08e520f5673ee0894",
              "ami-0b897f5fa31c4e684",
              "ami-071539922ec66c086",
              "ami-05d38e26fe1de9655",
              "ami-065b814b1fcb90966",
              "ami-04da90af795232a44",
              "ami-0a35b71df690772c7",
              "ami-0d9d387a77828b5b2",
              "ami-064c7aa3dd1780cf2",
              "ami-044693613ea758d68",
              "ami-07b76aeed74b22304",
              "ami-06d34c36e06556503",
              "ami-08de6f24a46464aff",
              "ami-044b15d436454008d",
              "ami-06a246d7839e8c8f3",
              "ami-074f9ee1243ba4362",
              "ami-0729e439b6769d6ab",
              "ami-0ca951dd3a6f8cbfc",
              "ami-08d4ac5b634553e16",
              "ami-0888c389af05d881a",
              "ami-091870aa8c1b7e352",
              "ami-0d0da10bec629d686",
              "ami-03bac39db5de2f828",
              "ami-0595bf884919bac5f",
              "ami-026699f910f394462",
              "ami-0a0ed1c613e4c247c",
              "ami-031118784a2fe4935",
              "ami-0bb07358181ff0b06",
              "ami-04bf00d7cfa3d8c3b",
              "ami-096aac8ea03353289",
              "ami-03400b60894f15cf2",
              "ami-0946edc811e6b701e",
              "ami-020bcec4813155a9b",
              "ami-03a3e0ef2c122f116",
              "ami-0520fc8d6c5e59e55",
              "ami-001e2b47832bbf1e2",
              "ami-0c2b98084db6e587e",
              "ami-0ca2653d7cd1ebb79",
              "ami-036f86f502b7da780",
              "ami-0829f303cea4ddbdd",
              "ami-04582cca42f8ba971",
              "ami-03192f36042422a35",
              "ami-02d7fb16edafbd3d4",
              "ami-0c1fdba84cddde132",
              "ami-00b1919d8c0bba3c3",
              "ami-0da0fbd4f2abe1e76",
              "ami-0b15740eb93e67207",
              "ami-0a8f4899e70dbfda1",
              "ami-08e504eb429ef1d6b",
              "ami-0ab0c02538ad82487",
              "ami-0fe981aa44779f849",
              "ami-0c65f93ac3baecc5b",
              "ami-059f5e7bddfdb7f15",
              "ami-033e28fa623f770d0",
              "ami-0f68ba007ffb6c799",
              "ami-0dd6adfad4ad37eec",
              "ami-07a426026735fabce",
              "ami-0cbcc8a08d325cd39",
              "ami-08b83fd1ef044585d",
              "ami-052efd3df9dad4825",
              "ami-0500f14ebd295a660",
              "ami-0457b620d5798da16",
              "ami-02ea5ace1b70c6d72",
              "ami-047f5566b7a001bef",
              "ami-0b247fb7dc510ce35",
              "ami-00d2ad85144bf1918",
              "ami-0372bfc0aacd887fb",
              "ami-049f43ef9dfbaaa88",
              "ami-0513ab9118c270e4e",
              "ami-01d76cdc4c7fe0d95",
              "ami-0c74f98681873a169",
              "ami-07a158d99060e3fe5",
              "ami-08b70f8ad9fecb612",
              "ami-03ba3bf24ef7ec268",
              "ami-0abba0832b1e621d6",
              "ami-07c24734e33d50535",
              "ami-0e25070430824932c",
              "ami-08eb8432b58108c1d",
              "ami-0e1c09b3d6804d10b",
              "ami-081f02401565dd712",
              "ami-0355dfabf7e019619",
              "ami-099a8f6139d2ec3aa",
              "ami-070216a6389712228",
              "ami-012760cbfaabdbf93",
              "ami-06195cc5867416e7f",
              "ami-05e9dcd968a981160",
              "ami-0b27821fa2d7bea88",
              "ami-0d49eb02afc9d3387",
              "ami-06505cfe53b67ae54",
              "ami-081178d89982cbabd",
              "ami-001ae281c8e611a3f",
              "ami-042fd83b05b49da03",
              "ami-01e8e574299fcaec5",
              "ami-0038251dd59792248",
              "ami-0ebe84223cbf51325",
              "ami-013fed33ef933ee5b",
              "ami-089d74f2508aa50bc",
              "ami-088565be7ab09bbfa",
              "ami-09cce346b3952cce3",
              "ami-063841e6c96d47c84",
              "ami-0b3a771a7205f5fe0",
              "ami-0a047931e1d42fdb3",
              "ami-0b3b597a0ca346370",
              "ami-0f863d7367abe5d6f",
              "ami-0484689eedbc6b6f1",
              "ami-06dd21c0394ac28a4",
              "ami-07267eded9a267f32",
              "ami-070650c005cce4203",
              "ami-06f59ba327d1ecbf0",
              "ami-00af9e80fcf43db34",
              "ami-08082daa93b1efbcb",
              "ami-0e3aca90d46eda6a4",
              "ami-0d8b8e60b73dadb4a",
              "ami-081e5220e0117443a",
              "ami-02ec3986cbfff26a2",
              "ami-01f74b53dd60b8f8e",
              "ami-04a841412de68a843",
              "ami-0aaa00fbab9b9c855",
              "ami-0b2d2230cc4b8ed2e",
              "ami-0a8da6bd1a4df4ebd",
              "ami-022a0907f8da479a8",
              "ami-00b341e002d37bff4",
              "ami-06ea60a18e28bc0d2",
              "ami-0859871fb61eae672",
              "ami-05f553283d2d656e7",
              "ami-00078d57e23b15ce7",
              "ami-0d21a07467797f047",
              "ami-07492683ce059beab",
              "ami-0340c3e0b58ac3f47",
              "ami-08fc755fdbb41f113",
              "ami-0ef487fe7bf6bf634",
              "ami-0d4f03b36b6ffbe9b",
              "ami-04ff3b97e4a48d8e0",
              "ami-0cc64754e3a1e05d6",
              "ami-07d2a375de094f591",
              "ami-0a965e58c481fc409",
              "ami-0e08064b1c76dbc24",
              "ami-00ab1614b421d5575",
              "ami-0e31a464e02c60a0d",
              "ami-0a6ac4d7d006668f4",
              "ami-0788506a76f4ebe12",
              "ami-0827fa0b915b8671a",
              "ami-0ad2b7bfabfb9a447",
              "ami-06e2516b21425b95e",
              "ami-04261778300576a86",
              "ami-0d7ed957050b0f93a",
              "ami-0345002d9d6cc967e",
              "ami-0200609fdff0418fe",
              "ami-02402fe3f6a16d815",
              "ami-05acd4900785ce720",
              "ami-0fef5ca9298909d94",
              "ami-04540f32c7dfd002f",
              "ami-0eb45246cba02871b",
              "ami-07f28d1f21edbd215",
              "ami-083c3f0d948716381",
              "ami-044238dc0ff5b8208",
              "ami-0d91a7c2ab81726af",
              "ami-07ea7b498e099cc90",
              "ami-0f9d660408642c4fc",
              "ami-0c42fabe53a0b9ef2",
              "ami-09f051f58155b8a54",
              "ami-0f9a6ef6161e2997b",
              "ami-0c664d46f96020ace",
              "ami-0319e6539c622f222",
              "ami-0d26b3d2376da2e53",
              "ami-0bb413b5899398d73",
              "ami-00a02643ec6a10051",
              "ami-06a8057d9b6a06ee6",
              "ami-0486cafbb8f4a618e",
              "ami-02d8fb5b56e401a0b",
              "ami-0c3933454f46df31a",
              "ami-04907af6ce6795cea",
              "ami-0768f26d5345787aa",
              "ami-09fff39455eafe6ab",
              "ami-02da89ddc4cc9ed18",
              "ami-01a6c22fe6621a9a2",
              "ami-0600b32f7050bc009",
              "ami-0184e674549ab8432",
              "ami-0b97289ac33e1aaf2",
              "ami-0fc26e846ce548077",
              "ami-0e0a149dce83862fc",
              "ami-0b414b505acbdc189",
              "ami-0b7603ecf39425754",
              "ami-08487642d5398ccf3",
              "ami-07273539c54685a2a",
              "ami-06b2bca3b3c329a06",
              "ami-01f344794919fc830",
              "ami-047bd0908a07b7fcb",
              "ami-07c31dd1de1769d89",
              "ami-0b9bf20e7cd585238",
              "ami-02d89446511f3fa49",
              "ami-09e505bfef09904d2",
              "ami-0e59e908b64edd1dd",
              "ami-06ae1b1c767cdc19b",
              "ami-0abd5111fed87d38e",
              "ami-0c34d85c5fdcceb7b",
              "ami-0b65eeb138ba44899",
              "ami-0f91f3a7362d0e44f",
              "ami-077339cc9dd60f9e0",
              "ami-0457ba0e9e04cd315",
              "ami-0536cb669c97e13fc",
              "ami-085af88671594876b",
              "ami-0f7796daf2ff9a426",
              "ami-0c97c2ad9e1c63d9e",
              "ami-0d617685b6deb3cbe",
              "ami-0f741c4fa45c567e0",
              "ami-0efcc86206ed2ddd8",
              "ami-0d77b6b2e3edb8765",
              "ami-0f5738f270e78fa16",
              "ami-054bdd7f6d1084c99",
              "ami-07a0f396e6eb97c9f",
              "ami-05a67547556730c75",
              "ami-0f376b16c0a4bdd8e",
              "ami-0398a05f04b20566c",
              "ami-0dca74cd0f033f168",
              "ami-0d0f0878b87f468aa",
              "ami-0c0b9b4a61edacdad",
              "ami-09171e3b66a4cb408",
              "ami-0269f318311f079c4",
              "ami-0ac44af394b7d6689",
              "ami-062093ccaa805fd0d",
              "ami-05837ea3e41f3fde3",
              "ami-0152463cdcae9baf1",
              "ami-08eb0efab992765d6",
              "ami-0c3c17933e1cb9b6c",
              "ami-034d9417f727bdd71",
              "ami-0a12a4494f6b14e04",
              "ami-0882c933a188c1902",
              "ami-02b20c721872d8c26",
              "ami-08727b6d7108669b1",
              "ami-00f3cd5c2ec1a2d95",
              "ami-0315a0f9a2eebb0c4",
              "ami-08ef49151e4857468",
              "ami-032933c4f7c4660fa",
              "ami-0424b3d654b495069",
              "ami-035f5481f783f5b02",
              "ami-0c4c1e8038501db69",
              "ami-003b228d23fc61e2b",
              "ami-0734457800e123841",
              "ami-00fb2afa8b6f18940",
              "ami-0fbd9ddecc786a3d5",
              "ami-08de45d538c40ad02",
              "ami-03a1f6578ae14030b",
              "ami-0102d7284c31d3d46",
              "ami-04ea137270a0c7aa6",
              "ami-0136a3aef5b2db392",
              "ami-01f18be4e32df20e2",
              "ami-0c76ec1c339c9f28f",
              "ami-0918648acdfc47701",
              "ami-0c2949c0d8a8d1744",
              "ami-08835d59b6f23ebad",
              "ami-0bffccbabe3f1d03b",
              "ami-05bca58cd6d020874",
              "ami-0ebc2adbceeb131f1",
              "ami-0aa8a833af5be22bd",
              "ami-0b0e701401342c3b3",
              "ami-00e1e913444ffe5d8",
              "ami-00a79574b24fa771d",
              "ami-047c4f197473f647e",
              "ami-0e602b4b317d9f9fe",
              "ami-0dd3aca9f59a11265",
              "ami-0e5a7471421549a12",
              "ami-0be27581a63488bd1",
              "ami-05bb72652431a983d",
              "ami-03a74c417ea858212",
              "ami-098e2d2d225d29caf",
              "ami-0048f400c8444eebb",
              "ami-0ea57bf4c0ca8c07f",
              "ami-0d4b9adc2a5e78823",
              "ami-089986b20fa4c687b",
              "ami-04e0fb8a384fddedd",
              "ami-0a7db48036de958e9",
              "ami-06bc89a3d59c3f0f8",
              "ami-0f3aeb9c75c362039",
              "ami-0bd2804ff86b35dd8",
              "ami-042af35ea75e47cad",
              "ami-0d6fc4fb144bfeac5",
              "ami-0d3ce67baaa3f812f",
              "ami-05af1d7d228ce34f0",
              "ami-06f0eefa83c08ba48",
              "ami-01af6b3abf45ec711",
              "ami-0e8b3cc8105e43eda",
              "ami-073d268abc95e332c",
              "ami-02a42cb406738df2c",
              "ami-0c8580ce7d021ae09",
              "ami-0852646d4f37b8e4d",
              "ami-0b71a8eb528d08b9b",
              "ami-0a7c6d993f1f4ce98",
              "ami-0c78ea04b64e09787",
              "ami-09f7446670e9d0e5e",
              "ami-0470dad867892d9b6",
              "ami-0cbd87a9680d5e971",
              "ami-02b34f56a71602391",
              "ami-02a53104a3b1449a5",
              "ami-07408363018ac6324",
              "ami-0b88a6f5eb7587a0b",
              "ami-0e70ed1f1258f9821",
              "ami-064778a640adaa6d5",
              "ami-0e0538ee297af01a4",
              "ami-00501be54b9c6158b",
              "ami-09a3aab0d319de4b2",
              "ami-040679db5ace4593e",
              "ami-04a817f7d24447f55",
              "ami-08b1be5f954e748bf",
              "ami-00ff481e776f6a0c2",
              "ami-00f8662da7d2ffc72",
              "ami-0744f448260298d1f",
              "ami-08268ade96f280256",
              "ami-0062b04a8c01851bf",
              "ami-07a9626a8e3cc139e",
              "ami-0a3a0883effbb4a7d",
              "ami-0fa18be53383c436e",
              "ami-0e70504ab0b25129b",
              "ami-098521ba0d1bcb9d2",
              "ami-0bab6e6e5d6d55caf",
              "ami-0475fe2c857911335",
              "ami-0bcfafb3171f1a4c5",
              "ami-0bd876e8549f33293",
              "ami-09c9c918b843db6f3",
              "ami-0a8de1daf2d346ed0",
              "ami-06828368e8b69786c",
              "ami-06216478db7086282",
              "ami-0365b32f7dba29948",
              "ami-0e39ac2990df24b25",
              "ami-0c7f08ac30310c456",
              "ami-09124da4d29f9e031",
              "ami-0023b587ae8c20b2f",
              "ami-0fd3fdc59cbf1b1b5",
              "ami-058a523fd91e514c8",
              "ami-093c97dee03de118b",
              "ami-03827c4fe4eb4e48f",
              "ami-069f48ea8d0ece906",
              "ami-02edc61f75529af43",
              "ami-0c6a5687e750bce9c",
              "ami-03ac1ceb652b26442",
              "ami-066c2180c5ec6a027",
              "ami-04ca8c64160cd4188",
              "ami-06024fd1c97983bc8",
              "ami-0e54da3c13e818ccd",
              "ami-0b6c84e5b7597ac62",
              "ami-0890b1a4318019c0e",
              "ami-0f5b35855288529c4",
              "ami-0b860b555a071dc60",
              "ami-04599d1c46d50b6c2",
              "ami-07181d2cfc71796aa",
              "ami-0234099db651a31bf",
              "ami-082af041c6f514b04",
              "ami-07aa50c872541e092",
              "ami-0bc976d616649ef7d",
              "ami-082ef5337e086ab05",
              "ami-0fd7df4d181e83bf5",
              "ami-0c3e43c713b353339",
              "ami-022a7d4f337d6a416",
              "ami-04afd4ab5264aa159",
              "ami-0cad070a63a93874b",
              "ami-0f279706cf25db470",
              "ami-0b5de13ddb56df332",
              "ami-09d8ea8111d63d755",
              "ami-0c5a023e151401fdf",
              "ami-0c4dbea8fcb93fd41",
              "ami-046cf27cdee2fe049",
              "ami-04a86cbfd3c6e6167",
              "ami-02e1911199bba3db0",
              "ami-08c5567eac9619288",
              "ami-080f20510f42cb03f",
              "ami-004fac3d4533a2541",
              "ami-091cd7216849c6290",
              "ami-03651cbe342c63552",
              "ami-03173d9c1b7d20ca9",
              "ami-052877537134385cb",
              "ami-062b4f644bac5661d",
              "ami-007e3c10ab01a557e",
              "ami-0549f4f85cfbd4013",
              "ami-00a051832029cf09f",
              "ami-0312b62c6d43866cc",
              "ami-067c302e8c27e9b08",
              "ami-0cad44fd7969d4efa",
              "ami-09c72b700ac418196",
              "ami-0ad53c4dfdfd77ef1",
              "ami-0aa25ee7b64ffdb35",
              "ami-0cf87db1d0b059179",
              "ami-022f50fddaca06935",
              "ami-0d34dd68bafc0aa61",
              "ami-047e0f4f25e43196d",
              "ami-053d61dfb9b1d269d",
              "ami-0e7736adce19ce92d",
              "ami-06fc099e3f1e528fb",
              "ami-078409bffe99f3c91",
              "ami-0f82a79add0aa9904",
              "ami-0a884a2c0393c9088",
              "ami-0d5ea36ef4f9cd879",
              "ami-0a421eabda964a430",
              "ami-0c8511b654ca5b95d",
              "ami-0dccc7fa778e4f49b",
              "ami-036bd3bd3fdfb0801",
              "ami-053b6c7eae40b30d5",
              "ami-0c571fd2eb292b5d7",
              "ami-00fb485d8b5771a0d",
              "ami-0370ed914c0553ab8",
              "ami-0a4d1ca5b4c8a5ed1",
              "ami-056d52066fb4db534",
              "ami-0102b570e162495bf",
              "ami-0470217f11782897e",
              "ami-0675c917db893e743",
              "ami-0175b37bc70641a29",
              "ami-048f2d77855069ef2",
              "ami-07956ba46a0e6f732",
              "ami-0d55d0b437e4b10db",
              "ami-04312fc2a8db15465",
              "ami-0ead150522a5a30e1",
              "ami-0c0591dd3af777fe4",
              "ami-0ed95cedec0b98f24",
              "ami-034fa110e27f005d2",
              "ami-08ddbe20d7e0d2f8f",
              "ami-0f5ec0c71d19f1d81",
              "ami-059ceee9b54b93e6a",
              "ami-03b854bb3da554ee1",
              "ami-0c41531b8d18cc72b",
              "ami-04d8dd8e8170dc6d1",
              "ami-020cb037342d0e447",
              "ami-026bea9963211488d",
              "ami-02e4099f21d40f7d8",
              "ami-0942b9e26848e970a",
              "ami-00eee4ef9f0772651",
              "ami-03dd9a454711cb08d",
              "ami-07cc709076234237d",
              "ami-098f2c600db28f9b6",
              "ami-01055947d1b9ca2ff",
              "ami-0ceae1a7b5bf77a40",
              "ami-0034b069e79674251",
              "ami-0f875285f64a7a42a",
              "ami-0f34d2562f6259c7a",
              "ami-0c43c383dc5130973",
              "ami-0b380e2bcb8f5ab8c",
              "ami-08072bab22de6539f",
              "ami-0ccafbc49672321c8",
              "ami-0873ca9f2a7e36d8d",
              "ami-0af1083408b26e8e1",
              "ami-0f14b046eb4cef9a3",
              "ami-07dea1df076b6f43c",
              "ami-0848951f552fd7605",
              "ami-0076b30a832c25ac4",
              "ami-09587fdc02cfe50c6",
              "ami-0f700dcad316f60af",
              "ami-0aa6392c0deeedb31",
              "ami-029a48aeeb0596072",
              "ami-05701395899bbfce8",
              "ami-0ec13bd7762c5fe7b",
              "ami-0034b24c0e591c2f7",
              "ami-0b9fc43dff99ea5c0",
              "ami-02402bafd03c7fc92",
              "ami-099eed5edcf5e6933",
              "ami-01f486f0a3199ce33",
              "ami-08cdd560bd74c1445",
              "ami-099baa832e465d921",
              "ami-0e711f70ec953f8f2",
              "ami-06e4357586b83ac2b",
              "ami-043c806a5bf5d130d",
              "ami-0ac5de81d59820fe7",
              "ami-06617bf3bc9d56b60",
              "ami-014f4a6613051ebc4",
              "ami-02e2a2170b34e7221",
              "ami-0e244fe801cf5a510",
              "ami-04e5d7fbf5e337b41",
              "ami-085ff8af4815cb22b",
              "ami-01810f8fde84746af",
              "ami-00f495e462c12d066",
              "ami-08a54cb630e8e6bf2",
              "ami-0b49965e312677767",
              "ami-06f500e5ab3308bfc",
              "ami-0708edb40a885c6ee",
              "ami-018de2edc3db7bbe5",
              "ami-000d4fb03b8860121",
              "ami-0ce52eb7b1acfe538",
              "ami-0a6734a555e634504",
              "ami-0a1e5bb2b0fcfd325",
              "ami-0cea9d146828d843f",
              "ami-09589b2baa9b000e8",
              "ami-0db2a9c9716a13ef3",
              "ami-03c83385b48e15913",
              "ami-0537086bf4ec966b6",
              "ami-0b175016fa5d61a6c",
              "ami-0e2a5ed4d04d31930",
              "ami-0610039ae01c190ef",
              "ami-07746edc1e65f4f84",
              "ami-0dce57de6dcc3a6cc",
              "ami-061c10a2cb32f3491",
              "ami-09db26f1ef0a9f406",
              "ami-078d455b3b6ad0d4e",
              "ami-00d4818016ddb0d15",
              "ami-0868e6c888c2ec93d",
              "ami-04c5ee84c3df5fc40",
              "ami-082f2e1835ffff5ae",
              "ami-065b4e65cabba162e",
              "ami-0276493f861178745",
              "ami-0f1f2f72bd27c72cc",
              "ami-05a6759741d19949c",
              "ami-04e5361f929f41814",
              "ami-083380772bae49728",
              "ami-06b8394dbc01f1c4c",
              "ami-0363e3ca2703bfe20",
              "ami-031968032c460f0cd",
              "ami-0238411fb452f8275",
              "ami-0cc795c9433c7c2e9",
              "ami-024055f2231264822",
              "ami-0ffbbab2912026aba",
              "ami-06640050dc3f556bb",
              "ami-03785a536240702b4",
              "ami-0ea58dfd24fc5cb03",
              "ami-04a722d90f88e6dff",
              "ami-06948625d2c931927",
              "ami-0197aa1c2cb312ab9",
              "ami-0742080191f743259",
              "ami-021d370cde2de187c",
              "ami-0a080b663dd3ed716",
              "ami-09e37faebf1206500",
              "ami-0e79bc3a5e2b5ad9e",
              "ami-0b8f7b04a83cc6f8e",
              "ami-04bd5fe407f4e9a5b",
              "ami-06375a28280adb7f3",
              "ami-0d0c4703932966c8c",
              "ami-0845e117f45fc3773",
              "ami-0e92ff042f4c4c6a8",
              "ami-0b2ad70e47a6d581c",
              "ami-05c85d1248f992c97",
              "ami-0ddf786d65d56085c",
              "ami-09d4dba4561b03d59",
              "ami-0f13458a9666ebb53",
              "ami-018b81dca4bee3376",
              "ami-09a41e26df464c548",
              "ami-0d51fb3c91fde05a2",
              "ami-0400f7f283712d5a4",
              "ami-07743da23281dbbdc",
              "ami-0395686f9bfc618cc",
              "ami-04d97598bb9e11e51",
              "ami-059bc4d22e3c06ccc",
              "ami-0121a18a8ee4951cc",
              "ami-0a3cf88a180476272",
              "ami-009c62fdd5100d0f7",
              "ami-0e3b9de2d94b98dfa",
              "ami-012e310dd2727f4d7",
              "ami-0e5060cba0e3ee67a",
              "ami-0ab91b91122ea000b",
              "ami-04a2915f7ad760aa5",
              "ami-0b67ca9db6578ebcc",
              "ami-0f0690ad7e1259ed9",
              "ami-0ac88fdf3950210eb",
              "ami-00da371a835b532a3",
              "ami-01e41600129bfa2e9",
              "ami-03996d333877881af",
              "ami-020cb2ab8f5524f3a",
              "ami-092550ec55b62896a",
              "ami-0e6047565374e454d",
              "ami-0b8db6b0d547e55e7",
              "ami-04082fa7bfd6e4499",
              "ami-014c506b1aa27b5dd",
              "ami-02ab7a94087469ecc",
              "ami-08ccdc51c78d25995",
              "ami-0ce63599da5c81d38",
              "ami-0199dfe1a3b214d65",
              "ami-044a2e09b04936759",
              "ami-0507df004191c766a",
              "ami-088d9970428810a2a",
              "ami-0abb69e99cb18cf81",
              "ami-026cbb107b7adb228",
              "ami-0d315c292d7553100",
              "ami-020f700beed4b0611",
              "ami-073c794684438d1f0",
              "ami-02cff2ca31e416b37",
              "ami-01d70eb0761612cfc",
              "ami-0d929c724bcb411d5",
              "ami-0df8f46c91d4dae70",
              "ami-0f99682467e025a71",
              "ami-0699b0813ce498203",
              "ami-03bd6956d47cc085f",
              "ami-0d78bb672490497dd",
              "ami-0778bada272abc05a",
              "ami-0eef07a01767fc8d7",
              "ami-0f767f6e9495318cf",
              "ami-0fd9c01b73d07f275",
              "ami-0af021e99b47e0e7e",
              "ami-0df6fecfa2453d0fe",
              "ami-0cb5281bb6393dd16",
              "ami-0ad8855322abb2357",
              "ami-033542a74e4a746d8",
              "ami-0592c370ca610c1d8",
              "ami-07a6930c99fbc9f46",
              "ami-0fb604efcd6aaf3d5",
              "ami-01d4c34b5c54633e1",
              "ami-0ed01d017547d7b22",
              "ami-060fd09253a253472",
              "ami-08ccac1975f8b878b",
              "ami-013675932238b286d",
              "ami-06257b3a676e31629",
              "ami-0e53bba4c332806bf",
              "ami-0a391fdc518fc8a51",
              "ami-01dc844c25f85af9b",
              "ami-0022f774911c1d690",
              "ami-08a2c0be79d625c05",
              "ami-0d5ec226cddfdb115",
              "ami-00d518a83a74dce0a",
              "ami-06eecef118bbf9259",
              "ami-049df77f425f0665c",
              "ami-08938d43921654967",
              "ami-02ebc35a178f4c2ed",
              "ami-0616f5b10548cf238",
              "ami-0e449176cecc3e577",
              "ami-0b2cfab528e80fe30",
              "ami-0f11a00ed60d59b6a",
              "ami-090230ed0c6b13c74",
              "ami-0fdee8381d65ae840",
              "ami-03425b05eb306062f",
              "ami-0f8b99c2c5bd2b9a3",
              "ami-077f4dcd20ed5ed5d",
              "ami-0b6d1797112bee038",
              "ami-00f6c6c9a6475dfeb",
              "ami-0063be17299cc8ade",
              "ami-0f9d0bfde442d9bb3",
              "ami-034bdfda60dd7f51c",
              "ami-0e0bc4ffe41731cb8",
              "ami-02378b2c794694d64",
              "ami-0be2de120f8800216",
              "ami-01eec788c98cfb850",
              "ami-01d97fe568b9a834e",
              "ami-07d120b5b2a02cff1",
              "ami-02042030c439f33e3",
              "ami-099bc67a2500003c1",
              "ami-002c19d2da8617851",
              "ami-0a3ebdc9cdc8bde9e",
              "ami-0b955b5628c647156",
              "ami-0bb007bc08d597294",
              "ami-0237156a9d74f364e",
              "ami-0b84b0120f141e947",
              "ami-09b96a7bd70ef4c26",
              "ami-0898883bb83975efa",
              "ami-06ade7001a2ca2c35",
              "ami-0166d92fb97595005",
              "ami-057a31651df053c1b",
              "ami-06f19dd9d9aa1f40e",
              "ami-032c9cfa130c53c74",
              "ami-02236b5e3ea3658c1",
              "ami-00cdab02644c3447a",
              "ami-00bccc0e162784936",
              "ami-0ee25be3df686b8bd",
              "ami-08f48d82f00dfd518",
              "ami-00ef89ba4e886a731",
              "ami-0da4acb202ff31011",
              "ami-0560457afae4b657f",
              "ami-092285ac56e2744fb",
              "ami-0163ef78072b35ed7",
              "ami-0e6609d7bc4001103",
              "ami-00f38d0ecf4bdfafe",
              "ami-00e271284f6e6ae84",
              "ami-0c14cf961ee5656ea",
              "ami-0f4e907ac7bf53519",
              "ami-0affaf3737fce03b3",
              "ami-04582bbc692ca3bdb",
              "ami-03297dd2c45657fd8",
              "ami-03ac1356c97bbfcce",
              "ami-0bcade786f5b36675",
              "ami-04cb50825831c8579",
              "ami-0624095efa1370253",
              "ami-0d065597f50324b4c",
              "ami-00756b739024b9a3a",
              "ami-064378f0c6bb6ce4d",
              "ami-0888dc4fdab9f6335",
              "ami-096df4a19c1ce69d2",
              "ami-0ed8810da008c4bd4",
              "ami-03117248e76d83ec8",
              "ami-079bdd5cff6c6cb3b",
              "ami-0b2f5ede338977c46",
              "ami-099dd6ca3911ac249",
              "ami-0bb63b0c57fe838c2",
              "ami-0917ddff1368112de",
              "ami-0d19b50cf9d924fa0",
              "ami-0b7a30aead45eb4df",
              "ami-0fa127eb0906e51c5",
              "ami-04c85ee1565d2c7f7",
              "ami-00c14384e5c824c0d",
              "ami-06b886160c275a280",
              "ami-0cbc2626fc77aba9c",
              "ami-0af866e6722bb90be",
              "ami-0a0bc0528dfb10bf1",
              "ami-0b787c7cad7d89574",
              "ami-0867c5a6cf842df34",
              "ami-02aa5afb88f0fe440",
              "ami-025388664dc56be89",
              "ami-0c4f52f1b383133a9",
              "ami-0c5d22e56fcc35df0",
              "ami-0e4e813081cbf1a75",
              "ami-0d80e9361403bfaf1",
              "ami-013475b81a10663b6",
              "ami-08d2267ddd3a1e3da",
              "ami-0200e544a64a8d952",
              "ami-0c22db80d0a18b2fc",
              "ami-0cd2947c96fce3737",
              "ami-077c503148de08fcf",
              "ami-0da430fb18d67c4d0",
              "ami-0e300139e1e49ba96",
              "ami-024856aebd1c4b7c0",
              "ami-004b59cde48321881",
              "ami-0b49d946ace8b6ae6",
              "ami-024a10303c8da0cbf",
              "ami-0e9a48cd4cdb365e9",
              "ami-0a050614489600061",
              "ami-07d6015150363051c",
              "ami-0303bc357c7622b3b",
              "ami-0375814eb24dbee51",
              "ami-059f446cb7e62df83",
              "ami-0f009e0cb83522eef",
              "ami-04b8989e3add19cad",
              "ami-0a57056a33fe2ae7a",
              "ami-0178953f41bc37fea",
              "ami-0d21205f318b2a8ed",
              "ami-0f44b8ac3a9db51b3",
              "ami-09ffe039922b6bea1",
              "ami-0335c810ce25e8c94",
              "ami-00701705041ae4c8b",
              "ami-08434cb9113ad5afa",
              "ami-098213ddae9855858",
              "ami-0ad6db570b62355f0",
              "ami-0959e831ad75dd8a9",
              "ami-05eef4ef1bf6ea89c",
              "ami-0b9b27622a31d9d07",
              "ami-00417b13bff077ed8",
              "ami-0766e2a71b0cb3bad",
              "ami-0bbb38b4face1b9c4",
              "ami-08effe284ff31762d",
              "ami-085049e502ed54091",
              "ami-0d400e5842f6aba3f",
              "ami-087accf2d659b3225",
              "ami-0913ce02ce00eecee",
              "ami-0730d3e2768e9c9ff",
              "ami-01a178d343027efac",
              "ami-074226b13a8453b95",
              "ami-0ba11515c7336e7b8",
              "ami-0d971e6f99a586ea9",
              "ami-0dea158226ea7d7b4",
              "ami-0d42981428dd5a5b6",
              "ami-0e7e0d818fc0aaf8a",
              "ami-0565baab33827bf7c",
              "ami-05179e1815b238699",
              "ami-09cae16b82dde1153",
              "ami-01a09362cdb8f50b3",
              "ami-027fb45cbec9d71a8",
              "ami-022d3b138aab73d98",
              "ami-0281494f7c4eb37d1",
              "ami-07872f6b96fa5bccd",
              "ami-05ff34e4e99cd267b",
              "ami-0ad9600b3719f8a53",
              "ami-03b85ddc5b923bb9f",
              "ami-05911b9b4df1172c7",
              "ami-0e3321c1d07afe8fa",
              "ami-01655c92ba13d5342",
              "ami-0f2058ad3e4d642c5",
              "ami-0a04a6863547b92dd",
              "ami-073d31d7657271fc7",
              "ami-0f65371bb5e5a55b1",
              "ami-0181ccc228bd0ebf6",
              "ami-0bd9fb46713e6ff06",
              "ami-0422c5a51ce3dde95",
              "ami-07f3f6dc62ff9def8",
              "ami-0454e5ba8d026d203",
              "ami-0af79a5d800ac60cd",
              "ami-0355a5abcdccc3569",
              "ami-04496adea7331bf93",
              "ami-0dbac8a3c06e561b9",
              "ami-085e959cc4bce0f19",
              "ami-057a2250cab72603c",
              "ami-0bf81e7c71d4390e5",
              "ami-030fbdeb27aea4e8c",
              "ami-032a1566a69bfa9c9",
              "ami-062b4944c197e9f62",
              "ami-0ea0340eefd841b9f",
              "ami-00c4d07e49e7df4f9",
              "ami-0d3472db61ef514ae",
              "ami-0615ddaaeab35ac53",
              "ami-0684b843e523a1165",
              "ami-077b36c4a86745614",
              "ami-02ddaf75821f25213",
              "ami-09d56f8956ab235b3",
              "ami-0547027565db58593",
              "ami-0e54bd1b1fdc37ef9",
              "ami-076a9d97fe04b571a",
              "ami-0ecde3afc273fd8ac",
              "ami-066146ec3683c744b",
              "ami-0881c7b8893f4afc4",
              "ami-0cf4759bbc4767ce8",
              "ami-0686ef0ba451a05ed",
              "ami-0f3e5b807c2e55267",
              "ami-0b3fdf4304c081859",
              "ami-0f260fe26c2826a3d",
              "ami-0bed0a25ad1eafbac",
              "ami-0edb8463f6494619c",
              "ami-08fa5719ca4b68ff8",
              "ami-02ef5edd11a085f2e",
              "ami-0016b0cec0835d030",
              "ami-0aacd919244ce9f2c",
              "ami-02b2b56786523ff43",
              "ami-08aa5c88bd3dd4ec6",
              "ami-00ae40338fedda193",
              "ami-0bd73d9361324d1ae",
              "ami-0eee15b8096c92ba5",
              "ami-0e74e7201194cff60",
              "ami-0277383b53d4b97d3",
              "ami-0df6f5de318bf7a7e",
              "ami-07c6a69fc59bb7da2",
              "ami-0af728b921a4d42da",
              "ami-048a9d5e3a0d314d9",
              "ami-093d1fc1062c1ebb4",
              "ami-0ff419be951a83432",
              "ami-0b10b5f3bdb29b808",
              "ami-0d6ce4672de08cdb2",
              "ami-03ee79f29638a983b",
              "ami-0697d675c14110c54",
              "ami-05f0aee903f31946d",
              "ami-097da19dba03a963b",
              "ami-0f9fc25dd2506cf6d",
              "ami-06ddcd94d9447ad22",
              "ami-0d70a59d7191a8079",
              "ami-0aa0bd97f3a52e9a3",
              "ami-00db75007d6c5c578",
              "ami-0c4f7023847b90238",
              "ami-0e92908cefd769607",
              "ami-0e15dbd4599fc00fa",
              "ami-0dc7f10178a3f9665",
              "ami-06b8f0fe534eceb95",
              "ami-0a5e1685292de47bb",
              "ami-02f3470b34b05464a",
              "ami-0420f033505b7d7b1",
              "ami-0df15cd5d05f0b447",
              "ami-093ccbdd5f01b4b3f",
              "ami-0450350f978229ccd",
              "ami-0a84362f896c66694",
              "ami-0a41f65b57aa295dc",
              "ami-0c4db42f9a3a1a2cd",
              "ami-09d413ca89be5b225",
              "ami-0f5198b7175bb46c4",
              "ami-00a71431d5c941f20",
              "ami-0d40857e362f7183f",
              "ami-0ac4973fd719b9c31",
              "ami-0f49774d73447078e",
              "ami-09155ba78dfb53035",
              "ami-0b411a470746e76cd",
              "ami-07a1f3ffed072bcb3",
              "ami-00dd9176285e258cf",
              "ami-0021f493aaf53a59c",
              "ami-02b6fa917b993407b",
              "ami-0f7202adb8ed7676a",
              "ami-0bfc46ccca30e8f2f",
              "ami-0874d82d2138e9fd1",
              "ami-0818fa3f04b2e3151",
              "ami-0ab43aef0414849fe",
              "ami-05b76253bc95fb140",
              "ami-02160391b456f1164",
              "ami-084cba7e54c411283",
              "ami-0dddc64bc72740146",
              "ami-09312d8c64eda75c1",
              "ami-025e8ae92c7b6ff27",
              "ami-02ff40196edb2f285",
              "ami-0b356ed0bda55866b",
              "ami-0aec7e8e51922d73e",
              "ami-02ad71b12f6c813ab",
              "ami-098a2d8d534258ab4",
              "ami-05c2d0da94e3c8511",
              "ami-04d34cea0764f0756",
              "ami-0037ce933fd648efb",
              "ami-0fefbca317afad715",
              "ami-0f00dcd574004b106",
              "ami-080032650e8029054",
              "ami-0bcc7796fc1f46b88",
              "ami-05b606035c940befb",
              "ami-05e3a34558d65747f",
              "ami-0eef46d6497c57430",
              "ami-064f1bfbe10d079be",
              "ami-0523e4d5955b6fe3d",
              "ami-0d417be6476a09ff5",
              "ami-053ff96cc50963f1a",
              "ami-0e222121ee6bfcc52",
              "ami-03ededff12e34e59e",
              "ami-0eb7f040fe8e6172a",
              "ami-056070016ddc33404",
              "ami-0a3c14e1ddbe7f23c",
              "ami-03c8ead5922bf8082",
              "ami-07b39a23ecf25a4fc",
              "ami-06907f25f0b94ce80",
              "ami-0482730ee38e3f893",
              "ami-0c0a9ea029dc85412",
              "ami-04ee85818705ec082",
              "ami-06aa8eb164f942909",
              "ami-0280eb4826d66c51e",
              "ami-0abfe7adcddf14e0f",
              "ami-005de95e8ff495156",
              "ami-05cd857a6ff843d22",
              "ami-0c0daf21ea1cfdaaa",
              "ami-02988795caaf25e29",
              "ami-03bd3740ed9940ea6",
              "ami-0cdf2d45c2157884a",
              "ami-0913031b6bfcd7b4d",
              "ami-0d62bb3fdf0b8f3c7",
              "ami-087663582da473c48",
              "ami-0b9666e29e577e02e",
              "ami-0b234f38dd35fd35c",
              "ami-087de15a22879b9ef",
              "ami-0dfda8a3ee7678578",
              "ami-09958659019a5c00a",
              "ami-0ee55c409b386b4d4",
              "ami-0ad1f44164b5bce8d",
              "ami-08b0ffd55732c3db0",
              "ami-0a6d2181a7d97da31",
              "ami-0b1fff7e2e2b0a3d2",
              "ami-0c3344bef2cee0e1f",
              "ami-08522bfcdd59426c5",
              "ami-0b509b2d152460f47",
              "ami-0547fe1b3487e40ed",
              "ami-0e94448c674213c2d",
              "ami-0f82b3d66772a4cdb",
              "ami-0ae554092ee394899",
              "ami-01b3d6430195c817d",
              "ami-063282f1aaaabb713",
              "ami-0a118ce8036bb1fba",
              "ami-046b08032d86b3b00",
              "ami-0ac9a04f3b05d1f9c",
              "ami-036d82cfd2046804f",
              "ami-021459f803b12f50f",
              "ami-0191326ecbbd5da5a",
              "ami-082f9b90dfacf9bf0",
              "ami-0de537e93c519f366",
              "ami-05555e84caba063d8",
              "ami-01dcf3796573d6aa3",
              "ami-01706148a9940f70a",
              "ami-05a282ba7e9059211",
              "ami-0d298810bbe4eba36",
              "ami-05cf91c2689ee844e",
              "ami-0e4099bc530537abc",
              "ami-071ef7c1dc3932745",
              "ami-0c6f20e00e2f5869a",
              "ami-0eaf569a479564dab",
              "ami-016f263aaf31e0fb1",
              "ami-0340a9f3d41a6c1f7",
              "ami-06a97ffb4bd275b07",
              "ami-0bd36db6dd970ebd2",
              "ami-0b7818dc2a302ba0e",
              "ami-0b6e6b5d6361b7419",
              "ami-0aee57ea9efe6baa4",
              "ami-0ffd56d3fada60d5a",
              "ami-0b26e24b202db87a2",
              "ami-070f5d09ec79a58c3",
              "ami-02671a3bc281d34cc",
              "ami-07575c3c3cdafc902",
              "ami-0f5323f485102c4a8",
              "ami-01b3431c92a00f481",
              "ami-05ce33f8163aff66f",
              "ami-0a233220062b80a4b",
              "ami-0909024919c004662",
              "ami-0e06e4a097e1a33be",
              "ami-023121b2eb0ca8e3d",
              "ami-0fd63e471b04e22d0",
              "ami-0e75925a24529ea06",
              "ami-020c55827bbe89235",
              "ami-0ed03589324acf43c",
              "ami-034c1553215e6644f",
              "ami-096f14c97490f2fc4",
              "ami-01d8eb2da15770be3",
              "ami-0c3da64f639987cfb",
              "ami-071dccebcb1eeddd8",
              "ami-0032177d5094a7a11",
              "ami-0b60272f57e4477f4",
              "ami-04700a7af08888554",
              "ami-0c4221dbfdacfda12",
              "ami-02f29c095430282d4",
              "ami-0c45cfcf6c66dd9ec",
              "ami-02b61da4b11aa96a2",
              "ami-009ad092b24cdc915",
              "ami-0b4f04242f4dfbab9",
              "ami-0b0d3acc64c7828d1",
              "ami-06262d93d31949b67",
              "ami-091eb28e92c4526ae",
              "ami-0994188d0b1ac20e6",
              "ami-000ff1d1eba261c2e",
              "ami-09eb32d4912a64b22",
              "ami-03eaa9875bac0cb34",
              "ami-055c17fd7b00e4be1",
              "ami-078236647ecf24e71",
              "ami-09bebfeddc3830457",
              "ami-03328128989b052eb",
              "ami-089ee2602a3f6436e",
              "ami-09b05cbc4614d9082",
              "ami-01434a3f1dd064c3d",
              "ami-069b88c4e4d738ba7",
              "ami-072b14d9b2200a94b",
              "ami-0e0e22b01309d5477",
              "ami-03b4f4f1b5655d415",
              "ami-0403bb4876c18c180",
              "ami-0d82da962c81d0a85",
              "ami-0eed3fcec29e36782",
              "ami-0f9e53408da9abe5a",
              "ami-07b983d476a7ec371",
              "ami-0aaed5ce26cecddf2",
              "ami-06c5de47088b22227",
              "ami-0b64e85b6078c42d3",
              "ami-06cc6cb16ab9f297a",
              "ami-07194c1e59f365caf",
              "ami-0e4cdd20e9746fd90",
              "ami-0ed5aaab308ae5036",
              "ami-0719b1b7764063738",
              "ami-0ca1bb78f1514d31d",
              "ami-0de30b6e4682d85d5",
              "ami-0b6120d63bef8e47a",
              "ami-08904b7fa147e8353",
              "ami-0e9b1b2a9f5248ce5",
              "ami-010a32a58eaa1938a",
              "ami-08173b1550c6adcdd",
              "ami-049657437b66e6fec",
              "ami-0e9daa22dac99690c",
              "ami-0208736669a9c8d39",
              "ami-0c7575396f78f3c56",
              "ami-0f836c80c99e0688d",
              "ami-0b5ea9baf0a993446",
              "ami-00b92de195b1d5bd7",
              "ami-0607551e7783e0b29",
              "ami-0434cb15bda0692c3",
              "ami-068755c64f4b2432c",
              "ami-07f07599acde975db",
              "ami-06fffbb91c1dc6b7c",
              "ami-00ff1d11a3be6e101",
              "ami-0ed28274002aa2829",
              "ami-0426a42f991e87450",
              "ami-055bf98e6dbc4c8d3",
              "ami-0d83ded82ad083a1f",
              "ami-0fc3f7eb77994ddc2",
              "ami-0327e3670dc469229",
              "ami-02d0c8c4fadf93dd6",
              "ami-034edca8edc59f5c3",
              "ami-046673308fd36cee0",
              "ami-023d5aa1ee956059c",
              "ami-08462981a1b6038ef",
              "ami-0bfa9a0866caf99cc",
              "ami-07a5b9a5d19ee27ef",
              "ami-053655d70e193eada",
              "ami-00af10e7c1563cc8c",
              "ami-06ce7b21125acf61f",
              "ami-0ae7d87f149d40795",
              "ami-0b1abec25e1ec6aa3",
              "ami-0d1d0fa4a9e68a24f",
              "ami-0fa473b555fee32e7",
              "ami-04e0c1e4400c2fe7d",
              "ami-07e0f199a66872c8d",
              "ami-086ecb95174fa50bc",
              "ami-0643aa887902c8830",
              "ami-0188e652b6b68bb3f",
              "ami-00c3aaaeb247f4436",
              "ami-0161c603ec69070f9",
              "ami-0253fcefbf8bd3143",
              "ami-0593245f72263dc95",
              "ami-033a1d637a91be106",
              "ami-00f957b1742c9bfbc",
              "ami-059bd398537dd4efc",
              "ami-01b660152b00f2972",
              "ami-0078ff5e5ebc95592",
              "ami-095267e461557c157",
              "ami-04117601e9caa50a2",
              "ami-0381f99a2a8b95961",
              "ami-0216c594e9ce9c68c",
              "ami-0f02e4bd3ed915fa2",
              "ami-0c21ec9deb2107ed9",
              "ami-04c6fef77a908c98e",
              "ami-044d0fa1b534b130b",
              "ami-0b73054b16c5b35ea",
              "ami-03fb52e0a7ac0b3a1",
              "ami-05ca9446a22915489",
              "ami-07846c53bb75b4ab7",
              "ami-0e5c5f49b8993ee9c",
              "ami-09394a6b836507b9e",
              "ami-0f5dc20c6c2ae4506",
              "ami-0c4c5101e9351d6f0",
              "ami-02bde2cc81ceff0d0",
              "ami-0f34aa1c58209b854",
              "ami-053ecf4de61addf6e",
              "ami-06890c1cb6532d29e",
              "ami-02dd5324b6cedb0d3",
              "ami-0165b5c98d91f290d",
              "ami-0dca227cf5bb46ec4",
              "ami-0492ebb8be6f64dba",
              "ami-0dd7b00ef9852434c",
              "ami-08a47fee1ee8f70d8",
              "ami-06bebef1263e08760",
              "ami-09e0d1118e812b65a",
              "ami-0af684bf9136b5004",
              "ami-001a10a3a9c518653",
              "ami-00f0a8cd3cec595cd",
              "ami-0d77f13657b2b7ff8",
              "ami-099e8aff6215977a2",
              "ami-056efb00127cf8c92",
              "ami-09974661dc27d4c67",
              "ami-0016ed5e2246a5437",
              "ami-05badaaaee806728e",
              "ami-0c3923c9794865a9a",
              "ami-002eefae6d1a02326",
              "ami-0ff3e4e42531a5832",
              "ami-09b8ff2667bc43849",
              "ami-0eea22bd038aebc53",
              "ami-070a57308cfdb4706",
              "ami-094e350e3c5df77ed",
              "ami-0fec689b56ff52abd",
              "ami-0be66f46206f18b3c",
              "ami-0b80bb43f8ed12af7",
              "ami-0b7d86661c1895691",
              "ami-0705c5314eca868b0",
              "ami-02bc83498046dd4bb",
              "ami-081fa14a6fc82013c",
              "ami-0b1a4d1e9022cc1d5",
              "ami-0dd43ccb581f946f8",
              "ami-0a7142c6caf12ec25",
              "ami-0104d7c14c8cf5483",
              "ami-0a22324b7a2a1237a",
              "ami-0468706b0deae0645",
              "ami-01b5b47843ffd7880",
              "ami-009f7d72eb8da761a",
              "ami-02bb50a8f2994d8d7",
              "ami-0a33cebe3b27edb52",
              "ami-0a9b661e2e1edb4c6",
              "ami-0eaa18f39758dc93c",
              "ami-024041fc84b234674",
              "ami-06071de389f024be9",
              "ami-0908c171c368e86ac",
              "ami-073f5d17fb44a74cf",
              "ami-017d7d42c69a2fd3e",
              "ami-01abb7ecf8b918dc1",
              "ami-0d48d7ce89d1a9492",
              "ami-0fae2d2ea7e4e0ac4",
              "ami-05698ee2ad11ec174",
              "ami-0498587f552d38597",
              "ami-001a4ad0f4265f00b",
              "ami-0dc4600d750b87805",
              "ami-004b73b0102ad2eee",
              "ami-002217b4b46b1ce30",
              "ami-0552c2c6153634a11",
              "ami-0920971efe41ddae8",
              "ami-07f2bbfe8fc4dc8a0",
              "ami-02cf94b38acb43277",
              "ami-0e244279d2580f93e",
              "ami-0166f257a5a90abcd",
              "ami-0d1df32440a1aaf65",
              "ami-05b303b4c7139ce82",
              "ami-04273d72381237d9b",
              "ami-05d6b0c2b14aaa7c9",
              "ami-0d469fca7234720a0",
              "ami-09c16711054d3cb87",
              "ami-0cd808895fd5c5e5a",
              "ami-0fe4a3749f6382a4e",
              "ami-046eceb77c3969a02",
              "ami-0dbd640d23e03da4d",
              "ami-0fb86a73e6baaac15",
              "ami-05037cd149eb736c1",
              "ami-0add419def3066ba8",
              "ami-04fff93be46b660f6",
              "ami-0ec8b9b18b4d938f8",
              "ami-01b1fbb6671d52049",
              "ami-0e746d46b15996d6b",
              "ami-096caf9c0773699c5",
              "ami-0090495ae65aa1654",
              "ami-0f2d499237d05898e",
              "ami-098fb63409ddfebdd",
              "ami-0844acfe3a1bb97f5",
              "ami-0d05c0ea843158b69",
              "ami-00947a4bc49d2b966",
              "ami-0b45f518b20eea647",
              "ami-0d73f4da8a22bed10",
              "ami-01de33fb7dc0d2de1",
              "ami-0551bf79e7bf5d678",
              "ami-08e62108fea654561",
              "ami-073c570ae7a0977cb",
              "ami-05b640d310801a144",
              "ami-00f05ac62cac7870f",
              "ami-0a69ef0c7f3f5e34f",
              "ami-0449213f2e7e3b0bc",
              "ami-0b4d26c78a259cd2b",
              "ami-04ef53772cf16e4db",
              "ami-0845795701b0de7bd",
              "ami-08a38a49eca2410e4",
              "ami-0323b5fa4538112f2",
              "ami-0a6324b8db84e2b87",
              "ami-019a4dbbeffd32044",
              "ami-0392c03aa6c5be811",
              "ami-000722651477bd39b",
              "ami-0bc6ed827586631ba",
              "ami-0b7f50f477e6c1de8",
              "ami-09014954a781bdab9",
              "ami-0a05b3cb481fd90a4",
              "ami-0cc21820554c57fa7",
              "ami-0b0d2a8551ab455f8",
              "ami-07ff608dea41b3887",
              "ami-0311582159c21fcf0",
              "ami-0f43217fc39ddeea8",
              "ami-011e912856d310e12",
              "ami-00c2cd3ec6533ff68",
              "ami-01c705eb3d97db9b3",
              "ami-0209b495aa93089b0",
              "ami-0ee77ae5398b350a7",
              "ami-0df4b2ec437db681e",
              "ami-09ca9a060265c2e3c",
              "ami-0a4bc8e2e703a9f56",
              "ami-08256f77592bab440",
              "ami-0d3e4b795daad0f89",
              "ami-07452e54e776102de",
              "ami-083d7df7fe331eedb",
              "ami-031fa35f082735010",
              "ami-023ea7280c6aaabb6",
              "ami-06e833a81a9a13ece",
              "ami-0c1e9b8af2a954de9",
              "ami-048a8d85ead34dbab",
              "ami-038f8bd265cb0ca3f",
              "ami-0fe1e77ed11beb6f2",
              "ami-073717bace106cc97",
              "ami-0398e7489f4b9f105",
              "ami-0624435cf13783b65",
              "ami-0fba4b59f460eb493",
              "ami-0db2215348bd20159",
              "ami-05c3d84b0afa1e9a1",
              "ami-099ba54106064286c",
              "ami-0916d6ae934a9331e",
              "ami-05e2116c44a4b9c9e",
              "ami-0ebf8a09d8abc9646",
              "ami-08983365ba0f43d9e",
              "ami-03b31be2eda39f849",
              "ami-0a868c87ed9af504c",
              "ami-0d05e85e96859ca74",
              "ami-0823e3605c8b556cf",
              "ami-03c7ca6b9f435b9aa",
              "ami-0e13689e6be7c46a2",
              "ami-0769f5abc4a4b51bb",
              "ami-0de8cbf2acbd82752",
              "ami-0e9d3c53b79c2cc6f",
              "ami-0040a160de7aee4ec",
              "ami-090f33f325bfb2483",
              "ami-0393da302347778ab",
              "ami-00051224c58d840e3",
              "ami-02e3cde97274a2622",
              "ami-06af83348b4a81014",
              "ami-010ce7f8b0303787b",
              "ami-0939030c2886e6937",
              "ami-07d88135ecc66bc61",
              "ami-02f386bd9ac0005fd",
              "ami-00ee0c83728a2da07",
              "ami-05bd3f2726af9614d",
              "ami-022525b95f425af69",
              "ami-0319c884da18af515",
              "ami-0c909c5081e956d75",
              "ami-04f60ae097ef95d4a",
              "ami-0a9b157f23ddf0fb6",
              "ami-0bb994f8090737217",
              "ami-058e7a15ec8642f31",
              "ami-00131b70724817da9",
              "ami-0f7bb8f4867ce83ea",
              "ami-002f67d59bd2ca0df",
              "ami-0a7ef3533255863d4",
              "ami-09c051c7ebebce17b",
              "ami-07d74924f32998f2b",
              "ami-0e6daea139dfc2c3b",
              "ami-0c631e0cc0fb42a87",
              "ami-0d22bb1973d9318bf",
              "ami-0dc00b06ab753dc64",
              "ami-0ec4a258ccf260cfd",
              "ami-02e327ce118929d4f",
              "ami-01251aa4dc9bb9be2",
              "ami-00ad1ee4c594a7c13",
              "ami-04179f0c464b1c89a",
              "ami-0bacad4395f02aa64",
              "ami-05ffc1213a971efa2",
              "ami-0222744780c3d4568",
              "ami-0a3e58432aaa22235",
              "ami-005fade9a54958821",
              "ami-0c9b880a581836d70",
              "ami-059cd2be9c27a0e81",
              "ami-06e9cd0e4c7ab0a83",
              "ami-0c02fb55956c7d316",
              "ami-0766d60510983ab7c",
              "ami-03e0b06f01d45a4eb",
              "ami-0531a9a736deee49c",
              "ami-00fc94c8acf59544a",
              "ami-057de5a067f8a9dfc",
              "ami-05d10a369d8174816",
              "ami-03190fe20ef6b1419",
              "ami-0483cca889df16641",
              "ami-018d50b368e796499",
              "ami-04106ae1c90766385",
              "ami-0c0c4491868930c34",
              "ami-02919a18481c10fe8",
              "ami-0b1922bd1926feed8",
              "ami-03232d0e35d683c7c",
              "ami-0a5582cb34fbac203",
              "ami-0658892fe123ce828",
              "ami-07959acd277df99e7",
              "ami-0e1ae1c023d8b7c43",
              "ami-07905bdf3e601a096",
              "ami-0f16d5c51a29e9835",
              "ami-0a320e6ff917c8985",
              "ami-04f7b26fb3a61a1cc",
              "ami-0aca502d6b4ac8a6e",
              "ami-04b2d00691b9eebde",
              "ami-08f4cfb5e35f9d89e",
              "ami-02422b5b7c08d9e52",
              "ami-0e9fea1e4a862d299",
              "ami-08e6b4f0196412633",
              "ami-04c5abc91f7136bda",
              "ami-0ebb706ed8414e8e7",
              "ami-0fe47d015cec63c33",
              "ami-005c410eae23aedc2",
              "ami-0ae0e308f4e5f931f",
              "ami-0c3fd09a134bc373f",
              "ami-020c164f132209dba",
              "ami-0891bd8aa34872121",
              "ami-060a48149c6b60819",
              "ami-06c3c4e6d303a8109",
              "ami-0dd8ab6273790a16e",
              "ami-0210855ae61cae868",
              "ami-0dbaa35297557c00b",
              "ami-0c2f00d388ea9f4b6",
              "ami-0f15b4393b47a2006",
              "ami-02bd6bfa216d36be2",
              "ami-03abc0ae3093a55f2",
              "ami-0572fb8c9ae6efe44",
              "ami-0e97575fbaab157a5",
              "ami-0a436d7aa6645bfaf",
              "ami-09b84c3dbdb8196b2",
              "ami-071613a644605eb20",
              "ami-080f2d911a83dc114",
              "ami-0baeb938ddcc1ceac",
              "ami-083452d111cad02b3",
              "ami-0aad3378d4a945c8d",
              "ami-0b26a4e4e904ccfc5",
              "ami-0aa210fd2121a98b7",
              "ami-024f0f6432f2d5859",
              "ami-01b5ccca3c8fb3015",
              "ami-04c48cb0b1e7e48d8",
              "ami-00b664aed6201102c",
              "ami-090f1fe4f197b6f85",
              "ami-06b69322039f611b7",
              "ami-07eaf2ea4b73a54f6",
              "ami-0fd8cd11e1a9b6835",
              "ami-054bebb3d552a60a5",
              "ami-0731f00285fe96df3",
              "ami-0abfaa5778698adb9",
              "ami-00b6de45dbcb6c66d",
              "ami-0428a96ad1ef2cc02",
              "ami-06f4daaac1bd5e6c0",
              "ami-00f4d877029a18131",
              "ami-0028f3e14b0b9bbc6",
              "ami-0160530b66e8f4f79",
              "ami-086aa63bc4db819b2",
              "ami-01fe1b5c6f51d7319",
              "ami-0882fd2a5fee2e181",
              "ami-0a950e8edc3c9677f",
              "ami-06d95772f2fe1b31a",
              "ami-0b379f7ad168ff467",
              "ami-0bd6b01442b3c4d11",
              "ami-07b89ce0636e2026d",
              "ami-054ead174331197dd",
              "ami-068c1b7bb8d8cb492",
              "ami-09f287ca1523c3479",
              "ami-0ca03685794b728f8",
              "ami-0a34d537a31391a32",
              "ami-0a0649fb369b83fe6",
              "ami-006dd0fea2de52cbd",
              "ami-05f25403653637e8f",
              "ami-0b1ac64053d09eaa8",
              "ami-05e681c435d20304f",
              "ami-0b32aeef5d8fa7f71",
              "ami-0a8e31e05e206ead7",
              "ami-0c56354b8ab6b3f6b",
              "ami-06a80441f25333895",
              "ami-085f360cbd28f02e5",
              "ami-02f57022d57764162",
              "ami-0122b82b6a3437ac5",
              "ami-0c31524dd7e705717",
              "ami-0a4b1fdc2301bf1f1",
              "ami-026a2c62c35267e08",
              "ami-0e1b6f116a3733fef",
              "ami-04447b242f880f90b",
              "ami-081795f9ef670eca3",
              "ami-081b92bb22deff37b",
              "ami-072d61e9ddff40355",
              "ami-0c1b97c95cb6073aa",
              "ami-0998538ca74513813",
              "ami-055458ab9b06da17f",
              "ami-0148d05149885f00a",
              "ami-021496a66e65a7714",
              "ami-08f70511f22be3066",
              "ami-0fd9e27ced74a79e2",
              "ami-05053d3a12132fb33",
              "ami-0ce0708abf78b1725",
              "ami-08a09ee350ae3abf2",
              "ami-0bf8a8d2bb7451690",
              "ami-0eb01681664790d02",
              "ami-03e95274717292bf1",
              "ami-04177ef5c88e80d8f",
              "ami-042845b20a9832214",
              "ami-02820135a333b81fd",
              "ami-07e7eefa5f7c77b06",
              "ami-01650be8817961ff5",
              "ami-00698dad22ebac5bb",
              "ami-0fb70a87623506e3e",
              "ami-0a714c64c5c86eeed",
              "ami-0729d913a335efca7",
              "ami-035f3bda9cfa33701",
              "ami-0d73480446600f555",
              "ami-05c5fea40f596a84c",
              "ami-0728c171aa8e41159",
              "ami-0d3f6946cd9c8fa86",
              "ami-0cc2736529bc34dd3",
              "ami-04161f0f7fe457b46",
              "ami-0d5c5641e08c8643c",
              "ami-0623cccc9df636385",
              "ami-04c5f4bf5cfd49669",
              "ami-01896de1f162f0ab7",
              "ami-05ce326784a35384d",
              "ami-02ea3ffdc7c71fe19",
              "ami-057ca84e4c2f155e9",
              "ami-0efe3a74c4539f30d",
              "ami-08ad4b68f9e79d666",
              "ami-07aa5194c5e1af104",
              "ami-0bfda9983f8c8482e",
              "ami-0e1f5e22f377b088b",
              "ami-029bcb25d05f60fdc",
              "ami-0c479242ec473a4e6",
              "ami-000b05a79ed25223f",
              "ami-0ee8da4a5f683243b",
              "ami-06e924a4dcbdd0489",
              "ami-0527ef9fe62d3bb1e",
              "ami-0d98a296b8439ebbf",
              "ami-0301efd39e1d9fac2",
              "ami-04af7b0b86e386c59",
              "ami-074e19bbdcec4d892",
              "ami-088706b84fb78639c",
              "ami-0410df4289416cd79",
              "ami-0d3f4748dabf9ee11",
              "ami-0cb0b60341a45c5fc",
              "ami-0988a533aea615509",
              "ami-0bb131c7b27c22a3a",
              "ami-034ba38a6c81aadef",
              "ami-08a99fc3a7b12db1e",
              "ami-0d0b806503cd53d00",
              "ami-06eb1cfa00ef2a7ac",
              "ami-0dac26ffc29c85192",
              "ami-026e95dd47f01cf8a",
              "ami-06c44b165ff2123e8",
              "ami-0c0029ec2b13bf458",
              "ami-0a62f609768097649",
              "ami-05ca06784b4f600dd",
              "ami-0ab587604fa347700",
              "ami-0e1d30f2c40c4c701",
              "ami-0518831b4cfc1f563",
              "ami-08f84668389613ae2",
              "ami-0001fbe8650e28947",
              "ami-01b20f5ea962e3fe7",
              "ami-0ce7e9541579e5a3c",
              "ami-04ce17f5485cfc926",
              "ami-0b707cab8515ab497",
              "ami-0403fbe59b91a6b7a",
              "ami-0b18ea04522c80418",
              "ami-0b6539181920009de",
              "ami-0a12d5dc1d73c179d",
              "ami-08a2cdc58321fe37c",
              "ami-0160d333ec9d1e2ff",
              "ami-07abb2766caea801b",
              "ami-09f8e5f406af01cf5",
              "ami-022f80d9ddec14312",
              "ami-09dde860d0fe25a39",
              "ami-0b7a73fbea7474e28",
              "ami-0bb273345f0961e90",
              "ami-041374cdc535f8f1c",
              "ami-02474d947ebba3566",
              "ami-0bf7d470ac7d02262",
              "ami-0f5513ad02f8d23ed",
              "ami-0482373c5a9ddccf3",
              "ami-030702bd2469ba4b2",
              "ami-063c2547be8f81e77",
              "ami-0ea391e1a7f3cc810",
              "ami-0df05cc753afee00e",
              "ami-0b5cd5eb756021568",
              "ami-0fa5b17d4e6993f8b",
              "ami-0e3760be94fef1c5e",
              "ami-0355ce4d4a7f92174",
              "ami-01a9995b92963c0f3",
              "ami-0630b2898d5a32637",
              "ami-047001b1eacf31f75",
              "ami-0f84497fd56221d36",
              "ami-04e378191645483b3",
              "ami-020dcf696d667006b",
              "ami-09477c9341ebb21f7",
              "ami-0bb4af54c24be25f0",
              "ami-09b3bd2051f97a358",
              "ami-01802cf4d0f599d81",
              "ami-010a1b91043ce27ad",
              "ami-07d1422a6d72dd381",
              "ami-0e2efbf2f423aea71",
              "ami-009ac2dff7814f39a",
              "ami-09aa2d2ed2b47b3be",
              "ami-03210533378c451d6",
              "ami-0db97bad93dd63f66",
              "ami-03310df915cf50651",
              "ami-0dc789dfede449697",
              "ami-0b7e9322d7f1443ea",
              "ami-09ca0d8661c6664ae",
              "ami-0e32ae8fc19a8325a",
              "ami-05c737355660f90f7",
              "ami-0a198b414142c94eb",
              "ami-0269a7f1a55546157",
              "ami-0790d45a8a57cbeb1",
              "ami-0970ff6e0dadca6f2",
              "ami-08b7aab28e2524cd3",
              "ami-0268233b342923b1d",
              "ami-004012fa8ca20894d",
              "ami-04a4e73fc86979972",
              "ami-087ef0a6d5cf8e531",
              "ami-0caaa74c1592959c9",
              "ami-08097cdcbd9fe3b06",
              "ami-0259b5e19808d0194",
              "ami-0b470de6bb98e22d6",
              "ami-0cf78a12856c618ce",
              "ami-0c293f3f676ec4f90",
              "ami-0f02809e17dfa1835",
              "ami-0e322da50e0e90e21",
              "ami-082385576a9dd4181",
              "ami-031de1a91f8ea1c19",
              "ami-042d14ba9ada77359",
              "ami-0f6c950e5a44ab5dc",
              "ami-005d843eadb96ed7f",
              "ami-06f20d218aa783724",
              "ami-0be75c86405b3320a",
              "ami-0d6d516a4268611f0",
              "ami-08f707f4f3af0982e",
              "ami-0c4db77ffb26fa875",
              "ami-0972a18b2ebe5a89b",
              "ami-0b932a5400d962396",
              "ami-03871d08058c687f9",
              "ami-06f112db5ab21fad5",
              "ami-00cb1747938929bc9",
              "ami-030935c0ad427990f",
              "ami-06133d39821740eba",
              "ami-058606deacdcb9926",
              "ami-0e2149a3a2b547572",
              "ami-038bd2ae2df3c16c6",
              "ami-016bd78901ab25d94",
              "ami-063be4dda59ebc2e4",
              "ami-05cb6a3cc6c48e719",
              "ami-08bc8689da86f44ee",
              "ami-0524b3b4c92d0d900",
              "ami-089491307c209232a",
              "ami-0e8998180ae520144",
              "ami-0c4740e8daa017026",
              "ami-09e5327e694d89ef4",
              "ami-0ebf7bc54b8740dc6",
              "ami-0d0de4f95f56374bc",
              "ami-0bf6d01f398f3737e",
              "ami-015cfeb4e0d6306b2",
              "ami-036f23237ce49d25b",
              "ami-0b9b0874c35f626ae",
              "ami-0ef2615d188e62a76",
              "ami-062a5b459a6a28d7f",
              "ami-04a6da135da5277d1",
              "ami-0713279c722662779",
              "ami-08610c9b78ee688b1",
              "ami-0f32b4b382ca5ec74",
              "ami-0dbbb6d2cea758f77",
              "ami-0272640e136a912e3",
              "ami-0f41539e4ac702010",
              "ami-099174951599d70f2",
              "ami-0ffd94d3ce76dd3ba",
              "ami-0ba36f980a5683a80",
              "ami-0d39177d9898c5dd4",
              "ami-007b30771cb4a5808",
              "ami-0351d490194ac5ff8",
              "ami-034acc977c9360d11",
              "ami-0c2279857bd88021c",
              "ami-0de1d774b4be25bb4",
              "ami-05618a43114baac7c",
              "ami-0963ff42afe6c21a6",
              "ami-05bae83617d5e6c57",
              "ami-040f8f080fb40c45c",
              "ami-0ee92e483be680f2c",
              "ami-033eb06b56512a90f",
              "ami-02f045c4837bc4099",
              "ami-0a64b48063bfd1e69",
              "ami-01ae8be9ef445e206",
              "ami-08d5197ba73c9cbef",
              "ami-0a5ea63477dc1e0cf",
              "ami-059418fe75ee256b1",
              "ami-0a169caaffdac4885",
              "ami-0918d32061b391530",
              "ami-0c8a5a37eb304cc91",
              "ami-076245a28e9bbc3c3",
              "ami-064e94c27ccb95ff6",
              "ami-0139c66319e7179c8",
              "ami-0b506fa62e61ceb7e",
              "ami-0e6b855c53db52adb",
              "ami-0961645a110c8caa1",
              "ami-0340b00cd31f926e0",
              "ami-04df271e2958b9273",
              "ami-0a4fd5aa7895f75f7",
              "ami-0c3590fe1aff06f0b",
              "ami-02d8e0effca4323bc",
              "ami-07d3e51fccc6786ab",
              "ami-02f1f45e79417d694",
              "ami-023ec8fb468f14b4d",
              "ami-076c80164b28ffb07",
              "ami-05dccf5b27538a8b5",
              "ami-0e9981c379a3caddf",
              "ami-0449505d2ab86859d",
              "ami-0ec195fd18cf85d43",
              "ami-04692e32290cb200e",
              "ami-072e2d6d7a20cd6e4",
              "ami-056cecfbeff4dabf7",
              "ami-018b5c4c59230b1bc",
              "ami-059c104dc707fb687",
              "ami-00edd9a2061167cad",
              "ami-059891b9d7a2c237a",
              "ami-05fe2ca3ac8ac0fce",
              "ami-01aa8c09c27cedef7",
              "ami-08fdd00a7d0141ccc",
              "ami-0dd241169ea21539c",
              "ami-02a55c6667897c36f",
              "ami-0bbea4fbb4c62691a",
              "ami-0c443c8d313de268d",
              "ami-09fc902f72c758562",
              "ami-0c2340cdffb168995",
              "ami-014051bb3fde09483",
              "ami-0d8bea52050647e0c",
              "ami-030df851d4857c086",
              "ami-0da4655020a2c670c",
              "ami-089f0a9740d50d3b4",
              "ami-064c95643a6a98c9a",
              "ami-062455a9acc5a2636",
              "ami-01d3a8b26486438fb",
              "ami-0c1b53b0949c8688e",
              "ami-0ef593c5aa66486f1",
              "ami-0b1f1a44946bb8551",
              "ami-028e314010c04ea52",
              "ami-085583c6359aaf9ef",
              "ami-01e80327e5a81b0a2",
              "ami-00e8c0331fedf8271",
              "ami-09d9f69e438ad63e4",
              "ami-04fa2dedddde51391",
              "ami-0f734eaecc9a2a18e",
              "ami-0c6159f6c28af580d",
              "ami-0faa7bb81d863c5cd",
              "ami-0051e2f5ff4c7a195",
              "ami-03009533bbb43a95a",
              "ami-0cc99a993e23d5045",
              "ami-0d5b0858df51b46f5",
              "ami-0e822cc1ea8f80679",
              "ami-0e7550b577bcfb320",
              "ami-02fc307559fd64ef4",
              "ami-0d4b8e1455f47640c",
              "ami-04568c789afa43acd",
              "ami-02d05d4d92ec2576f",
              "ami-089fec9ac8666a0f0",
              "ami-02932ae52e9c11e3f",
              "ami-0d38ea514296485ed",
              "ami-00a374875cecf2dab",
              "ami-0718c8c3de54f2f62",
              "ami-0fc2a0283b28d0d3f",
              "ami-0701b6297d5453009",
              "ami-06b83b7a00e4a3a2a",
              "ami-039cc77c74bab1434",
              "ami-07acf16699fc48a32",
              "ami-0fa7e72e9f2cb4249",
              "ami-0d32dc4d8e4e1130c",
              "ami-00ed4b202de181d9a",
              "ami-0fde585834f902832",
              "ami-0a77274247c84af89",
              "ami-05e4ef34599807bc8",
              "ami-008250fb7d9df81ea",
              "ami-07e6cddfbf1de9548",
              "ami-05fef6002522eb5fe",
              "ami-0bcdd2420c517a7a3",
              "ami-04fa04db5570b60be",
              "ami-03983968a6f3befa7",
              "ami-0f72eba059b12b3be",
              "ami-06e603415acb67908",
              "ami-098eb457c2c8c1280",
              "ami-0efed4c68e21bd0a9",
              "ami-00691fa3243defa4a",
              "ami-05698d55cbbc85f15",
              "ami-02f926ea68bd0f1ff",
              "ami-07aec01356103eb75",
              "ami-00146220703a44350",
              "ami-0a04be9874aab169c",
              "ami-0772f39b667d7ce9d",
              "ami-0ca3f8ca1149812af",
              "ami-0bb5f71d17c1f8890",
              "ami-04265a6bac218c776",
              "ami-006c3f5de587457df",
              "ami-0be9d0584da678524",
              "ami-0635261ac5a464791",
              "ami-05c33a1fb40ec3d0f",
              "ami-0e6086cf9393980fc",
              "ami-0051b1b2c5a166c8c",
              "ami-0c8116c975b34526b",
              "ami-05be76257ddd0c045",
              "ami-0ac5768eaee4324d2",
              "ami-08816a066090b2a8d",
              "ami-0cb8a0e6eea7a73a4",
              "ami-0e19f1f8901f7e014",
              "ami-0126f43e4f79220fe",
              "ami-03da509a07777d343",
              "ami-09ba8a895e3a89d0e",
              "ami-0fcae7210eca82729",
              "ami-0b6dcbe41345d6353",
              "ami-00cd50fd5b2c83900",
              "ami-053f146052044b97b",
              "ami-0a1b5f67487dac4ff",
              "ami-0d30429b61d104754",
              "ami-04e26cf86eb0e7e1b",
              "ami-0ed0e25ca7b2d19ad",
              "ami-028e45c3727aca58c",
              "ami-0671d6d9cd81e25dc",
              "ami-0d523b5cff6636dcb",
              "ami-0bf1854d88478ea27",
              "ami-0e0d4c438523ee9a0",
              "ami-07117b1348759b8db",
              "ami-0af5171e2d20a24ed",
              "ami-090997fde7064ca5d",
              "ami-0b953527706641756",
              "ami-0fa5f4c6196fa455e",
              "ami-04c8bf045411e1064",
              "ami-054eda5c5f3a905cb",
              "ami-09643158fba569e6c",
              "ami-035e8ec3c4081c620",
              "ami-0244fb70bec0cf1c8",
              "ami-03f795d99e0a6256e",
              "ami-08a0a140b8af1ff76",
              "ami-0bd99b360313dc457",
              "ami-09b4af2619e2e8db0",
              "ami-0fc98d6fb76d88f05",
              "ami-093ea402f82f573db",
              "ami-0730e3ee42dc87057",
              "ami-0e40e1d0a8e1d58fc",
              "ami-0069487db3ee305f0",
              "ami-03d8d5c676619bc9a",
              "ami-05400d468f126208d",
              "ami-0f5f83d53abf6966a",
              "ami-0c8bfd2cbe263b4fb",
              "ami-05f9254cc7bf8ee81",
              "ami-06ee42c7f0f8e9477",
              "ami-065f3a946d584fb87",
              "ami-0b9b09d6607ecd915",
              "ami-0cb59e3bbe63da716",
              "ami-0a44ba0471883c6de",
              "ami-0cb41674b79508a05",
              "ami-081c796b0eebda2f8",
              "ami-00e0cba41fe7ca68b",
              "ami-0420c55740ac3fe5f",
              "ami-0d876d02a2cdd9866",
              "ami-034e57cd9321b49ce",
              "ami-0f74a621510d369c5",
              "ami-01355cca5fb9dc59d",
              "ami-0247eec2fb03132c4",
              "ami-0c09a84b3bc074ba1",
              "ami-0a220e18c0171ee9e",
              "ami-0adcea2c0142bae2b",
              "ami-07e211e84d5be13f4",
              "ami-0616910eb0c9b6e51",
              "ami-0e1d24766abd24b69",
              "ami-04253fa416709bf1b",
              "ami-0af8339bfcdb0e6e7",
              "ami-0dae3579120aa193e",
              "ami-03a7218bd23952502",
              "ami-0a19565231e259d2a",
              "ami-02d537826547b8b64",
              "ami-03c6808bde8ee0dbd",
              "ami-075b5ae7661923f3c",
              "ami-055141ae98c10ea2f",
              "ami-0f13aaf9b10e64249",
              "ami-0c911c959a11290ab",
              "ami-06a10669a34ba4b10",
              "ami-0bb4ddedae1840065",
              "ami-0194114f6c24c0389",
              "ami-0e7def0ad396f6a19",
              "ami-097a744e4840af107",
              "ami-05f33059e9069b8e4",
              "ami-01f9dc0bb41d998bd",
              "ami-04298864884da5f45",
              "ami-0ebbc233f04c4d961",
              "ami-05149113442e4e5ba",
              "ami-043e84268bdf62753",
              "ami-017513fae50066a35",
              "ami-07e1afa2446472f15",
              "ami-07fb2dbaa2747596a",
              "ami-0c8dcdae94e934296",
              "ami-0a4286445db333963",
              "ami-04d04a248df9e66b4",
              "ami-0e70b63f15574bd01",
              "ami-037ec4da7a996ee0e",
              "ami-0ec2eb88337baf890",
              "ami-0b5e6d972ccb8e54d",
              "ami-0f693173220396fc0",
              "ami-03d9740b247d1fa16",
              "ami-08411b951d63b226e",
              "ami-0c7027913ee98058d",
              "ami-07cb44e856d327605",
              "ami-0b1c9c0071b306f2b",
              "ami-08fc3dee09e1dad39",
              "ami-0b8a9ebd265db5fc2",
              "ami-0c9be0d2dd4315f6b",
              "ami-0287c6e4339a2cdde",
              "ami-0f5eff4eaa47ba9ec",
              "ami-04f7bc4b804389af6",
              "ami-0be693771545328ca",
              "ami-073104c25b28c444c",
              "ami-05497fd4205c76faf",
              "ami-0bd833d1f3cded030",
              "ami-04d70f036548e1b8e",
              "ami-0130bbd762144f1e2",
              "ami-0cc01dc1dd19d98c2",
              "ami-0e08e1c9d4de1491a",
              "ami-09e64b9202c525888",
              "ami-012afa06f8c31c2f3",
              "ami-031019ccb4bc5b9ca",
              "ami-0a41ebc04025dabd0",
              "ami-0c5a31c264050406c",
              "ami-0faf3d37737f52754",
              "ami-028eddfa6f1f221e8",
              "ami-049dc1714bbd77519",
              "ami-00c707b300c20b67b",
              "ami-013f9d6fb88ecd151",
              "ami-0fa00aed1d398075b",
              "ami-06e191ceb76d9baec",
              "ami-081fed2385a36293d",
              "ami-087b14892a0395078",
              "ami-0d8399df405e975cd",
              "ami-09436d83e8fda5f71",
              "ami-0a9b1fcc4f7b7b7ed",
              "ami-04c035d70d09dc6b1",
              "ami-05cb2abdfe8a3ce09",
              "ami-01dfbf223bd1b9835",
              "ami-09ac68f361e5f4a13",
              "ami-0217759e4b6dd7c88",
              "ami-0c6048d4fa0e80579",
              "ami-065e0e3616293bacd",
              "ami-0d7e8e70ac8c9b4eb",
              "ami-07f01d5cd6115798d",
              "ami-0071b18cbf82eb83f",
              "ami-0e0dec01c4db2d388",
              "ami-0bc644f134d28a3f3",
              "ami-0642fb29cb199dd03",
              "ami-01034b19c29c6bcdf",
              "ami-0b0edeeca013f11c2",
              "ami-0778893a848813e52",
              "ami-0a2ea845b81272395",
              "ami-094e9ffa71fb97363",
              "ami-0a3d96928c2ecb671",
              "ami-01da78024b1f4a680",
              "ami-03f6ca94c7ba391ad",
              "ami-0fa87f4eb63dd6b0e",
              "ami-05df417dd070a1ccd",
              "ami-0d9a2369f98732334",
              "ami-0365f1c02d110fa96",
              "ami-052783664d99ae241",
              "ami-045f329c69f27f667",
              "ami-077d338b3fea9f82d",
              "ami-0d54e86c14f9ac045",
              "ami-0bfcbe01edabbc426",
              "ami-04ff11c1098fb90e0",
              "ami-08dc5131776ec0c29",
              "ami-094fc6a957ed9ac9d",
              "ami-00ff23759dd247641",
              "ami-057c4d7e79591ab7d",
              "ami-0d452462263886f89",
              "ami-0551321ab67829180",
              "ami-0ec3a0aef12ed3e5e",
              "ami-03ab174c20b61472c",
              "ami-0a366c29fa6b5969b",
              "ami-0546868e4b84db011",
              "ami-0a5e7c9183d1cea27",
              "ami-0b602c13bd444327c",
              "ami-05959c336c38d525e",
              "ami-086be435df1b813ae",
              "ami-0379dbde4dedf6bb4",
              "ami-03ef886c325d49851",
              "ami-044428c75b69bac3d",
              "ami-098bfef0038cee555",
              "ami-082d2aa5ad739a18c",
              "ami-073ac88108a5e035b",
              "ami-04e765e0f44e8b5ca",
              "ami-01b2c3c5f3a763304",
              "ami-07e369db09e809960",
              "ami-09b6732749b19b0e6",
              "ami-02a7060f6d1e28c17",
              "ami-055f042dfbbbd5be1",
              "ami-0f4eca3d7ac0d87f4",
              "ami-02dab663ff835e399",
              "ami-00e0528e2304b2a88",
              "ami-0f35fa20fca7def83",
              "ami-0e597e5d06aa857cb",
              "ami-0c721e4794d2a706d",
              "ami-061eaa7b2bd9b697a",
              "ami-0ff900168d0231cd3",
              "ami-033b95fb8079dc481",
              "ami-096ae071c30964710",
              "ami-0785ffe71ebda10d4",
              "ami-0bb86f4e673b1616e",
              "ami-064992eeab885337a",
              "ami-0e10dfd59d8ab1b55",
              "ami-08f0a1ef105af2553",
              "ami-0dd324c7f4c13fb70",
              "ami-00eee93c96998d70a",
              "ami-0279f8cdac5b941b1",
              "ami-0e31c8f10250f8981",
              "ami-0d65d5ee2a9b32160",
              "ami-0682b74d05a5c1dac",
              "ami-0cceffc9a3347ea98",
              "ami-05a948b748cc602a5",
              "ami-038b3df3312ddf25d",
              "ami-04b8d80c488f7dc0d",
              "ami-09c98e0575a0d83a9",
              "ami-0acf496a561fb790c",
              "ami-0f7691f59fd7c47af",
              "ami-0ad807bf45835042d",
              "ami-0a200d3f40a2f6ca0",
              "ami-01b66f9994a4d8384",
              "ami-09e414bc600d1f42f",
              "ami-053feec008ffd9a3e",
              "ami-02c86e71ec2ecc84c",
              "ami-0fd5bca489597fc6c",
              "ami-0344146140736f336",
              "ami-082fdc4c54ae98a32",
              "ami-0102351545748ea56",
              "ami-0e40494de4b9f8d0c",
              "ami-0b8cda19abbb22ff6",
              "ami-095b75d9963b95314",
              "ami-014e9af026317c9cb",
              "ami-098c4aff4bb3713ad",
              "ami-0a7779b908a5d55f0",
              "ami-0bb25a22f28ace9c8",
              "ami-06e3c817805a606af",
              "ami-0220803a5beabb2d1",
              "ami-0f1488ff6e01cdcff",
              "ami-0cdc28d3b0739ca40",
              "ami-0351b3d4e9be85707",
              "ami-04e4c578d500150da",
              "ami-0c8d6eec44ffe19bc",
              "ami-0fbd1f85c8e92321d",
              "ami-02a835f45d1c7659e",
              "ami-073c562d440c72063",
              "ami-0a88887cf38e9126c",
              "ami-089ff909f0e7948c1",
              "ami-0691d8067a0f68273",
              "ami-090f1827341cc5048",
              "ami-0e606f8a29cbf0fe2",
              "ami-003d40c2a0a08f387",
              "ami-08bf92f78b78a5237",
              "ami-0266e320cef659f22",
              "ami-06a66a486e0d2c95f",
              "ami-0e00ec5b36d61b477",
              "ami-0f8bd82efd257fc11",
              "ami-072fe02df5ccd8444",
              "ami-008a5ccba02906aa8",
              "ami-0655aa77043483ec1",
              "ami-0875115b7fb1704a3",
              "ami-062af9336a874ad40",
              "ami-0a4cd762f1dd3019a",
              "ami-0d87eba8ed94d542c",
              "ami-030bb84f11468f6a3",
              "ami-065703e6e4fe60faa",
              "ami-044c548f0b78834bd",
              "ami-0ecb4387340982ec0",
              "ami-0a5c175c6b44e51c2",
              "ami-05fe0b4ad49d278ef",
              "ami-073e3f58219bd85c7",
              "ami-0eb9f3b9482d2f8d8",
              "ami-08898d9d427f541f9",
              "ami-078efbcde2028f63b",
              "ami-0085a54f64fdc3e6d",
              "ami-03d4d8a11d8fe70a7",
              "ami-0f4f67b3e6d14c3ad",
              "ami-0367bcc262a56a10a",
              "ami-0d3b9cfa5c4768cbb",
              "ami-0bdf9b787757b64fe",
              "ami-0c35bb96b8cf3cff4",
              "ami-0f095f89ae15be883",
              "ami-05a407c8573ef7269",
              "ami-019599717e2dd5baa",
              "ami-0d14afcdea98bfab4",
              "ami-0f284ea23c8c2fdf0",
              "ami-03ff931c79d0e2c80",
              "ami-0044624365d701569",
              "ami-079b28d0e53ee31f2",
              "ami-0fbeb45a81e0e242f",
              "ami-0b156a93658f480e7",
              "ami-0cd38d912a24e1b2c",
              "ami-0fc3dda5943efdd3d",
              "ami-0d040e3e87eb8a60d",
              "ami-03e1711813e5a07b1",
              "ami-01b996646377b6619",
              "ami-06f2cf328ca196112",
              "ami-0448d2a303c17321d",
              "ami-089f876309b12ead0",
              "ami-09e7f9524aeeba874",
              "ami-0770bf1d6ae61c858",
              "ami-08bbc835fa43c979b",
              "ami-0de5887e7ea82bca7",
              "ami-01e49b3ee58db27e1",
              "ami-0605c88c4a009049c",
              "ami-0fd9b1873e98d767e",
              "ami-03466f2537d1e0b3b",
              "ami-02e5740f58d5324d2",
              "ami-09310b33c51095390",
              "ami-03980fcadcc156206",
              "ami-0a4d18ebb0d673aae",
              "ami-0ad6a449e40f011f0",
              "ami-04c65e8341251dd48",
              "ami-0cf741667112cb15c",
              "ami-051cc2d2f02aec5c9",
              "ami-0a8722817df17c92e",
              "ami-0ae874c619adf858a",
              "ami-03282aba5684629cf",
              "ami-03fd743313dccad59",
              "ami-08f3e82562a125ebe",
              "ami-0dca548bf66278548",
              "ami-0541dfce1c0e7e1f1",
              "ami-0eddefa0d1d460389",
              "ami-03e6e0991bf0813c6",
              "ami-02da8254850aad429",
              "ami-075a22ad8cbc8d504",
              "ami-0c7e9ec022cfec802",
              "ami-06177ab4e43c1d59a",
              "ami-07f6aab5dd627bf20",
              "ami-00e793a726d28b7dd",
              "ami-0c91ad0fec35e0b26",
              "ami-0af1b8aca1257f593",
              "ami-09931c9af92f11e39",
              "ami-01215a1751ea7cc1b",
              "ami-01accb753b8e1c274",
              "ami-088d319808c8e95ff",
              "ami-00633d771bf041613",
              "ami-0ff95808398f3146a",
              "ami-032a8f15d4c5c3588",
              "ami-08ed20b998e6d82a8",
              "ami-0044c67d0e4f3c150",
              "ami-01d52c2dd41814c37",
              "ami-0c587f3f129c5d90c",
              "ami-03ca2c34eb477168c",
              "ami-0562439229c7ff638",
              "ami-0729cba6ce86ed4e4",
              "ami-0fff6061025913963",
              "ami-047f826249fec7e19",
              "ami-01695f6938be10579",
              "ami-007e7d5b637fd9b02",
              "ami-047faf63de4b08775",
              "ami-0f37e251886510f1e",
              "ami-022f0517c1b46f997",
              "ami-0d66d7139c13d530a",
              "ami-051c85472d641fd44",
              "ami-080b6475728c3f4d3",
              "ami-07481e140bd1c662c",
              "ami-0a78765b4a66ed11b",
              "ami-03ec9a3861d4bc34c",
              "ami-0f47a02c25f763414",
              "ami-080c9043a90af87d5",
              "ami-069384ebd9d73cfbd",
              "ami-0277611ea609378bf",
              "ami-08334dfa7e84c16c1",
              "ami-098f1f7e27c5fa1fe",
              "ami-01f94d81f9a11035f",
              "ami-0f3d03353a4870e8c",
              "ami-0e35bddc3fe7b118c",
              "ami-0a6118a5dadf5465d",
              "ami-0b08008a7a9031401",
              "ami-0ae9fb100b89b23d4",
              "ami-09c11246a211beabe",
              "ami-0ccaebc0fd6e12389",
              "ami-071828f8563506b9b",
              "ami-0716654fd057683aa",
              "ami-03f791a169da1157d",
              "ami-0ba8d12c5a887b1ad",
              "ami-01b48709cf20e47f2",
              "ami-0154a933d97b9e3b5",
              "ami-0de4b878057a532df",
              "ami-09361a01639365cdc",
              "ami-04f9e33b2a0d968b9",
              "ami-0bbafc2d8d425a26a",
              "ami-0dbaa98f9e8b276aa",
              "ami-0d1bbc437cedaf7ba",
              "ami-06abc8f3a1906974f",
              "ami-0f2204228d4eb4ba5",
              "ami-0d7a93cf8d0c59f39",
              "ami-0a95f1edac507a96b",
              "ami-0ee583f45398b4ae0",
              "ami-059c33ff105eb5940",
              "ami-0762d40d6ff34a942",
              "ami-0ff4df7f56c1f167f",
              "ami-02fc6d30b6cb86c94",
              "ami-083abc80c473f5d88",
              "ami-06e5cd097959105c6",
              "ami-031863ae88fab9aeb",
              "ami-01e078cb715b9243f",
              "ami-0f18e7837f8e6ac4d",
              "ami-00e2a4a80cde2488c",
              "ami-06a684275b4d49514",
              "ami-041977da67c62ad04",
              "ami-0e90327a274733bc7",
              "ami-0f4f75bd2209042fb",
              "ami-01afa6f11b2d83c48",
              "ami-087f93adcc763b7b8",
              "ami-083f388a63f5b7fe0",
              "ami-0774ca9ed5cdd81de",
              "ami-0e85d68cfb158fa96",
              "ami-00421591673a1eb9d",
              "ami-07250a050d56130cd",
              "ami-0772aca344eab1f54",
              "ami-0701e769b23f85ec3",
              "ami-03e82473d6c3e7905",
              "ami-0f93982de412886d5",
              "ami-0c64586288a518e20",
              "ami-0c01694aaa9293dac",
              "ami-04fb3d592618f7d67",
              "ami-0367727badf4c37b3",
              "ami-06e19cc4cec2e207c",
              "ami-0c24ef6e92b163966",
              "ami-02f6c657a3fffd6b5",
              "ami-061f99e0f5bd44e4b",
              "ami-0c90601ef6cd725b3",
              "ami-0306638b901526990",
              "ami-03555525b79aef4ab",
              "ami-064cfeec913c91b79",
              "ami-0e9091e9096f7d401",
              "ami-01fb37e2dff68277c",
              "ami-0d2d43820ad3d5f78",
              "ami-04a1bb8ce48fe8b99",
              "ami-0b16f1d09756076ba",
              "ami-07137268e719b1b6b",
              "ami-0895efd900ec462eb",
              "ami-0be7730cddec77bc8",
              "ami-06e22c32bfc27d928",
              "ami-0a8b4cd432b1c3063",
              "ami-08b0299832950f361",
              "ami-0a21595791a1872ec",
              "ami-01893222c83843146",
              "ami-097d7babc041c4123",
              "ami-008a324629a261715",
              "ami-0d2c03792347c1c09",
              "ami-0b6705f88b1f688c1",
              "ami-0dca45cca897d8535",
              "ami-0f6ef8dcbf23a4dc1",
              "ami-080a2e9584697117c",
              "ami-0e880443f3e34cdc5",
              "ami-06fdc4e8286a66277",
              "ami-05d124a62a79c9ae3",
              "ami-0356de0ac0f836762",
              "ami-0481a69ac3934b807",
              "ami-0177f85fe0c76a393",
              "ami-09f85cc9b2e07ea0f",
              "ami-0bbd7889fc0389e17",
              "ami-0d0ca1af3d20bf7b8",
              "ami-09fa85cc9d413f2d3",
              "ami-084509c9e63db1355",
              "ami-06f5a38d7adf6c519",
              "ami-01a6edebf8c1010ee",
              "ami-03524899399f5a8f2",
              "ami-0101cc702aac522e6",
              "ami-0dee768bdc796244f",
              "ami-0d1b52ddbdd329a39",
              "ami-0acd646bc91113c22",
              "ami-0f970611571a4cb30",
              "ami-07c57f4106c84a3d0",
              "ami-0aa75a6f7e6cacc49",
              "ami-0a04d05a5f5ed97a7",
              "ami-0d6c8b2a8562eba37",
              "ami-04774ee377f8e9fe4",
              "ami-0d599dfae63ef9a11",
              "ami-0930ae44fb1c474b0",
              "ami-0c76d0070d9970bb3",
              "ami-061cfc84ea62ca4f8",
              "ami-01103adcb3e4db7a5",
              "ami-0ad15e4b773091b32",
              "ami-057f393e54b4c6b25",
              "ami-003acd4f8da7e06f9",
              "ami-0d991f2c097a332e0",
              "ami-0336dab87574e7e45",
              "ami-032dc1bc3220389e7",
              "ami-0e41ba3eccc4cf2ce",
              "ami-0942ee89e456279cf",
              "ami-06fa8246cfcffc729",
              "ami-02e7ff152d9769332",
              "ami-072c4d589c5ac3965",
              "ami-012357690e3811025",
              "ami-0de0338f1dc6427ac",
              "ami-02a42f1e364a335ed",
              "ami-0ad9f485d0c307247",
              "ami-05dd1b6e7ef6f8378",
              "ami-0f73ffad7745d0afd",
              "ami-061d074328363b1ff",
              "ami-0c26ea24890219894",
              "ami-0b9b8437818d4c5a1",
              "ami-06a9f68cd0aecca2d",
              "ami-00bf0e20ed7ea8cdc",
              "ami-079f60fd9ff8b1d0d",
              "ami-0e1ce54e679f83a66",
              "ami-0467d6419444c10cc",
              "ami-0cb968cfac2953904",
              "ami-08493dd6d1fcc0a30",
              "ami-0293e7a112ce88579",
              "ami-0a89c57cda4a3dba4",
              "ami-09f59f3e90ca107a5",
              "ami-041ab02ffeefd57e8",
              "ami-0541d6020e8b67c6a",
              "ami-07892bdab0583b536",
              "ami-0a9bbba2663080b25",
              "ami-06a09ab5c7887e44e",
              "ami-00fa576fb10a52a1c",
              "ami-0325dac811c085b97",
              "ami-0c42f3f6f1348ce09",
              "ami-0aba9870d9c9fbec9",
              "ami-0c2d0ba91af69c5b7",
              "ami-0fcda042dd8ae41c7",
              "ami-044f0ceee8e885e87",
              "ami-043513ff8b10b59f7",
              "ami-09eaf2d6779f94558",
              "ami-039d5bce01ef3d07f",
              "ami-06086b0b7c3956ce0",
              "ami-0371b109d7dd25e54",
              "ami-095b9a505445cec91",
              "ami-0ef67b212091894a7",
              "ami-0d155fe80cd0166b4",
              "ami-07bfa56de3cb0d60c",
              "ami-002abb46ec8275406",
              "ami-0a14be708fcb20c8e",
              "ami-0bc6115cf11491ab9",
              "ami-0c0ae63fea71e1619",
              "ami-03651a53d8de74afe",
              "ami-021440421e91c7361",
              "ami-0166b652f51915d4c",
              "ami-0d99fec2968377270",
              "ami-0ad9b9d748f51bc75",
              "ami-0c2ea52895f9b19a9",
              "ami-0f8698e52833957e5",
              "ami-03c039e72d9f0ae4e",
              "ami-0b9424c3de9ebdc31",
              "ami-07c5f4ca75769f3b0",
              "ami-0ae551d1707ac5fcf",
              "ami-0cf83c25b20962496",
              "ami-01d7e1fe1b4df52b1",
              "ami-052318f7049d87dee",
              "ami-064a0db76a81974b3",
              "ami-00ec753fbdc5bfd90",
              "ami-0efe64ad7d7746cdd",
              "ami-029da75bf468c8773",
              "ami-0eb7ab2c0827c38fb",
              "ami-0b1ada0b6af346722",
              "ami-09ee7d1b345e64811",
              "ami-0e4e17f43e9ab2dd3",
              "ami-029536273cb04d4d9",
              "ami-06ada98f5d02a2d2d",
              "ami-0c95d2cdfa25bfd0b",
              "ami-073d2c3aa43ed04b4",
              "ami-0e207fa97a81538ba",
              "ami-08120a8952bbd674e",
              "ami-0b8514ea172997c03",
              "ami-0e4c4600816eb862b",
              "ami-0c19bbe364d5b47cd",
              "ami-07792e4c3703bf717",
              "ami-0a6d89b36fab7e1d0",
              "ami-0b43025de63848df3",
              "ami-0765a40ecc1b8a599",
              "ami-0055ffc6912718217",
              "ami-0755856e280cc774a",
              "ami-07d7eb25e8b7986fa",
              "ami-0e09bf993397d63d5",
              "ami-00817da7fe8480df1",
              "ami-0f634fed581d0b3fb",
              "ami-0114985272889e41c",
              "ami-0700236025b8bcbd6",
              "ami-022c64ae7f1edeb01",
              "ami-008ec37802fa8a2ce",
              "ami-0ed4dbbdd57b874a8",
              "ami-0dd5a5ab1299fbfba",
              "ami-00d0972b0d8e32cf7",
              "ami-0e35f24c1c4716006",
              "ami-020180f1d34bf5b2d",
              "ami-0d4c664d2c7345cf1",
              "ami-0ac5aec0d0d54ea14",
              "ami-0ad804414563854be",
              "ami-0bef3d0b729aa347c",
              "ami-0b275454031ae9b53",
              "ami-0b4210a20e17e7bf9",
              "ami-06c9c0fd5c99acedc",
              "ami-027b2e756213d7e3f",
              "ami-000471b19f4099099",
              "ami-0f14a80fa3c87fb5d",
              "ami-0cf31ee7c743a8312",
              "ami-0f90573eea2573327",
              "ami-0e1bcb3bf5bd6900e",
              "ami-02be2f5e24085cb61",
              "ami-0140f30ff5bf4608d",
              "ami-0781c8bbf632c8d81",
              "ami-02ecf374d3968530c",
              "ami-02f1906adba56495b",
              "ami-0c0ec36e19635eb8f",
              "ami-0074f87bff0c875a2",
              "ami-0d35f52933ff05d9d",
              "ami-0ec2e23ba933732a7",
              "ami-00738a3584c476150",
              "ami-09f94ce5cd5d474d9",
              "ami-00cb0a7ac1bdec8d5",
              "ami-0909603598db666f7",
              "ami-054d4c18a6829f6f4",
              "ami-00a0f4a038b19def9",
              "ami-0a98770abb308bd91",
              "ami-002167d4f2694ae9e",
              "ami-05c2b1575377f96eb",
              "ami-0218cb07777775bcf",
              "ami-0c37ea1c6bf8ea6bd",
              "ami-0d0aaad23e46a45f0",
              "ami-0c49b0a24687e0e98",
              "ami-049cf41ea5c9861a7",
              "ami-0de593bdbc83ceee8",
              "ami-00897c01ad93ed5ba",
              "ami-07f0ff31daafb95d1",
              "ami-08e4e35cccc6189f4",
              "ami-0626057df3f1a54df",
              "ami-083602cee93914c0c",
              "ami-0d5c3c185642c6990",
              "ami-08b0de77066601f19",
              "ami-056bdb8466782cf31",
              "ami-04defb3b2f05f11f3",
              "ami-0789681fae8b18e56",
              "ami-062b5f37ab617e3cd",
              "ami-0eb59cc9a08011df6",
              "ami-0cf1d34c09c83dc91",
              "ami-05063d00ee9f115e1",
              "ami-020b1ee00d7b168ca",
              "ami-018bbe8f522d8f092",
              "ami-01c09298dc6c2aeb3",
              "ami-0f50c44fb355ba413",
              "ami-0b1fb3868dd3fe12e",
              "ami-081b928d79c5aa1a0",
              "ami-0ac009ba17d1cee8c",
              "ami-042fd6c1cd8108d75",
              "ami-0b6a6262b543293dc",
              "ami-07bbcac9ebf1c4779",
              "ami-07dcae4c3240331c1",
              "ami-0e1aff8fa89d812d4",
              "ami-0bfdfd02ab1b764fd",
              "ami-0c7f4d2e11ab6268b",
              "ami-0729107e699743765",
              "ami-007a8f98c660228a5",
              "ami-01f7f619381e4823d",
              "ami-0b9aa52f47c7607a7",
              "ami-0209bd9b6d359842f",
              "ami-0517077708622f856",
              "ami-0193fe9cf4a8f18ed",
              "ami-06a9bda62bdc18e9e",
              "ami-0ad12ef8ffc393295",
              "ami-0cb5d200e8a67a444",
              "ami-0d2101aa8ab2a0a7a",
              "ami-0fb726a77b5877984",
              "ami-00145edc94506d7ea",
              "ami-009e226d4ac68cf6f",
              "ami-06992628e0a8e044c",
              "ami-0761acd0215d01064",
              "ami-0e6d89ad52e9bdb46",
              "ami-0217785d66d0ced0b",
              "ami-0772c02fc35eb8049",
              "ami-0c7b22d63c65a89a3",
              "ami-0fca0d518da7bf8ba",
              "ami-022b161bf69b600fe",
              "ami-09fedb7c7f82bbad6",
              "ami-0d3cd92eb7f0dbfd5",
              "ami-0df66f252f5693d17",
              "ami-0f4c91eb881453540",
              "ami-0e45c733226efe3a2",
              "ami-00a339ea6013ab4f3",
              "ami-01b2b84ac6d690614",
              "ami-004a832d943e29bed",
              "ami-00fbe053ec9937c11",
              "ami-07ceb24c384211c09",
              "ami-0596893087309fbf6",
              "ami-036fd4b7bcbaaa305",
              "ami-00c2c4eb1c48b8c2b",
              "ami-018d93c03ee35ad52",
              "ami-0c190daa636c21fa8",
              "ami-0e92761467ebea7f3",
              "ami-0c0ef5d18b55335e7",
              "ami-0bc9942bf4daf15b1",
              "ami-06be2ba9999437575",
              "ami-037ba8f955097be8b",
              "ami-009b8d8f48c412d7e",
              "ami-0c4b3a8143a7ef5ca",
              "ami-051d09c0c22b97192",
              "ami-05d3def966864c136",
              "ami-05c74f5606d84facf",
              "ami-044b95b7c99e8aa96",
              "ami-02f584ee72c699744",
              "ami-0c41e221b9fc956ce",
              "ami-0aad9178a11255e38",
              "ami-0dd88a54132bf1b36",
              "ami-0c9ce1d1798bee889",
              "ami-02762aaf193916e02",
              "ami-040efa8cfe6cc61f7",
              "ami-0b54c278ef7b54887",
              "ami-0476be1b8ee2ed764",
              "ami-089c6f3b9899b3e3e",
              "ami-06774990d1ef788cd",
              "ami-00f773cfd075cdd1a",
              "ami-0bf03403a1a016fba",
              "ami-0f6d1e268ea4f1a69",
              "ami-0b401bafdf5448fa5",
              "ami-0146d165355048c34",
              "ami-0af731ea31d16ee76",
              "ami-010687a68d41e4a0b",
              "ami-0a3629c6f9f86924b",
              "ami-0cc7ea4b53bf6d3c7",
              "ami-0f9b4760171d8ef83",
              "ami-01ca02cfcb3f75308",
              "ami-00971089f1683a4d8",
              "ami-07fe5cbac04e32b2d",
              "ami-0d91fa59962c8fc8b",
              "ami-0cfc2fb64b7f0d6fc",
              "ami-01e444ea01a94963a",
              "ami-0ff24f6367ae02f92",
              "ami-092bfdac80f02e794",
              "ami-0e0ec0ba32e9b9327",
              "ami-0ac2626410c2ac75a",
              "ami-040aa59deec679b7b",
              "ami-0fea106b1dc9afe28",
              "ami-0a633d2ce607a7d58",
              "ami-0eb6945b75188fb85",
              "ami-0427488552b86c63b",
              "ami-0be76a8b99793b004",
              "ami-07e95ef318208217b",
              "ami-02d28c7b8f5537f4b",
              "ami-0f4bda3bd68272400",
              "ami-0338d3f5bf8437fa6",
              "ami-01b82b2d7bc43b18f",
              "ami-0bdb28d6296cf545b",
              "ami-0547069499dc3ce36",
              "ami-0276d298710e7c4f9",
              "ami-02ae479bc0e3f4700",
              "ami-0248a022aacb3c5cd",
              "ami-0224234e7d1b0efe6",
              "ami-09469dcc9d92cc3c4",
              "ami-0ddac684f427a25cf",
              "ami-0e067a854d52bbc91",
              "ami-0c1d4d799f9e067e6",
              "ami-0e495e51083700d12",
              "ami-0b331a9baeb8467ca",
              "ami-004b823fa528179fb",
              "ami-0192cf25bf5367cc8",
              "ami-042b432b930cdde04",
              "ami-015a41c88cc563b7b",
              "ami-0b0d629781c1a29b8",
              "ami-068812c240fba1572",
              "ami-0230aba74330fed22",
              "ami-0ac373e2d284f3746",
              "ami-0a6727443d8877389",
              "ami-010adf670f83c278f",
              "ami-07ba39e9443373740",
              "ami-09ba30999a22d99e4",
              "ami-05aa92f1dd0c89382",
              "ami-06e79a44e7ec015a2",
              "ami-0ab25ecf96f7f3e80",
              "ami-04a262e293dcb4cfe",
              "ami-0f4e57b3ab804fba9",
              "ami-0b2f6e61cf049aac4",
              "ami-08f51c889487703c5",
              "ami-0af2a8e01ae44677f",
              "ami-0dc4f4548859947e7",
              "ami-0f469b7572419275a",
              "ami-01626d394f9468acf",
              "ami-09f83b3846927e042",
              "ami-0b8cc8df92337db48",
              "ami-0324681357ba6e662",
              "ami-01a5ccc7864c31d4c",
              "ami-01446161550208593",
              "ami-0c612dbca6fb3f1e7",
              "ami-0e8baa0ce92efc107",
              "ami-048a792c53aa5659a",
              "ami-037745083dc206c15",
              "ami-0f372ca8b6f96f330",
              "ami-02a1d1e6bbda55538",
              "ami-08cece1822efa77b2",
              "ami-0b3151701a8d5a9b7",
              "ami-0e8da02e0fa2fad56",
              "ami-054e6b13725ebeca4",
              "ami-05d9a5cd456740750",
              "ami-0827f3a4b40892849",
              "ami-0f5c716ce2ef6d2f4",
              "ami-0b7ff2b8c24a56547",
              "ami-0ca204a0d8bba829d",
              "ami-09d8dd0f6ae412155",
              "ami-03b2119d7752ecee6",
              "ami-0e2aaffee83eb2e58",
              "ami-0bdee2b7446e4fffe",
              "ami-0dd9448aefa60616f",
              "ami-0c65039d08fea77c7",
              "ami-023f647bfb99d138d",
              "ami-09eb6cf9935d6a653",
              "ami-02b65e81edf512e81",
              "ami-048c2d912b9d01581",
              "ami-0e67f39fef6e776f2",
              "ami-0dd49378bb4dd0f2c",
              "ami-0abfd868f654b92be",
              "ami-0258171ea60537df6",
              "ami-0ccb3b69cdad8ee21",
              "ami-03e69d2308938a547",
              "ami-07882886f62f60a8c",
              "ami-020936c86f707b0b4",
              "ami-09b77a3e2dbafb812",
              "ami-05ecb99eb0ed3d5ba",
              "ami-0ba292b62ba2e4f37",
              "ami-0c744af1d10c47f88",
              "ami-0c72c506916a879fc",
              "ami-07f277c1f54c90d75",
              "ami-0501b671e60bd39f1",
              "ami-062126a20ad482e57",
              "ami-019a56b8c86f57086",
              "ami-03fa359b76e4d9a9f",
              "ami-075d8449c95075a83",
              "ami-0247a9e9ca14d18fa",
              "ami-0c99dc6eb5ba319e2",
              "ami-0b5585d12767bee28",
              "ami-0f486dab98503987d",
              "ami-068709d183496abe8",
              "ami-00af8e773385041e0",
              "ami-0f2a16d0f6e7c0378",
              "ami-0552de0b0dadeb56a",
              "ami-0812c61908569e1e2",
              "ami-0edd6d042a4b63662",
              "ami-069b7f767a553e081",
              "ami-01c407d07cae00b80",
              "ami-0893d2ae1afb4c697",
              "ami-0ba25c9a6e069ec22",
              "ami-0c1375761d0aa1669",
              "ami-0c220441b76f305b7",
              "ami-0ef6cde83a9309d99",
              "ami-0532d104aeb725a6f",
              "ami-0d3e3612c53c22a3e",
              "ami-00166a8f30167e3d2",
              "ami-0d8230af55a55b40b",
              "ami-0d9b424f4aae71bd6",
              "ami-01a21d6212d5ba10b",
              "ami-04a40bab5cbc8f7af",
              "ami-07376ad4c1046b984",
              "ami-0078bb2567b4421ef",
              "ami-0b7db25300add6023",
              "ami-0ffe074b52b460bff",
              "ami-0d1a2f93cb62b4d95",
              "ami-08f182b25f271ef79",
              "ami-08895422b5f3aa64a",
              "ami-0a2c6f07c4364e64d",
              "ami-079a0bd320db5cf30",
              "ami-083649444e2faf75e",
              "ami-08656c57185d56a74",
              "ami-074b3e0872cd86a5c",
              "ami-09e208689f8b2a24b",
              "ami-01e7e3057d980cca5",
              "ami-038af1ef7130582be",
              "ami-02d8d616f57bdf931",
              "ami-011dafe19fb1d9599",
              "ami-0b3982c94d47f954d",
              "ami-03693b05b5e4a34ae",
              "ami-040c08396bd1dd2dc",
              "ami-05af4a9c8126f3817",
              "ami-03695cb7a2e97ef2f",
              "ami-061e2417489356de3",
              "ami-0d284e1cce67325b3",
              "ami-02286e3ee705fd428",
              "ami-0bbf4a4e221578d8a",
              "ami-0543b38982794c7b9",
              "ami-076f9721dfe0d617c",
              "ami-0c3b46dfd471b3b08",
              "ami-0d606951bf1872abd",
              "ami-0c4a85aebeab0cdac",
              "ami-0e674c5d5225762bc",
              "ami-050f0f00e1586594b",
              "ami-072eb18f208539378",
              "ami-008506509bea74937",
              "ami-04658cf284a10fa1e",
              "ami-06dbf3fcc0ab352c7",
              "ami-0d56617fd37c8dd33",
              "ami-069d6cec07c7c066f",
              "ami-0dc97e8c1ded7b641",
              "ami-0e9547a812e05c3ee",
              "ami-04675a5636302bfd0",
              "ami-0b16416b80bb36762",
              "ami-0064c970207ba0795",
              "ami-0c5ade9c143890372",
              "ami-02b727367a8a8ca0d",
              "ami-0c4dc791ee06de128",
              "ami-08bd97b2232c7d09c",
              "ami-04192081e57b872aa",
              "ami-0872c571ef0af8109",
              "ami-0e38ff89234ac3e16",
              "ami-0c0950d66b1670a5c",
              "ami-0f256f0d3d8418853",
              "ami-014134196a528d6e1",
              "ami-038782a7e724a5f85",
              "ami-020153551cb8857ea",
              "ami-0a981d674a7407598",
              "ami-0341721fcaf22a29a",
              "ami-063a57314eddbae5f",
              "ami-0d7bec7e73d2ceb67",
              "ami-0b9c17bc2907ba103",
              "ami-0f7e4a8d6ce1290ec",
              "ami-0f6e265d13f0b3dbf",
              "ami-0f2ace7539c95487f",
              "ami-0dc26b195eb7f7d92",
              "ami-0f4b748da5c2ac8e2",
              "ami-03b5ab80995e9ae22",
              "ami-031f135435d94ad52",
              "ami-03b602c05225a1778",
              "ami-03a24df7aff413162",
              "ami-016ff240306385492",
              "ami-00486aa6415d30875",
              "ami-042a324eed318793e",
              "ami-019ff08eff24250b9",
              "ami-0e633c62846c92839",
              "ami-063fe914ff1519b88",
              "ami-0fa616fb9f87ed949",
              "ami-0d54db0a4f52ec11e",
              "ami-0d1d4d5afc719266e",
              "ami-0a2b1f5600c9299e1",
              "ami-0c2804365eaf0d456",
              "ami-0ea716f740b60ca69",
              "ami-014593395f131a528",
              "ami-0b6849220f1454a25",
              "ami-053b18dcf885612a3",
              "ami-03b7c0e93bdd7f2eb",
              "ami-0d111a31202fab774",
              "ami-0ab0d71e0ae039bc2",
              "ami-0324abe5ed2888cf7",
              "ami-01331e0b2f24ddb39",
              "ami-0349dd787a06b5516",
              "ami-0cdf172bd1c1cad0b",
              "ami-0bb35207d8fd1a95f",
              "ami-0c2d5393cb5b518f6",
              "ami-01d5c4377aa0dd17f",
              "ami-0748272849498a2e5",
              "ami-0ed982998303d7a17",
              "ami-057d036cc57e1af91",
              "ami-0a8e5f86f25ca7baa",
              "ami-0d6bc503d04eef1cd",
              "ami-0487b2b453ee31904",
              "ami-093bd9eb4696f7095",
              "ami-07bd7c48d30da0618",
              "ami-0e9ec365374bb782e",
              "ami-0974baa20e40b606c",
              "ami-0f2d7420051f62d30",
              "ami-0c5c9bcfb36b772fe",
              "ami-013a451d6c08ef928",
              "ami-04bdfb890f1c2bd7b",
              "ami-035ba1d9189c0b2c9",
              "ami-0a148eac5f8b0e166",
              "ami-0ce819024c73cffdf",
              "ami-0eda49b5c19b06eae",
              "ami-0c1878a5ea822517f",
              "ami-02417272971ef047a",
              "ami-07897daa15cddf272",
              "ami-072b8fb6c66269b96",
              "ami-01138d12b9b40eac2",
              "ami-09641a67ffc8ea811",
              "ami-049087633b9d07d2c",
              "ami-0868a20f5a3bf9702",
              "ami-02d4c72768d751c19",
              "ami-0e1607bbfa604870a",
              "ami-0ea8263cbf553488e",
              "ami-0ecebc19d65492b8d",
              "ami-074c1f40d02907260",
              "ami-00959e1d658d0fb71",
              "ami-060b49e779f171e57",
              "ami-00263a881c5b74b6f",
              "ami-09ec59499482c12b2",
              "ami-0d385201868207099",
              "ami-09cec74a9f319ca63",
              "ami-036a3745eed5a29d7",
              "ami-084d8cd53bd52c7b4",
              "ami-056f8168242051f30",
              "ami-07afba580cd449fa1",
              "ami-0e5975080c0554650",
              "ami-047a516b0133032aa",
              "ami-0ea7cd716b81e18ba",
              "ami-038ef749544d827a4",
              "ami-0d8adb937c6c9d5cf",
              "ami-07bf0af1226804a28",
              "ami-09e0c2b966b3213c7",
              "ami-06a5a40edd8c8489a",
              "ami-03c45fa21d6d9e641",
              "ami-0ce0859ec5fbaa8fb",
              "ami-06a2da625f9cae64f",
              "ami-0bccab1add79c4ea3",
              "ami-0d0f107a5a686f769",
              "ami-019904275ee6b71a3",
              "ami-0d7e3a695df1123b7",
              "ami-09ef47d1bf568fae0",
              "ami-067b9375f480029d0",
              "ami-030ec5d74b8c17294",
              "ami-0049b4aa10baea676",
              "ami-084a2fb7b842feb41",
              "ami-0b8628ea849a1cb39",
              "ami-08893694826cedff7",
              "ami-0b8ff4cba470ec163",
              "ami-0481cd23bb8b77933",
              "ami-04a153a401bd589b3",
              "ami-0678d5eb5b3882bbe",
              "ami-06af272a8e007d8ef",
              "ami-0d9e0b7f19beb18ff",
              "ami-02eea92a6e176e171",
              "ami-05cc95fb9fc08cb90",
              "ami-0d997ba535ceaa4df",
              "ami-00934d0733cf7db93",
              "ami-0c838b74d57595cf6",
              "ami-061daa6ff1ef0f6e8",
              "ami-0dd819ac5dc66a442",
              "ami-094bac6b1b504afd8",
              "ami-00ede14275bfc54f5",
              "ami-0744fc24224165a16",
              "ami-032fb119c34801936",
              "ami-0865394158df44cf9",
              "ami-009e6f20f252dabd0",
              "ami-0d9f3400cb037f2be",
              "ami-0a00b5dc55e2be7bd",
              "ami-0dbe61c31e07a7ed5",
              "ami-062937c6f9b86f5db",
              "ami-0024b9fb8e0b3ecb3",
              "ami-0270e37d1f41114fa",
              "ami-0cc72c4751a9fe163",
              "ami-0dd3a902fa3a0a70e",
              "ami-022395eb132aef7b3",
              "ami-0214163996cfdc17e",
              "ami-0562a396e4a8bab12",
              "ami-07eb1d61787d4d644",
              "ami-02d37cced4c20885b",
              "ami-06c7acb2a5bb4e116",
              "ami-0e776854f8a724738",
              "ami-034b3f45a5feabccf",
              "ami-097ff3aaeb41415eb",
              "ami-04e5df0cf5946b2a4",
              "ami-0911792a8a346b8db",
              "ami-0fb4a22ec4282c839",
              "ami-05614c415bb6037b1",
              "ami-041e2461f66f7190f",
              "ami-0ad7e1f9132f2b195",
              "ami-0c3ded4980009515c",
              "ami-0ed9277fb7eb570c9",
              "ami-08a9932fba2b75257",
              "ami-0eaf5629ee5064fa2",
              "ami-0fd17f7d41ea324f6",
              "ami-061ac2e015473fbe2",
              "ami-0b1aa7907add25fa5",
              "ami-096198a0bccc6bad4",
              "ami-092de1d3e0d46195a",
              "ami-0aa77abf44f394dc6",
              "ami-058897ba042a44345",
              "ami-0a1eddae0b7f0a79f",
              "ami-00756800062268f6f",
              "ami-0fc55bd26b303f7a8",
              "ami-0a727b154b669783f",
              "ami-00d06335ef617238f",
              "ami-0ebe9a9deb34e7e85",
              "ami-0f019db576cbab1ef",
              "ami-0fa12e111b228fe60",
              "ami-099c2cb38c1404ec9",
              "ami-045997acdf829551a",
              "ami-0eac1a226d57e4f71",
              "ami-0196731180a2cd438",
              "ami-0dba461bfcc24bbc4",
              "ami-093dbe5215b7350b6",
              "ami-08468ba58836df23a",
              "ami-049cccf012b1982d4",
              "ami-0a8d8aaefd15e5027",
              "ami-073491f8a6892df97",
              "ami-06e4ea41294a3b47b",
              "ami-0486b5d54611026a5",
              "ami-06269dcc902ace5ba",
              "ami-0e9811a2b2eefe1f2",
              "ami-0c880bbd328a9091d",
              "ami-0ddce8079c4a6a048",
              "ami-0e8597c96c9288ea0",
              "ami-0fc4d65a828770964",
              "ami-017ed6b414abf5d60",
              "ami-00f3d5d6c3f16c65f",
              "ami-0c2b217067981f007",
              "ami-0b49a4a6e8e22fa16",
              "ami-04505e74c0741db8d",
              "ami-04fa2680ec5b12168",
              "ami-0e472ba40eb589f49",
              "ami-0a940cb939351ccca",
              "ami-00483ce9479c4ee54",
              "ami-04cc9e86dfa1a7cb1",
              "ami-07dda65b3bb89b23c",
              "ami-056f71af0f2ca2daa",
              "ami-011bbfd2b87b54359",
              "ami-04325d4fef9f31bea",
              "ami-07b83f695b776ce02",
              "ami-083ed19846fdd16b7",
              "ami-087145954894e11cf",
              "ami-0df341c2febf2e836",
              "ami-0da9b41fd34657d6c",
              "ami-026916557b1aaa9e0",
              "ami-046b3944e957d20bb",
              "ami-0ac2917c7d99689ba",
              "ami-016c032d8a09e666c",
              "ami-0d1bf3248d1bd62f7",
              "ami-00e56a2bfa41a3721",
              "ami-09629e1b02aaab0b2",
              "ami-04e7c62b9ecbb493a",
              "ami-04d2254625ffc473c",
              "ami-0a67c2b87c5b9d300",
              "ami-0ff575a7b6c6f0cb9",
              "ami-0cec04a003063ff0d",
              "ami-03c1de4e158cf48d4",
              "ami-0251d439e2bfa7d0b",
              "ami-00165e41d5d9400e9",
              "ami-0f8c1b9de5e8d8095",
              "ami-079c12269ba799ec3",
              "ami-08c0ff1fc13a63263",
              "ami-00be5ccb27dc46ada",
              "ami-0c98d67c0a70c9626",
              "ami-09ad94ebabb1d9472",
              "ami-058eae1861e0e694f",
              "ami-02c9aba5b22a6388a",
              "ami-07f8f32ba18b457cf",
              "ami-09e60ee74a3ade86b",
              "ami-0f228c0481bbe4469",
              "ami-04363934db7c747c4",
              "ami-00b6abbf589c5201f",
              "ami-0063f7eed6129fafd",
              "ami-032086bef6119bb17",
              "ami-0a1080387dd4cfb51",
              "ami-063ee23069edf86e4",
              "ami-0f5a88545ad320a66",
              "ami-066d8eda9fd930c37",
              "ami-09fda7b7c1a303b31",
              "ami-099447358dd566543",
              "ami-0eaf735aa9eb73903",
              "ami-07dc39858be4856fd",
              "ami-033cdc99e2ea11039",
              "ami-07b9676a27b432d5e",
              "ami-0c7dbef8b68ef738c",
              "ami-0db6a745aba7ff3a6",
              "ami-090885c9f06e388ec",
              "ami-08b2b4b7d74142a0e",
              "ami-0e4d2f26475be202a",
              "ami-010962ad64364a295",
              "ami-09d7076c49e833d10",
              "ami-04d5f87a8a4d6f538",
              "ami-0a814e37c4523edb4",
              "ami-0b408f4a9a0234dac",
              "ami-0c4462f260df72605",
              "ami-0d4db6d67242b7af8",
              "ami-0216fc473469bd225",
              "ami-05a716b6cd26147ae",
              "ami-0b0efdeef3199de1d",
              "ami-06e985537cefba219",
              "ami-09e54bf782ab74413",
              "ami-03697608129775816",
              "ami-088c92e70202350a8",
              "ami-03a6a731beee8dd4d",
              "ami-05e600b5229ee5799",
              "ami-04836804b5e26e193",
              "ami-0f448aeaf7a35d70f",
              "ami-0fbf36fc59d130a25",
              "ami-0ac2e0844d80ffff9",
              "ami-097c24c84d46cafe9",
              "ami-0860283f604570d49",
              "ami-0246ccbe4dadd3b6c",
              "ami-00564dd80100c1213",
              "ami-00871423ac88c81e6",
              "ami-093ce463208923331",
              "ami-01f65e4e9a7aac85d",
              "ami-042cdb56fff138de7",
              "ami-081957844ffaeffcc",
              "ami-0763d8c1551f05236",
              "ami-0f1878bd34dc7450d",
              "ami-01a4d7ab03c7cad71",
              "ami-0824adb9d747c695b",
              "ami-0a8fce6f3c1983119",
              "ami-00c975a27507ec36d",
              "ami-084156ef1a3e69bd2",
              "ami-0d1316816d40743bb",
              "ami-09db5ae2b4d800591",
              "ami-0c455f19afe3e6f60",
              "ami-0298ed8c04f4976f2",
              "ami-0bf3dcc806d39bd56",
              "ami-001c3ed474b14910b",
              "ami-060fd9161a7797572",
              "ami-0f8d2cf8ab97c801c",
              "ami-00b4e114e8fa11097",
              "ami-0cb227dfe8de86111",
              "ami-064f7b88b6e27b5d7",
              "ami-011d41e7f4888ef98",
              "ami-0add913de90374122",
              "ami-0f2a2c4d0a142ba94",
              "ami-0813288835c686b96",
              "ami-022d4249382309a48",
              "ami-05fa980d04d5406b6",
              "ami-05ffd15d4bd815259",
              "ami-0f2ea53d8a2da1947",
              "ami-05ebad0a748af6a66",
              "ami-0fe19057e9cb4efd8",
              "ami-08550af76560c2499",
              "ami-0f01cafded2c0b853",
              "ami-015baecf2e21c75c0",
              "ami-0be31e3c191012ba1",
              "ami-040cacdc51a84c66c",
              "ami-03198d357a34f065e",
              "ami-00cbda3c9b8f3f7ae",
              "ami-0af7aa0f8b49a268f",
              "ami-0d8c09355d5cab0a2",
              "ami-03c336d85392cd61b",
              "ami-00fbb5b18f69c62a5",
              "ami-0770d5a9c1306f6d6",
              "ami-0d3375f201e5c4cc2",
              "ami-0b91f9cb2b2283657",
              "ami-03e802e46e1175c05",
              "ami-09ebab2b269aaab30",
              "ami-04116eb6f40396f6a",
              "ami-0104e52b36106e5fd",
              "ami-09bd420f2ee8e3dde",
              "ami-0d50f7f310f21b103",
              "ami-056ff2638e0e1546a",
              "ami-0de5e96a61d8c38ba",
              "ami-0370c8bf05fe140be",
              "ami-0e0eb457b186fdb45",
              "ami-0ab0d197fa147cc55",
              "ami-0f7833d7f88394739",
              "ami-045bf77e7778979a8",
              "ami-0c22a9e93ff0c1234",
              "ami-0f4da10bc20311758",
              "ami-022421afb7b7f3c40",
              "ami-00836a7940260f6dd",
              "ami-02090154b8d20215f",
              "ami-0c7e8d17364301c84",
              "ami-0aff8768f62d0b8f0",
              "ami-02b5fa4287f449dac",
              "ami-0f1182ae25aeaa040",
              "ami-00c37476d86ff6b8b",
              "ami-06a87f6eb3d5156ff",
              "ami-05563a780da6232b1",
              "ami-093d40aa9f581fcb5",
              "ami-01fb074c636eb524b",
              "ami-037882f94c301c4a2",
              "ami-09de858bd2cf7b20d",
              "ami-0082fe83ca6d7cf7d",
              "ami-070c503776a0b715a",
              "ami-016b7e315722f3a1c",
              "ami-0b9cbe454c6b13d9e",
              "ami-066968fa7496e7be0",
              "ami-05e45257c449568ab",
              "ami-04a46dd6fcc660b49",
              "ami-0f3420ab1bc310a17",
              "ami-0a28b4c550873f695",
              "ami-003ff36802a88a625",
              "ami-06bcf4ae9da8bd515",
              "ami-08a4eead5de1c59ad",
              "ami-0522691efb61f5261",
              "ami-058e3955ab923fd1e",
              "ami-0205c456c787c8bf7",
              "ami-0e8d7512a6aa74c66",
              "ami-018ecd44d08757f6d",
              "ami-04ab9deff9f85f21c",
              "ami-0421c9454f96fddc9",
              "ami-00ebc884b20c83955",
              "ami-0cb7ce7544a4ae78a",
              "ami-00b3425d7af15ed7a",
              "ami-0d09e506b1c30bb40",
              "ami-0b0f85e70c00b73ac",
              "ami-0dd8003d03ad12103",
              "ami-099e73de8c620b269",
              "ami-097a177d91fa8eaa8",
              "ami-07496b2445e51c867",
              "ami-08e25a06ec30ce251",
              "ami-001fa9fbd7aa93c52",
              "ami-0bbe06d14c2aa79d3",
              "ami-0d9954c8ba42a30ef",
              "ami-042c6aca1d2045eb6",
              "ami-02a46289b82b8aca2",
              "ami-0f9203b5249754444",
              "ami-09d1fb4bb0d096dfe",
              "ami-00c87c97475e1642a",
              "ami-06e22dd5599cd8ffc",
              "ami-042d4310d92154e82",
              "ami-0b5783de2e7233b30",
              "ami-075faf3a24979654b",
              "ami-0731a75a8158108b5",
              "ami-0b2023ce0076190b6",
              "ami-0e0a22f5bf3c10bc2",
              "ami-0e1edcfd7be020fc7",
              "ami-0339707bccb34bac7",
              "ami-0f87e56baf2566f2f",
              "ami-0a87071dc91c1ac3e",
              "ami-04554a84ea7891db7",
              "ami-01b85294eccc32def",
              "ami-04935e0f7381ad575",
              "ami-0b2fee1ea6299ff96",
              "ami-098fa3a9d7d4f6a01",
              "ami-09c92d3eb1db3a728",
              "ami-0a3f60a5418be671b",
              "ami-08127bdb36efd818b",
              "ami-0dea20457462c1a74",
              "ami-0b0a20befc42045b1",
              "ami-01a16356ed2a310d1",
              "ami-005dfcd5ffd639989",
              "ami-002143a6fd20d6003",
              "ami-032db5591a593a739",
              "ami-087bb6c6b76bfc153",
              "ami-07aa73375f4cb10f1",
              "ami-0a37984df9721e4ae",
              "ami-05e74d89045cf134f",
              "ami-04902260ca3d33422",
              "ami-0e3f071c26aa4e35b",
              "ami-0d0115d627f8ee8c8",
              "ami-0625069fbb92d0cd3",
              "ami-0b0f0ea99743f2bb5",
              "ami-05c5b32ce16d0473b",
              "ami-0bba3afc4010ff9a3",
              "ami-0f6bb7d3760104717",
              "ami-041dfaa93fe43c25e",
              "ami-0e9397869be407404",
              "ami-03bf30d03bc75a1b5",
              "ami-0054774f0c2e98b4e",
              "ami-02e47d05cee6c80ac",
              "ami-0547fd3e88866c746",
              "ami-0a8b7fa6c1d024ef0",
              "ami-0f3384752a9502363",
              "ami-0e4744bdf1c87a3ce",
              "ami-0fd64f624028285c9",
              "ami-03ae0589c3c7b8599",
              "ami-0fae2fc79ed910cc0",
              "ami-06b29d24790c61c55",
              "ami-06c9357e543a44c5c",
              "ami-08f495eb9d4054bd3",
              "ami-0a4926909766628c7",
              "ami-0f3845f8ba35438cf",
              "ami-07d95247f5b02ec98",
              "ami-0ae29769bccb816fd",
              "ami-08217fdcbfc81cda8",
              "ami-044fc89fe81c71a08",
              "ami-06afaedf7d35ce249",
              "ami-0bec527e4f9b42a7f",
              "ami-03ea7ada6172ff413",
              "ami-0629deba853639b4d",
              "ami-05140002baea15dd3",
              "ami-0673a69d256076e6f",
              "ami-01783fbb0757adced",
              "ami-016f78aa2b5917a6e",
              "ami-0b73d6073e664757d",
              "ami-016d308d9cb0fb24b",
              "ami-06f9d9a2ad93dda81",
              "ami-0e20c49134b2cf65f",
              "ami-0fe9fe227a04716f4",
              "ami-0894cd2587af40d99",
              "ami-05a9cc10883a57543",
              "ami-03fdc06ef50299f8c",
              "ami-0f31bf9b3410c6614",
              "ami-0f23ebf2da3bbaec0",
              "ami-073a5aa3e07c89eea",
              "ami-000377b9b6bb5f75d",
              "ami-094c089c38ed069f2",
              "ami-065e24db29ea0392c",
              "ami-0b6871ca3d4ce86ef",
              "ami-0e33b5a3b90acc61f",
              "ami-0e33be9a5d535b960",
              "ami-0bc9dd3f277e31a1a",
              "ami-0873a4bf05f6c7d32",
              "ami-0a6c66d131df78187",
              "ami-0ad5f987df14ba366",
              "ami-0b1a51281675d7308",
              "ami-02d7ab3b216216322",
              "ami-0f4438dbfae60b4d1",
              "ami-027c31d9f62855d70",
              "ami-09be71e7e0823a35c",
              "ami-08cd75031d0e5683e",
              "ami-0fae016af6b51ddf7",
              "ami-0feae29c85b03a828",
              "ami-0f3ff599df0afe7cd",
              "ami-0ab407f7331892b08",
              "ami-04f5262ad09564a9c",
              "ami-0be4283e3f1873f92",
              "ami-0585b07203552be34",
              "ami-0cb596289e95ba758",
              "ami-091a1a7f6b6f59951",
              "ami-08d3880287c27695a",
              "ami-082407f3bf5998173",
              "ami-0814ea98d99b843e3",
              "ami-0619517a5212182ee",
              "ami-0475656cdd7a7c563",
              "ami-0c17b63dcfe61133e",
              "ami-08174721c29c30d6c",
              "ami-0c2e44be3f74f2713",
              "ami-0d9a4e094b5b44c5d",
              "ami-0e79442ad3ac8887b",
              "ami-053bc087c23a015e8",
              "ami-093edb027256d1b17",
              "ami-0097180a69f8f659c",
              "ami-0eed92733d19d5438",
              "ami-04beec4ddabde6fbe",
              "ami-0d7ca29a44620ae18",
              "ami-0cc45ec8c18bdb4d8",
              "ami-005d909801ea7244e",
              "ami-0efefd05b26a3d707",
              "ami-03da129c175ea3f75",
              "ami-03544401f924dfb3b",
              "ami-0461cf88a196848c8",
              "ami-021e8332f4b28f43b",
              "ami-02860dc76aeaa9e76",
              "ami-099e644cf2adf2ae3",
              "ami-0a0f01a9332248a30",
              "ami-042059e125c0411b9",
              "ami-038b35fc2fa024d7c",
              "ami-00da8d5028b801e6c",
              "ami-06ac118a312c73c2f",
              "ami-015a2b076c4e3c7e8",
              "ami-0280bedb99a3189f8",
              "ami-0f2e4519d408328ae",
              "ami-0b448c0e8cf0f4272",
              "ami-0bc62400f3ad184bc",
              "ami-0a2b0d4ac485414ec",
              "ami-0aaedd1c23d711ae2",
              "ami-0be520de8fb0f15ad",
              "ami-096206a8402f09a29",
              "ami-026683937ac791e44",
              "ami-01a74f1aafb9330bc",
              "ami-0662b022e872aea3e",
              "ami-0f5a70fa0ab83efe3",
              "ami-097607527741dc147",
              "ami-094bd5cec1f8ee83a",
              "ami-0ba6c2562ecdf82d3",
              "ami-04ad2567c9e3d7893",
              "ami-043fe20f06f9f75a6",
              "ami-060dcd5062d90761a",
              "ami-0045750d6682a1b65",
              "ami-07224351ee76d4806",
              "ami-0b41145c6fe55ca49",
              "ami-0d1a4d53e40abecc4",
              "ami-05bb574f35a21a42b",
              "ami-07ec07d4664ff66ca",
              "ami-09e619d0697770068",
              "ami-0074ccd6753ac80b6",
              "ami-0ddae99ef7f8293d4",
              "ami-05a3e0da90ea76bd2",
              "ami-007695d2e9de26ec7",
              "ami-085ccf50cfc565ecf",
              "ami-0d77b981ec60d759f",
              "ami-0563b6ac6e919a76c",
              "ami-07f7118703c966054",
              "ami-0ae498e883c749367",
              "ami-0898f65e5070d69f8",
              "ami-0a25a25b70b2a95a8",
              "ami-0d3019673a41555f3",
              "ami-01ddda4a8a3cde6d0",
              "ami-03374333b47cf5f59",
              "ami-0cebe5d9976221123",
              "ami-0380de65c1534b787",
              "ami-076aff9d2e3ed3f8d",
              "ami-0b33074e6a34c3c24",
              "ami-036717d1ff1d26e0d",
              "ami-0120efbe35b01382b",
              "ami-0883227f4d45fbafe",
              "ami-044fbd7f2809b9804",
              "ami-0d8b96829ef1497f3",
              "ami-06f013919f9ed90f2",
              "ami-0f684e3108960db19",
              "ami-012f43f744e8d1d1a",
              "ami-079f9cd8ee6b3b81e",
              "ami-08dee483a528af65a",
              "ami-04deab1f3e42c8d63",
              "ami-0c02737cdd7c8e332",
              "ami-08e220a5fa270ac90",
              "ami-078cbb92727dec530",
              "ami-033be2427affdeb1a",
              "ami-08861b0f5a52964fb",
              "ami-0b1f0d8d1cbf95b7b",
              "ami-050652f79609c7881",
              "ami-04c434165026204c8",
              "ami-0c68aa8c7a2c09f29",
              "ami-0545943246f6bbf31",
              "ami-0b5e85594c03bb2c8",
              "ami-03fb51c8c74a0cc38",
              "ami-0bd50e308e4cf942a",
              "ami-06644055bed38ebd9",
              "ami-0c35bd9a1a68c747d",
              "ami-063db38cb679951b4",
              "ami-055e49ac79481a937",
              "ami-0dcff282af898b064",
              "ami-09a83b91fc98e860f",
              "ami-09735fd9aaf8e3462",
              "ami-053b1febdec0cb85a",
              "ami-0055fe8d6f58d7955",
              "ami-00c1d7da1c26cc825",
              "ami-0949850e23f7bf953",
              "ami-075ab6895cd0f3a4d",
              "ami-00950dc207e7f260a",
              "ami-0490dee5c63cc2d09",
              "ami-01f6c356a6f6bd10d",
              "ami-0d4d5737f9f0c6627",
              "ami-0bd6b4bee55824034",
              "ami-025bdc06719704f7e",
              "ami-00a44b42a9d9fafb5",
              "ami-06cc0a1c8c3617614",
              "ami-0168891a3d5825fd7",
              "ami-073092ffad39c8396",
              "ami-0a662c6225e102aa9",
              "ami-0b4d919ac3c454c6d",
              "ami-0f87d564a549dc73e",
              "ami-0a24c549196cbbbbc",
              "ami-0fbf7166bd4ef6dc6",
              "ami-0f551ae3e613655b4",
              "ami-011598171b609aa36",
              "ami-0fb33ec3ead0b8e3f",
              "ami-0b5881b210f7bb6f2",
              "ami-057f51b7139b6250f",
              "ami-0ef4cefc1e93fb0ec",
              "ami-0cdc090c11f1cad27",
              "ami-0f5bd67883beaf31d",
              "ami-0cfd34fd42e26f46b",
              "ami-0137438b50d6a8d0d",
              "ami-0c388efc13076afa7",
              "ami-08828f047fafb47d5",
              "ami-0a6b59e9b9d106cda",
              "ami-059fe6f8c59fc23bb",
              "ami-04bbd19ed093a97d5",
              "ami-02f6c578fb2fdf7e9",
              "ami-0d661d78bc0a46a96",
              "ami-06c5befab6a7fe406",
              "ami-0c1b2c2e43daa0924",
              "ami-000a09a0ad94ed60f",
              "ami-0d17125571fa07c4a",
              "ami-0e3b0d8b96bab4ba7",
              "ami-08873af09f6b9949e",
              "ami-0919fe099ee504d36",
              "ami-0cbfb88f0b9b0da35",
              "ami-0aad82d715a1f07b9",
              "ami-0aa006c61e514cfb5",
              "ami-01338f9ae3b182cc8",
              "ami-05e4673d4a28889fe",
              "ami-03160d4c73e9c30d8",
              "ami-03c06e76d68b074b8",
              "ami-0f474c1943cd49e69",
              "ami-080dec6cd31e0c89f",
              "ami-05e656eeb7304ea30",
              "ami-02b466e5680222c15",
              "ami-0e0fbae8cb63f25e5",
              "ami-08f7deb444fc3dbff",
              "ami-0004bfce88851ff01",
              "ami-0287d9ea914695a1a",
              "ami-07aa5ecc958e1ce3e",
              "ami-025a4989e7c9c3b1a",
              "ami-03616ede5aee12ffa",
              "ami-0f03a6f15aa8b4348",
              "ami-03706882a7b03393b",
              "ami-0f0b5b40a4ac8ecd4",
              "ami-01019ac5e9b7e8a08",
              "ami-0b57a6d886c9d2fb2",
              "ami-00e69c1911063647b",
              "ami-061a8282f88283043",
              "ami-0528007a60177dd84",
              "ami-0279c3b3186e54acd",
              "ami-082ef9e33e48c4dba",
              "ami-09312545a36c270ec",
              "ami-05f79c4811d9abcf2",
              "ami-0822796fd7b3ba710",
              "ami-0e29de6546670980c",
              "ami-05fb09ad672ad2a48",
              "ami-00b2dc655ee42e079",
              "ami-07b53f3177f36b837",
              "ami-07be7e436dc49a07f",
              "ami-0489c347b34094e6c",
              "ami-0a2c275b42dee0b81",
              "ami-048ab128fbc163b6e",
              "ami-0d3726223559eb8c0",
              "ami-01d5816bf5b84898a",
              "ami-01c20b9173c238f18",
              "ami-0e46d8baf614eef8b",
              "ami-0f8bd3d368168f814",
              "ami-064b97611dcd1ad3f",
              "ami-02c005ee9093dacc2",
              "ami-0269610e51020d8a3",
              "ami-036141ed486e68b1f",
              "ami-065df4d1721131964",
              "ami-08f17875d18ad456a",
              "ami-03a8d067362c1aca6",
              "ami-0391f6704f9834b79",
              "ami-08d8cb671f553036a",
              "ami-093313d54bb55d2b4",
              "ami-0c07410fc69c62b9a",
              "ami-03b1e629ac8f84e1a",
              "ami-0c12f710f9d7bcc82",
              "ami-0d605f6e876f6af1c",
              "ami-08b19330326b5d369",
              "ami-0a1f1d38f67d5898c",
              "ami-0adc2ae42368b2134",
              "ami-053e83162e3a455c5",
              "ami-046b49cf08ea177f1",
              "ami-041da30ff819a0a0f",
              "ami-061d5e0b81dfa2121",
              "ami-047aac401290eac97",
              "ami-04c47cb3d4fdaa874",
              "ami-0f479953171ced6b7",
              "ami-0b68078ac118ff05b",
              "ami-01fd30253fcb0edeb",
              "ami-0e3f25ea1310020c8",
              "ami-054c9a0f775680da7",
              "ami-0249307ded34c3e0b",
              "ami-0ca1a29eac32f240a",
              "ami-0f69a1227d3deb815",
              "ami-0f2a6c877d07a79c0",
              "ami-06df73039f5bb06da",
              "ami-09bbad01b4fe3686d",
              "ami-03e3b75a591318b98",
              "ami-0bd06ab722f354b0e",
              "ami-0ccc132bf126d87db",
              "ami-05f7efe94d6090737",
              "ami-0e0bb9f1a59871ba5",
              "ami-09e5cddf66eacb005",
              "ami-0dfc4d649888dfd97",
              "ami-06e0d97bb07d11e3b",
              "ami-0beaa80e290f6c945",
              "ami-027caf512824b67b8",
              "ami-0dac63f40a84c4bb0",
              "ami-03dae41308ae35730",
              "ami-0b3392ddfc8841c4c",
              "ami-0b0ac21afd77773d5",
              "ami-0216a1dba0380adbc",
              "ami-082f4ce0d66412496",
              "ami-041e2ef001f0e1398",
              "ami-001531bd03c3d11b9",
              "ami-09bc6a9d4d8652bbc",
              "ami-0750517fb206c91de",
              "ami-08e281f9110a51150",
              "ami-073f94378405a4073",
              "ami-0c9396c2792062558",
              "ami-03bf8594c6a023022",
              "ami-01ff41f6a8358e9a5",
              "ami-08e2f745841fd3ca0",
              "ami-0110765bdc3a9df6e",
              "ami-0e43fd2a4ef14f476",
              "ami-0e1f658f8a2ad3e3b",
              "ami-0bfc02e7ac93240fd",
              "ami-04fe9398b2a27a600",
              "ami-083654bd07b5da81d",
              "ami-0c4f6008cc10689f1",
              "ami-02136a261f456c89f",
              "ami-05f620fd53bdb626c",
              "ami-0657537bd7c463c93",
              "ami-051ed1abeab3c8235",
              "ami-0630973063c32f910",
              "ami-026d72b22e948959c",
              "ami-02380f95c4bd1223e",
              "ami-0f7cf9c75e0df6b38",
              "ami-0b7cb43eb77094773",
              "ami-00906bbc360806712",
              "ami-0fcf12ccffe66ff1c",
              "ami-091af6726556b1b16",
              "ami-0f14cc3b50297d26e",
              "ami-07b89cbd9c2a64053",
              "ami-0205c39bd60924d48",
              "ami-0911c789823a92ffa",
              "ami-07de50f2504880edb",
              "ami-0539240533bb304f0",
              "ami-008b5757c74ce1842",
              "ami-0ff47259791dfe9f4",
              "ami-018ce1809cab96528",
              "ami-093f0c7d413a0b22c",
              "ami-01bf6fd533dd17847",
              "ami-0eb1790ca45335858",
              "ami-0c7a36ac9eb17bbba",
              "ami-0956045af4131fbe3",
              "ami-0256c39590c09ee20",
              "ami-0982f942f7399836a",
              "ami-0c093c4b9ae4604c7",
              "ami-0a0cbe09d62fb51fd",
              "ami-09ec0080baae50d51",
              "ami-0e88d2110a58e93a8",
              "ami-037780f7d87336ba2",
              "ami-06e63f93f149024f3",
              "ami-0a4316c49d521d2c5",
              "ami-081ef3941aa103798",
              "ami-078085c46fe50782d",
              "ami-0037a371bad7079ef",
              "ami-0b3b8d983c6555454",
              "ami-081369a7614f1e038",
              "ami-073ff666901837856",
              "ami-0c2cbc1ce1bdcf88c",
              "ami-0ae57078a910ca79b",
              "ami-0547de74929955075",
              "ami-06b56f7a8ec4a15b7",
              "ami-0294d480a20c1e5c9",
              "ami-03f02d6dc938dc459",
              "ami-002be91737a90ea2e",
              "ami-08ff4de78a1309cbf",
              "ami-07c790c8cea4951f8",
              "ami-07e1ea142d5acd9dd",
              "ami-0376a62b69cbaca22",
              "ami-03316998a5e0e7fff",
              "ami-07e95b454dc929e98",
              "ami-0892e989fd0435fcb",
              "ami-0f6c00af26a1f342d",
              "ami-0106fbff4108599d4",
              "ami-0c24f766015d1d9d2",
              "ami-020bf46ee029771a1",
              "ami-0e31967fb649567d5",
              "ami-09159a13ace87b4a2",
              "ami-037f047055d30e597",
              "ami-0be0f70864a991099",
              "ami-08047ee6d08aa96fd",
              "ami-032087dff7b05c91b",
              "ami-0cb0a051f6ce55c2c",
              "ami-05de65b9794d49257",
              "ami-0374b0d8be7fe95d2",
              "ami-0b116e33d0184fad0",
              "ami-0f194a108268a2f50",
              "ami-0603609db0780b1fa",
              "ami-0bc344e364b14984e",
              "ami-0a648ed04151b0f20",
              "ami-01705b1c5f88a55a0",
              "ami-03f3305485030fbdf",
              "ami-0c71bdf44d5f9eea6",
              "ami-0f6435c61aa88a4b3",
              "ami-022aa79dd285d21a8",
              "ami-0a865c2386f16bf86",
              "ami-076309bbd43d7ddad",
              "ami-05eb65628808f838c",
              "ami-0a704ddf73bb5077d",
              "ami-044f53a37b88a9c90",
              "ami-0288ab442171d5f97",
              "ami-05e73aca7ed198c2f",
              "ami-0c248678fb6a49dbb",
              "ami-03d325779440209aa",
              "ami-01cc2de91458c4103",
              "ami-08e6a3187dd1d4c19",
              "ami-0c3ac7c4d4d4dfd56",
              "ami-0284441ba5c4be8da",
              "ami-00a00a8b870711330",
              "ami-0d5ec2436f2f1bf3a",
              "ami-006ba728bcb9f271a",
              "ami-0651e22bd6ebb1e1b",
              "ami-0bef732e2cf05793a",
              "ami-06483181f02a5a041",
              "ami-0264bd9f8b399f55a",
              "ami-02bd521ab3d72d1c6",
              "ami-00f3cf48e6906f1f6",
              "ami-010e6b7ef82bd0a04",
              "ami-07419c9c5cb14a416",
              "ami-01fef53b648f111b9",
              "ami-096d0000e6c379381",
              "ami-0a23cafde82157b58",
              "ami-0162b39bf26a60cfa",
              "ami-0495012fb26ebbf98",
              "ami-0dbb81188d01278ad",
              "ami-0f9fa98a91d9f78f5",
              "ami-02061f0a9aa380dd1",
              "ami-0439d8ddf4507b27e",
              "ami-0a2380d2e8c64683f",
              "ami-084b61af53828cd3f",
              "ami-05c6b147de2d539b0",
              "ami-012e5ff289796e4bf",
              "ami-08f2900ac8d8ea0b0",
              "ami-0e768d02f42e600f3",
              "ami-099634d375463fcdb",
              "ami-0ecc64e7b81b15a41",
              "ami-0a99b06fad09f48df",
              "ami-0c78fb92ecd184693",
              "ami-0467aee5119992e75",
              "ami-08d922ef221ce0301",
              "ami-0140eca3bdf9f8add",
              "ami-0d70d9df5122400da",
              "ami-080d5e86195dd588b",
              "ami-062a473c3fc860e2f",
              "ami-0faf99e0715cc458b",
              "ami-0eb259e720ed9be2b",
              "ami-0aa255713ef4f3eac",
              "ami-0f0b8db73b182b64f",
              "ami-0eec889df8de79669",
              "ami-0ee7f482baec5230f",
              "ami-06ca59652d29b5d92",
              "ami-0e9327843a99b110a",
              "ami-0e4df7b244f3667ae",
              "ami-001de53ca5d195565",
              "ami-09040830dcd0ff210",
              "ami-0254f335ce9e17a97",
              "ami-0c385d0d99fce057d",
              "ami-0fe0658cefd880f93",
              "ami-09701d6b33f364bc6",
              "ami-0256a65b441b3a099",
              "ami-0eba366342cb1dfda",
              "ami-05ac43feb78727c88",
              "ami-0e7c9613c521607fc",
              "ami-0419d418f41aa4a0f",
              "ami-00482f016b2410dc8",
              "ami-0937e5a8063e76a05",
              "ami-0bf98ff336aa26671",
              "ami-0c18c7ec4b1814f52",
              "ami-0469de3cc598c3d8b",
              "ami-0b71c88c164710b1f",
              "ami-0589e3d8aa74d60ed",
              "ami-0061f937ffa456338",
              "ami-0a2a7d1a344a5b824",
              "ami-012bb559f9feaf5fd",
              "ami-0b36cdea611ee0253",
              "ami-04c0c3cc8534c88ff",
              "ami-0edea81d595dbb0b8",
              "ami-0f94bbb7d536ad155",
              "ami-0e0f9e805ec2d6c21",
              "ami-03139183215bd6610",
              "ami-07e1e642716241a00",
              "ami-07b9f5c379cdf61b7",
              "ami-0cfebc641ed4f410a",
              "ami-0df86acd88f00e7b5",
              "ami-067db4205cc910d5c",
              "ami-01cc34ab2709337aa",
              "ami-0ac391a4c07a43fe0",
              "ami-01d425805aef71788",
              "ami-0ac08e7b46f69c0d9",
              "ami-06c6a021dad94f77b",
              "ami-0be5b90d99ca58157",
              "ami-0447addf6c74624eb",
              "ami-020438ff68ed490e4",
              "ami-0b9538807ec3c6e96",
              "ami-01be297d61ccda436",
              "ami-042beb3d239dfa9b3",
              "ami-04b99927e2fd4a403",
              "ami-093d4c2e2e4a0d33f",
              "ami-06f59b6fc3e9b095f",
              "ami-0656876559a71c7ae",
              "ami-0ca8d31e945ecf96e",
              "ami-06b01075980c71c29",
              "ami-03ed007559477dc51",
              "ami-037fed74092981cd8",
              "ami-0a4fb8a80a631954d",
              "ami-0e1889d5973a58f86",
              "ami-03c631c3bbec6825b",
              "ami-0e6372b8409fa207c",
              "ami-0fd64a102365ef25a",
              "ami-04d4118dd8faedd6b",
              "ami-005c63ab415954283",
              "ami-031283ff8a43b021c",
              "ami-0fa5a056920432f4c",
              "ami-073955d8665a7a9e7",
              "ami-03e8c0c6f558dccea",
              "ami-02b8e29b517085ff5",
              "ami-071511e9f7cff9624",
              "ami-045d4d13f489439a2",
              "ami-067094b606217e1fa",
              "ami-0ebf738cadf3eaf7e",
              "ami-0eedb991fca96145e",
              "ami-041d866da7585e730",
              "ami-00fd4f335e00c21ce",
              "ami-06959dab25d65e644",
              "ami-03a9948b9ca07ad7c",
              "ami-06e1bdfe9c5ae3d6b",
              "ami-093fbfa3f0104ed09",
              "ami-0b8a17014e9e7f9b9",
              "ami-0ed674fcb8089bee3",
              "ami-023c598328a6ec0f6",
              "ami-0d6be97a41b0dc402",
              "ami-0ad177edb2c9febab",
              "ami-06317538be4945528",
              "ami-0063dcf8559ceccea",
              "ami-062a3d28b87ef016d",
              "ami-03bb60073e8d650f2",
              "ami-04bbbb9a356ca837a",
              "ami-077298ae903f9f9a8",
              "ami-0259e0b0f5de3bb56",
              "ami-0f01487d9f4f153c6",
              "ami-04493975fb51bcd88",
              "ami-0748b6b68a989ffaf",
              "ami-03796500afaff19f8",
              "ami-02b11ed32ccbee024",
              "ami-0aadde2301011efc0",
              "ami-03ce7518678bce281",
              "ami-076787def9c588a66",
              "ami-0f7d0f64aca571622",
              "ami-0cae339f22bc683a1",
              "ami-0d3863667e2992af3",
              "ami-09c318f0c382f6e0b",
              "ami-02cea04357d4fe3de",
              "ami-004fc7554e6e3e193",
              "ami-0307324cb63a1c14e",
              "ami-0921a313e03fa0880",
              "ami-016d868cb6f1bcbad",
              "ami-08deca0b2f7b3ce20",
              "ami-0495d11c5fd7385a5",
              "ami-0a67a9fdd33f19796",
              "ami-0109b358b958fdce4",
              "ami-0a5195ac9b08db5d8",
              "ami-0cdae088b81a9c8d7",
              "ami-04524ffcc97f45aea",
              "ami-00093d7cd599a800f",
              "ami-0706d92706869e46f",
              "ami-075ed2fafb0c1aa69",
              "ami-028a41e8174088c87",
              "ami-021c79f126312c652",
              "ami-0e3c68b57d50caf64",
              "ami-0c1051f16ab0ba15e",
              "ami-0fc3262d51cbc2a66",
              "ami-0c27909339b602ae1",
              "ami-03881464c9caf6bb5",
              "ami-0f039aa1fd1f8ff79",
              "ami-01a7d3d27d439b5f2",
              "ami-00ec9cd891a859c00",
              "ami-0da4bead227ce2313",
              "ami-0792249d0502f0781",
              "ami-0fff4220415bc6e9e",
              "ami-0608518e94d92c15d",
              "ami-01a7487e3f35cd4d8",
              "ami-02a2d139bfcf5f236",
              "ami-0e9301e0b88a4b3b8",
              "ami-0c75d7678574237f6",
              "ami-0f9df4d41b742e9df",
              "ami-09dd27690c84707b6",
              "ami-0331cc1e9ee0e02f5",
              "ami-0829b69610d7b53b6",
              "ami-02e136e904f3da870",
              "ami-0940aa04644aba71c",
              "ami-02b4a08522c33f284",
              "ami-04834f0f8c9bf1603",
              "ami-0913145e6981673a2",
              "ami-0bf46870cf882dbfa",
              "ami-07a13856d27784f92",
              "ami-0e3e5bff6b940c3ad",
              "ami-04942e54b391af5d0",
              "ami-05e0596256b4b1bc8",
              "ami-06c2c40ec98565378",
              "ami-0b437f8f8e6f66e92",
              "ami-062962ce503918d0a",
              "ami-0c4f8f7a5deee58b3",
              "ami-0d8b96082af3c2614",
              "ami-0e341fcaad89c3650",
              "ami-0fbdb88ce139244bf",
              "ami-0c4d28cfe48cc422e",
              "ami-08684d100659c0fa2",
              "ami-014fea82c37730f14",
              "ami-02d109d871c91a6c7",
              "ami-030ed38a47076f679",
              "ami-0b38eb28dcdf9edfe",
              "ami-0d838890a6501cf2f",
              "ami-04b8d7e21e6c3af5d",
              "ami-03fd9958c029011df",
              "ami-0e7eae3cdfae5d370",
              "ami-06faba96b58294568",
              "ami-05c95fc0d50cc7c8a",
              "ami-0908f1c788098297d",
              "ami-095f6e28fc9e35629",
              "ami-0800826177b25080e",
              "ami-061cd06eb2bf09473",
              "ami-0579efee664eab6fa",
              "ami-082a4093c2c0e19a1",
              "ami-07e61383b76ff1c8d",
              "ami-0fd3c0c48de23f69a",
              "ami-054d8a23e115a5d39",
              "ami-04a56a7207f13fe12",
              "ami-0ad6e000336e63195",
              "ami-0441cffdb73da8d4a",
              "ami-0340bfe4028ae2279",
              "ami-07ffc2971b2cae03d",
              "ami-0761b679ec2d48eb6",
              "ami-09ae6b530c6f78ecd",
              "ami-05c835d7f40be0f7d",
              "ami-08fe72606f5327314",
              "ami-0dca983ec4643897b",
              "ami-0b8ee6712a546f246",
              "ami-07195c64473c45c7c",
              "ami-0945e6c539485dece",
              "ami-02fd0329dadf269e7",
              "ami-04502d7f8f5649840",
              "ami-0fdf1cd0b996f6b7c",
              "ami-06a03603e999fa946",
              "ami-0cce08dfc4dc41db7",
              "ami-0733edf3c867fcd1f",
              "ami-05c1e5cb5f3751ce5",
              "ami-06c2889ec33a6a0ac",
              "ami-0ae3305d5cfc4d868",
              "ami-07f2db7ddd6f2e361",
              "ami-0f77d674e5cc48950",
              "ami-0d2fa6dc3f3e18d5b",
              "ami-04df510a7f649d12d",
              "ami-0c6e881cb0f17b0e1",
              "ami-0be0ed539bf62558c",
              "ami-0cf93185f1f6bd450",
              "ami-0986cfae97fe080fc",
              "ami-0fa9e5df0f6acbadf",
              "ami-0a62b6a708f0fb147",
              "ami-05b5da532887a9664",
              "ami-0d185f812c7cc6158",
              "ami-0bbc22f77845a1e85",
              "ami-09f97294cb5ac8bfb",
              "ami-0280304010ac627e6",
              "ami-02fbccbd0f644f49e",
              "ami-070dbf625fe1ada83",
              "ami-0367885915920193d",
              "ami-0a56aac89dc65f8ca",
              "ami-03014d00855c5b0d7",
              "ami-0aff80f1e474871ce",
              "ami-08b99cbef973b81dd",
              "ami-08dbf0bd3e61cc42e",
              "ami-07e96f6df3ab3fcf9",
              "ami-05697d5754f673c2a",
              "ami-0eee32698e27098b0",
              "ami-087e3e74326eff8b7",
              "ami-0f312a49eb071cf38",
              "ami-0ae005237a9c89805",
              "ami-0b4f34eff641fd964",
              "ami-0c30c5746ca1d73b7",
              "ami-0df6cee208d05198c",
              "ami-09614dca74d7edaf5",
              "ami-0e73bf73aee6cb3db",
              "ami-0693bf58657ba0bfc",
              "ami-08da208f95f9db2d7",
              "ami-0544372ca01db5e52",
              "ami-03982d1439cb6b7fb",
              "ami-04fb2d6b317cf1a80",
              "ami-0e1ddc69db522afb7",
              "ami-0dd8668d2e8b23878",
              "ami-027ebe80c9cee7020",
              "ami-04ed164c0ef33dc9a",
              "ami-0b66cc744e2fd41ff",
              "ami-0e9390e32b9cd8b65",
              "ami-0963e42c5ff4f0d1b",
              "ami-0124154e18b9e0f45",
              "ami-02c074cacbb60eb3c",
              "ami-09e7f75305de2f6c0",
              "ami-07ba1cf330960ee62",
              "ami-0840536d8b6789ee3",
              "ami-027a3abdfe42fe4ba",
              "ami-08b71ffce934e301b",
              "ami-04de7ac2259913496",
              "ami-0a2aa69f60f0db690",
              "ami-0f3cd4fdbbc4f374e",
              "ami-041219a66d0e62231",
              "ami-0bb453847903c991a",
              "ami-0d4b663e047b47563",
              "ami-00e7b90f6d15fb548",
              "ami-0dfbd8b3d861e8aac",
              "ami-0d0c9c0fa9a42b771",
              "ami-020f5d80a0545c8cc",
              "ami-00ea3bfce3131dc86",
              "ami-04ac067a35886b20e",
              "ami-04e4857fb761845cd",
              "ami-0684dc7c9ec0edb2a",
              "ami-06d58b8cb96faf8de",
              "ami-0f0baea233d6c0d8d",
              "ami-036490d46656c4818",
              "ami-059b0cd2e3e244f86",
              "ami-02baaab2c5209f1d3",
              "ami-0e97c32faf111e7a7",
              "ami-021bbdfd9ff0938c8",
              "ami-01fb778aca90f9ed7",
              "ami-0d7e873ffa769ac25",
              "ami-030060849c43d15cd",
              "ami-0665cb9e7ae0326fe",
              "ami-0dd11e27e176aaf5b",
              "ami-061d81a0ff2055236",
              "ami-02c69fa8d751843e4",
              "ami-038812b14f5821367",
              "ami-0794dcf94de4afdaa",
              "ami-06bd866c882e13b53",
              "ami-09bb2fc88af03177f",
              "ami-0da614ca8966cb79b",
              "ami-0107b67b7d2d7a7a3",
              "ami-09315259339841c54",
              "ami-0e37f42378216693c",
              "ami-00c70d824f2797893",
              "ami-0fbc26824728b7c92",
              "ami-0005bcf45fe7766e3",
              "ami-027d3f3988d0e99f3",
              "ami-0b24bc659e458c544",
              "ami-06227a40e21684b41",
              "ami-0b40ee60918ff32cb",
              "ami-00695aa09703168eb",
              "ami-018b7f3b4a6f8fc24",
              "ami-0117c89ebad8523e6",
              "ami-0a40d1fa41996c509",
              "ami-0f1dee4fc4df48989",
              "ami-0cd12ed3538fdbe71",
              "ami-0d685b28f1888a75e",
              "ami-0e8cdea13e90d1713",
              "ami-0e7b351112224a170",
              "ami-0d85dea828414de8d",
              "ami-087b98251f157f852",
              "ami-0b1ded876f0762c3a",
              "ami-0294c46a764167667",
              "ami-0dd6235d8f08b3ed5",
              "ami-070801f9b4d12d5dc",
              "ami-0060ca7618899a569",
              "ami-0f6e5cd7fa68f88c9",
              "ami-0971b89e2765860c2",
              "ami-03ed02f0f58f6da3b",
              "ami-0357699c20453f1ab",
              "ami-09d4d9cdb1421d949",
              "ami-0d13aa14f3bc04dae",
              "ami-03c83927ccc533736",
              "ami-01073c552efb995da",
              "ami-034f200c1beeb063d",
              "ami-07b828c02eecf97a0",
              "ami-0b49a9fba06918bb6",
              "ami-0081267d0da84b2fc",
              "ami-078f84915c06f4a5f",
              "ami-01bc2c0b484a594b6",
              "ami-04b3c39a8a1c62b76",
              "ami-0fee3e66d33ee0f06",
              "ami-013a41026cedd1540",
              "ami-086980308642e34f5",
              "ami-0ee29e3c7e2e9cc38",
              "ami-0ece059a598235853",
              "ami-0204c23c17d9ec93e",
              "ami-03cf332c96215ffeb",
              "ami-0dbd74f56b8c3862e",
              "ami-0059b7cd9f67d8050",
              "ami-0ac59804e0c10a625",
              "ami-0b0ea68c435eb488d",
              "ami-06ae0e97bcb59038c",
              "ami-03fc653bfc938809f",
              "ami-0a1960e00a6cb2f40",
              "ami-03c53cb2507dda8ae",
              "ami-0b231db00de9f504e",
              "ami-0c7ec17765d6e5676",
              "ami-0864e55b86c51829b",
              "ami-094a5c9900e98a022",
              "ami-0fd356ff12c4d591a",
              "ami-086a55b5e4ee25d89",
              "ami-0c51d540cf23dbe0f",
              "ami-04bbfdc9020958c86",
              "ami-0d5143135bbd26536",
              "ami-025d6c54ce762e0f8",
              "ami-0f7d2b664f0a48e7f",
              "ami-0a4bb4ba071ef0cf9",
              "ami-056f2a70659e914b7",
              "ami-0fc47e42a3c9e6c1e",
              "ami-0f3bf748acc43f8b4",
              "ami-0c3bcb65e9109b44b",
              "ami-0a16070a2937220d2",
              "ami-034db162b383eb1c4",
              "ami-0a6f47ce4cfb4339d",
              "ami-035598112659225ff",
              "ami-09bc3af312d0310c2",
              "ami-089b5711e63812c2a",
              "ami-03d1ad7baa47804a7",
              "ami-0a3e62d0ab0b19c0f",
              "ami-0dccfae40e41a2f39",
              "ami-0a70ccdeeb72d7596",
              "ami-09b7ed4bc7c649082",
              "ami-04bdd8130134c73c2",
              "ami-06037415164f82ad3",
              "ami-0e1b7c24eb5f030e2",
              "ami-0355673a34a758aa5",
              "ami-0f79701fb83e1ad37",
              "ami-0ad3a0c31ba867da5",
              "ami-07c75644c15797e87",
              "ami-012b78c7353cb7b5f",
              "ami-0ce42a706ae6aedb0",
              "ami-0f7924bc9112bd6b6",
              "ami-0e15efc86380a4beb",
              "ami-0b227f882d1866a77",
              "ami-0ef465594efb22999",
              "ami-0021c79755f975fc3",
              "ami-0eb726284a04f5d08",
              "ami-0a4d8a1e26c159910",
              "ami-0cdc6318a62374402",
              "ami-0a8395b1eab91b7d0",
              "ami-0472eef47f816e45d",
              "ami-07d0bbef5ea26ab13",
              "ami-04e185c8f70b2b4ef",
              "ami-08062f0754c138dd3",
              "ami-03f47448f47e2b1e4",
              "ami-0f033b928344dee06",
              "ami-0f71986e55f380f13",
              "ami-0dd1eb73c8651711c",
              "ami-08df14aba0fa8c316",
              "ami-08bda819c0db12ca5",
              "ami-0152c0b47a4632192",
              "ami-0dbb8fa009c4283b6",
              "ami-0a958bccf74223bfc",
              "ami-033e09fb7c6766f46",
              "ami-0b85072cb8b79cea4",
              "ami-0a710b8bbebdb0d1c",
              "ami-00db45cffb51999f5",
              "ami-0a7c791456dedf1d6",
              "ami-02ede972d913fa1a6",
              "ami-0125a4552e2a1d898",
              "ami-03aeb5fd7423bc6a8",
              "ami-08711d825f6b6f6ee",
              "ami-0d560d0cf5b52698d",
              "ami-092a0ba1a81a8ee46",
              "ami-0f87c54971f4b120a",
              "ami-0871018dcacaa69be",
              "ami-04c6a2f5bb3445801",
              "ami-0f886bb70d9771bf7",
              "ami-02f55a45203d30f50",
              "ami-0094c5102e93b4556",
              "ami-0ce12e8fbe922403f",
              "ami-081fe974872375bfc",
              "ami-0d7675a9644861688",
              "ami-010575f49422f988e",
              "ami-08a47da64b222fe28",
              "ami-084f2934c692c1a8c",
              "ami-0636ae2c3629c7b72",
              "ami-0470fb70c93b31dfd",
              "ami-099bb3d30b4aad7b0",
              "ami-0b3455c7bb53bd566",
              "ami-0c679eab49e91bff8",
              "ami-052fe28e906dfe67c",
              "ami-00bd2fe1439631665",
              "ami-0c202eed128705b7f",
              "ami-0021a74ecfda5333e",
              "ami-057add9becb30374e",
              "ami-0d88d757116680270",
              "ami-08d357df01906fc76",
              "ami-027aa99529093590d",
              "ami-00be22b84c4b8c7db",
              "ami-01bd4f7f63df9138e",
              "ami-0293337346fcababe",
              "ami-008d7fd34b5ffa388",
              "ami-09288681199daca1c",
              "ami-00dfd7a6815026ad4",
              "ami-004bf28d7e5cfae00",
              "ami-053857abf684cd3e4",
              "ami-0fd690338a9286b47",
              "ami-020a38107ff1131c0",
              "ami-0706a79e169de19a2",
              "ami-03d0a1399750fb5eb",
              "ami-0e4918a711a037cfa",
              "ami-0355f1ed5537c0368",
              "ami-0a875649092a6d6bc",
              "ami-04cdd0651d6fc79fd",
              "ami-0b1d9960f2367ccd2",
              "ami-04e54898320c4c121",
              "ami-01ed48d0eb02b81f4",
              "ami-0d4d9e402eaa7c632",
              "ami-00bbc8f4de5e79a87",
              "ami-0e2cbbb6d3000c61d",
              "ami-0952dffd75806ab7a",
              "ami-0fde0b0a56b406b4b",
              "ami-089fc40b58b9c0382",
              "ami-04ea8f133f24dc370",
              "ami-07279d867534aacb6",
              "ami-0ae0b6d49088fc747",
              "ami-0cfebfa4e99f14829",
              "ami-0822348d762b9d600",
              "ami-05db0a66ed5f4e4c8",
              "ami-02ae58a45df56bbc9",
              "ami-0c15bc842dfa8b928",
              "ami-06d315cbed4875085",
              "ami-0ec379361575ed395",
              "ami-061e4bc197a70cb48",
              "ami-0b424675cac392f33",
              "ami-06642e93b1fe89786",
              "ami-095d0c55618b67227",
              "ami-03241e3cc8da14ff4",
              "ami-0cd46940495e5a250",
              "ami-03d6fc180583da3e7",
              "ami-0ed2cff35fac8a8c6",
              "ami-011c44ee24f12f3bc",
              "ami-0d72f2838b5938d40",
              "ami-0cac369c1e2f9bc8d",
              "ami-069e6f1542c784ebf",
              "ami-072ae9de5bc013149",
              "ami-068969a76c11b0c99",
              "ami-0d181a5bd82a41a3f",
              "ami-0d5d5a3524a3a213e",
              "ami-05830e365b3d64ab7",
              "ami-0d0ab5cfa53585a0a",
              "ami-0b7d9795e8e7009b2",
              "ami-08e9f5b923825f4c1",
              "ami-0bff86d8a22d9261c",
              "ami-0c778455091534fcd",
              "ami-08f8551bdc3fb03a0",
              "ami-072f1802b15869440",
              "ami-0e2d570b29af1c496",
              "ami-04e27046c9ea17471",
              "ami-06e7200b0fce1d194",
              "ami-080ad4b0973683c32",
              "ami-08ad8a88e42e1a489",
              "ami-02dcf6b4aba9d5001",
              "ami-05c219acccfbc95e5",
              "ami-0e654765e72eeca63",
              "ami-0a5f51a06bc5a07c6",
              "ami-0a356df35f0cf188f",
              "ami-0b5f3c85e2a4a8439",
              "ami-011a1581c7716f784",
              "ami-0d2a8edcc662fec70",
              "ami-0790cea473d4fdb7d",
              "ami-0c4d0bacbfde03684",
              "ami-04f3c3467f0a40f30",
              "ami-01d4cba447d3d3eb7",
              "ami-09dc3691deaa21d3e",
              "ami-065cc7fcccc150089",
              "ami-016c44e64305d5405",
              "ami-00d097fa87f8eae07",
              "ami-0807378a64e386322",
              "ami-0c5b4ad9aaca5af34",
              "ami-091a52d7aafd0b007",
              "ami-0360b7a3048892e0a",
              "ami-0e37c575c20e152fc",
              "ami-0a0c25f2ce1a58039",
              "ami-07b163cba6a9ce535",
              "ami-048b0c5cfe11c8090",
              "ami-00ebeb5610c59d998",
              "ami-0b4a9dc62250b0cfd",
              "ami-046dd822b5e82a930",
              "ami-044c412d562a469f6",
              "ami-0a9b169c2763245a5",
              "ami-0343976cfb013a70b",
              "ami-0ab8fa9aad9e2f16e",
              "ami-0fc1769afe619e097",
              "ami-0d7e8cbbb44d51b82",
              "ami-02ee0b733bfd597e4",
              "ami-0610c676b4cc17f57",
              "ami-0b7b6f847ae233ed3",
              "ami-0d7c46e796318b691",
              "ami-0b297a512e2852b89",
              "ami-0b1ed32ab5ddf1b2b",
              "ami-02a500fb92aed17a2",
              "ami-0a99721a12001ebd4",
              "ami-028b2c907293dcad3",
              "ami-0bd3dc9615589837e",
              "ami-0fb9cb53f96d86019",
              "ami-011179a9f721614b3",
              "ami-0e12e88471a9cd5e5",
              "ami-05f4c62ecea285c36",
              "ami-0819be67ef54209c7",
              "ami-06dcfc73ed6a39624",
              "ami-02984fdea3297d0ac",
              "ami-09384d8815cd5e5cb",
              "ami-0485be4a308cd68c7",
              "ami-02ca7796d10c736c6",
              "ami-0861ca93677cd55c6",
              "ami-045ff6b05759fef0c",
              "ami-0a172376da9e2602a",
              "ami-04e1082a7b88dc547",
              "ami-061ad48ea0759a0a6",
              "ami-03951dc3553ee499f",
              "ami-02a393af854e372cc",
              "ami-04d5b6962825b6f92",
              "ami-07b1305cd78401892",
              "ami-043220b5f91029b6a",
              "ami-0a7d186efd8c86a67",
              "ami-0c7705e1aa36cb521",
              "ami-01bcf37334fc3e25c",
              "ami-0ad9eadda23f00aaa",
              "ami-0d2b1aec920127e01",
              "ami-058b1a42743007eae",
              "ami-039d0287c41d2ec95",
              "ami-059137e7b91df5d58",
              "ami-03b9ffda3d946ed03",
              "ami-052d1b990bb646e59",
              "ami-0cd0d2c218f2da2fd",
              "ami-07b514751399c4230",
              "ami-07d46cb8b84805885",
              "ami-075bb441aeb176822",
              "ami-02c70c89ed071bb46",
              "ami-061da24a933ecd127",
              "ami-0fd8a0488d91cf559",
              "ami-02c9c5bf5753617ad",
              "ami-088d337fe5da6c98d",
              "ami-06b24c59492868504",
              "ami-091d9b34b691a489c",
              "ami-0b80406a954fa219a",
              "ami-08007ec94efa786c2",
              "ami-0449e3c8c0a57b384",
              "ami-0a2279a772ba73b7b",
              "ami-076442c1568840a46",
              "ami-05400889d0813966a",
              "ami-0efb112999b17d2bd",
              "ami-0d954a6bc68757031",
              "ami-0a45509b1e536394e",
              "ami-0289946300933ca0e",
              "ami-0f387434d1dfc4cc2",
              "ami-0bfa484c1d9873baa",
              "ami-0264fa9b01000d66a",
              "ami-093429af04a30cc93",
              "ami-0401e8d168682b3a0",
              "ami-02b36050039878396",
              "ami-03a80f322a6053f85",
              "ami-0fedebff038630644",
              "ami-0a57edb3631e68796",
              "ami-0cfc05f17eac80275",
              "ami-043976d02da470c93",
              "ami-063d6009e26b3b6b2",
              "ami-01ee333955a4358d7",
              "ami-0aa001a83ed7563b7",
              "ami-00b85ec9985d69366",
              "ami-0a4ea84986e9ccce5",
              "ami-0429e7fb060533dda",
              "ami-039f921eaaab11676",
              "ami-01df4c7adbc67b126",
              "ami-007ed34ef23138092",
              "ami-08ba2adf29742cd65",
              "ami-0c143c405badb5579",
              "ami-09ac91d4541c1ee0f",
              "ami-0abb6ddaaa79cd264",
              "ami-0cd96fb7b63162086",
              "ami-074ada7e2df2e0b11",
              "ami-0d67f95b873d85384",
              "ami-0272785bebcea88f9",
              "ami-08b4738284ff2671e",
              "ami-043d7bdbbdf1b47b2",
              "ami-0a353aec165e9e370",
              "ami-0729a9d7d6b719f5d",
              "ami-078a5811a78fb6aff",
              "ami-0c92c94c2ecbd7d9c",
              "ami-0d3cca121fdce2013",
              "ami-03fe4d5b1d229063a",
              "ami-07af4114f898160db",
              "ami-0e6aa8499dec0483d",
              "ami-0d5aef743623d1837",
              "ami-0433745b0a2b77ee3",
              "ami-0211ee2c4f16b9f71",
              "ami-0da06fbf4d9d620de",
              "ami-0c41442f7868db08c",
              "ami-07b2024fae1b31bc8",
              "ami-03752f243f0724abd",
              "ami-0cb9323ed108d2ba6",
              "ami-02b83959c6b6528dd",
              "ami-0d08b2898341f2d6c",
              "ami-0214c8f62d82d37da",
              "ami-0fee19f503d53445c",
              "ami-0724c7417097b95f2",
              "ami-0b9d44cef5be33297",
              "ami-0344fdf6cf4bfc5cc",
              "ami-008830932569d2201",
              "ami-07918087871c17b8a",
              "ami-0a2788445f003a357",
              "ami-08b3ab7f95df421f5",
              "ami-0b4e0849188d28b8a",
              "ami-0857b087a5bc6fe3d",
              "ami-0d9d6abf6ebab35e1",
              "ami-0bd5b032daee141f1",
              "ami-06231ad0195551388",
              "ami-00d96fd4cee4e712a",
              "ami-0d50576797d8d1a43",
              "ami-02acb9783fc73b18f",
              "ami-0c01f0dde63ba0fce",
              "ami-00c2075e4c33c96b1",
              "ami-03a454637e4aa453d",
              "ami-0e57045d42fac87df",
              "ami-0600fc9b91ad47a03",
              "ami-07874e75178b1410e",
              "ami-0c3c18695fb9556be",
              "ami-0cd2c32919c2ec86d",
              "ami-0897cc4d7b9e776af",
              "ami-091536cffe64c7415",
              "ami-0d63df5ffb04d0ea4",
              "ami-017599179ef90bb45",
              "ami-08fabd6f331a9273b",
              "ami-0f2c379dc7857e92f",
              "ami-0df0b99ee42bb2d36",
              "ami-07b1ec8c27b972b50",
              "ami-0c2d590c1095df535",
              "ami-0ccd7711426259bae",
              "ami-043f9dd09a3a8cec6",
              "ami-06ddc9ffcef1381f9",
              "ami-04bee708d2ec714aa",
              "ami-0ae3045daffee461d",
              "ami-0429c3d1589340ae7",
              "ami-0846159773c2ce0df",
              "ami-0d0cbfc4d10985f27",
              "ami-08b727f0a247fb7b2",
              "ami-0aedce147bebb4cba",
              "ami-0648441233c6465f1",
              "ami-04590e42afa952c21",
              "ami-010133250fdb58a8a",
              "ami-074aae3d92753663e",
              "ami-0193ebf9573ebc9f7",
              "ami-065e52cef24af778d",
              "ami-07a174588a9343e66",
              "ami-0fc71bfab2fda7037",
              "ami-0ba7fab30d124bd34",
              "ami-0e46f2227eca48d75",
              "ami-0fba7fea031309b2b",
              "ami-08b35c76491e827cd",
              "ami-0115e2ef60b1d2f41",
              "ami-01518178201f5d38f",
              "ami-08899b9102b960c9c",
              "ami-0517890a7b3dfeb63",
              "ami-02d12375c1d861a52",
              "ami-0dab3242df8b7602f",
              "ami-069da538244c89f8c",
              "ami-01047e5641b107277",
              "ami-0d0760851115e10a4",
              "ami-0ce67c3e99bc9b261",
              "ami-0eacd7c33a2e01e0a",
              "ami-074330156efff7ccd",
              "ami-00b9f98c320fd135e",
              "ami-07d7095df8e9feb9b",
              "ami-078c6eb3a46cc0e7d",
              "ami-0ff7b2924acc1baf5",
              "ami-0bcbc8cac8c503f16",
              "ami-072897980f9b80b74",
              "ami-0bfd17d0a3d359260",
              "ami-05bb1c5a9f12c5d69",
              "ami-099ec7c0a8af2e831",
              "ami-025af23b9cd6e8707",
              "ami-0c8b5cf01e5ea5d69",
              "ami-0d49372f7cf700250",
              "ami-0add1b22e2e5be268",
              "ami-081e3132ab4de11a6",
              "ami-0fafb7c44b0c74daf",
              "ami-0f6821a0153ea4245",
              "ami-0b0251036670b9e2a",
              "ami-0b812665b5a574fb7",
              "ami-0e33ed21b2aee75a9",
              "ami-0976f0f993cd3365d",
              "ami-052252aa1ec583669",
              "ami-0d69530ea92cc307a",
              "ami-0955c6377853208e3",
              "ami-0563e1c547963d5da",
              "ami-0871030eda4a84eb2",
              "ami-0dcdcad85e1f6890d",
              "ami-01f3166820613edc3",
              "ami-098c730dfbe1aab81",
              "ami-0a182f608d68d10e5",
              "ami-0ac3c899600afa90c",
              "ami-0fa1a201fb8c369dd",
              "ami-0bb5fa25ebd05f4f5",
              "ami-0ff205f319b91a0dd",
              "ami-020fdcb8bf3cf56a5",
              "ami-0d08e7bcfd39baabd",
              "ami-0a367f0faf6faf833",
              "ami-0617c2c876932e79f",
              "ami-0a7f25853cef8a508",
              "ami-00c73cefc63113e1d",
              "ami-048f5b580ac5cffcd",
              "ami-0db38a954d8f67fae",
              "ami-0e421985ec1e3c925",
              "ami-016532b5d514e1469",
              "ami-06582e405df73f8c7",
              "ami-0030f68bcc58756a5",
              "ami-0311689bd008cf254",
              "ami-00fb5831bcc43d703",
              "ami-02296bc1271d641bd",
              "ami-0154aaad51c7f6c69",
              "ami-01ac94bb7f10dbafe",
              "ami-05fda6cf2a1ba9be2",
              "ami-093649dc22ebc876d",
              "ami-06d830736c37d8268",
              "ami-092c8c4a077064e71",
              "ami-08dd44c5cd7ec3953",
              "ami-036fc00f8a9b3c948",
              "ami-0440485672e163f05",
              "ami-0186d369d234b536f",
              "ami-06697c9894a09dfd7",
              "ami-0c5050a9e4c19a701",
              "ami-0c6c487c31ec2e683",
              "ami-026d985f5be3d7871",
              "ami-02b0ba5d6493cc6d1",
              "ami-07c96a42d069ec0ca",
              "ami-094f72c711db030be",
              "ami-0ea2cd02460300e19",
              "ami-033fadaad25e34140",
              "ami-018d562cb054256db",
              "ami-05c34afa8785834ae",
              "ami-0dffa8a43bca9d476",
              "ami-05dc324761386f3a9",
              "ami-03b5637245555e13d",
              "ami-030056ee3ade2f30d",
              "ami-0c8572040080cf209",
              "ami-038977f5062cb62ef",
              "ami-0b2558dada5fee2a0",
              "ami-0beafbd968b89d8dc",
              "ami-0531237c0bad652bc",
              "ami-0f6d0e90071a8f510",
              "ami-0a5a0c7c3b7453371",
              "ami-0940724ef851501a2",
              "ami-0bda063d17ba72759",
              "ami-0a5aa981e1f157493",
              "ami-04a34e118b6354071",
              "ami-0eecf28412138ed1f",
              "ami-087c17d1fe0178315",
              "ami-0bfe94bb4480cecb1",
              "ami-0ce86793327d57a77",
              "ami-0a556896121bebdbb",
              "ami-0eed919c7629637e6",
              "ami-029c64b3c205e6cce",
              "ami-01f2670a3911707aa",
              "ami-0e58cc96a64d148a1",
              "ami-012a24d5d9ba83ee8",
              "ami-054e507c24e05c82e",
              "ami-030d0535847a9a2db",
              "ami-0f24ecb0e893254fb",
              "ami-0f024a9e9aadf2686",
              "ami-0714c2351e9529544",
              "ami-0d50fad28d5a13de2",
              "ami-0db908d4688ded04e",
              "ami-07a51e4d7e714c67c",
              "ami-0b8d55a39d446d9b0",
              "ami-0eff55cb3247c18e1",
              "ami-0c776db1f56454d46",
              "ami-08d2ecf19fe59ebc1",
              "ami-08f56b700ceb1aee6",
              "ami-0dde620cfe70699df",
              "ami-0a523d8ff33f2a377",
              "ami-0d9f2c3fd7c1f4666",
              "ami-0cdd66fe635815973",
              "ami-0d18642a0af66371f",
              "ami-0f31a4662ebb61fc2",
              "ami-02efdfbb910448139",
              "ami-0fea7c4537f2f988c",
              "ami-004c47d0fead7ec77",
              "ami-0ea0ca6ffedd0bd88",
              "ami-043bbd1665813b813",
              "ami-010de0423ed6a1254",
              "ami-0078b78b430122299",
              "ami-0f0cf5561ca3f170c",
              "ami-0fc7c0aa3dfddd21e",
              "ami-0891c184f97cb9aba",
              "ami-0b16cdee79728102a",
              "ami-06a1eb581bfdc7184",
              "ami-03db9b2aac6af477d",
              "ami-0a86fd3f0d51c11cf",
              "ami-06b901e5b996e8c0a",
              "ami-0e4114de2cab504f2",
              "ami-016be23323eaf9e35",
              "ami-0b920463c8cb8e42e",
              "ami-037ae3b93f954052d",
              "ami-071ba647c3723ae4b",
              "ami-09a6139729f8593a3",
              "ami-0bbe7a9e86da197f7",
              "ami-052663848730d6a96",
              "ami-02138b35f7a46dcef",
              "ami-013ad31f1823977a2",
              "ami-0ff50e1765140d4a1",
              "ami-042b2f8fd1b481607",
              "ami-03398905419f47440",
              "ami-02d4f66c7e78438d3",
              "ami-06e730f5cddef8fac",
              "ami-002a4df9b51cbdf9c",
              "ami-0459b0f648d699cbb",
              "ami-01433131e145f81c8",
              "ami-070716de5a8badcb0",
              "ami-043dc556c059f7058",
              "ami-0d7dc72e44f1f7795",
              "ami-04f85157f98335695",
              "ami-05df6b3537689614f",
              "ami-0a1364026dda45d03",
              "ami-0008ab1d3f96cb2dc",
              "ami-0cdfdf3ea96e8bf82",
              "ami-01d87456c49aa2f60",
              "ami-04db55274cacd9317",
              "ami-0a94e0e7760df407d",
              "ami-04dd32df18ff97ea8",
              "ami-04bdd81ca5f1191d5",
              "ami-0341bf14fc21ca729",
              "ami-0d07cd510cdf0a0ba",
              "ami-0102f9ed7387654a7",
              "ami-036295119dfa65ab6",
              "ami-0cb5f8e033cfa84d2",
              "ami-09c1148dc01c1a5d1",
              "ami-09080acc92e5d863f",
              "ami-082bb44713a570efd",
              "ami-0e75236a4e234d376",
              "ami-060c2420be4243a7c",
              "ami-04a17efc4e67ef418",
              "ami-023141a852ef18eb8",
              "ami-0bf9cb4a5c2fd8cf9",
              "ami-0f344db9c3e3305e8",
              "ami-007f58d2233a5958d",
              "ami-067db9c9634e18239",
              "ami-08f1408907568ed73",
              "ami-0dcc7def045498352",
              "ami-0c68165916f216f85",
              "ami-0a7e517250fb35dab",
              "ami-0decb439610ee0742",
              "ami-0fcf23d007db4fc12",
              "ami-0766c80197bbb951a",
              "ami-0900a90c1055df8da",
              "ami-0925c039a13d0d4bf",
              "ami-0d6359af1d86520a1",
              "ami-0850bfe099eae52f5",
              "ami-0c51e433b8bb80698",
              "ami-06f24e97ac3e169b1",
              "ami-02dcd2eb1757a7684",
              "ami-0fc8b78b315c8b483",
              "ami-0b83d85f9496b256d",
              "ami-07be213284c50f32e",
              "ami-028b6aefc642268ee",
              "ami-07a191716b1306c24",
              "ami-0506b44a96b74fc71",
              "ami-039185a7ec38ba8e5",
              "ami-0a409d3c2984ee278",
              "ami-000e16ab64936db8a",
              "ami-02dffb3d72219335d",
              "ami-093b1152a9cae862b",
              "ami-0e64c349a53bd78a7",
              "ami-0535962d400b33de7",
              "ami-0fb3ad04cda41534b",
              "ami-0843eb778fba21fdf",
              "ami-0dfa62ac53234c532",
              "ami-07812f2606b21a026",
              "ami-01e83febb6055ac22",
              "ami-035166de90241df82",
              "ami-0f143fef506fdea7a",
              "ami-046367004f91eae14",
              "ami-09553167c6a4d1cd2",
              "ami-0abcf59c3bb1de2d3",
              "ami-0ecb0395165e141bb",
              "ami-098669ecc722725f8",
              "ami-023fc3793577958c5",
              "ami-0be6ff1765e57fce0",
              "ami-06316727caf66355d",
              "ami-039b9c904da3ed780",
              "ami-0a05e450ca414d8fe",
              "ami-04d064705dc850ddd",
              "ami-088180ed440ee6c29",
              "ami-0436fb66d53f9b927",
              "ami-0caf79f7dd5e78b67",
              "ami-0c6cced94252c3ddb",
              "ami-064baf69791984c21",
              "ami-084546b37e303364d",
              "ami-0c7af87e34fe4e8a2",
              "ami-0d7e3a3cad39ecc0a",
              "ami-01476e8cb645d1009",
              "ami-025ee0c68062def85",
              "ami-066af594f1ccf7009",
              "ami-0329d267e579483ae",
              "ami-016e6a781413c16d8",
              "ami-0815a8febc928c0c6",
              "ami-0193be899061fe8af",
              "ami-0d94ba1e0556bb684",
              "ami-0e5fb9632ceee168f",
              "ami-063216409e3cb40aa",
              "ami-0dbeda292ff555520",
              "ami-0e992e959e7e9fc86",
              "ami-0f6fc6f92f0b171a0",
              "ami-00e9cf1b9934724db",
              "ami-01e9250e59403d74d",
              "ami-027f65f815a084d88",
              "ami-01a4ad43ee6996827",
              "ami-00436e491534d7d58",
              "ami-08a6298a7b164e9d2",
              "ami-01c09148a83fd7b02",
              "ami-0f3a9e06aa9662d94",
              "ami-0eb22915d4df3a528",
              "ami-04962ed8ded1552ce",
              "ami-0fa69d12699589994",
              "ami-0c04ae74cedadf1a9",
              "ami-095d45cca7aaff7fe",
              "ami-01e1b6efcfa572d15",
              "ami-03761c309cdfb87f6",
              "ami-007da82ad37dc3407",
              "ami-0362887e740132fd8",
              "ami-01d225eebe8afeffd",
              "ami-092be975cde21a36f",
              "ami-0f778a93f6f61a232",
              "ami-01a2c2a3dd6d9ae86",
              "ami-05d9ed4cf385c2074",
              "ami-0d7f2d51c0e43e655",
              "ami-0a0ba21672599770f",
              "ami-09086d7b5dc34f372",
              "ami-06c60d7de534b6c97",
              "ami-02b402a8f8086c7cd",
              "ami-07b85c7b26304d971",
              "ami-01a93ba21897090e5",
              "ami-0f853e9d562ce3a43",
              "ami-0c91ffa51c05f6c5b",
              "ami-01453e60fc2aef31b",
              "ami-01936db2db190fc8f",
              "ami-03b57e55be865baaa",
              "ami-0768433d8c856681c",
              "ami-044c4d6d6b357beff",
              "ami-0f817eacb0204fff5",
              "ami-07d4f2a2e1e954648",
              "ami-0f741cd9ed27bdb70",
              "ami-0aa59ed7169918b01",
              "ami-06b6fd1e0502358e2",
              "ami-0630b8677655868d7",
              "ami-083e65042d0003d25",
              "ami-043707065502b326f",
              "ami-09445f10823dc8e39",
              "ami-0b6d53b48b501422e",
              "ami-0aaf5460546db11f8",
              "ami-09c6388d1b20ec0af",
              "ami-0c93ec671e8140d54",
              "ami-03a8c773d5ca20a3c",
              "ami-065a39c2203f00885",
              "ami-08561da987c202333",
              "ami-0a52351a8f28b2ea9",
              "ami-07d73b0c13772133e",
              "ami-04954209c8d5a4e76",
              "ami-0dfc213c5bcb9f1d8",
              "ami-0fbafeed5f682dfd6",
              "ami-0cd017eb36cda796a",
              "ami-05466525793096f30",
              "ami-0baff3f5f3b225c51",
              "ami-09f806ed29c792449",
              "ami-011d54ae8b372fd84",
              "ami-0f59caf70f2acec1f",
              "ami-0f3f9d3971117f9b4",
              "ami-0378828f15205d4f4",
              "ami-018a8856fda0a8fb0",
              "ami-0ff99747ec247a5be",
              "ami-0e9f50395eb2a3b5a",
              "ami-0b2f180c018d29a78",
              "ami-0f7e7643d3b3465be",
              "ami-02f78948f9031dc4a",
              "ami-09cfd3361d56f56ac",
              "ami-05cb992393423757b",
              "ami-02ab5df7bd701b014",
              "ami-0b55072d6aa22051c",
              "ami-0be93a30baf812638",
              "ami-073405153fea0fc1d",
              "ami-0884e6ace40e6d3c0",
              "ami-04b4ca3c0d3e90d86",
              "ami-04c324d742444cabd",
              "ami-074a60df34b9868bd",
              "ami-024eac3adf7db7d93",
              "ami-04e877d1187af7ff0",
              "ami-05990752c0aea335d",
              "ami-0d0fb7f3c2968eb38",
              "ami-04f2f63937e1f46b9",
              "ami-06527b725749d99a9",
              "ami-01d6e8ad62e31c103",
              "ami-0f4535e080c73a7ce",
              "ami-072e64155fde895b9",
              "ami-0bf5a8f68e615d396",
              "ami-06923e35e2dd00154",
              "ami-005455a8cbc54a86a",
              "ami-04f465aebd3de1eae",
              "ami-0aa87df78aa25bc9b",
              "ami-0711947a527a664d8",
              "ami-0ed7054c38dad8473",
              "ami-01535f8be629996d1",
              "ami-042ac4419012ce541",
              "ami-047f5d1bf76e76f06",
              "ami-0cfd54eb1be96c85e",
              "ami-0ac05f6c16145f19d",
              "ami-0ca6cad4e33d46214",
              "ami-082183d8a2c09c5f1",
              "ami-04603bf623c8393c1",
              "ami-0bdefef5fe7616de0",
              "ami-08d0e2556491ac8ed",
              "ami-0c6118de55874440c",
              "ami-002624c5c7ffd23dc",
              "ami-00ed55bbdec2424d4",
              "ami-02eeb64cd16b9f056",
              "ami-02a7b18ea1504026e",
              "ami-08d07aa090fe67022",
              "ami-0c43b333367ce2e49",
              "ami-00fc3bd94a260d754",
              "ami-0c44088b7b394e738",
              "ami-01b41a61f2a096055",
              "ami-00c2d8e4691b6d6ae",
              "ami-05ed7286918dadfbc",
              "ami-07d95509c25462956",
              "ami-0a363eb918bdf81ef",
              "ami-00c94a1f95637b97e",
              "ami-0820c0f4cce95a27a",
              "ami-017712af739b5760d",
              "ami-02204485bed7b07f2",
              "ami-09f9a2db027099a9e",
              "ami-05c91864a39671d02",
              "ami-0e04c34c1c104517e",
              "ami-094655cc7009cdd07",
              "ami-095df87238b858803",
              "ami-05ffe121d1b004cd0",
              "ami-0775f0aba27da538a",
              "ami-0d8a83dfef6443c51",
              "ami-0541b328e51a88551",
              "ami-01c09afe1cb0456e9",
              "ami-0527bbef49553cdd7",
              "ami-063e6edc6986e8887",
              "ami-020718a6f4ecba554",
              "ami-0a414911fd0986790",
              "ami-06e00ca1c3b61ea68",
              "ami-0ee3b2a146af00370",
              "ami-0d1af379e80d7591e",
              "ami-0a400300cff0c4af7",
              "ami-04dae3806d64816cb",
              "ami-0c2b8ca1dad447f8a",
              "ami-06dbd32e94450fcfa",
              "ami-0f5ea7c2783b14c09",
              "ami-025f99a8017e73cf4",
              "ami-0cc7cb7e7284938ca",
              "ami-06cf15d6d096df5d2",
              "ami-02250f0caccddc7a0",
              "ami-0e810104893bf637d",
              "ami-0ac388a924b8bbc21",
              "ami-063d4bc27262fac1a",
              "ami-01471a2911b8e1645",
              "ami-0a423085f00cb9d91",
              "ami-08c5bcc3f8a5be216",
              "ami-0273e5c71dd20bc45",
              "ami-008b429e25ea7de19",
              "ami-0baeab6d44f113e56",
              "ami-06abb9900e4d8ce3e",
              "ami-07b80e64638fb44cf",
              "ami-05e3a658d4a31fbc8",
              "ami-0b70285e5215b80eb",
              "ami-0b3603b9523d8b19f",
              "ami-0fab23c65778d8fe0",
              "ami-0ca2b3ed7e4493ca6",
              "ami-0178fb08544d8e83a",
              "ami-09d2c35d7664ddd48",
              "ami-006db0c3857ea48ab",
              "ami-0f0a146f2f53df8e3",
              "ami-0306b396aeeec72a3",
              "ami-0ca370d78a622e325",
              "ami-0cb295a91896d3453",
              "ami-08d42a5fe236ffd4c",
              "ami-064ec381e3545d412",
              "ami-0ad416a3149839501",
              "ami-041505cd9318a45f3",
              "ami-0d920d4d11d803aa9",
              "ami-09791cc9641a953dd",
              "ami-09c3e64f32f611dbf",
              "ami-08834e366ff47f700",
              "ami-0774f3a01df5da2b5",
              "ami-04738311a4aee2f55",
              "ami-07c467738c590f28e",
              "ami-0aa4844579c2c3c71",
              "ami-09d7661c7ae96b199",
              "ami-062d2c48f9d738d80",
              "ami-0a28a021aa334d6bc",
              "ami-0ecbbf421f0018d0b",
              "ami-05c049a4e1644b9d9",
              "ami-0b39bc602912155ee",
              "ami-014153cab143e3543",
              "ami-0cd92d6fd524e54bb",
              "ami-0bc8054e8dcb8d5c1",
              "ami-064e7228b07d3ec2d",
              "ami-0bfcf4b7eb33aff39",
              "ami-0a0a8b15f00732563",
              "ami-0c79c86571e71d285",
              "ami-0eaee59235afea5d8",
              "ami-09e1941053a292a9c",
              "ami-00a36856283d67c39",
              "ami-094061dc5fe12cf3c",
              "ami-0f191796a2f45e262",
              "ami-0863ce1f0ae753ad9",
              "ami-003af2ea3d9f81639",
              "ami-08655d15758e19858",
              "ami-0509f91b9bd32c456",
              "ami-03e8f862f1241c4ed",
              "ami-07fbd707dd269ae72",
              "ami-0a3335277de246f64",
              "ami-0ac39f7c10d407485",
              "ami-090baaa9ade10b768",
              "ami-005fb2dc84caa293d",
              "ami-0a6c8a2c130861f0f",
              "ami-07a372c97553d14ca",
              "ami-020e2b513b224fc81",
              "ami-08e8e1b89fb774ede",
              "ami-079c0ad54d2a0b8fd",
              "ami-06f4b5e98e1284d36",
              "ami-06c860ce19126d6d0",
              "ami-0bb7d97467d610968",
              "ami-0c67a82bf320260c4",
              "ami-047cffe18971e411d",
              "ami-018e728eb1c17410c",
              "ami-001d12a50172535fd",
              "ami-052de3b05836e56bd",
              "ami-003c9127b7b55158c",
              "ami-0261a4acb3ed7b2f2",
              "ami-00e5686cf2d27bcec",
              "ami-047c36c7e16b8e7b5",
              "ami-0539517fda76b726e",
              "ami-0094060e77f7ce8f4",
              "ami-02e194251e78bb4b8",
              "ami-089a04dd9d433e945",
              "ami-06801426dedf14524",
              "ami-09e666c52be6302a3",
              "ami-09cd431658b5ab3be",
              "ami-03ad51d0b69da65e7",
              "ami-0da953d76342f59a1",
              "ami-0133407e358cc1af0",
              "ami-0dd5ff8235b526289",
              "ami-04e75699808bf278d",
              "ami-0a55c9074846545aa",
              "ami-087b6081d18c91a97",
              "ami-05ad4ed7f9c48178b",
              "ami-09f4569803588cfa7",
              "ami-08fefaf69e6b51d7e",
              "ami-0d1ba75e93a0307cf",
              "ami-06cdbd80022d89537",
              "ami-03016953d28c33b38",
              "ami-019212a8baeffb0fa",
              "ami-02762e3af2996d937",
              "ami-0e7a5554e82452478",
              "ami-01c9c1d6ccb3a4a11",
              "ami-0c3086222d6e0e623",
              "ami-052de637b00e5e4ab",
              "ami-0fed103383bb6cc6d",
              "ami-0dfa3d0b87b5780a6",
              "ami-0a9301c1edac7c719",
              "ami-07a7e471f5004884c",
              "ami-0e4103dab6c08c717",
              "ami-0356f272e6a6f0f90",
              "ami-0b23857c1fa77eb5a",
              "ami-0a11339369e30ff4a",
              "ami-027958e2890cba021",
              "ami-089b2026eaec03de3",
              "ami-016711f89bde38deb",
              "ami-086882a770465a21b",
              "ami-0323748c10dcdcc02",
              "ami-07cbee418e0f332fa",
              "ami-0fa4f049547ac6cb6",
              "ami-03f67de98d84a92b5",
              "ami-026d28e39a0748f50",
              "ami-04ff7c55c0623527f",
              "ami-0356d9b25ca98d6e1",
              "ami-01c2088cadf903663",
              "ami-014eb31944b996b67",
              "ami-0360bd20d36eccbdf",
              "ami-0714249805a28585b",
              "ami-0c0d47b46ff134dae",
              "ami-0bad0c1260f9e8b1d",
              "ami-09b279892ab63a56e",
              "ami-07255959d3f238cce",
              "ami-0d22a8b05dbb885a0",
              "ami-02e32c876a7d8a934",
              "ami-082e7c2c162a55245",
              "ami-0cc321c2f85e1942c",
              "ami-0ef0af641956d27f5",
              "ami-01a1745d4cbed9503",
              "ami-053369b3bc04e3695",
              "ami-065760881d6d3d1f5",
              "ami-043289888b952a5e4",
              "ami-0121664dceba9d374",
              "ami-0f6e0ed8f2f33317b",
              "ami-0a3a2a9e933708644",
              "ami-01e074946adbdb11c",
              "ami-060b56cd1c738f3c9",
              "ami-0695050bf598bca7b",
              "ami-0819a484214322c8d",
              "ami-087d1f99600dab9b6",
              "ami-063585b210649a353",
              "ami-0edbb8c3701d3f847",
              "ami-07886f22162246342",
              "ami-0508b3c2d0146a137",
              "ami-0a541f72793d32389",
              "ami-00e2842353947ca98",
              "ami-0dd21b5413f0f92b6",
              "ami-005a38b1ee3a17147",
              "ami-0db9c8a038006f7b4",
              "ami-0b4229080f91b3635",
              "ami-02c3d9e90303dc302",
              "ami-08bfd5da2020eb771",
              "ami-07723da206314ab29",
              "ami-01a85d4b4dfc38507",
              "ami-0318937238d64f0bf",
              "ami-01a466d74228d27ae",
              "ami-026e68f871de2d9c3",
              "ami-0e65d2be68721080d",
              "ami-06d46e630f0e335ce",
              "ami-07b992f0d71732125",
              "ami-0ee77195792555047",
              "ami-00095ee0c63e17103",
              "ami-0806aca89fa56282a",
              "ami-0f9367b819df4d64c",
              "ami-0f50d501cf1e5c0fb",
              "ami-010975c09d109c61f",
              "ami-00ced8ca84949f246",
              "ami-0c4fc488c05d44168",
              "ami-00ab55db2afbcd4a7",
              "ami-0df940f525838f371",
              "ami-093feaf5ffaf1e8f3",
              "ami-0c42fb84aceb68160",
              "ami-0fc034e51e520af83",
              "ami-07b02e02895a87e75",
              "ami-09596b211c1768b45",
              "ami-0eaf24051541db758",
              "ami-0f0720b720fd94569",
              "ami-09aa53b61ed0ae453",
              "ami-0fb35aa05e6778e87",
              "ami-0e2c08f59edd57b1c",
              "ami-077a5a851389dca49",
              "ami-0540d8088ea7eae8f",
              "ami-01376d6a6a5202f4b",
              "ami-0baf739b50a8ba624",
              "ami-07073e174bd95b3d4",
              "ami-0f158b4c1178946ea",
              "ami-0f0c4a57bf411bdbe",
              "ami-069b9a5fe36dcb200",
              "ami-08a276de10cb46b93",
              "ami-0eeb246f7ebeba717",
              "ami-0af79c8c5eee5a5ff",
              "ami-054dedc46c0eb399f",
              "ami-0c5da3f8372898fec",
              "ami-0ce85178da440c8dd",
              "ami-0f9b336e3faf02fea",
              "ami-0d02ad22fcd61aa0a",
              "ami-04b728ba1f6f7add1",
              "ami-0a5a39612144ef80e",
              "ami-0917c3a41df405053",
              "ami-0d3540f78475a89f7",
              "ami-075988230924259ef",
              "ami-0f293dbbb3058645d",
              "ami-0350db6ccbeef2fd6",
              "ami-0fce51dec9cee26a6",
              "ami-066eb9819f65962e0",
              "ami-080df6053837cbadc",
              "ami-0e188e08b8bab4df8",
              "ami-0fa0dc45838b60a0a",
              "ami-006b5b1a963728b7a",
              "ami-01488b512e3feb3ba",
              "ami-09d2acbc4b2f5e890",
              "ami-004fe4e329bf9dadd",
              "ami-0756a14091587e7f5",
              "ami-0f40a5b1fd9897a18",
              "ami-03fb34cff66e45e2f",
              "ami-01466cf5f0eb64628",
              "ami-070b2b75594099a08",
              "ami-0b46e5a42b5cb1f8d",
              "ami-0d133bc2a55a04e9e",
              "ami-046666fdf069c245f",
              "ami-0616a0d3a784ace5e",
              "ami-0bef66eb4c1fa1d87",
              "ami-0f67d68995d5c50f4",
              "ami-01172c5532df8f4c3",
              "ami-07ae17941c11b8545",
              "ami-04523c29c5febeaeb",
              "ami-07600fcf2592cd969",
              "ami-0d4346e867364c7dc",
              "ami-03277302e95491f25",
              "ami-09e92dd3416bf4803",
              "ami-016714548a7c08d9b",
              "ami-0245f6d80e2b417aa",
              "ami-00c291194e8f02ec1",
              "ami-058efb4e0f3687d0a",
              "ami-0aee3dcc97ae22f9f",
              "ami-0267278129f130377",
              "ami-05e5e271301c29162",
              "ami-0bd22f776be5a09c7",
              "ami-04dd10f786634f594",
              "ami-06e12d5d1220056ab",
              "ami-0b0854c507a0923d5",
              "ami-08566345d168b1fe8",
              "ami-0976a12d3589367fa",
              "ami-054836692105f5330",
              "ami-0e16e574e5ef7bde5",
              "ami-08350cffdb7a1a30b",
              "ami-0202dc947a5d40862",
              "ami-09867280161582c03",
              "ami-0cf6c3cc8f86ca046",
              "ami-0f0c302becdc788a4",
              "ami-0b88d5c2f581f0520",
              "ami-0b4a50e8122e05452",
              "ami-0e36a8902080a1e78",
              "ami-0c785a683890461d9",
              "ami-0406428c6a4f2e8e8",
              "ami-071f96e8f4360845c",
              "ami-0e4f37e555e0a4637",
              "ami-0de0f3d0a8634e57d",
              "ami-04ae8b18c22e28041",
              "ami-0910a1a87eff6b799",
              "ami-0376db2bfb57d4f7c",
              "ami-0beab11409741900a",
              "ami-0ffd5dfc589fb01b8",
              "ami-0d1dd2082b68f672d",
              "ami-0c5be9fccf08875eb",
              "ami-05a9db06b4c1963c8",
              "ami-0116f6283d883ed83",
              "ami-0c612dc8104e0d6bc",
              "ami-04c463ff2a03b21e7",
              "ami-00e55c0036c3b0357",
              "ami-010fd945183a6fbc1",
              "ami-0204e3e4cd8c9aa12",
              "ami-0fa9de2f08f80c6e4",
              "ami-0906e4bddf9945e7d",
              "ami-0c8a373cda79bdfe3",
              "ami-06dffcb4d4f1f21b1",
              "ami-06c38730083c968dd",
              "ami-020a792a59f44e8af",
              "ami-0c3d721d586fdeb24",
              "ami-00b456eb1173b425d",
              "ami-0931653044535ffff",
              "ami-0885a36d4c1ec6918",
              "ami-071b36aaf7d10aee6",
              "ami-0533f88e206880625",
              "ami-06e50d966d9f35c6d",
              "ami-0f087cd2710312f98",
              "ami-0dc2f4b8671bd8318",
              "ami-09a4bb570f2287d3e",
              "ami-0d642e5aa0f77f3fe",
              "ami-06a5421f7afe467a7",
              "ami-07378ecc811cee088",
              "ami-0f846def4ec4a5112",
              "ami-0d190be5ef38eb262",
              "ami-0c6b5c101c4ca6c7b",
              "ami-067c4799c2c0a7c6c",
              "ami-09c34999428940c07",
              "ami-0fdb6d5b74ac6e787",
              "ami-0f113c427d11de9de",
              "ami-00565d6f75678459e",
              "ami-082289b84ad4a414d",
              "ami-00a0fbd49c214ea8c",
              "ami-005986454b24efc05",
              "ami-069137bd6aaaa65ab",
              "ami-0dde9e4036a512ae8",
              "ami-0d1981233d9ae1ea5",
              "ami-0d262efd6b1437b35",
              "ami-091aa67fccd794d5f",
              "ami-090cb3ebb02044762",
              "ami-036791d026614aa3a",
              "ami-01442bab6a2958384",
              "ami-09da5596d66783028",
              "ami-00453343c1735e989",
              "ami-0b564dc27d3ebdc85",
              "ami-0a48c01396b19945a",
              "ami-0c6aaee506ed84481",
              "ami-0e21fde98f1b7370a",
              "ami-09b34422347facf15",
              "ami-084c009fd766f28d0",
              "ami-0eb32161561652435",
              "ami-057d177083a8d5953",
              "ami-0cacd59d567c14579",
              "ami-09ab968f87906e437",
              "ami-0dbd991c880fd1c8a",
              "ami-0fd61de0c20b245ea",
              "ami-06ae2c7d9589ff619",
              "ami-0995d03909540c08a",
              "ami-0f977e9836487702b",
              "ami-0dc2d3e4c0f9ebd18",
              "ami-033d0645d1f338a00",
              "ami-0aa78712d96adbf29",
              "ami-092718474c995fa9f",
              "ami-008a8487adc2b32ec",
              "ami-03b48250d3a0ca375",
              "ami-0b78f727a408a4bb8",
              "ami-0547d6309175b26ae",
              "ami-0253caeface91fa36",
              "ami-0f360ee866d4763f4",
              "ami-0c0fd451d346a74aa",
              "ami-023f013c466eed59e",
              "ami-033c54f07fb820356",
              "ami-0fedd0c902855705f",
              "ami-0270836d0cbbfe139",
              "ami-019ce78e6d582c087",
              "ami-09830c1a698307382",
              "ami-0a19f3fef28b4bc25",
              "ami-03f7eb965985e4f4b",
              "ami-0f30fef8d16a7bde6",
              "ami-09ddc93acb0c65f06",
              "ami-0dab5c1e70f4d6ff2",
              "ami-008ceae83b9c45d69",
              "ami-0895c1ecb8084fd2e",
              "ami-01b5f1693147cf6bf",
              "ami-0b3c662d56e718317",
              "ami-01e3d3862c681e1cf",
              "ami-03a60182e8dc57377",
              "ami-0cdb17903dcb51ebb",
              "ami-059ff882c04ebed21",
              "ami-093900cc07f14a8f7",
              "ami-052c0a4e1da715c4e",
              "ami-028978ecf14230004",
              "ami-061556d598fe61999",
              "ami-0c1e6d5f63e76e890",
              "ami-0c80a10461427af19",
              "ami-0cf199a537e2379c8",
              "ami-0edc92f6e8d3a8cb0",
              "ami-07556b70e3636d8c1",
              "ami-0b280ef4b93870d1f",
              "ami-014e89d6b23cee2ec",
              "ami-0123b7ef1c911450e",
              "ami-08cf5d4d4514bca8c",
              "ami-09f07a11837a9ebd8",
              "ami-073c38366a8a8c7d3",
              "ami-0b65b99fd1814f2e4",
              "ami-00604058752e47367",
              "ami-0f5fdb865e80b5304",
              "ami-09254a83ab27c0b7f",
              "ami-092c05d53d26752ec",
              "ami-0ffae9cd6a67d4851",
              "ami-080535a4731bf01f7",
              "ami-0f283debfd2f1bcd8",
              "ami-0d7e85032bbd6a703",
              "ami-067f3eab92088ca7f",
              "ami-04c5c776b1499ec09",
              "ami-0fbc3e64246215466",
              "ami-0e3bd73a8aab6496a",
              "ami-0e39a614121345dbf",
              "ami-0a75633f8624f2d50",
              "ami-0094190db37dc2327",
              "ami-00cfa054266571b06",
              "ami-005361739159bfb34",
              "ami-03dddaf47b2c45500",
              "ami-0bbe19bd9d16c8597",
              "ami-015759606ce98f4de",
              "ami-0fe8942bd5a27ad06",
              "ami-0bb5c94127b70abd1",
              "ami-0f2266c96d93fd9e4",
              "ami-08d1ee5e785d43d07",
              "ami-0011588fb608a2f0b",
              "ami-0dfe65a5ad5b5e80b",
              "ami-0bc0388d2e8cf2fc5",
              "ami-020bc13293c43f707",
              "ami-08dfe337b14a15b47",
              "ami-05779c1717652f867",
              "ami-00928c8479059f7c0",
              "ami-0d53afeebc1347222",
              "ami-022bfe5a617d9cbcf",
              "ami-0441537c8a6ac66ea",
              "ami-0fed3efc3a4e9df04",
              "ami-096e4be39ce2e2c53",
              "ami-098ae6a2deb2d4e69",
              "ami-02a5e1db6c86f4c24",
              "ami-0951739b9be2881a1",
              "ami-033cb6de8270b4ce7",
              "ami-03304115c6511db3a",
              "ami-0506f8cf28abec02d",
              "ami-0260be01d66417f7f",
              "ami-0160c69b1ec966863",
              "ami-0626d04bfd94b602a",
              "ami-0adc77320891e8816",
              "ami-0ca561835f61dc0b5",
              "ami-04aea6e9e84c13600",
              "ami-0c5b07e91958751dc",
              "ami-07073a1182616c385",
              "ami-0ac9cad18baaa318a",
              "ami-0e081e724bc53a5ac",
              "ami-0053e459965c89067",
              "ami-006adde80e5695693",
              "ami-0aaa579a9a4e421ac",
              "ami-0b840f419bf2c844d",
              "ami-084315a83cee32905",
              "ami-0408e555040b44e5f",
              "ami-0ef22c8cfd38f5e08",
              "ami-0580eb6b751c12ccc",
              "ami-06b7b4c59958307ec",
              "ami-0c1beaf794d934512",
              "ami-0546d48e2a0d4fd89",
              "ami-0d7a61585903741c6",
              "ami-05c75efdc7843b54e",
              "ami-085a625918432b424",
              "ami-04343236387d9535b",
              "ami-0467f6b2465b779ea",
              "ami-0cf1316612b0b7bde",
              "ami-0e2b83200ea1df649",
              "ami-068e2b6ae2b0385fd",
              "ami-0e6efbd9d668d0e3b",
              "ami-0485f81e6663d77d6",
              "ami-0d719544e29cbcf04",
              "ami-0e469f970b0c3b65c",
              "ami-017cf14f0a5883d06",
              "ami-02af89293d42c2c07",
              "ami-0aca33e97a461d330",
              "ami-0944dbc7f1f4c3915",
              "ami-0ee417b9317d852de",
              "ami-00a15fd74377c3f0c",
              "ami-0d942b5cd50cdfdb9",
              "ami-0b2ea591eda844695",
              "ami-0c2e3064a97f8647a",
              "ami-02b03b4dca32ad3e3",
              "ami-0238a3f49a92f8375",
              "ami-0b8814beb2fe6b161",
              "ami-006cb98103196899c",
              "ami-02e328feab618831a",
              "ami-0887fbc4cff3312de",
              "ami-0f2da11f9acc07738",
              "ami-097cf4b3ad0e67eae",
              "ami-0bea94515fc6701e8",
              "ami-022af4e43f1727c7c",
              "ami-00091033812e5edd7",
              "ami-0f9c3655633aa4e4a",
              "ami-0cd9ee7cbcc6e1a77",
              "ami-0764661e75c3ec3f1",
              "ami-0ca473a0467c7a077",
              "ami-07615a69be959b8b7",
              "ami-0ff134c0de83d849f",
              "ami-0f75b97e95fe91fde",
              "ami-07e6a8679c218f8c2",
              "ami-0eec80eb76952d8e4",
              "ami-017c44f4462ca15d6",
              "ami-0f500bae7d7ed66e1",
              "ami-0f39ccd89f7ed5e28",
              "ami-011cdbb1e4915464f",
              "ami-059f1ce300938a709",
              "ami-0fb7f02a156d18aec",
              "ami-05016fede871f5665",
              "ami-02685076717e44326",
              "ami-08b66fbc6eb28560b",
              "ami-0eabf7e5d1c8116c9",
              "ami-05f1c814e130a34ce",
              "ami-06e5a86f96d978c24",
              "ami-0e0e33205bc78fd6b",
              "ami-0c3d061183a54e3af",
              "ami-0b822d60aae4f4695",
              "ami-02b0e5e2e600174e8",
              "ami-0f3c0964b48e4c9ce",
              "ami-06fb440d59b5a9d69",
              "ami-0d4939953b7e430a4",
              "ami-0c9c937c298824a1b",
              "ami-0a18df7fbf337278e",
              "ami-0e897bf324c0fd05d",
              "ami-0391b0c547eb03acf",
              "ami-086856462ab4fd3d2",
              "ami-0f35aa4568f30d8a5",
              "ami-0dfc3eaeb2cba1541",
              "ami-014f8bc0431c205c8",
              "ami-06972b9c7a223fbb8",
              "ami-042ccb235608c6046",
              "ami-060f07284bb6f9faf",
              "ami-03b581f4ad0cc67ce",
              "ami-03b2c2c7509187995",
              "ami-098a4f4ff4f5f6220",
              "ami-00abfaa7d77fe82b4",
              "ami-0a8df69500c003224",
              "ami-05f6b4634f0f4c73d",
              "ami-0e2825426f3220861",
              "ami-0bc494e3efe7bf5bd",
              "ami-0c67470c32b9ce3a8",
              "ami-0ddf73c1c90582596",
              "ami-0b6e195626da701d4",
              "ami-0ab3731f18bdd1f46",
              "ami-0369c9e9a1527352c",
              "ami-0e0ad6b861f560b67",
              "ami-014b0bfcca833b4df",
              "ami-00c27fe34306a7d60",
              "ami-08d45a396512bd978",
              "ami-04cd332aa291e5f21",
              "ami-08bc69d76d7d6a669",
              "ami-074a3ee2d322039b1",
              "ami-086e0ddc843321385",
              "ami-00f321ac2e44fdab5",
              "ami-0a09df6468578eb80",
              "ami-0e37e99c8a6cebd64",
              "ami-0ca9bd92b93b10102",
              "ami-0937eaf57d9fe3ed5",
              "ami-0c94642a2cd3af9bc",
              "ami-034244c06c73c7919",
              "ami-0d001f901a149778c",
              "ami-05117451a6b2a44da",
              "ami-0d925ee81f07f7dbe",
              "ami-0ecc0ca86c11edd92",
              "ami-0209ff430d794e404",
              "ami-028446da06fff106f",
              "ami-08b57eb517d6ae10f",
              "ami-0a6a8a0194589c411",
              "ami-0254a2fc638b3b33c",
              "ami-0dcca7e66278164ed",
              "ami-0e08f4f28ff0f5ed5",
              "ami-0387e67c71697d49f",
              "ami-0b16c74aca395c056",
              "ami-0fa893b2f1bf79a17",
              "ami-02d6bd9255ecbb43f",
              "ami-0a5ba8298614a7171",
              "ami-09691f9a93ed1e26b",
              "ami-0cfa0ae3927c122ed",
              "ami-0bb5a904861ec247f",
              "ami-020edd12ae96f2f81",
              "ami-074fb75106523f6ff",
              "ami-0c3e87333771b10a6",
              "ami-014bc71ae344dd945",
              "ami-0a82127206c2824a1",
              "ami-0939fdc070d29ceaf",
              "ami-069ebcbc867dead67",
              "ami-00bfbc226c2b76f77",
              "ami-0dd76f917833aac4b",
              "ami-016e32e9cd1b095f4",
              "ami-0d57f0639aae57eb6",
              "ami-03f074c00a8dffd8d",
              "ami-06bbb7e453f5c2e4e",
              "ami-0ce0a03904da82cdf",
              "ami-00765915e31fd0036",
              "ami-099831f84dc3d5561",
              "ami-06472bdef515145b9",
              "ami-0df0ab1ac3efe382e",
              "ami-037aa2797ee32bbc3",
              "ami-03c47518c7d59d53a",
              "ami-09e7b7019a036ffb9",
              "ami-0a28775a9de994c10",
              "ami-0e991323f87c1e448",
              "ami-0d884bb4d1a027f97",
              "ami-0ecc15147a2780db8",
              "ami-083ae86883eb12ef6",
              "ami-02c5bb8067f0ff317",
              "ami-0dc12cecf53c67097",
              "ami-0f5796a6388517f14",
              "ami-05c639a7df407cef3",
              "ami-00457d553ea64ba67",
              "ami-055a1c127afca4714",
              "ami-02e49f3f59fec9932",
              "ami-0e5706b91291799bc",
              "ami-02e628054dda90737",
              "ami-0f46f410142084629",
              "ami-0e6b2ce50f48bac80",
              "ami-07f4fce23cf6b508b",
              "ami-02aa35ec3befe5eb0",
              "ami-056d35f557e4c8041",
              "ami-0ef0186aa91a3b863",
              "ami-04e2aeb3804683c37",
              "ami-0bb4e987fc5c491ef",
              "ami-0a99e05b94e2d4122",
              "ami-093e8ea8e59b52aea",
              "ami-077ad01484c89e5c9",
              "ami-009975e06686f5aee",
              "ami-025a7500c83d92798",
              "ami-084bc6192f5170801",
              "ami-0c7881c2f2afebbc9",
              "ami-0d137213d84ce46d3",
              "ami-0fd1ffbe6d5e5bb60",
              "ami-02ba516e157999695",
              "ami-0bb67955dd1b459d2",
              "ami-0bca4a6778977b7e2",
              "ami-031f6461683f76df5",
              "ami-07deb368ff9173c72",
              "ami-0231cda408ca5a617",
              "ami-0bf71d83acbbed9e7",
              "ami-0ab4d1e9cf9a1215a",
              "ami-0e362514299d32abe",
              "ami-053330bdc5461b8c1",
              "ami-0d296d66f22f256c2",
              "ami-0911679836cbd2a07",
              "ami-0f226ccf33d8c9fac",
              "ami-0fa25582ec5c386e9",
              "ami-04a93d098fb9efbc9",
              "ami-09712393202b25191",
              "ami-0f14ec5caaa75b2b0",
              "ami-076e5887ad5f114c8",
              "ami-00feaba080f5bccdb",
              "ami-0d5fabf6a45a1e62b",
              "ami-0725fddf876f66b08",
              "ami-0db5bd4fb1b439e87",
              "ami-0079bad12705edbcb",
              "ami-028d75250d3009304",
              "ami-00fdf59d15b044734",
              "ami-0174d5f2728e33280",
              "ami-02b02d0afc638d521",
              "ami-0f5d7df8870f21d79",
              "ami-0204deb67e256a520",
              "ami-01d25dfbb86f224ed",
              "ami-04a01ccf43428a90d",
              "ami-045deb4ebdb8a88ae",
              "ami-00f24c01ba4485d76",
              "ami-0d6fed3edbbc2330a",
              "ami-0b17e5345bbcd2f28",
              "ami-0cf84830a501c7405",
              "ami-09500f896bb236521",
              "ami-07e11aa1c69cc69b7",
              "ami-008b72860546f9c04",
              "ami-0a97428aa96a4d077",
              "ami-0c536cd6abac1a385",
              "ami-09b84ecaca8c6d392",
              "ami-0388732d703ad8eaa",
              "ami-0997cb5cd2edcb6c5",
              "ami-02e2440acf226e745",
              "ami-0db87f6cf18d1d19a",
              "ami-09f166e56ed5a042b",
              "ami-0bb53e336897d91de",
              "ami-03f13b9e507186124",
              "ami-028c0d5fd00fdb307",
              "ami-04d85997c65fd307d",
              "ami-04958e5a2b8ddff1c",
              "ami-06da18386448e0bb2",
              "ami-04c7a41f707a85956",
              "ami-0cc995a23da39b9ba",
              "ami-09dc2fc37ce308dfa",
              "ami-0fcad629e5baa507a",
              "ami-043f61ae8191b5e29",
              "ami-0710172514b47ac96",
              "ami-0e44d51e3d626379b",
              "ami-0b825c6bd8acaaef4",
              "ami-0167385db52b4a8c8",
              "ami-0dbd8c88f9060cf71",
              "ami-019907f7f9b437ad7",
              "ami-0adbaeb84003e9067",
              "ami-0130145bd0d07dbbf",
              "ami-06540d5f92eb79adc",
              "ami-0feea3629c7535cb2",
              "ami-0d147a7655fa65100",
              "ami-0b14f1cc7a516c6cd",
              "ami-0ef7782793c55a691",
              "ami-03604ea847418ca45",
              "ami-02337987927d1304d",
              "ami-05e37962152ee2e91",
              "ami-0cd6ce078dc44b0c6",
              "ami-065aa73859e8d61aa",
              "ami-0e89c35e4cd6ca1ee",
              "ami-0f1f18f1e4b4b80c4",
              "ami-00f730148ec128fdb",
              "ami-0c6d6b37f76083978",
              "ami-0553c723b347249c6",
              "ami-0c43f8a3233a23784",
              "ami-04e916656d2a44e21",
              "ami-02263df61afda3547",
              "ami-018dc8c3d904e7947",
              "ami-067a1efe1687279e8",
              "ami-0fb73a90c4f3adb10",
              "ami-054009b08bc8d79f0",
              "ami-00f8b2a37ff46143f",
              "ami-032816098961081eb",
              "ami-05b2335a61d7ada15",
              "ami-003b7a2a3c0b549e9",
              "ami-038309bb13441166f",
              "ami-0b080c5aea036ca45",
              "ami-043d56aeeab31f311",
              "ami-0436e440d507ca763",
              "ami-0a78e78c161d7942f",
              "ami-0425cf2890b9b414f",
              "ami-0b5ab2589fadec297",
              "ami-0f0f3b1905edeaca0",
              "ami-07086e77ebf1a3197",
              "ami-05cc7d0206544b5d4",
              "ami-0b3644e35132f298b",
              "ami-07407268872a2865e",
              "ami-0fbbd886365a46c0a",
              "ami-0a2b643db1d07ebfd",
              "ami-0fdd72e3095e4e088",
              "ami-092078dda3b9db9fb",
              "ami-071d70b6f18ca6c9a",
              "ami-000b4d601684d14ed",
              "ami-0a18d5a1df55bf7a3",
              "ami-0bebc95d5da4b8266",
              "ami-092c0ae3000ba396e",
              "ami-0705893c3cb12fa0c",
              "ami-03ea0249dd661d708",
              "ami-00d474bb23dcd92bc",
              "ami-03877d576a9a74b2e",
              "ami-026e085aa3fc4c2bc",
              "ami-03f3b835d197d5bde",
              "ami-0e4d932065378fd3d",
              "ami-09ecbfbe7ab087fb0",
              "ami-0c60e75e380538a35",
              "ami-0956023632f869012",
              "ami-0121a9a9c0ac539f3",
              "ami-0695537c79dcfb141",
              "ami-0860e5178940f2146",
              "ami-088c7d97141030b99",
              "ami-03c2f761ef7c7561c",
              "ami-015f15ab4f3e5d334",
              "ami-0c2c250628af9fce5",
              "ami-069b42b145eac9273",
              "ami-0f5f591650135b2c2",
              "ami-028a233a1d52de5e0",
              "ami-0a2eb4fd565e7a84c",
              "ami-06cae872d54c349b5",
              "ami-0aeeebd8d2ab47354",
              "ami-0c9d68a1ea8faac83",
              "ami-0c33b24ad642b52b5",
              "ami-04c90808bbe43604e",
              "ami-0b683223eeade51eb",
              "ami-0b46d8cdf02223688",
              "ami-01de8ddb33de7a3d3",
              "ami-06ab3d1ab1392d66b",
              "ami-0216e9b291fcfdf6f",
              "ami-019ffc8792cd1af33",
              "ami-0de4dcbef8f2fd507",
              "ami-0f783c47e5641a928",
              "ami-0f33f78d204cf2e12",
              "ami-03a184791408bcf5d",
              "ami-024a0298c3ebb45be",
              "ami-0308a1dc31c13dd6b",
              "ami-0eaf89fb3f716bfe5",
              "ami-0fd57148895e31da9",
              "ami-0eda38bb415b9b4a0",
              "ami-000a1c506e69c750e",
              "ami-00d85a80dd3301a4a",
              "ami-0957613c517fc4652",
              "ami-0bc327fd094c6e7f7",
              "ami-0b8058d4b9572b4c5",
              "ami-0ac30c07f5f4b1039",
              "ami-0d3dde81fdbdd6a59",
              "ami-02949bac9371cc87a",
              "ami-056130037c898e193",
              "ami-0ca593675badf6001",
              "ami-0aee521b44714a0bb",
              "ami-089bec0c8f13aed26",
              "ami-09a6ce7a9d3eb540f",
              "ami-0cc5398daad0c48d7",
              "ami-0953f1c87089e547a",
              "ami-017179c5e2fa62056",
              "ami-01a3d8d762bc0915d",
              "ami-09df2a8b157d136cf",
              "ami-054b8999e41ca6ef4",
              "ami-0d6d97ae57e6eb9fb",
              "ami-01c7754cb30f3b741",
              "ami-0b14fd24e32609aaa",
              "ami-0ed73dd9b8fae530a",
              "ami-0cc29b40d955134ce",
              "ami-0540e79af56c11827",
              "ami-08109acc84b81a420",
              "ami-0442f44dcac78ac76",
              "ami-0ebd8ceb4e5cee077",
              "ami-03cd5431d5dba2dd2",
              "ami-06b21f67823608f9b",
              "ami-01771357381adb58d",
              "ami-0f89a30cb833758f5",
              "ami-074aafcbdabd567cb",
              "ami-0579c6d043180649e",
              "ami-098b2b472bd2a3521",
              "ami-04c57fb416ca98499",
              "ami-075723d78cedf20b6",
              "ami-0459d6b36df3c5ba5",
              "ami-00c4613f259944ac5",
              "ami-06930900cd8802330",
              "ami-0173e8d65aa85b0e1",
              "ami-0e7a0cafe57b5d327",
              "ami-04628a1229009bd2b",
              "ami-0a79ab9305e2e7e81",
              "ami-06679ff4b9cc9e532",
              "ami-0bce705897ebfabf6",
              "ami-09b88b0c806b4d214",
              "ami-02aa566fa7bdc2407",
              "ami-067aa059283bc39fb",
              "ami-02bb907ae2eff07af",
              "ami-09cbfdce921f8acbf",
              "ami-05b909e6bad71d1e2",
              "ami-0c0a29ecdb41e67c1",
              "ami-05d27fa451611cea5",
              "ami-0a6b3a49e222ca4c1",
              "ami-096df83a7ff989541",
              "ami-0c958e37cf2d7b161",
              "ami-094c0dc9c8bd91ed0",
              "ami-0282c57cfff705a82",
              "ami-002935e101ab8cb71",
              "ami-0f1e1c23a8a2d8c33",
              "ami-0c93bfa9c5a2acbbb",
              "ami-01fee4ae9f91c18e7",
              "ami-0d2ab05a0883ef031",
              "ami-0d9c28fba8a101797",
              "ami-09444a2815fea10d0",
              "ami-0b7dda370f0e20fba",
              "ami-0bfa1f3857e429796",
              "ami-018042f56926ea213",
              "ami-0e997ebcd501f20ac",
              "ami-0472d49c18e6bc799",
              "ami-06f029d8a94dc1150",
              "ami-004b87b431724c911",
              "ami-0cf56291f570943e2",
              "ami-0fa768162d943e06a",
              "ami-0de947f5f54764dc2",
              "ami-0d3b689c95e67d77f",
              "ami-0b3d23ea178876285",
              "ami-0428124429e0d6ae2",
              "ami-00d216d399d042d7f",
              "ami-09d01d46812c52d7d",
              "ami-06f9a48873f748dc8",
              "ami-0c29dd87e87fb4dfd",
              "ami-068b3c771ad2a0acf",
              "ami-02b3e6bea3bb4ffde",
              "ami-0b6dd19d9998f5cb8",
              "ami-0cfde6d4e50a9037b",
              "ami-020da68433ccd915e",
              "ami-0841a86921aa48da9",
              "ami-0033ca67885e2bdc2",
              "ami-0b1c4f6e35b1ce823",
              "ami-0defcae078e1e5047",
              "ami-0b9fd53aab8e79a0f",
              "ami-05f086f37aec33330",
              "ami-0afdf6118d9d5eb33",
              "ami-0b0734ca5b2646df1",
              "ami-0ef0c69399dbb5f3f",
              "ami-074f2cc6728fcffc2",
              "ami-0580e1cd81b2acee7",
              "ami-002c5b58b82d5c106",
              "ami-0135b6a290e6d5967",
              "ami-03c7c69fc21b1cb3a",
              "ami-02cff17895bc668fc",
              "ami-096dc945d333d20de",
              "ami-07e707855c9295c08",
              "ami-0f5c20eac29836e5b",
              "ami-0eb3f08db17d00263",
              "ami-0bb0f156481e1c7f9",
              "ami-0d80fe7aba2c0556c",
              "ami-0b7f1fb3c67015b58",
              "ami-0ffac847f84028f64",
              "ami-0f34c1ff0013142cc",
              "ami-036a39fd1cd837f71",
              "ami-047eb1f5f5dbf7530",
              "ami-04ad609a9103f7c3e",
              "ami-0570eb90eff95e61e",
              "ami-0afef121fe65d70a0",
              "ami-09dec766fb6323cdf",
              "ami-01146a2120f5af1c5",
              "ami-0ef5dc807fbe46d46",
              "ami-07fde2ae86109a2af",
              "ami-0ee42115a4515cd62",
              "ami-0ff41121c1ec564b6",
              "ami-028ac3618b843f541",
              "ami-0cd18f029a7952403",
              "ami-00418a4acd7ddf864",
              "ami-03f2a14c37928ae2b",
              "ami-09ee8cc8947baed34",
              "ami-0aae17a0242149311",
              "ami-0cba86861803206bd",
              "ami-0ea9a1a32a04d7b29",
              "ami-0d52e8a8548b33257",
              "ami-0d24360d9595ded4e",
              "ami-02d219ead14dd9980",
              "ami-030a0d2e449ec259e",
              "ami-043b2c413e1d7f00d",
              "ami-0b9857ad5d05c2b9c",
              "ami-053fdc15e17b640c0",
              "ami-0772f3a491e698154",
              "ami-00396e1d5ebc5ba1d",
              "ami-05a72062750de3ac4",
              "ami-031fedc554dcdb189",
              "ami-0b6c7e450ce84d343",
              "ami-0d0ceb37e8d16ceee",
              "ami-07f8e5f4e013acab7",
              "ami-0f14de04ce05199bc",
              "ami-0d3a2843104595ea9",
              "ami-07afc8af03c0d4de4",
              "ami-0be42f7e2a0804716",
              "ami-02be463f61b6034b7",
              "ami-04b0dc7a4cdfe27cd",
              "ami-020094bb9f1d25b46",
              "ami-046ace7ec63d6b177",
              "ami-0ecce99e69e23b677",
              "ami-052a8c59ddd6a96f8",
              "ami-0eb2434c9fb151f97",
              "ami-04e195ef95f1b10b7",
              "ami-081eb1402c495a2e6",
              "ami-0f67f723f0b99e751",
              "ami-06ef8f5630eca750a",
              "ami-086ed69d4f2668547",
              "ami-0aafd498cbbe3479e",
              "ami-0975ebbb7f45766d1",
              "ami-0c53a8099b93018d8",
              "ami-05478586f5ec2dc2a",
              "ami-0a3ec59888b77186f",
              "ami-05ae100dad8be29e1",
              "ami-0bf2d0f45649fab5d",
              "ami-041c17583811da4e6",
              "ami-008bd02d46bdaac8e",
              "ami-0c4fd2ac488659b78",
              "ami-02f18bcebdb6e7750",
              "ami-042163a3ac96de3fc",
              "ami-0fbe70e5be07ab086",
              "ami-0a957df0e532633a7",
              "ami-093172aec91b94041",
              "ami-09b19456d8f01619a",
              "ami-0821d3a47aa523f4f",
              "ami-0cbfc8dfc38f47b26",
              "ami-0cfb602a425a9651b",
              "ami-0905937f3724d00d4",
              "ami-0181f6bc79e498d1f",
              "ami-0431483af5258917e",
              "ami-0ef4c8aa7e7035622",
              "ami-0f0cab21c2d4178dc",
              "ami-0c80a282ac75fd756",
              "ami-054caffdf110bb21a",
              "ami-0bd36fd7853727cce",
              "ami-05110126038e6d3ff",
              "ami-092fb4f47b63ee601",
              "ami-01f91c048bf4e32b7",
              "ami-08076aad7b9c7d502",
              "ami-03acda3c5c75f0c39",
              "ami-0558eda2d46da6741",
              "ami-075c63fa0ac47baec",
              "ami-0db6c6238a40c0681",
              "ami-0442d4003545c1a41",
              "ami-0febd0ea3c65d06e2",
              "ami-0b725e6fb8640975a",
              "ami-0f629b8662b52052b",
              "ami-0977db04eef781d1b",
              "ami-0c8110e4b6a130fe7",
              "ami-0944833007b49f08d",
              "ami-0bad7aa255857fb25",
              "ami-0191cc04dc07e93e5",
              "ami-041f3c890585d7b63",
              "ami-03cc9483a4302ab15",
              "ami-0b6b7c81e7c2df43c",
              "ami-0b0af3577fe5e3532",
              "ami-01fc429821bf1f4b4",
              "ami-02e0bb36c61bb9715",
              "ami-0f283de676e900c31",
              "ami-0bd40539d3fc29727",
              "ami-0099e553779de844a",
              "ami-032130671f9d75592",
              "ami-04123d268f8cca1da",
              "ami-0aeb6c36f3034c1c0",
              "ami-0380056dbf910c610",
              "ami-0c39beb7642835b23",
              "ami-0012b0e32aeeb20bc",
              "ami-00c32efc4e86df429",
              "ami-095348d25d5081d12",
              "ami-0a83bf2ed4a0bbb1c",
              "ami-0598a2f18554d1972",
              "ami-0dd5f4f618a061968",
              "ami-043bed31bde73d741",
              "ami-0761b5ca646968a27",
              "ami-0ae953faae4c062a1",
              "ami-07c49c0c24fb848a5",
              "ami-06b6b972591cf9c17",
              "ami-098d0aa498ad140f5",
              "ami-06dba0c2c4721a556",
              "ami-08b5018e3e04781c9",
              "ami-02eb796bd1e9d2656",
              "ami-09a782b8e659be81e",
              "ami-0a60fedb47b3e2021",
              "ami-0ae3143bc8c29507d",
              "ami-05a97befb0c258e9e",
              "ami-02c8d6b5304a73195",
              "ami-04751c628226b9b59",
              "ami-06e31e53554d454c9",
              "ami-0b6c530c68a675e18",
              "ami-0455b633f9385894e",
              "ami-012f4350961b1b16e",
              "ami-0025e088910e1ce5f",
              "ami-0cc8e345dfdfe346c",
              "ami-07c9726591d32044c",
              "ami-09d5302c0469f30b8",
              "ami-07437c720aad1939c",
              "ami-00146b45903af23e3",
              "ami-03314d8559771ddd4",
              "ami-02d262d9538376da5",
              "ami-0046a038422a78cdd",
              "ami-089d9d329473108b5",
              "ami-075ea52d0772eb757",
              "ami-05f6a13cdb678ca0b",
              "ami-015763484a51f3a7d",
              "ami-06dec1f9a12ab0804",
              "ami-0f3503203596416bf",
              "ami-09cb3c6356e68aa4f",
              "ami-06d5c7b192a6165b1",
              "ami-00f3f313f54445679",
              "ami-0df15f3d4cea63764",
              "ami-0b8360e84b783ad60",
              "ami-05b22a520028a4537",
              "ami-09b9f9f1b83767f30",
              "ami-06c778c22c5e09bf7",
              "ami-017172447a05bf61f",
              "ami-0a0d71ab96820c70b",
              "ami-05674d6c91201b508",
              "ami-08c6a5e484be066e0",
              "ami-057ef67b3faf94291",
              "ami-0b19d417de673a86b",
              "ami-04ed1a254039d5b79",
              "ami-02069978db500a511",
              "ami-00d1afb6c5542557c",
              "ami-029c06400c3a0f4e9",
              "ami-07dde3dcef0c7e479",
              "ami-0fd5b9ec5890d7d6c",
              "ami-0ee67cd16d2a6a681",
              "ami-0b798d6af842cf0f5",
              "ami-0bf135a9a8b3359e8",
              "ami-06faff3fc46490228",
              "ami-05656cb079f277cc5",
              "ami-00df7308bd65db4af",
              "ami-055aae63582f905b2",
              "ami-0eb019159c5390257",
              "ami-05147d015de80c44e",
              "ami-05c9c0fab0c0bb43e",
              "ami-01c9b3058e21da125",
              "ami-0af5e808f488f5039",
              "ami-07a744522d1bec376",
              "ami-0cb909e9c23dce8ec",
              "ami-0466ab0f70ede345b",
              "ami-06ae66a5087161d6c",
              "ami-0c8b5043c4b842716",
              "ami-07a3dd35827017142",
              "ami-0ecd6cf6ba70d538d",
              "ami-0246fcb1dd3915437",
              "ami-0a343d35fe8a13703",
              "ami-0d91ac359c3db0b52",
              "ami-0deca22f760baaa17",
              "ami-03cba3f030e294880",
              "ami-0305cf58497ac3835",
              "ami-0e7994b46ec59a62a",
              "ami-037befb95c35c5b69",
              "ami-0cd96d01a62517887",
              "ami-06d0ca90defa8e8a3",
              "ami-08bd9359a982eef9e",
              "ami-002149c3fffe70175",
              "ami-0fdcdbd8a01ed4cf9",
              "ami-0e2be4063965983e9",
              "ami-074c0b29e27c29e5e",
              "ami-002f3ac4cb4be3596",
              "ami-0c79f3088af7c659e",
              "ami-034f1b2d0d9ac9759",
              "ami-0c128df9448918742",
              "ami-0da661633705ead28",
              "ami-0c563eefd56e0d6b5",
              "ami-0c76637890caead7d",
              "ami-02b258c90c634d54c",
              "ami-09239d322fe370ef7",
              "ami-0758a746e73c88fe3",
              "ami-0f0545af1a2a83d30",
              "ami-0433aea03674e95f0",
              "ami-073e6b6ac63d96bfa",
              "ami-0954ed23f082da957",
              "ami-0ab1806af7246ff7b",
              "ami-035ee295c7e32f890",
              "ami-099e453c1e4f45f5e",
              "ami-0ea0e8095c3e9d9f9",
              "ami-03e7f599b7603aa66",
              "ami-0f2c14d6eae28b707",
              "ami-0e79bd269730989d9",
              "ami-05ffdd06aa8acd752",
              "ami-0a6cdf3692852d532",
              "ami-0d8df1300b8da6763",
              "ami-0dd3123301990d59f",
              "ami-0711c23fad67a075c",
              "ami-0c8772b962d9a2d90",
              "ami-0518a5e320279890d",
              "ami-01d3bd68ffcef4b89",
              "ami-03d37dd2c01aae46d",
              "ami-0274f1a79be60c562",
              "ami-0985de4d1f9320fac",
              "ami-03c3cbf0e487e6c07",
              "ami-024cd65884e5f5397",
              "ami-0c5f0a577c97b13a8",
              "ami-0fd3b59e2167d603a",
              "ami-02b909a0cd6f6b441",
              "ami-0ef5f31b79d5be39e",
              "ami-01ed2b1b6e029baf5",
              "ami-08a9ffe8867d13734",
              "ami-08b9e8ebca7bb897e",
              "ami-0dfecf153cf4cd624",
              "ami-096a971a8469b2b59",
              "ami-01e72a856b4522edb",
              "ami-0e63e8d2802e0b6e6",
              "ami-0e1bd1eeb8ab2a2f5",
              "ami-0be9d40efdfdbce2c",
              "ami-0e477293d7376163b",
              "ami-07d454030bc735ff4",
              "ami-07cae3eada265f948",
              "ami-0143cbbe95186afc4",
              "ami-028f78dc58c850ef5",
              "ami-0b554d03e71acfdce",
              "ami-0adb5d5e7df1917f0",
              "ami-08b1934b97c07f698",
              "ami-047c94ec10849edef",
              "ami-0f26bcd08d2e069ee",
              "ami-0cb9af7951f6501dc",
              "ami-0b2c755848ea2e8c1",
              "ami-02be10507e7409470",
              "ami-0c2c88b9056868703",
              "ami-07d3316a36bafbde2",
              "ami-094a3e4a692e96afb",
              "ami-0629142f164c7f43f",
              "ami-0250554864fac8886",
              "ami-055ee264b14258318",
              "ami-0138068b501e2663f",
              "ami-0d3640c4b93fea232",
              "ami-0aee8e68a5307e401",
              "ami-045a71855dfc22e0a",
              "ami-0dd98e52223c032d8",
              "ami-05a18f90b611077f9",
              "ami-0b6c1a9d1bbc21c38",
              "ami-04144dcb65f1c1ab8",
              "ami-0c885adf297004c8c",
              "ami-03016b62a0652b2d7",
              "ami-0cce120e74c5100d4",
              "ami-025d9786f40ec5743",
              "ami-0bfd5f1053da7c3eb",
              "ami-05f310c539e874c63",
              "ami-028e1b129d3a27a63",
              "ami-0751da16bcf63459a",
              "ami-083c587304b873e7f",
              "ami-0411a660e2863b379",
              "ami-0f7e72e9899f3b91f",
              "ami-084f660e07a6a129f",
              "ami-0ef445aae46d82c4f",
              "ami-01b88f05f5e5abc55",
              "ami-0d85141a2f8dd2db0",
              "ami-0d5e228087efa2b3e",
              "ami-03185419838bdd11f",
              "ami-0e1a3ff67e0e43b52",
              "ami-032190cb4581968a9",
              "ami-03599aaed9f767470",
              "ami-02a6dbd7621007d4d",
              "ami-0211ebd361b21cf51",
              "ami-018881da8dbc85f6a",
              "ami-0245ce42555c963a4",
              "ami-01619808829c79a63",
              "ami-0a4d4bd1f048dc41d",
              "ami-0e8862f0fcf9952e8",
              "ami-0cc39d0d54d229809",
              "ami-07209813f19c437bd",
              "ami-0bed6aaeb1e0f4c43",
              "ami-0bb1ca1c3a0c6eb79",
              "ami-081a437d86485c19f",
              "ami-0669a0dc100b8d298",
              "ami-067408f5a8a854cf9",
              "ami-041c382187e3e6973",
              "ami-09e86af2a5f9a23a4",
              "ami-012195c39fb561a0d",
              "ami-01f3bd604dff47cb3",
              "ami-01d5349366bac1b09",
              "ami-0a0af99094e51b961",
              "ami-07f84b020d006fb55",
              "ami-0cb3e30b493c1df94",
              "ami-059ba26b7cd2bacb6",
              "ami-0fe03e4e50cd4d7f4",
              "ami-040920cd25ad85ff3",
              "ami-0901dd91a348d0233",
              "ami-0ddd8649648a507f7",
              "ami-0510b4097319fc682",
              "ami-0baf4dd1211b76bde",
              "ami-00ae10124674e644d",
              "ami-0b095b77aa4fa7048",
              "ami-051d3f055fddb066e",
              "ami-03eb0a75d0e9a3a4a",
              "ami-0440ef3ccfc350027",
              "ami-0e70ee0f720d3f6fc",
              "ami-0b7951e80ed3dc05d",
              "ami-0157db642e294a33c",
              "ami-02ac709b30104208c",
              "ami-06ccff6c36281aae2",
              "ami-07c4691426711703c",
              "ami-0a185968924c49ced",
              "ami-0a1ca0d66c9baba3c",
              "ami-0939a3adc67c4e3d6",
              "ami-0beda8c5b9ebfba43",
              "ami-0e5f123bf1af8c7f7",
              "ami-02ad0e915f84b06fd",
              "ami-042ed45aa16f618ea",
              "ami-070fe5e8078c70267",
              "ami-0799d0df491deb996",
              "ami-0ec51d189dd7ce465",
              "ami-08ea0ce568201bcf6",
              "ami-007a0bd62c1bc3c66",
              "ami-0b74a2ad96f179e62",
              "ami-082b069aca17092ec",
              "ami-05313e0b37257e2db",
              "ami-09e67e426f25ce0d7",
              "ami-0f0ce46c6140a428a",
              "ami-032380fd22ca03d3f",
              "ami-0fd6f6c2a545631b6",
              "ami-0c9a2299dd5ac3262",
              "ami-0a2aac51080583d59",
              "ami-0512c8949d8ceeddd",
              "ami-0eded7e952ccac37c",
              "ami-01609bf54666e1340",
              "ami-0d44cbccbda264bf8",
              "ami-0e4ff3d562beeb435",
              "ami-0a2b44b4bf724197a",
              "ami-0b4198028767b83c9",
              "ami-0225cc0bc3f396691",
              "ami-04345301712775175",
              "ami-03685a91342ff916d",
              "ami-04c2e8fb1bed51bbe",
              "ami-0542f1fe6ff40de30",
              "ami-084f7d4d60cbdad63",
              "ami-0cb3c6b5c9092739d",
              "ami-006db943a4c0ddca9",
              "ami-0096e543e2df6ff4d",
              "ami-0586616a2d4880e7d",
              "ami-0491b78bb1da731e5",
              "ami-03ff110684040259f",
              "ami-08369445c95243fb0",
              "ami-073c86abddedcddb1",
              "ami-09c69614faf8086c2",
              "ami-00893404c20f6ce1d",
              "ami-05d3e0eea60ef31e7",
              "ami-0aede7810db3eea37",
              "ami-06a37497cb2ff9da5",
              "ami-04b3cd55fc146d782",
              "ami-0eeffa4bed9ece059",
              "ami-0043010039aaee42a",
              "ami-0fe360578e9b5381d",
              "ami-06415832b84e9e03d",
              "ami-03de484fd675dfc7e",
              "ami-0038a1274fa52ae0d",
              "ami-05d4351ed6c9b9ff3",
              "ami-057915a219f1763e9",
              "ami-0e57bcb35f10eeb41",
              "ami-00d1ab6b335f217cf",
              "ami-0126216419e764842",
              "ami-0d50056639a5b1600",
              "ami-0c99b190621a9dcc7",
              "ami-0cab0543da28e41d9",
              "ami-0fbf4b59863183ff0",
              "ami-0b7dd9315fe54c06e",
              "ami-0534c38f1daefb771",
              "ami-042b059e2b0e47e70",
              "ami-01e81429ebbb5cb8f",
              "ami-0d5eff06f840b45e9",
              "ami-09a9d6babd1b6759b",
              "ami-026d6e66b21f41d4a",
              "ami-0e30e4d53f9d522eb",
              "ami-0bb3d549f49452b4b",
              "ami-0ca50335e47b97a43",
              "ami-08536c4b7db3fbac2",
              "ami-09d19e919d57453f8",
              "ami-07baf51a48931a2b0",
              "ami-0d11c6fa329e01c8b",
              "ami-0ee02acd56a52998e",
              "ami-0d204b1f624e3b51d",
              "ami-0e011417bd70948da",
              "ami-0bca06e28b678f338",
              "ami-0babb0c4a4e5769b8",
              "ami-05b7fb5dbed9d1542",
              "ami-0a366d8297dcf6886",
              "ami-05209133913722ba7",
              "ami-0236b110946ba29c9",
              "ami-033cbd9ce40afc092",
              "ami-00de3038267b6748b",
              "ami-0f952ce9bb505e282",
              "ami-05b4234e5df729030",
              "ami-02e1c1f5257b5a5e5",
              "ami-0e6eccaad7176202d",
              "ami-0f82fb12cd89488c7",
              "ami-063d4c8c98af2c977",
              "ami-0774e48892bd5f116",
              "ami-01f1817a8a0c23c2e",
              "ami-09e04793ef427eae8",
              "ami-04cd519d2f9578053",
              "ami-04c5ecf0d5355bff2",
              "ami-01861aecec24ef0a2",
              "ami-02f296a327377a46a",
              "ami-08353a85732530ce9",
              "ami-00cf0fd4e66a5cca4",
              "ami-061d58a8c81a938ad",
              "ami-0b617084538643522",
              "ami-07456070ba0c9b0cb",
              "ami-0f5e9af08f35fe91e",
              "ami-048f6ed62451373d9",
              "ami-01cc041b5d0b989b8",
              "ami-08e726708d1bdf923",
              "ami-0c609396d3e376b16",
              "ami-00315de4391ce4f6d",
              "ami-00ffd207f6f460da9",
              "ami-0a3846843fbf810a8",
              "ami-0ba21e69b20d84fd7",
              "ami-0439f1f808948c110",
              "ami-07452ebdc3f1b18b6",
              "ami-024fbcb26b273be2c",
              "ami-0800ae2b5cc14a13f",
              "ami-03bb8cab77fabbee0",
              "ami-0e22d312ff4b62152",
              "ami-0f235b86648405e07",
              "ami-0860526fd7e80a2c5",
              "ami-097f69554b5e7df5c",
              "ami-0a112d1538ae21070",
              "ami-0353da630bc7d3be9",
              "ami-0f3b4db9ff44a93ff",
              "ami-09c629962c8825b59",
              "ami-0d831d30775ab0a79",
              "ami-0481cc7d8e93ad808",
              "ami-0583b868e11035b6b",
              "ami-0899dbc0ddc28fbb7",
              "ami-05e13225c5766b91e",
              "ami-09fe0478cf395bf45",
              "ami-027d90d148b2415f6",
              "ami-0be1722135fcd8749",
              "ami-0cf7303350c82d042",
              "ami-0164a5f841ec81b50",
              "ami-03ba472b1cfb848c8",
              "ami-06a2009495e71181d",
              "ami-021f14280b66cce20",
              "ami-0d09e7c1ce00d8611",
              "ami-020110fea4e83e0d0",
              "ami-0cd20f2640fa0219e",
              "ami-0c12bd1eb1855ce3f",
              "ami-01352586582a94c99",
              "ami-0cd7b51de86ec921c",
              "ami-039d3d0f49ceaca26",
              "ami-0d1f99827d0cbcc85",
              "ami-0fb37a82fbfefc113",
              "ami-04f115ade52925189",
              "ami-03a66acba7da5ab12",
              "ami-04a693e0d44292699",
              "ami-03d2e9bdd01390637",
              "ami-03427c8885ef6af14",
              "ami-034a951848b576a79",
              "ami-0a61b2908a2dac345",
              "ami-0a51c5f045c83ebe2",
              "ami-02133f0496cce8503",
              "ami-08e67f9e16dd6983f",
              "ami-0c8877af404641219",
              "ami-0cf3b72e94605abc0",
              "ami-0e4422f0b3d9fd6a3",
              "ami-056f21a620b3d6b82",
              "ami-0a0be9e215892c112",
              "ami-08e686ee407048af9",
              "ami-08e93d69de59d7f0c",
              "ami-0281c6f581e8051ca",
              "ami-0eb0cec423928a75f",
              "ami-0bb5207750395f64a",
              "ami-0246bd1fd960fe33e",
              "ami-0a68fed5c9da9799c",
              "ami-0cf1a795b0691a2e3",
              "ami-03ebab6a883de07d5",
              "ami-04687db23935471ff",
              "ami-0e88046196f932f9f",
              "ami-0e6821f71e79410f5",
              "ami-0bfc36890c41910c3",
              "ami-02e68e61d9871d063",
              "ami-0f6232b6cd57cbd35",
              "ami-0b94de7d7eefc3911",
              "ami-017f3a6b7d591d94d",
              "ami-042612833509601ee",
              "ami-065120152529df9df",
              "ami-008fa1cf6f47213aa",
              "ami-04355648f52a56854",
              "ami-0ab704fbebf2ff2fe",
              "ami-04ca7d516f2843a7a",
              "ami-02ef048d8778bf27a",
              "ami-01af3e6cbbd8b373e",
              "ami-059fca2c1ddb1c69b",
              "ami-09aad46045a4d994c",
              "ami-0672a53db55e775ce",
              "ami-069c7f77914e82b9a",
              "ami-09929a0974a156c05",
              "ami-0c81453eec2a1ae90",
              "ami-06e923d1377652588",
              "ami-0ea963a8152c1ad7d",
              "ami-064a8a7f82c90adb7",
              "ami-0ff2b9329c09ba74f",
              "ami-02e097ac5a1667945",
              "ami-06eea7c94a992b56e",
              "ami-0d51eddaefe98fb77",
              "ami-0a1c3f6ad4e6b8b23",
              "ami-043dfa104b60608e8",
              "ami-098f4c86dee23c391",
              "ami-0f344a2258705ea86",
              "ami-0e57d7d50cc5fde4b",
              "ami-06bdff00372a9e840",
              "ami-0f589574114ac87d7",
              "ami-0b809cb8bdf1d026f",
              "ami-0dbb5bcf1c48d8fc6",
              "ami-068437fa4197a4ef3",
              "ami-07059834e8f5f2066",
              "ami-0609ab89e21dac33c",
              "ami-006a70f32a884997a",
              "ami-030b30ab2e00dc833",
              "ami-0b4b09566a432bc95",
              "ami-01389d2b062a2edfb",
              "ami-0e05329c7db89b25a",
              "ami-02a4c174e8e2526f4",
              "ami-03886c523e177f4d3",
              "ami-0865716474393cd9b",
              "ami-05eb9c40504d2a850",
              "ami-01ab5e652774d5607",
              "ami-0c3f95f03e155616f",
              "ami-00161ba686c4bfed1",
              "ami-04cd7271959b809a0",
              "ami-06f125beaef287e45",
              "ami-0503579d2fe1977a7",
              "ami-099c7286c80cd7d8f",
              "ami-07b111b6c1d4d8a5c",
              "ami-09f64450d05f39d8a",
              "ami-0d1bf37508ca814e6",
              "ami-091d6c14259eb2c93",
              "ami-04eaba6ad13e5d00a",
              "ami-0bbc7be194ee00d0a",
              "ami-018d62460bdde9744",
              "ami-081155e65ce84ad35",
              "ami-00f9243dd3081dfd9",
              "ami-0e7e907de5abf897b",
              "ami-0127ef2303babdd1a",
              "ami-0ac899308ea86cbb5",
              "ami-0b362d0142e97cf14",
              "ami-09a7fcaa69d336476",
              "ami-0a82bbe6dd909868e",
              "ami-043105acd132d9733",
              "ami-0c14963346d2b5299",
              "ami-0747bdcabd34c712a",
              "ami-08353a25e80beea3e",
              "ami-0b4211b9ef6b1e0f3",
              "ami-01dec74d3c67dd4b7",
              "ami-067943275aafd7878",
              "ami-001263f2e149e23d3",
              "ami-0b116b5ce34bdf7e8",
              "ami-00b8ea8462c7314ca",
              "ami-082334bceeeb0cdb0",
              "ami-04bcdd2a9f28dcc3a",
              "ami-0857b0ef93a75300f",
              "ami-0761db122013d2e6e",
              "ami-0d101e808ff154248",
              "ami-04fc7637e5bba4bdb",
              "ami-02fe3c35e777265fb",
              "ami-02c9d522b88a2b500",
              "ami-090b42834433c3524",
              "ami-0b92ed3f8c6d31b47",
              "ami-054a595b41d96bec3",
              "ami-00aed483ba1eaea2c",
              "ami-0d9c4fd7e3bbe14da",
              "ami-0793027db899a8353",
              "ami-02587cac5a5d3077b",
              "ami-0ddbdea833a8d2f0d",
              "ami-0e3b7e305aa3e7180",
              "ami-090846e63eb748bc4",
              "ami-0b1db4eaffad0dd18",
              "ami-007f7d09bf69f2ed3",
              "ami-0afea701c5f20d4c6",
              "ami-0b0551a0d185d05dd",
              "ami-0b7f09d99797f1136",
              "ami-002da5840d7e7c5ab",
              "ami-07446c909c03eee7c",
              "ami-04db454e082c5b45a",
              "ami-0db15b804687e2913",
              "ami-0d8d84558995c3ff5",
              "ami-0feebf00aee849ae1",
              "ami-0cbc8f916a2cdfe4c",
              "ami-09a0d48f8320ed38c",
              "ami-06aac012759a08cec",
              "ami-0a1d7b1c82ca03dee",
              "ami-0928926707f74dab6",
              "ami-0f1c2139504731052",
              "ami-08563820d4ac00101",
              "ami-0936bf169d37529ad",
              "ami-0eaf356be3e3853b0",
              "ami-042f49a8f643fa558",
              "ami-0929625d63a6bc993",
              "ami-001d5ade4dad802d3",
              "ami-03cd546ec2cf0f7a4",
              "ami-00650807756050152",
              "ami-0319fc7e9b89ad3be",
              "ami-01e60b66eb705ae08",
              "ami-0fa2a8165d13e4dfa",
              "ami-0bb8e197ca205fdb2",
              "ami-06d74ae0ddf8a0293",
              "ami-0246e967de77a4393",
              "ami-0b2e050691fc8c216",
              "ami-00f2788def3adf6a6",
              "ami-092a8dfcf7b4d1141",
              "ami-0be13a99cd970f6a9",
              "ami-0aad1231da126e455",
              "ami-033558be0aac13adc",
              "ami-0e68a7c5506b97265",
              "ami-03559bc87ca78da73",
              "ami-02f9264f053ca9650",
              "ami-06a1a98efcabf504e",
              "ami-0feefff1cc2b63545",
              "ami-0b58966d10f3a282f",
              "ami-0ae809e402597e6bf",
              "ami-08ee2037aae8e996c",
              "ami-0c30fe59debedc479",
              "ami-084d83ef66c1c7d26",
              "ami-059c4e436e00f8ff4",
              "ami-0d9a9d01b83137e08",
              "ami-0aac934bb7c56010d",
              "ami-0e3500ebd3a7a166f",
              "ami-048f21f74aa6d65dd",
              "ami-0ec7b9dcd552843c2",
              "ami-070a81bc638c055f0",
              "ami-0a372d7e29a1d6eb6",
              "ami-0f0c1fba216493897",
              "ami-04418fd3f08748ad1",
              "ami-09e9fc6b0563179e0",
              "ami-0feb4b3151fb93b8e",
              "ami-0da8dc96a28502bd5",
              "ami-0d9299304a5e3cfea",
              "ami-0a6adb22a4d19d602",
              "ami-0f34aa5c9daa6fa14",
              "ami-085a61024c06fa6ac",
              "ami-09eec6a0bfd9677cf",
              "ami-05fe37342f1c7c35d",
              "ami-01dd60d7940700196",
              "ami-0fb609b51055ca98c",
              "ami-0fb12b2b10292e338",
              "ami-0bb2b7c768e254b92",
              "ami-0da1bea9d590ad86e",
              "ami-022806f6ad8d40b55",
              "ami-04ef56471a6606f7a",
              "ami-0c6d0518d8dd76655",
              "ami-0404034ae74df7518",
              "ami-04269f2e9be10beeb",
              "ami-0256c2c5522886620",
              "ami-022ee0e270474ab79",
              "ami-0f75003ece5f5c412",
              "ami-058a647920d9dd2c5",
              "ami-0b9563fde29b13417",
              "ami-0c40f5ff90af2aeb5",
              "ami-019db77dfe8c1ce82",
              "ami-0597cdd2ff7da62fc",
              "ami-06ae46cac15bcf146",
              "ami-0918a2c94be78535a",
              "ami-0a136a17611334562",
              "ami-018ccaac604db1d2a",
              "ami-0bc71c3105b8a6c78",
              "ami-03d135d4252deff32",
              "ami-057b77755a9c9c3c6",
              "ami-00ca7ab44a5842a84",
              "ami-063b13c4e6b28e839",
              "ami-03ab02e145ad91680",
              "ami-0028c1811369a23aa",
              "ami-0e66313e00afdb259",
              "ami-00dbcbbe09275fd58",
              "ami-01bbd6df1c951c163",
              "ami-0f7d43eb801d6e508",
              "ami-0a7b0678685eb4ed1",
              "ami-02325d9863c6a8f3f",
              "ami-014cb8574d14d3203",
              "ami-0c5206834e31b89ab",
              "ami-083407f164d4411d3",
              "ami-0ebda502006e2d971",
              "ami-00c8e95c2baa98758",
              "ami-0e98677b617af724b",
              "ami-097fce9196c211ea6",
              "ami-03b8c21ca3c628df0",
              "ami-038ea8170a82577ac",
              "ami-0be8b2caab84456fc",
              "ami-03f5b23618c3ee81c",
              "ami-025ccf9bade09aee3",
              "ami-0f8bf9c7c73778c0c",
              "ami-0be0cff490a0a519e",
              "ami-03f4358927de10105",
              "ami-0c425bbbdeb81022b",
              "ami-0c895f7187c91b9c1",
              "ami-035ac40914e94858d",
              "ami-0a403817d8637ec8b",
              "ami-0669987be73c1b276",
              "ami-05c95cf90a475d576",
              "ami-0f3727392c03ef20b",
              "ami-005425225a11a4777",
              "ami-022ccdcc49ed341d0",
              "ami-07ad46e52fdf7ea03",
              "ami-07048d1f3734f157e",
              "ami-00690024ed3d7e7eb",
              "ami-051b74113efd516cd",
              "ami-034642b49dbb393b5",
              "ami-04218b18169fea06c",
              "ami-0a1e57c7776294b0c",
              "ami-007565c4be148d4d0",
              "ami-058db5cea4cf6dcbf",
              "ami-01d17c91a41969b95",
              "ami-01a54fcd4afc0c433",
              "ami-0279866e59ec44f66",
              "ami-058aa1fac32ef091c",
              "ami-0ba5116efb7f6397d",
              "ami-0299549cd2d7c1538",
              "ami-04fe770a54b434e8b",
              "ami-0afc18fe91f5b4c2a",
              "ami-034ea27ac154cae54",
              "ami-0a0a194c54454463f",
              "ami-0fbf5528ae9d8f023",
              "ami-0b8e294a936b2bcce",
              "ami-091cc61c6ff9c2d15",
              "ami-0d8c35c4ff3c2944e",
              "ami-0b06ad6ce5341a208",
              "ami-099ea3a7717fafdcb",
              "ami-00673355ea2aec8ad",
              "ami-0aa5e270f26fed465",
              "ami-0f5ede860c2c5cd16",
              "ami-0929e6989bc9ddee9",
              "ami-0048a90437d1b7dbe",
              "ami-002c4ff76b04f6c49",
              "ami-0f30b19ca84abf525",
              "ami-0324c29d4a2646e23",
              "ami-018e5831cb11c140f",
              "ami-0adbc1f9c5cc20c12",
              "ami-06ca4d90b0d5aed52",
              "ami-0b3d216af67eaa562",
              "ami-09257ad85d224c690",
              "ami-075e8e3df92dbe7de",
              "ami-096dd83fd7eccf79a",
              "ami-010a345760da159c9",
              "ami-09d9d167d87c8a137",
              "ami-04bde44c744420890",
              "ami-0b03b60fba952c753",
              "ami-0b55b3040fb5668a3",
              "ami-0b56add8f02d1e03b",
              "ami-00deb2da7a628536d",
              "ami-0ba998baf81aea5fe",
              "ami-0b875b1d352f4a048",
              "ami-08f86f65435ab69fe",
              "ami-034d979acfbd95496",
              "ami-010f714b63105047b",
              "ami-071d8a13241ac761a",
              "ami-04397ec1c1a2ff281",
              "ami-0a1717a01d3a8d6a6",
              "ami-008576138524ac103",
              "ami-0c8815335225cc681",
              "ami-0cfbe36a84e515fa2",
              "ami-0b46d6b0bb02084fa",
              "ami-0d9029f9876149204",
              "ami-00132f12661f4a599",
              "ami-036313a49dce34bfd",
              "ami-0974e675898800bb3",
              "ami-0c0c798c5da11edb4",
              "ami-0764d845cf46fe205",
              "ami-06545082b4b4eafee",
              "ami-0fc4337c89bcb9ca4",
              "ami-0529ba3d56c0866bb",
              "ami-0adb6517915458bdb",
              "ami-0609576f0e163d464",
              "ami-03a7a5610d7e32a4b",
              "ami-0e2dcdcd953c0e097",
              "ami-0019a4155b729c529",
              "ami-0f39d6322172087cd",
              "ami-0b797149ecca15962",
              "ami-0cc7f935b4d92c619",
              "ami-010912b405aa07ff4",
              "ami-09b0fae0c3d70867c",
              "ami-0fc4a4d18650931fb",
              "ami-083a6a6df2168f93c",
              "ami-083f86d468d3f88f3",
              "ami-00d1bccc04cb4ae98",
              "ami-06385e8f5fc4fa973",
              "ami-08bac3ec5af7cf5c1",
              "ami-009f8088754368c11",
              "ami-0e8c4449350705fd8",
              "ami-0457646bd2dff7fff",
              "ami-02f3454754565fb00",
              "ami-0b5a6191e84491084",
              "ami-0f517f6f19eed14f9",
              "ami-0aa5178ca913e98fe",
              "ami-046a45c6bd807c3e5",
              "ami-00b348eb394ac17af",
              "ami-0fd8f67510d0b70d5",
              "ami-0858d121647e3065e",
              "ami-0af439812b0b193b2",
              "ami-0e956fe81fa11d0a9",
              "ami-0c3bd42b5f2341e7d",
              "ami-0415f8e39de9b1cae",
              "ami-02aab922364040c9d",
              "ami-08b539bf912b04c45",
              "ami-0742b4e673072066f",
              "ami-01fbb4d2e4383c997",
              "ami-0ee72089e0774f078",
              "ami-015f1226b535bd02d",
              "ami-091ec1a472860aeb6",
              "ami-0d2ae47ea32d38a38",
              "ami-07318b6089cd9edc7",
              "ami-09a73fed51b11414a",
              "ami-03eaf3b9c3367e75c",
              "ami-093ff232b4487935b",
              "ami-030cacd73927ff269",
              "ami-0d8fc6c8e36665757",
              "ami-0357464e4e98cae32",
              "ami-076fc623af45698f9",
              "ami-0ed60afb8d28dca40",
              "ami-04cc2b0ad9e30a9c8",
              "ami-06c7b46274dd03c77",
              "ami-04c7777d0979422a2",
              "ami-0190dab4478a3dcfa",
              "ami-041ba027e6cfd5da6",
              "ami-0336158de7ba09bd0",
              "ami-079ac3b0bbb13dd02",
              "ami-006e7e4c46a45d7d7",
              "ami-046b700ae528b6299",
              "ami-066cafa94ad154ebb",
              "ami-052094dd330a22077",
              "ami-09be171d3b5af8e67",
              "ami-068304c144637b047",
              "ami-0d5b53ce1053dd7ac",
              "ami-078a331927399adac",
              "ami-090ef491b691c068f",
              "ami-037ce2fddcbfdbf52",
              "ami-0f4e72f6139f608c4",
              "ami-01fc897392cde16b2",
              "ami-0dd827cb42348c680",
              "ami-036d1b6d45d75c344",
              "ami-019b14ccace71da4f",
              "ami-090eb1c9138268a41",
              "ami-0f3399790888618e4",
              "ami-01da0d881a563f87a",
              "ami-0c9c6a822d885e4ef",
              "ami-08f8989a7792d1cba",
              "ami-0565d8e57dc2c24b9",
              "ami-07cb3b63027fe5ffd",
              "ami-038bfdce2cf60f773",
              "ami-08482c17218b129c2",
              "ami-07c909c80be3ac888",
              "ami-0b43703be440d0032",
              "ami-09dbd87d7fc293a64",
              "ami-0da8f76d0b7d51340",
              "ami-0bbbc8702bab960e7",
              "ami-08b546dc61a732bb9",
              "ami-017327210984c0693",
              "ami-09e6ab8c69fc1f0d5",
              "ami-046f67d0845e24c75",
              "ami-03829cadb4a21e092",
              "ami-0b84f03e36ef04e83",
              "ami-0f60bc084bab55673",
              "ami-0a0b67d5830cc0c8c",
              "ami-0dff6b7b8781c6dfc",
              "ami-0ba6886c72c287253",
              "ami-0e0c6fdc0dec1b3be",
              "ami-00a430391abee258d",
              "ami-067bdbc397dc46634",
              "ami-05edded4121b6bde8",
              "ami-06953d37a2734be6d",
              "ami-02ba1a3ccc84ed273",
              "ami-001ebd300e337682e",
              "ami-09ec2272b11dd65e6",
              "ami-06cd351d44011c2e8",
              "ami-01ee14f655cbec4a7",
              "ami-0b2580a8862040f04",
              "ami-047db2b75e8779e0e",
              "ami-041493b6921891456",
              "ami-08645722f3ae77007",
              "ami-0a28778750e3a74b5",
              "ami-0d38d2d700d6053da",
              "ami-02b804dcb414dab72",
              "ami-09bb920cf45787073",
              "ami-092145f4e8b4d67f1",
              "ami-07c1da4af6246d594",
              "ami-098453baf108a57d0",
              "ami-03e95cf9553d62e4e",
              "ami-041915af92bca207a",
              "ami-0602dfde574c209c7",
              "ami-0753663f74fecac0d",
              "ami-0ea59cd036825a106",
              "ami-037f2bbe96f90e738",
              "ami-0f44ed259adcdb40c",
              "ami-0db51ca1aaaea2ef3",
              "ami-0320f9cfbdbb173f6",
              "ami-02b3bfb1b2918795d",
              "ami-03e1dd842ec59c43d",
              "ami-0313e4fd7a71f6205",
              "ami-0d4cd5dd15360b9b8",
              "ami-0578bda20b8d00837",
              "ami-04d178abcc575fdc1",
              "ami-0d7c15a8dcc7ddbe5",
              "ami-01be4c6bfe93bac88",
              "ami-0ce66780faee0e4cb",
              "ami-0a550c0df1cb8052d",
              "ami-06cc4e2d035a9cc99",
              "ami-087099ed8e934cdf1",
              "ami-05a7d4648984f8174",
              "ami-07e2f17a5ab92b086",
              "ami-0e9b89631476954e0",
              "ami-00504363010dba921",
              "ami-0688bf7ad8effbbc1",
              "ami-06d767884cacd80dc",
              "ami-0ef950c6e3e4f633e",
              "ami-0fb053392df86b6e8",
              "ami-0925a0f77c1a1a92e",
              "ami-0e45b9f97a3243155",
              "ami-0cff7df6a8fb66737",
              "ami-0318eb094f743ffc7",
              "ami-0871e0a849fb36164",
              "ami-0aea740fe3412ca76",
              "ami-0533f2ba8a1995cf9",
              "ami-04a2de3df8d923d36",
              "ami-0470cdaed3a6de66d",
              "ami-0dfa8ce8f19da097a",
              "ami-029af72b87a8e3789",
              "ami-0f65dc85f60eb8a4f",
              "ami-0fef959ac27bc2a8e",
              "ami-01714cd923447b104",
              "ami-0d3ed7d5bcff389f6",
              "ami-0f5ae69f114812544",
              "ami-041b06020cdeeb6f7",
              "ami-06efe6e4450687726",
              "ami-08683f44da1ee1bb1",
              "ami-03d2ff9d625035910",
              "ami-0dea796ee47cbf9fe",
              "ami-0b73bf704c7be8d4b",
              "ami-0e84c4b8ef8a22327",
              "ami-0ba5dd09f3098afe1",
              "ami-09b71f2059826c356",
              "ami-05292e4eceb936135",
              "ami-069d22ec49577d4bf",
              "ami-0a47672f6c7827dd2",
              "ami-07eeb4db5f7e5a8fb",
              "ami-034ec4d2f43f67df3",
              "ami-0b4b5105f30a4e241",
              "ami-016c98324bd4f0c9f",
              "ami-0fdf41b8bc4b0cf38",
              "ami-0c4a1ee16a1553fce",
              "ami-06061fd04ccb59705",
              "ami-0ee050c972afcb6b6",
              "ami-0449f7aab7a46f3f2",
              "ami-0a22c3138cfa8a3e4",
              "ami-07e26eb05287af391",
              "ami-029242daddb0836d3",
              "ami-05ea8305ecd44297d",
              "ami-0b04d06c04332c461",
              "ami-055fd7fee7ed3d997",
              "ami-05e289de788b3e63a",
              "ami-0edc5accebac3b1f6",
              "ami-05cde096688bbcb91",
              "ami-00541519809bbe319",
              "ami-0a2609ad8a8c19dfe",
              "ami-0e3395f1693a997c5",
              "ami-015cb3cb838f91749",
              "ami-05001739c6b8574a6",
              "ami-080a0973015bde8a2",
              "ami-0cbc55799de730c94",
              "ami-0dc7e7b37cf9afbca",
              "ami-02f84b46428024a36",
              "ami-0df50a48200a29819",
              "ami-08e622e2dd5af1c42",
              "ami-0e2c53bf931b3cba7",
              "ami-03534d958088c9ca2",
              "ami-043c3edc75d2a20e0",
              "ami-056db1277deef2218",
              "ami-04bb44d0cc683c2c9",
              "ami-0de5e5e2a2754a14b",
              "ami-09a3cad575b7eabaa",
              "ami-0e30e586072a220dd",
              "ami-009b187c8747c8482",
              "ami-093400f992dcccd75",
              "ami-06a3f2e013608bd77",
              "ami-0a0b10d5fbc47dd10",
              "ami-082e8c01285e47603",
              "ami-02dd43827ab278a62",
              "ami-0631ba532acdbd776",
              "ami-085738f1f3cd3f6c5",
              "ami-06b9ec571c2cd01d3",
              "ami-05beca8a13502aaa2",
              "ami-0cd0c3aeba687d425",
              "ami-08ac8faeecca7b7a2",
              "ami-0fa37863afb290840",
              "ami-00a2faa3cbd561d33",
              "ami-0090cca7b854d0af7",
              "ami-0874d5c24988912ea",
              "ami-0eddf19b634ab1688",
              "ami-078454235f239283b",
              "ami-00c0dedf2da67cb9f",
              "ami-07a932923da53c410",
              "ami-05015897d7d342774",
              "ami-0d74bb2435424d791",
              "ami-079d85a045657b4c4",
              "ami-0e2b24d011aec249e",
              "ami-00b08b1e872ddb528",
              "ami-0eaf33fece9deabf0",
              "ami-07e2a291786cd9d69",
              "ami-0719b1b1cf348502b",
              "ami-095b964afdad7c97e",
              "ami-00d91bf4f82f08798",
              "ami-046b51f24254a3eb2",
              "ami-03281f8a5cd0d41be",
              "ami-0a5d4caf0a686053a",
              "ami-02f4f0696b1e84b67",
              "ami-08ede54dc7a5a8a83",
              "ami-09029f08fce9c37ff",
              "ami-089f59df384bc558b",
              "ami-0c3b370775cd66664",
              "ami-0a14eec6355bad249",
              "ami-01f6d729bb4049a0e",
              "ami-009689ef3c271507c",
              "ami-0c4fae333909e30f7",
              "ami-0f58c57668828ed46",
              "ami-030953aa8ea13f886",
              "ami-05cb8deca8149dae6",
              "ami-06e088e633e9594b8",
              "ami-07886014036191bdf",
              "ami-0e2511818864206a0",
              "ami-04a170b8d62abc2e8",
              "ami-01857a248d1505aac",
              "ami-0925712476c614c28",
              "ami-0b1cb47683ea96b93",
              "ami-083a961467ef43304",
              "ami-040adc95f3d2b648d",
              "ami-027a0b46d0d76e94e",
              "ami-089f9a2a14c92f7e3",
              "ami-0e23e048ed35bfdaf",
              "ami-09ba20e934af98ddf",
              "ami-08bf0238efc3c04c6",
              "ami-060623b6181417069",
              "ami-0108ae6fa17de54a4",
              "ami-0fe8c3a9b6b9b3c6e",
              "ami-0e339e95954d8d4dd",
              "ami-016a28c6e7abd964c",
              "ami-04e591d8d0ea6ce6c",
              "ami-0a9b063967de90809",
              "ami-05f29a58f36ad2758",
              "ami-09fc4ccedbfa8f2d6",
              "ami-0500f46303ad80c31",
              "ami-03ce47c60933714f0",
              "ami-09995d96b0fd4bf3a",
              "ami-0fb54e2f640440e34",
              "ami-0eb5bc760fb819715",
              "ami-01a2b07eb2ed70a6d",
              "ami-007557fa69e39a382",
              "ami-091ce3c2506466541",
              "ami-0afe78f8ee521e1c8",
              "ami-079068772c8841a98",
              "ami-0bb91e291e8b9af87",
              "ami-03d1cb3d63618b66e",
              "ami-0838e968d071c45ce",
              "ami-01819bb15c91c936e",
              "ami-0f9b83eb03614d43a",
              "ami-07e7ab5fa130658cb",
              "ami-0d572e709004c1e09",
              "ami-02fc18aaae7461b8b",
              "ami-0f9d37bd74e9d0fa8",
              "ami-0b644137e2e3b1c23",
              "ami-0417190da12d9b1e3",
              "ami-05f6982c11ca3027d",
              "ami-058964fc61ad6c7c8",
              "ami-0108dcdb149be3cbb",
              "ami-0eacb554bc67d14ef",
              "ami-0cfd614d2afc59360",
              "ami-0ce29f639740b1c28",
              "ami-06bbddb3bdb812868",
              "ami-05f9f418e16b19174",
              "ami-0e9d8e4d54491e4bc",
              "ami-0c98dc27d4ec5c215",
              "ami-0e4dfba2e3efa3a4a",
              "ami-089d9bd1812c67e0f",
              "ami-05ecf4563dc999345",
              "ami-048285937c1937319",
              "ami-0e8edb92667e5724c",
              "ami-04eb5b2f5ef92e8b8",
              "ami-0c92cdeff0fa11f33",
              "ami-0b18a48e38fb078b4",
              "ami-086dbadb3bdeb709f",
              "ami-0dcd462bf9c328e38",
              "ami-03506bdd6f0e3a34c",
              "ami-07532819595b1f0f6",
              "ami-020a474c6e6d6ac72",
              "ami-0b447924401ae501a",
              "ami-022af898af9e335c5",
              "ami-038f1ca1bd58a5790",
              "ami-075e0f44b579bb724",
              "ami-05645e37ceca898bb",
              "ami-08c35e2224ab16365",
              "ami-091ae666f3040a09d",
              "ami-01437b695ea9225cd",
              "ami-091cd1a04341a4a3c",
              "ami-0cb64a296b81ffebc",
              "ami-014bf929de29de114",
              "ami-031260bb48ef692f2",
              "ami-060964c449cbc95c6",
              "ami-0108b578b718d8bed",
              "ami-098a09725207c41e4",
              "ami-086609ec3c637e778",
              "ami-034286dd759e1ae55",
              "ami-06ceb87cd2d1c3d84",
              "ami-0201cf1e118696f24",
              "ami-0cb44eb5076d714ea",
              "ami-0017dd3bcf8774ff1",
              "ami-06caa2e25d4879ccf",
              "ami-048d73c36164a0ca2",
              "ami-0030bc9283be2b5e4",
              "ami-04219d696e2b5a240",
              "ami-02efc3358080de03e",
              "ami-072d51eeaa638ed55",
              "ami-0202aee408232199d",
              "ami-01162f308dbcb2807",
              "ami-0b8810e80a50eab26",
              "ami-053db3d365fa3233d",
              "ami-020caee9f2fc31b4c",
              "ami-0c7cd6691415e27f5",
              "ami-06949f8af797adb3f",
              "ami-050ae772871f6359c",
              "ami-04b48d1104968e165",
              "ami-0738446cecce59ed3",
              "ami-0e8bbe15ba7136657",
              "ami-011105a4b180e45e7",
              "ami-067c876cd1b6fbcc4",
              "ami-0bfc3b18d372c392c",
              "ami-0a7a035cef97bbc43",
              "ami-0bb3cd37abd895c15",
              "ami-006432b755baeb1c6",
              "ami-0e5f0962f32d30158",
              "ami-063796b6e2e5d962a",
              "ami-0d3d051c706df268b",
              "ami-0e21fd6bf7eb66c1f",
              "ami-0fbb9a9131832650f",
              "ami-088bbc0568434c9db",
              "ami-08f8333551c750027",
              "ami-0d44e138ed8529bfb",
              "ami-0579a1acc1720d54a",
              "ami-0505571340496b62f",
              "ami-0ac3760130d215ea6",
              "ami-010f8f06c0120e2bf",
              "ami-009510653ebd862b8",
              "ami-0784ee6f8c2e19969",
              "ami-08be17a514a8e077a",
              "ami-0ced35fdec5bba4b1",
              "ami-0bee365b2020128d3",
              "ami-0f5fe99105d97c639",
              "ami-0471d285e55554d3a",
              "ami-0721f47bc921ce9b2",
              "ami-0e07a347539b2778c",
              "ami-0c28d63ec4eba912d",
              "ami-06ccbe8f418248d75",
              "ami-0d4177bd64d18dfd4",
              "ami-059c8b27104178e42",
              "ami-057da2f034a778100",
              "ami-0cabec35cb475a7ab",
              "ami-090eccdfac3f06e5a",
              "ami-08a22c4eea7c5f035",
              "ami-0ec7896dee795dfa9",
              "ami-0ab57e8cadf74ef96",
              "ami-03ea03404d5671525",
              "ami-0d14c1b492597646b",
              "ami-0fcf28c67db2d3aa7",
              "ami-0a9586df9907e474f",
              "ami-0a2123502906f5d08",
              "ami-0d3405790fefd1a26",
              "ami-01bb186f56fab4291",
              "ami-0889ac4444e06442c",
              "ami-06035ba46038e8d48",
              "ami-05536fd35472fac22",
              "ami-04374945a94beb018",
              "ami-08e0f0aa1774ef3c3",
              "ami-016d06f3b6f843e1d",
              "ami-06ac25276969394bf",
              "ami-04d1fbbdd68dc03f9",
              "ami-0902d576dc686dd99",
              "ami-0221e0c14d74db99c",
              "ami-00d333f0adc9b8923",
              "ami-0227d194373c07279",
              "ami-0c36b19c0913c7899",
              "ami-094d6494269f33eba",
              "ami-0241777833a1ae30c",
              "ami-073a2c234d0becd7e",
              "ami-0dbf35ce9327f5124",
              "ami-0249c87b9b5629689",
              "ami-02b4a761454d66f3f",
              "ami-09820bf4bb6c8901d",
              "ami-0dd10e4e81c5c6c2c",
              "ami-024787bc217eae33e",
              "ami-050adecc118592e2a",
              "ami-0b954067907b8f021",
              "ami-025e2ced381ab197b",
              "ami-0f1d72eef8a56d7cd",
              "ami-06f3d74a6a693bc42",
              "ami-086fba4dba3de5f27",
              "ami-0e9a5d963d63d8b01",
              "ami-0d1d770da17fadace",
              "ami-0879f18db7dd8f14e",
              "ami-0d047510a5191b20b",
              "ami-0abb4d2e70df80401",
              "ami-023478c73ab7f0283",
              "ami-0b73ed08c85b303c8",
              "ami-0dc4e14547b38ce7e",
              "ami-013f17f36f8b1fefb",
              "ami-0e682ae3dbe9f1fb8",
              "ami-0d0e771462b4ff22e",
              "ami-0d1609214bc760ff1",
              "ami-05b4886d4e95f7122",
              "ami-071d0b8c4ed8b1968",
              "ami-0c621f4a6fdcdcff5",
              "ami-001791c54b637182b",
              "ami-0e4fbe55caf3b4c0f",
              "ami-0f5ca8da750d61ff9",
              "ami-01bd35ddb7402056e",
              "ami-0896acb20dabd2832",
              "ami-094d473598bfdbb0c",
              "ami-0eac321bbac38bd34",
              "ami-0a7c3ded3fcc0eb63",
              "ami-06b2647b976769791",
              "ami-0b6549249a5655ba7",
              "ami-04e9fac5c8c1a303c",
              "ami-01729c39c29ed4b41",
              "ami-0f42a4e7e0e336f16",
              "ami-0ac74b4bb0071e362",
              "ami-02ed82f3a38303e6f",
              "ami-02095c43cace925d5",
              "ami-0bc9747e8320022b8",
              "ami-05d9ccca9652e9313",
              "ami-0dcb8b47acab56894",
              "ami-0b5fc12114275f32c",
              "ami-0c5b247b6438335e4",
              "ami-07447d71fd2bda440",
              "ami-04ec7fe0e9cfc7490",
              "ami-0e86f826d1e7b11d0",
              "ami-0f84139410b391975",
              "ami-0db21a3779acea6e5",
              "ami-0dad7891483aac555",
              "ami-01f05b9f52ce799ee",
              "ami-023daddef94ef0e3f",
              "ami-09a4032455d5ab3a0",
              "ami-0c39d067b3530247e",
              "ami-00d5fa994df5fd82b",
              "ami-076229f5e800f2b3a",
              "ami-07b5a763dadb71c6e",
              "ami-0a57cf5a8ee184a10",
              "ami-04d8e7ce0c691525b",
              "ami-0eae546883f636813",
              "ami-0190ba0bb641921b6",
              "ami-0cce344c866fe5c6a",
              "ami-00fd8604835f783b4",
              "ami-0ef3f5e8643b14d2b",
              "ami-0b1aa33865bf48111",
              "ami-0f16545115b8b2137",
              "ami-0321a1a79e5bd514a",
              "ami-03dfd3db2e70c7e99",
              "ami-06bfca0601ebc66ad",
              "ami-0fa109cd7f6646db0",
              "ami-00443423e6af69eaa",
              "ami-0426cf9684ddf597e",
              "ami-01833c450d8c884f5",
              "ami-0b7e388885a7b9fa9",
              "ami-033a9e3604c9d1595",
              "ami-0d546dd81d626dfa2",
              "ami-03559e1721bd14aa3",
              "ami-0bf5b8d4b138bacba",
              "ami-0f9b931f6a899c467",
              "ami-085eb38d2e9061ba3",
              "ami-0535ab020031ff567",
              "ami-06a3cd8c093339dca",
              "ami-02e5e3a2070a309eb",
              "ami-042e8287309f5df03",
              "ami-071fa6dc674570bae",
              "ami-0cd8b20c96aa6286d",
              "ami-09943f9da1f1b7899",
              "ami-022a20ae356ae0220",
              "ami-01db8b675a276a68a",
              "ami-04b7267a3c2431bce",
              "ami-015b50db72c401dcd",
              "ami-016dc5d398a943a6f",
              "ami-022472bbdc76ddcef",
              "ami-0b532505cda9db2de",
              "ami-0b4eac045bf0ceb49",
              "ami-0862531d841225e7a",
              "ami-0c844150dbe2b8abb",
              "ami-00883b3129ee01962",
              "ami-0aaad069b59c768d1",
              "ami-02dee6b7382ee1086",
              "ami-0593ee510ae695839",
              "ami-07bb67a394017b190",
              "ami-0cf3ffd04b1363371",
              "ami-04f76f49820170ba9",
              "ami-0c9cc4c1044ab5819",
              "ami-07dfcd171c81d4eae",
              "ami-0984a48dcb8fa390a",
              "ami-0af436d474dd55d3d",
              "ami-02cc5aa7f38f5d6d7",
              "ami-0fa301dbca5f84fca",
              "ami-0548f760ddfaccab1",
              "ami-0a02a4d7857944798",
              "ami-0b75998a97c952252",
              "ami-06267ab9f63322ec1",
              "ami-085ca678dff352b80",
              "ami-01e8e3d51e09324d8",
              "ami-04ae42096a6d82a2b",
              "ami-00f1f516bb89b2a84",
              "ami-0b4cf38370430f827",
              "ami-04196ac74eae9b508",
              "ami-0e4752a5994095460",
              "ami-0188b423b020579b1",
              "ami-0c0acfb5cfc81b91f",
              "ami-0d373aaec848222a2",
              "ami-0ff99e17387586219",
              "ami-06351f6e4c4e5bc50",
              "ami-0c4b6483a51752d1e",
              "ami-06c17c3eb03b2a40b",
              "ami-0c3445de99acf6e53",
              "ami-0b5774d1df7215de2",
              "ami-08ef4e01632fc5659",
              "ami-0750bd2d16170455d",
              "ami-09dd42f5a8648d9c8",
              "ami-09e9bc2d420a14acf",
              "ami-04d99440cbed1c87d",
              "ami-00ea1edaffccd80f0",
              "ami-01e2d10c39ca21379",
              "ami-0f9faf470565b5f6a",
              "ami-018fd9029edce0664",
              "ami-041bfdaa7083bd666",
              "ami-077abcb0d6580c238",
              "ami-068478ea176045628",
              "ami-0a3295c2458288f21",
              "ami-0ba6586f587a057f5",
              "ami-034fded68cc224379",
              "ami-0962afb8e2794cd6e",
              "ami-0915bcb5fa77e4892",
              "ami-088378c6de091c70c",
              "ami-0aaf2d8fefcde5893",
              "ami-0c3dda3deab25a563",
              "ami-03d3e94bfa62b010c",
              "ami-03e59d592cfd42a21",
              "ami-0ecd34837cf9fa094",
              "ami-00696682592af0c0e",
              "ami-0c5e2642562129202",
              "ami-02f79d95a85c4e879",
              "ami-0004d55ee6b2f83bd",
              "ami-09729baffd1bf9af1",
              "ami-002c619d3e803da2e",
              "ami-04a066c35491bbcc2",
              "ami-00ed2b603a6dd29c4",
              "ami-09c8f2a37e25577d8",
              "ami-0b6d013cdba599664",
              "ami-09e860eae0e010a13",
              "ami-0cd25ef5b512c0c06",
              "ami-0adb39f5fad9b048c",
              "ami-0aa3cef7733216a6a",
              "ami-0af92ed5f8a74cda3",
              "ami-0b4204ea292de740d",
              "ami-0e09740a057f5dd1a",
              "ami-0eb1401b9c615808f",
              "ami-0e9d6764b614531f0",
              "ami-0d7f4b10f78bde6df",
              "ami-0bbf9853652fc9c1c",
              "ami-0374b937d1a6c6175",
              "ami-0af905224ad07666d",
              "ami-023295a7276b8a19a",
              "ami-0b0e224cec15b6c81",
              "ami-0a6f1644f0f51681f",
              "ami-0e843ce4762f1526e",
              "ami-000345af78137659d",
              "ami-0590a78df24ff34d3",
              "ami-0e160f5467eb0afcd",
              "ami-0fb4197c644e2875e",
              "ami-0486688f3e9a7c762",
              "ami-046affc01aa2259ac",
              "ami-02b4c5854ee0e64ef",
              "ami-007567d7117c29d14",
              "ami-068c79ee05878f1e5",
              "ami-0d722eaeb633355b6",
              "ami-035298a98afd0ef3c",
              "ami-0e48615abe49b68ff",
              "ami-0b8c667bd5b07848a",
              "ami-008a7cd928c5a48eb",
              "ami-084e6777c5bf82d35",
              "ami-084b9fa24a5e0eda9",
              "ami-0335a7a6ee8aabe3a",
              "ami-0579cafb8b4aab05e",
              "ami-0cd63206c835c50df",
              "ami-0680d5ecba1d2a067",
              "ami-001df077a41f03012",
              "ami-0d5eedc1730c4b7c0",
              "ami-039f9ded3525349db",
              "ami-0ae0b4cd29bb1e2c0",
              "ami-0cc47a61b4a3c3d04",
              "ami-0ab346ff1c7b9bc17",
              "ami-099dc7964b562f389",
              "ami-0a187f85e7d0d1f96",
              "ami-0385193fba6379b8c",
              "ami-0366f1d8a27021701",
              "ami-041c120c76f1a9db7",
              "ami-0652d1be21d7089bd",
              "ami-0cc89e8fcd395aa0e",
              "ami-01dd58994dbd0be99",
              "ami-0bd93c01018b97dfb",
              "ami-08992c7fa047e9aa9",
              "ami-0a2d4dd8348590f26",
              "ami-0191b18dd81f9f6a4",
              "ami-08d82044905271ec0",
              "ami-0a984b865356d08ac",
              "ami-055574faeb4433788",
              "ami-0c7d8678e345b414c",
              "ami-0ff8a91507f77f867",
              "ami-0df51bbdb09841968",
              "ami-97785bed",
              "ami-a4c7edb2"
            ],
            "name_regex": null,
            "owners": [
              "amazon"
            ],
            "sort_ascending": false
          },
          "sensitive_attributes": []
        }
      ]
    },
    {
      "mode": "data",
      "type": "aws_subnet_ids",
      "name": "default_subnets",
      "provider": "provider[\"registry.terraform.io/hashicorp/aws\"]",
      "instances": [
        {
          "schema_version": 0,
          "attributes": {
            "filter": null,
            "id": "vpc-063d7f60c3d1c515a",
            "ids": [
              "subnet-07a19d7c17919c475",
              "subnet-0874c8e533e5d955c",
              "subnet-0a0110ed432498d99",
              "subnet-0ab044a913dac216d",
              "subnet-0fa8b6bda969f64c8",
              "subnet-0fd6bd49c4b10c5b5"
            ],
            "tags": null,
            "vpc_id": "vpc-063d7f60c3d1c515a"
          },
          "sensitive_attributes": []
        }
      ]
    },
    {
      "mode": "managed",
      "type": "aws_default_vpc",
      "name": "default",
      "provider": "provider[\"registry.terraform.io/hashicorp/aws\"]",
      "instances": [
        {
          "schema_version": 1,
          "attributes": {
            "arn": "arn:aws:ec2:us-east-1:810644612787:vpc/vpc-063d7f60c3d1c515a",
            "assign_generated_ipv6_cidr_block": false,
            "cidr_block": "172.31.0.0/16",
            "default_network_acl_id": "acl-01d860f73a5a4bb97",
            "default_route_table_id": "rtb-0e637e2fed2d92dd5",
            "default_security_group_id": "sg-0807c3e25e83d668a",
            "dhcp_options_id": "dopt-0b572ff230010c4af",
            "enable_classiclink": false,
            "enable_classiclink_dns_support": false,
            "enable_dns_hostnames": true,
            "enable_dns_support": true,
            "id": "vpc-063d7f60c3d1c515a",
            "instance_tenancy": "default",
            "ipv4_ipam_pool_id": null,
            "ipv4_netmask_length": null,
            "ipv6_association_id": "",
            "ipv6_cidr_block": "",
            "ipv6_cidr_block_network_border_group": "",
            "ipv6_ipam_pool_id": "",
            "ipv6_netmask_length": 0,
            "main_route_table_id": "rtb-0e637e2fed2d92dd5",
            "owner_id": "810644612787",
            "tags": {},
            "tags_all": {}
          },
          "sensitive_attributes": [],
          "private": "eyJzY2hlbWFfdmVyc2lvbiI6IjEifQ=="
        }
      ]
    },
    {
      "mode": "managed",
      "type": "aws_instance",
      "name": "http_server",
      "provider": "provider[\"registry.terraform.io/hashicorp/aws\"]",
      "instances": [
        {
          "schema_version": 1,
          "attributes": {
            "ami": "ami-007868005aea67c54",
            "arn": "arn:aws:ec2:us-east-1:810644612787:instance/i-045aad72ac0557fee",
            "associate_public_ip_address": true,
            "availability_zone": "us-east-1a",
            "capacity_reservation_specification": [
              {
                "capacity_reservation_preference": "open",
                "capacity_reservation_target": []
              }
            ],
            "cpu_core_count": 1,
            "cpu_threads_per_core": 1,
            "credit_specification": [
              {
                "cpu_credits": "standard"
              }
            ],
            "disable_api_termination": false,
            "ebs_block_device": [],
            "ebs_optimized": false,
            "enclave_options": [
              {
                "enabled": false
              }
            ],
            "ephemeral_block_device": [],
            "get_password_data": false,
            "hibernation": false,
            "host_id": null,
            "iam_instance_profile": "",
            "id": "i-045aad72ac0557fee",
            "instance_initiated_shutdown_behavior": "stop",
            "instance_state": "running",
            "instance_type": "t2.micro",
            "ipv6_address_count": 0,
            "ipv6_addresses": [],
            "key_name": "second-key-pair",
            "launch_template": [],
            "metadata_options": [
              {
                "http_endpoint": "enabled",
                "http_put_response_hop_limit": 1,
                "http_tokens": "optional",
                "instance_metadata_tags": "disabled"
              }
            ],
            "monitoring": false,
            "network_interface": [],
            "outpost_arn": "",
            "password_data": "",
            "placement_group": "",
            "placement_partition_number": null,
            "primary_network_interface_id": "eni-011eed23dbdbc2fc8",
            "private_dns": "ip-172-31-15-81.ec2.internal",
            "private_ip": "172.31.15.81",
            "public_dns": "ec2-44-202-195-151.compute-1.amazonaws.com",
            "public_ip": "44.202.195.151",
            "root_block_device": [
              {
                "delete_on_termination": true,
                "device_name": "/dev/xvda",
                "encrypted": false,
                "iops": 100,
                "kms_key_id": "",
                "tags": {},
                "throughput": 0,
                "volume_id": "vol-08556c52f0165664b",
                "volume_size": 8,
                "volume_type": "gp2"
              }
            ],
            "secondary_private_ips": [],
            "security_groups": [
              "http_server_sg"
            ],
            "source_dest_check": true,
            "subnet_id": "subnet-07a19d7c17919c475",
            "tags": null,
            "tags_all": {},
            "tenancy": "default",
            "timeouts": null,
            "user_data": null,
            "user_data_base64": null,
            "volume_tags": null,
            "vpc_security_group_ids": [
              "sg-06e284f38e76fda7c"
            ]
          },
          "sensitive_attributes": [],
          "private": "eyJlMmJmYjczMC1lY2FhLTExZTYtOGY4OC0zNDM2M2JjN2M0YzAiOnsiY3JlYXRlIjo2MDAwMDAwMDAwMDAsImRlbGV0ZSI6MTIwMDAwMDAwMDAwMCwidXBkYXRlIjo2MDAwMDAwMDAwMDB9LCJzY2hlbWFfdmVyc2lvbiI6IjEifQ==",
          "dependencies": [
            "aws_default_vpc.default",
            "aws_security_group.http_server_sg",
            "data.aws_ami.aws_linux-2-latest",
            "data.aws_subnet_ids.default_subnets"
          ]
        }
      ]
    },
    {
      "mode": "managed",
      "type": "aws_security_group",
      "name": "http_server_sg",
      "provider": "provider[\"registry.terraform.io/hashicorp/aws\"]",
      "instances": [
        {
          "schema_version": 1,
          "attributes": {
            "arn": "arn:aws:ec2:us-east-1:810644612787:security-group/sg-06e284f38e76fda7c",
            "description": "Managed by Terraform",
            "egress": [
              {
                "cidr_blocks": [
                  "0.0.0.0/0"
                ],
                "description": "",
                "from_port": 0,
                "ipv6_cidr_blocks": [],
                "prefix_list_ids": [],
                "protocol": "-1",
                "security_groups": [],
                "self": false,
                "to_port": 0
              }
            ],
            "id": "sg-06e284f38e76fda7c",
            "ingress": [
              {
                "cidr_blocks": [
                  "0.0.0.0/0"
                ],
                "description": "",
                "from_port": 22,
                "ipv6_cidr_blocks": [],
                "prefix_list_ids": [],
                "protocol": "tcp",
                "security_groups": [],
                "self": false,
                "to_port": 22
              },
              {
                "cidr_blocks": [
                  "0.0.0.0/0"
                ],
                "description": "",
                "from_port": 80,
                "ipv6_cidr_blocks": [],
                "prefix_list_ids": [],
                "protocol": "tcp",
                "security_groups": [],
                "self": false,
                "to_port": 80
              }
            ],
            "name": "http_server_sg",
            "name_prefix": "",
            "owner_id": "810644612787",
            "revoke_rules_on_delete": false,
            "tags": {
              "name": "http_server_sg"
            },
            "tags_all": {
              "name": "http_server_sg"
            },
            "timeouts": null,
            "vpc_id": "vpc-063d7f60c3d1c515a"
          },
          "sensitive_attributes": [],
          "private": "eyJlMmJmYjczMC1lY2FhLTExZTYtOGY4OC0zNDM2M2JjN2M0YzAiOnsiY3JlYXRlIjo2MDAwMDAwMDAwMDAsImRlbGV0ZSI6OTAwMDAwMDAwMDAwfSwic2NoZW1hX3ZlcnNpb24iOiIxIn0=",
          "dependencies": [
            "aws_default_vpc.default"
          ]
        }
      ]
    }
  ],
  "check_results": null
}
